{
  "version": 4,
  "terraform_version": "1.4.4",
  "serial": 0,
  "lineage": "9341c7ff-0ce3-7115-1048-566c61cf128d",
  "outputs": {},
  "resources": [
    {
      "mode": "managed",
      "type": "genesyscloud_routing_queue",
      "name": "hours_differentiator_queue",
      "provider": "provider[\"registry.terraform.io/-/genesyscloud\"]",
      "instances": [
        {
          "schema_version": 1,
          "attributes_flat": {
            "acw_timeout_ms": "0",
            "acw_wrapup_prompt": "OPTIONAL",
            "auto_answer_only": "false",
            "bullseye_rings.#": "0",
            "calling_party_name": "",
            "calling_party_number": "",
            "conditional_group_routing_rules.#": "0",
            "default_script_ids.%": "2",
            "default_script_ids.CHAT": "f350dc9e-c099-4a90-94ed-b76c5789a57f",
            "default_script_ids.MESSAGE": "f350dc9e-c099-4a90-94ed-b76c5789a57f",
            "description": "",
            "direct_routing.#": "0",
            "division_id": "4a7e4f4b-e734-40b6-838e-557c5eedd49a",
            "email_in_queue_flow_id": "",
            "enable_manual_assignment": "false",
            "enable_transcription": "false",
            "groups.#": "0",
            "id": "036ef467-34c9-4bac-af04-f21029586811",
            "media_settings_call.#": "1",
            "media_settings_call.0.alerting_timeout_sec": "8",
            "media_settings_call.0.service_level_duration_ms": "20000",
            "media_settings_call.0.service_level_percentage": "0.8",
            "media_settings_callback.#": "1",
            "media_settings_callback.0.alerting_timeout_sec": "30",
            "media_settings_callback.0.service_level_duration_ms": "20000",
            "media_settings_callback.0.service_level_percentage": "0.8",
            "media_settings_chat.#": "1",
            "media_settings_chat.0.alerting_timeout_sec": "30",
            "media_settings_chat.0.service_level_duration_ms": "20000",
            "media_settings_chat.0.service_level_percentage": "0.8",
            "media_settings_email.#": "1",
            "media_settings_email.0.alerting_timeout_sec": "300",
            "media_settings_email.0.service_level_duration_ms": "86400000",
            "media_settings_email.0.service_level_percentage": "0.8",
            "media_settings_message.#": "1",
            "media_settings_message.0.alerting_timeout_sec": "30",
            "media_settings_message.0.service_level_duration_ms": "20000",
            "media_settings_message.0.service_level_percentage": "0.8",
            "members.#": "0",
            "message_in_queue_flow_id": "",
            "name": "hours_differentiator_queue",
            "outbound_email_address.#": "0",
            "outbound_messaging_sms_address_id": "",
            "queue_flow_id": "",
            "routing_rules.#": "0",
            "skill_evaluation_method": "ALL",
            "skill_groups.#": "0",
            "teams.#": "0",
            "whisper_prompt_id": "",
            "wrapup_codes.#": "0"
          },
          "sensitive_attributes": []
        }
      ]
    },
    {
      "mode": "managed",
      "type": "genesyscloud_webdeployments_configuration",
      "name": "webmessage_config",
      "provider": "provider[\"registry.terraform.io/-/genesyscloud\"]",
      "instances": [
        {
          "schema_version": 1,
          "attributes_flat": {
            "cobrowse.#": "1",
            "cobrowse.0.allow_agent_control": "true",
            "cobrowse.0.enabled": "false",
            "cobrowse.0.mask_selectors.#": "0",
            "cobrowse.0.readonly_selectors.#": "0",
            "default_language": "en-us",
            "id": "26f4b97b-154f-465d-abf5-0e5e38e4e44a",
            "journey_events.#": "1",
            "journey_events.0.click_event.#": "0",
            "journey_events.0.enabled": "false",
            "journey_events.0.excluded_query_parameters.#": "0",
            "journey_events.0.form_track_event.#": "0",
            "journey_events.0.idle_event.#": "0",
            "journey_events.0.in_viewport_event.#": "0",
            "journey_events.0.pageview_config": "",
            "journey_events.0.scroll_depth_event.#": "0",
            "journey_events.0.search_query_parameters.#": "0",
            "journey_events.0.should_keep_url_fragment": "false",
            "languages.#": "1",
            "languages.0": "en-us",
            "messenger.#": "1",
            "messenger.0.enabled": "true",
            "messenger.0.file_upload.#": "1",
            "messenger.0.file_upload.0.mode.#": "1",
            "messenger.0.file_upload.0.mode.0.file_types.#": "3",
            "messenger.0.file_upload.0.mode.0.file_types.0": "image/jpeg",
            "messenger.0.file_upload.0.mode.0.file_types.1": "image/gif",
            "messenger.0.file_upload.0.mode.0.file_types.2": "image/png",
            "messenger.0.file_upload.0.mode.0.max_file_size_kb": "10240",
            "messenger.0.launcher_button.#": "1",
            "messenger.0.launcher_button.0.visibility": "On",
            "messenger.0.styles.#": "1",
            "messenger.0.styles.0.primary_color": "#222323",
            "name": "webmessage_config",
            "status": "Active",
            "version": "2"
          },
          "sensitive_attributes": []
        }
      ]
    },
    {
      "mode": "managed",
      "type": "genesyscloud_webdeployments_deployment",
      "name": "webmessage_deployment",
      "provider": "provider[\"registry.terraform.io/-/genesyscloud\"]",
      "instances": [
        {
          "schema_version": 1,
          "attributes_flat": {
            "allow_all_domains": "true",
            "configuration.#": "1",
            "configuration.0.id": "26f4b97b-154f-465d-abf5-0e5e38e4e44a",
            "configuration.0.version": "1",
            "description": "",
            "flow_id": "51a987fb-8421-4d1d-950f-b5150afec9c4",
            "id": "04484941-d0ce-404f-b65c-0f4afc6afe31",
            "name": "webmessage_deployment",
            "status": "Active"
          },
          "sensitive_attributes": []
        }
      ]
    }
  ],
  "check_results": null
}
