{
  "version": 4,
  "terraform_version": "1.4.4",
  "serial": 0,
  "lineage": "e837f4f0-b4a3-7847-81be-72421285411c",
  "outputs": {},
  "resources": [
    {
      "mode": "managed",
      "type": "genesyscloud_user",
      "name": "Updatedemail_codeeditor_com_337546887",
      "provider": "provider[\"registry.terraform.io/-/genesyscloud\"]",
      "instances": [
        {
          "schema_version": 1,
          "attributes_flat": {
            "acd_auto_answer": "false",
            "addresses.#": "0",
            "certifications.#": "0",
            "department": "",
            "division_id": "4a7e4f4b-e734-40b6-838e-557c5eedd49a",
            "email": "Updatedemail@codeeditor.com",
            "employer_info.#": "0",
            "id": "070190df-caff-4420-9ea9-9817aed70240",
            "locations.#": "0",
            "manager": "",
            "name": "CodeEditor Updated again",
            "profile_skills.#": "0",
            "routing_languages.#": "0",
            "routing_skills.#": "0",
            "routing_utilization.#": "0",
            "state": "active",
            "title": ""
          },
          "sensitive_attributes": []
        }
      ]
    },
    {
      "mode": "managed",
      "type": "genesyscloud_user",
      "name": "_00a52863-abb3-e081-4e7d-789a01c318ef_mypurecloud_com_477406038",
      "provider": "provider[\"registry.terraform.io/-/genesyscloud\"]",
      "instances": [
        {
          "schema_version": 1,
          "attributes_flat": {
            "acd_auto_answer": "false",
            "addresses.#": "0",
            "certifications.#": "0",
            "department": "Ministry of Testing",
            "division_id": "4a7e4f4b-e734-40b6-838e-557c5eedd49a",
            "email": "00a52863-abb3-e081-4e7d-789a01c318ef@mypurecloud.com",
            "employer_info.#": "0",
            "id": "fb58236e-ccfe-4de5-b861-ad7d16be6e35",
            "locations.#": "0",
            "manager": "",
            "name": "JS SDK Tester",
            "profile_skills.#": "1",
            "profile_skills.3840022417": "Testmaster",
            "routing_languages.#": "0",
            "routing_skills.#": "0",
            "routing_utilization.#": "0",
            "state": "active",
            "title": ""
          },
          "sensitive_attributes": []
        }
      ]
    },
    {
      "mode": "managed",
      "type": "genesyscloud_user",
      "name": "_01057165-3f83-4a87-83b0-fc723767cfbe_mypurecloud_com_715371360",
      "provider": "provider[\"registry.terraform.io/-/genesyscloud\"]",
      "instances": [
        {
          "schema_version": 1,
          "attributes_flat": {
            "acd_auto_answer": "false",
            "addresses.#": "0",
            "certifications.#": "0",
            "department": "Ministry of Testing",
            "division_id": "4a7e4f4b-e734-40b6-838e-557c5eedd49a",
            "email": "01057165-3f83-4a87-83b0-fc723767cfbe@mypurecloud.com",
            "employer_info.#": "0",
            "id": "356f4399-7d50-4f9b-994a-fc93da4afd14",
            "locations.#": "0",
            "manager": "",
            "name": "Java SDK Tester",
            "profile_skills.#": "1",
            "profile_skills.3840022417": "Testmaster",
            "routing_languages.#": "0",
            "routing_skills.#": "0",
            "routing_utilization.#": "0",
            "state": "active",
            "title": ""
          },
          "sensitive_attributes": []
        }
      ]
    },
    {
      "mode": "managed",
      "type": "genesyscloud_user",
      "name": "_02867e28-dc1d-4d7a-a7d5-6bcce768e318_mypurecloud_com_4015935673",
      "provider": "provider[\"registry.terraform.io/-/genesyscloud\"]",
      "instances": [
        {
          "schema_version": 1,
          "attributes_flat": {
            "acd_auto_answer": "false",
            "addresses.#": "0",
            "certifications.#": "0",
            "department": "Ministry of Testing",
            "division_id": "4a7e4f4b-e734-40b6-838e-557c5eedd49a",
            "email": "02867e28-dc1d-4d7a-a7d5-6bcce768e318@mypurecloud.com",
            "employer_info.#": "0",
            "id": "71001727-3c74-4320-9725-4c12c7591151",
            "locations.#": "0",
            "manager": "",
            "name": "Java SDK Tester",
            "profile_skills.#": "1",
            "profile_skills.3840022417": "Testmaster",
            "routing_languages.#": "0",
            "routing_skills.#": "0",
            "routing_utilization.#": "0",
            "state": "active",
            "title": ""
          },
          "sensitive_attributes": []
        }
      ]
    },
    {
      "mode": "managed",
      "type": "genesyscloud_user",
      "name": "_0361b6b9-670f-48b6-84f0-858b2a452204_mypurecloud_com_1906916466",
      "provider": "provider[\"registry.terraform.io/-/genesyscloud\"]",
      "instances": [
        {
          "schema_version": 1,
          "attributes_flat": {
            "acd_auto_answer": "false",
            "addresses.#": "0",
            "certifications.#": "0",
            "department": "",
            "division_id": "4a7e4f4b-e734-40b6-838e-557c5eedd49a",
            "email": "0361b6b9-670f-48b6-84f0-858b2a452204@mypurecloud.com",
            "employer_info.#": "0",
            "id": "9da5ae91-a1a2-459b-8e25-15951275c385",
            "locations.#": "0",
            "manager": "",
            "name": "Python SDK Tester",
            "profile_skills.#": "0",
            "routing_languages.#": "0",
            "routing_skills.#": "0",
            "routing_utilization.#": "0",
            "state": "active",
            "title": ""
          },
          "sensitive_attributes": []
        }
      ]
    },
    {
      "mode": "managed",
      "type": "genesyscloud_user",
      "name": "_0481b733-b91d-08ad-d146-efa6a214c5ae_mypurecloud_com_2085744991",
      "provider": "provider[\"registry.terraform.io/-/genesyscloud\"]",
      "instances": [
        {
          "schema_version": 1,
          "attributes_flat": {
            "acd_auto_answer": "false",
            "addresses.#": "0",
            "certifications.#": "0",
            "department": "Ministry of Testing",
            "division_id": "4a7e4f4b-e734-40b6-838e-557c5eedd49a",
            "email": "0481b733-b91d-08ad-d146-efa6a214c5ae@mypurecloud.com",
            "employer_info.#": "0",
            "id": "82e0b396-8de4-400b-9d22-71b42b41f0a3",
            "locations.#": "0",
            "manager": "",
            "name": "JS SDK Tester",
            "profile_skills.#": "1",
            "profile_skills.3840022417": "Testmaster",
            "routing_languages.#": "0",
            "routing_skills.#": "0",
            "routing_utilization.#": "0",
            "state": "active",
            "title": ""
          },
          "sensitive_attributes": []
        }
      ]
    },
    {
      "mode": "managed",
      "type": "genesyscloud_user",
      "name": "_04d433b8-96c0-4c45-93fc-162c1faa42cf_mypurecloud_com_324379484",
      "provider": "provider[\"registry.terraform.io/-/genesyscloud\"]",
      "instances": [
        {
          "schema_version": 1,
          "attributes_flat": {
            "acd_auto_answer": "false",
            "addresses.#": "0",
            "certifications.#": "0",
            "department": "Ministry of Testing",
            "division_id": "4a7e4f4b-e734-40b6-838e-557c5eedd49a",
            "email": "04d433b8-96c0-4c45-93fc-162c1faa42cf@mypurecloud.com",
            "employer_info.#": "0",
            "id": "1624f2a2-e06c-45b9-b7a6-cb13e7c5542a",
            "locations.#": "0",
            "manager": "",
            "name": "Java SDK Tester",
            "profile_skills.#": "1",
            "profile_skills.3840022417": "Testmaster",
            "routing_languages.#": "0",
            "routing_skills.#": "0",
            "routing_utilization.#": "0",
            "state": "active",
            "title": ""
          },
          "sensitive_attributes": []
        }
      ]
    },
    {
      "mode": "managed",
      "type": "genesyscloud_user",
      "name": "_0689fed6-8d8a-4381-ba60-3ee0c2667e84_mypurecloud_com_1378516731",
      "provider": "provider[\"registry.terraform.io/-/genesyscloud\"]",
      "instances": [
        {
          "schema_version": 1,
          "attributes_flat": {
            "acd_auto_answer": "false",
            "addresses.#": "0",
            "certifications.#": "0",
            "department": "Ministry of Testing",
            "division_id": "4a7e4f4b-e734-40b6-838e-557c5eedd49a",
            "email": "0689fed6-8d8a-4381-ba60-3ee0c2667e84@mypurecloud.com",
            "employer_info.#": "0",
            "id": "db78f68c-2077-443a-b1fc-c1e5086f3752",
            "locations.#": "0",
            "manager": "",
            "name": "Java SDK Tester",
            "profile_skills.#": "1",
            "profile_skills.3840022417": "Testmaster",
            "routing_languages.#": "0",
            "routing_skills.#": "0",
            "routing_utilization.#": "0",
            "state": "active",
            "title": ""
          },
          "sensitive_attributes": []
        }
      ]
    },
    {
      "mode": "managed",
      "type": "genesyscloud_user",
      "name": "_0862f402-d543-4a16-8703-56d249cade65_mypurecloud_com_439541301",
      "provider": "provider[\"registry.terraform.io/-/genesyscloud\"]",
      "instances": [
        {
          "schema_version": 1,
          "attributes_flat": {
            "acd_auto_answer": "false",
            "addresses.#": "0",
            "certifications.#": "0",
            "department": "Ministry of Testing",
            "division_id": "4a7e4f4b-e734-40b6-838e-557c5eedd49a",
            "email": "0862f402-d543-4a16-8703-56d249cade65@mypurecloud.com",
            "employer_info.#": "0",
            "id": "61b0133a-0c38-4653-9f51-622bf06d8d10",
            "locations.#": "0",
            "manager": "",
            "name": "Python SDK Tester",
            "profile_skills.#": "1",
            "profile_skills.3840022417": "Testmaster",
            "routing_languages.#": "0",
            "routing_skills.#": "0",
            "routing_utilization.#": "0",
            "state": "active",
            "title": ""
          },
          "sensitive_attributes": []
        }
      ]
    },
    {
      "mode": "managed",
      "type": "genesyscloud_user",
      "name": "_09fcdcfc-7ac4-4f9a-838c-401cfac1c3bc_mypurecloud_com_3852999990",
      "provider": "provider[\"registry.terraform.io/-/genesyscloud\"]",
      "instances": [
        {
          "schema_version": 1,
          "attributes_flat": {
            "acd_auto_answer": "false",
            "addresses.#": "0",
            "certifications.#": "0",
            "department": "Ministry of Testing",
            "division_id": "4a7e4f4b-e734-40b6-838e-557c5eedd49a",
            "email": "09fcdcfc-7ac4-4f9a-838c-401cfac1c3bc@mypurecloud.com",
            "employer_info.#": "0",
            "id": "ea5421d3-0057-442a-8b35-0a91bad5155f",
            "locations.#": "0",
            "manager": "",
            "name": "GO SDK Tester",
            "profile_skills.#": "1",
            "profile_skills.3840022417": "Testmaster",
            "routing_languages.#": "0",
            "routing_skills.#": "0",
            "routing_utilization.#": "0",
            "state": "active",
            "title": ""
          },
          "sensitive_attributes": []
        }
      ]
    },
    {
      "mode": "managed",
      "type": "genesyscloud_user",
      "name": "_0bd46184-89cc-033b-1fb9-125e161ab53b_mypurecloud_com_3039960613",
      "provider": "provider[\"registry.terraform.io/-/genesyscloud\"]",
      "instances": [
        {
          "schema_version": 1,
          "attributes_flat": {
            "acd_auto_answer": "false",
            "addresses.#": "0",
            "certifications.#": "0",
            "department": "Ministry of Testing",
            "division_id": "4a7e4f4b-e734-40b6-838e-557c5eedd49a",
            "email": "0bd46184-89cc-033b-1fb9-125e161ab53b@mypurecloud.com",
            "employer_info.#": "0",
            "id": "c4f270f4-4537-4264-b8b9-0081e96fbbbd",
            "locations.#": "0",
            "manager": "",
            "name": "JS SDK Tester",
            "profile_skills.#": "1",
            "profile_skills.3840022417": "Testmaster",
            "routing_languages.#": "0",
            "routing_skills.#": "0",
            "routing_utilization.#": "0",
            "state": "active",
            "title": ""
          },
          "sensitive_attributes": []
        }
      ]
    },
    {
      "mode": "managed",
      "type": "genesyscloud_user",
      "name": "_0bf22739-e903-e02d-3977-f6e23c9201d9_mypurecloud_com_1515642650",
      "provider": "provider[\"registry.terraform.io/-/genesyscloud\"]",
      "instances": [
        {
          "schema_version": 1,
          "attributes_flat": {
            "acd_auto_answer": "false",
            "addresses.#": "0",
            "certifications.#": "0",
            "department": "Ministry of Testing",
            "division_id": "4a7e4f4b-e734-40b6-838e-557c5eedd49a",
            "email": "0bf22739-e903-e02d-3977-f6e23c9201d9@mypurecloud.com",
            "employer_info.#": "0",
            "id": "20583d37-9814-452a-a26c-c435806431b4",
            "locations.#": "0",
            "manager": "",
            "name": "JS SDK Tester",
            "profile_skills.#": "1",
            "profile_skills.3840022417": "Testmaster",
            "routing_languages.#": "0",
            "routing_skills.#": "0",
            "routing_utilization.#": "0",
            "state": "active",
            "title": ""
          },
          "sensitive_attributes": []
        }
      ]
    },
    {
      "mode": "managed",
      "type": "genesyscloud_user",
      "name": "_0c8bff5d-5c0f-4fc3-bc84-2fb84056aa30_mypurecloud_com_188931924",
      "provider": "provider[\"registry.terraform.io/-/genesyscloud\"]",
      "instances": [
        {
          "schema_version": 1,
          "attributes_flat": {
            "acd_auto_answer": "false",
            "addresses.#": "0",
            "certifications.#": "0",
            "department": "Ministry of Testing",
            "division_id": "4a7e4f4b-e734-40b6-838e-557c5eedd49a",
            "email": "0c8bff5d-5c0f-4fc3-bc84-2fb84056aa30@mypurecloud.com",
            "employer_info.#": "0",
            "id": "97fb2f13-e5eb-4459-a80b-aab967bc1a10",
            "locations.#": "0",
            "manager": "",
            "name": "GO SDK Tester",
            "profile_skills.#": "1",
            "profile_skills.3840022417": "Testmaster",
            "routing_languages.#": "0",
            "routing_skills.#": "0",
            "routing_utilization.#": "0",
            "state": "active",
            "title": ""
          },
          "sensitive_attributes": []
        }
      ]
    },
    {
      "mode": "managed",
      "type": "genesyscloud_user",
      "name": "_0d957e8c-d951-437a-8351-af3fa5cf909b_mypurecloud_com_3790383810",
      "provider": "provider[\"registry.terraform.io/-/genesyscloud\"]",
      "instances": [
        {
          "schema_version": 1,
          "attributes_flat": {
            "acd_auto_answer": "false",
            "addresses.#": "0",
            "certifications.#": "0",
            "department": "Ministry of Testing",
            "division_id": "4a7e4f4b-e734-40b6-838e-557c5eedd49a",
            "email": "0d957e8c-d951-437a-8351-af3fa5cf909b@mypurecloud.com",
            "employer_info.#": "0",
            "id": "af9eac78-8ede-45f5-b805-f254cf5a2767",
            "locations.#": "0",
            "manager": "",
            "name": "Python SDK Tester",
            "profile_skills.#": "1",
            "profile_skills.3840022417": "Testmaster",
            "routing_languages.#": "0",
            "routing_skills.#": "0",
            "routing_utilization.#": "0",
            "state": "active",
            "title": ""
          },
          "sensitive_attributes": []
        }
      ]
    },
    {
      "mode": "managed",
      "type": "genesyscloud_user",
      "name": "_1023d922-3901-49ca-a912-a3582382bcff_mypurecloud_com_1405362402",
      "provider": "provider[\"registry.terraform.io/-/genesyscloud\"]",
      "instances": [
        {
          "schema_version": 1,
          "attributes_flat": {
            "acd_auto_answer": "false",
            "addresses.#": "0",
            "certifications.#": "0",
            "department": "",
            "division_id": "4a7e4f4b-e734-40b6-838e-557c5eedd49a",
            "email": "1023d922-3901-49ca-a912-a3582382bcff@mypurecloud.com",
            "employer_info.#": "0",
            "id": "8be0f66b-ba6f-40a0-8294-f2333b79664a",
            "locations.#": "0",
            "manager": "",
            "name": ".NET SDK Tester",
            "profile_skills.#": "0",
            "routing_languages.#": "0",
            "routing_skills.#": "0",
            "routing_utilization.#": "0",
            "state": "active",
            "title": ""
          },
          "sensitive_attributes": []
        }
      ]
    },
    {
      "mode": "managed",
      "type": "genesyscloud_user",
      "name": "_10d556ca-dc51-4a8d-bd91-9c07110dac89_mypurecloud_com_239879114",
      "provider": "provider[\"registry.terraform.io/-/genesyscloud\"]",
      "instances": [
        {
          "schema_version": 1,
          "attributes_flat": {
            "acd_auto_answer": "false",
            "addresses.#": "0",
            "certifications.#": "0",
            "department": "Ministry of Testing",
            "division_id": "4a7e4f4b-e734-40b6-838e-557c5eedd49a",
            "email": "10d556ca-dc51-4a8d-bd91-9c07110dac89@mypurecloud.com",
            "employer_info.#": "0",
            "id": "0e995f4f-c84e-4b5d-a4da-1e75195bbc58",
            "locations.#": "0",
            "manager": "",
            "name": "GO SDK Tester",
            "profile_skills.#": "1",
            "profile_skills.3840022417": "Testmaster",
            "routing_languages.#": "0",
            "routing_skills.#": "0",
            "routing_utilization.#": "0",
            "state": "active",
            "title": ""
          },
          "sensitive_attributes": []
        }
      ]
    },
    {
      "mode": "managed",
      "type": "genesyscloud_user",
      "name": "_10e1d507-68eb-4cdd-bed0-a83d06dbc044_mypurecloud_com_2079843628",
      "provider": "provider[\"registry.terraform.io/-/genesyscloud\"]",
      "instances": [
        {
          "schema_version": 1,
          "attributes_flat": {
            "acd_auto_answer": "false",
            "addresses.#": "0",
            "certifications.#": "0",
            "department": "Ministry of Testing",
            "division_id": "4a7e4f4b-e734-40b6-838e-557c5eedd49a",
            "email": "10e1d507-68eb-4cdd-bed0-a83d06dbc044@mypurecloud.com",
            "employer_info.#": "0",
            "id": "65575f0d-a4e2-4673-a84d-5a44b4bc3268",
            "locations.#": "0",
            "manager": "",
            "name": "Java SDK Tester",
            "profile_skills.#": "1",
            "profile_skills.3840022417": "Testmaster",
            "routing_languages.#": "0",
            "routing_skills.#": "0",
            "routing_utilization.#": "0",
            "state": "active",
            "title": ""
          },
          "sensitive_attributes": []
        }
      ]
    },
    {
      "mode": "managed",
      "type": "genesyscloud_user",
      "name": "_11d1e1cd-e157-d344-fed7-fa9ed2772c81_mypurecloud_com_1324020887",
      "provider": "provider[\"registry.terraform.io/-/genesyscloud\"]",
      "instances": [
        {
          "schema_version": 1,
          "attributes_flat": {
            "acd_auto_answer": "false",
            "addresses.#": "0",
            "certifications.#": "0",
            "department": "Ministry of Testing",
            "division_id": "4a7e4f4b-e734-40b6-838e-557c5eedd49a",
            "email": "11d1e1cd-e157-d344-fed7-fa9ed2772c81@mypurecloud.com",
            "employer_info.#": "0",
            "id": "baf456e2-1646-48d4-be89-ccf40f0936f9",
            "locations.#": "0",
            "manager": "",
            "name": "JS SDK Tester",
            "profile_skills.#": "1",
            "profile_skills.3840022417": "Testmaster",
            "routing_languages.#": "0",
            "routing_skills.#": "0",
            "routing_utilization.#": "0",
            "state": "active",
            "title": ""
          },
          "sensitive_attributes": []
        }
      ]
    },
    {
      "mode": "managed",
      "type": "genesyscloud_user",
      "name": "_131cfad5-789a-43ae-921a-37414aa2a711_mypurecloud_com_1728763221",
      "provider": "provider[\"registry.terraform.io/-/genesyscloud\"]",
      "instances": [
        {
          "schema_version": 1,
          "attributes_flat": {
            "acd_auto_answer": "false",
            "addresses.#": "0",
            "certifications.#": "0",
            "department": "Ministry of Testing",
            "division_id": "4a7e4f4b-e734-40b6-838e-557c5eedd49a",
            "email": "131cfad5-789a-43ae-921a-37414aa2a711@mypurecloud.com",
            "employer_info.#": "0",
            "id": "90a2c4da-b409-4edc-aead-936573e98a5b",
            "locations.#": "0",
            "manager": "",
            "name": "GO SDK Tester",
            "profile_skills.#": "1",
            "profile_skills.3840022417": "Testmaster",
            "routing_languages.#": "0",
            "routing_skills.#": "0",
            "routing_utilization.#": "0",
            "state": "active",
            "title": ""
          },
          "sensitive_attributes": []
        }
      ]
    },
    {
      "mode": "managed",
      "type": "genesyscloud_user",
      "name": "_14466b0e-3625-4036-b259-4b85eb56a468_mypurecloud_com_2408542984",
      "provider": "provider[\"registry.terraform.io/-/genesyscloud\"]",
      "instances": [
        {
          "schema_version": 1,
          "attributes_flat": {
            "acd_auto_answer": "false",
            "addresses.#": "0",
            "certifications.#": "0",
            "department": "Ministry of Testing",
            "division_id": "4a7e4f4b-e734-40b6-838e-557c5eedd49a",
            "email": "14466b0e-3625-4036-b259-4b85eb56a468@mypurecloud.com",
            "employer_info.#": "0",
            "id": "74fc3bf0-a624-43c6-b8e9-6feec1cf2389",
            "locations.#": "0",
            "manager": "",
            "name": "GO SDK Tester",
            "profile_skills.#": "1",
            "profile_skills.3840022417": "Testmaster",
            "routing_languages.#": "0",
            "routing_skills.#": "0",
            "routing_utilization.#": "0",
            "state": "active",
            "title": ""
          },
          "sensitive_attributes": []
        }
      ]
    },
    {
      "mode": "managed",
      "type": "genesyscloud_user",
      "name": "_14c0f856-3af8-41e8-a02b-fcb1ec01b715_mypurecloud_com_1252215307",
      "provider": "provider[\"registry.terraform.io/-/genesyscloud\"]",
      "instances": [
        {
          "schema_version": 1,
          "attributes_flat": {
            "acd_auto_answer": "false",
            "addresses.#": "0",
            "certifications.#": "0",
            "department": "Ministry of Testing",
            "division_id": "4a7e4f4b-e734-40b6-838e-557c5eedd49a",
            "email": "14c0f856-3af8-41e8-a02b-fcb1ec01b715@mypurecloud.com",
            "employer_info.#": "0",
            "id": "a4e8f55a-972c-4deb-bb15-5befb2791b71",
            "locations.#": "0",
            "manager": "",
            "name": "Java SDK Tester",
            "profile_skills.#": "1",
            "profile_skills.3840022417": "Testmaster",
            "routing_languages.#": "0",
            "routing_skills.#": "0",
            "routing_utilization.#": "0",
            "state": "active",
            "title": ""
          },
          "sensitive_attributes": []
        }
      ]
    },
    {
      "mode": "managed",
      "type": "genesyscloud_user",
      "name": "_1e3d9307-d4fc-4f01-8097-06829896dcb4_mypurecloud_com_608668468",
      "provider": "provider[\"registry.terraform.io/-/genesyscloud\"]",
      "instances": [
        {
          "schema_version": 1,
          "attributes_flat": {
            "acd_auto_answer": "false",
            "addresses.#": "0",
            "certifications.#": "0",
            "department": "",
            "division_id": "4a7e4f4b-e734-40b6-838e-557c5eedd49a",
            "email": "1e3d9307-d4fc-4f01-8097-06829896dcb4@mypurecloud.com",
            "employer_info.#": "0",
            "id": "2fd79e8d-e20e-40b1-a756-0d26c0362f47",
            "locations.#": "0",
            "manager": "",
            "name": "GO SDK Tester",
            "profile_skills.#": "0",
            "routing_languages.#": "0",
            "routing_skills.#": "0",
            "routing_utilization.#": "0",
            "state": "active",
            "title": ""
          },
          "sensitive_attributes": []
        }
      ]
    },
    {
      "mode": "managed",
      "type": "genesyscloud_user",
      "name": "_1fc123e4-218f-46f5-ba70-b11bb1fee6e5_mypurecloud_com_2903682741",
      "provider": "provider[\"registry.terraform.io/-/genesyscloud\"]",
      "instances": [
        {
          "schema_version": 1,
          "attributes_flat": {
            "acd_auto_answer": "false",
            "addresses.#": "0",
            "certifications.#": "0",
            "department": "Ministry of Testing",
            "division_id": "4a7e4f4b-e734-40b6-838e-557c5eedd49a",
            "email": "1fc123e4-218f-46f5-ba70-b11bb1fee6e5@mypurecloud.com",
            "employer_info.#": "0",
            "id": "6c61f381-4d05-4736-8823-91cce57b23aa",
            "locations.#": "0",
            "manager": "",
            "name": "Java SDK Tester",
            "profile_skills.#": "0",
            "routing_languages.#": "0",
            "routing_skills.#": "0",
            "routing_utilization.#": "0",
            "state": "active",
            "title": ""
          },
          "sensitive_attributes": []
        }
      ]
    },
    {
      "mode": "managed",
      "type": "genesyscloud_user",
      "name": "_1fc8d9ef-2b83-4773-acc0-e94574e3b4e6_mypurecloud_com_3583496525",
      "provider": "provider[\"registry.terraform.io/-/genesyscloud\"]",
      "instances": [
        {
          "schema_version": 1,
          "attributes_flat": {
            "acd_auto_answer": "false",
            "addresses.#": "0",
            "certifications.#": "0",
            "department": "",
            "division_id": "4a7e4f4b-e734-40b6-838e-557c5eedd49a",
            "email": "1fc8d9ef-2b83-4773-acc0-e94574e3b4e6@mypurecloud.com",
            "employer_info.#": "0",
            "id": "b6c234ea-4ba1-411d-86d4-eeecefc95b86",
            "locations.#": "0",
            "manager": "",
            "name": "Python SDK Tester",
            "profile_skills.#": "0",
            "routing_languages.#": "0",
            "routing_skills.#": "0",
            "routing_utilization.#": "0",
            "state": "active",
            "title": ""
          },
          "sensitive_attributes": []
        }
      ]
    },
    {
      "mode": "managed",
      "type": "genesyscloud_user",
      "name": "_2006fd4e-18d9-7dda-57ec-2ccd5d63e825_mypurecloud_com_4281506008",
      "provider": "provider[\"registry.terraform.io/-/genesyscloud\"]",
      "instances": [
        {
          "schema_version": 1,
          "attributes_flat": {
            "acd_auto_answer": "false",
            "addresses.#": "0",
            "certifications.#": "0",
            "department": "Ministry of Testing",
            "division_id": "4a7e4f4b-e734-40b6-838e-557c5eedd49a",
            "email": "2006fd4e-18d9-7dda-57ec-2ccd5d63e825@mypurecloud.com",
            "employer_info.#": "0",
            "id": "0a9adb52-02b2-4344-9c77-2a9eea138b6d",
            "locations.#": "0",
            "manager": "",
            "name": "JS SDK Tester",
            "profile_skills.#": "1",
            "profile_skills.3840022417": "Testmaster",
            "routing_languages.#": "0",
            "routing_skills.#": "0",
            "routing_utilization.#": "0",
            "state": "active",
            "title": ""
          },
          "sensitive_attributes": []
        }
      ]
    },
    {
      "mode": "managed",
      "type": "genesyscloud_user",
      "name": "_2296e4d4-d61c-4318-8693-c753b41a5ee0_mypurecloud_com_3187764430",
      "provider": "provider[\"registry.terraform.io/-/genesyscloud\"]",
      "instances": [
        {
          "schema_version": 1,
          "attributes_flat": {
            "acd_auto_answer": "false",
            "addresses.#": "0",
            "certifications.#": "0",
            "department": "Ministry of Testing",
            "division_id": "4a7e4f4b-e734-40b6-838e-557c5eedd49a",
            "email": "2296e4d4-d61c-4318-8693-c753b41a5ee0@mypurecloud.com",
            "employer_info.#": "0",
            "id": "30e929e1-c1ec-43c3-a765-e87ac90dc240",
            "locations.#": "0",
            "manager": "",
            "name": "Python SDK Tester",
            "profile_skills.#": "1",
            "profile_skills.3840022417": "Testmaster",
            "routing_languages.#": "0",
            "routing_skills.#": "0",
            "routing_utilization.#": "0",
            "state": "active",
            "title": ""
          },
          "sensitive_attributes": []
        }
      ]
    },
    {
      "mode": "managed",
      "type": "genesyscloud_user",
      "name": "_23bb2615-a923-4d5e-a01a-16469ea796ee_mypurecloud_com_3323051782",
      "provider": "provider[\"registry.terraform.io/-/genesyscloud\"]",
      "instances": [
        {
          "schema_version": 1,
          "attributes_flat": {
            "acd_auto_answer": "false",
            "addresses.#": "0",
            "certifications.#": "0",
            "department": "Ministry of Testing",
            "division_id": "4a7e4f4b-e734-40b6-838e-557c5eedd49a",
            "email": "23bb2615-a923-4d5e-a01a-16469ea796ee@mypurecloud.com",
            "employer_info.#": "0",
            "id": "63ae3421-87f0-4d98-9683-0fced0f72647",
            "locations.#": "0",
            "manager": "",
            "name": "GO SDK Tester",
            "profile_skills.#": "1",
            "profile_skills.3840022417": "Testmaster",
            "routing_languages.#": "0",
            "routing_skills.#": "0",
            "routing_utilization.#": "0",
            "state": "active",
            "title": ""
          },
          "sensitive_attributes": []
        }
      ]
    },
    {
      "mode": "managed",
      "type": "genesyscloud_user",
      "name": "_24d28dd7-d20c-4c0e-a1d0-9c9d0fcffe56_mypurecloud_com_1403406395",
      "provider": "provider[\"registry.terraform.io/-/genesyscloud\"]",
      "instances": [
        {
          "schema_version": 1,
          "attributes_flat": {
            "acd_auto_answer": "false",
            "addresses.#": "0",
            "certifications.#": "0",
            "department": "Ministry of Testing",
            "division_id": "4a7e4f4b-e734-40b6-838e-557c5eedd49a",
            "email": "24d28dd7-d20c-4c0e-a1d0-9c9d0fcffe56@mypurecloud.com",
            "employer_info.#": "0",
            "id": "e6e08350-8fb7-4b60-8727-2c1fa5226c0e",
            "locations.#": "0",
            "manager": "",
            "name": "Java SDK Tester",
            "profile_skills.#": "1",
            "profile_skills.3840022417": "Testmaster",
            "routing_languages.#": "0",
            "routing_skills.#": "0",
            "routing_utilization.#": "0",
            "state": "active",
            "title": ""
          },
          "sensitive_attributes": []
        }
      ]
    },
    {
      "mode": "managed",
      "type": "genesyscloud_user",
      "name": "_25740038-d0e4-4f2b-92cf-d733a0e1fe6c_mypurecloud_com_3381746927",
      "provider": "provider[\"registry.terraform.io/-/genesyscloud\"]",
      "instances": [
        {
          "schema_version": 1,
          "attributes_flat": {
            "acd_auto_answer": "false",
            "addresses.#": "0",
            "certifications.#": "0",
            "department": "Ministry of Testing",
            "division_id": "4a7e4f4b-e734-40b6-838e-557c5eedd49a",
            "email": "25740038-d0e4-4f2b-92cf-d733a0e1fe6c@mypurecloud.com",
            "employer_info.#": "0",
            "id": "fa275fe4-949d-4f66-a102-2c255a9b38d3",
            "locations.#": "0",
            "manager": "",
            "name": "Java SDK Tester",
            "profile_skills.#": "0",
            "routing_languages.#": "0",
            "routing_skills.#": "0",
            "routing_utilization.#": "0",
            "state": "active",
            "title": ""
          },
          "sensitive_attributes": []
        }
      ]
    },
    {
      "mode": "managed",
      "type": "genesyscloud_user",
      "name": "_2656b3ac-f56a-49d3-a8e7-ccd16c4ddf5d_mypurecloud_com_2817620771",
      "provider": "provider[\"registry.terraform.io/-/genesyscloud\"]",
      "instances": [
        {
          "schema_version": 1,
          "attributes_flat": {
            "acd_auto_answer": "false",
            "addresses.#": "0",
            "certifications.#": "0",
            "department": "",
            "division_id": "4a7e4f4b-e734-40b6-838e-557c5eedd49a",
            "email": "2656b3ac-f56a-49d3-a8e7-ccd16c4ddf5d@mypurecloud.com",
            "employer_info.#": "0",
            "id": "a75ded41-d7d6-4482-9d06-6a5b2d6e2aa0",
            "locations.#": "0",
            "manager": "",
            "name": ".NET SDK Tester",
            "profile_skills.#": "0",
            "routing_languages.#": "0",
            "routing_skills.#": "0",
            "routing_utilization.#": "0",
            "state": "active",
            "title": ""
          },
          "sensitive_attributes": []
        }
      ]
    },
    {
      "mode": "managed",
      "type": "genesyscloud_user",
      "name": "_28101b47-8723-48cc-96dc-354293275e6a_mypurecloud_com_179471020",
      "provider": "provider[\"registry.terraform.io/-/genesyscloud\"]",
      "instances": [
        {
          "schema_version": 1,
          "attributes_flat": {
            "acd_auto_answer": "false",
            "addresses.#": "0",
            "certifications.#": "0",
            "department": "Ministry of Testing",
            "division_id": "4a7e4f4b-e734-40b6-838e-557c5eedd49a",
            "email": "28101b47-8723-48cc-96dc-354293275e6a@mypurecloud.com",
            "employer_info.#": "0",
            "id": "878c29c4-69cb-475a-8369-5c6beb2bcbc3",
            "locations.#": "0",
            "manager": "",
            "name": "Python SDK Tester",
            "profile_skills.#": "1",
            "profile_skills.3840022417": "Testmaster",
            "routing_languages.#": "0",
            "routing_skills.#": "0",
            "routing_utilization.#": "0",
            "state": "active",
            "title": ""
          },
          "sensitive_attributes": []
        }
      ]
    },
    {
      "mode": "managed",
      "type": "genesyscloud_user",
      "name": "_28805318-661b-4029-8768-af29c6969b31_mypurecloud_com_829896116",
      "provider": "provider[\"registry.terraform.io/-/genesyscloud\"]",
      "instances": [
        {
          "schema_version": 1,
          "attributes_flat": {
            "acd_auto_answer": "false",
            "addresses.#": "0",
            "certifications.#": "0",
            "department": "Ministry of Testing",
            "division_id": "4a7e4f4b-e734-40b6-838e-557c5eedd49a",
            "email": "28805318-661b-4029-8768-af29c6969b31@mypurecloud.com",
            "employer_info.#": "0",
            "id": "1baefee9-b4da-47eb-aa65-3de2bf4fb8d1",
            "locations.#": "0",
            "manager": "",
            "name": "GO SDK Tester",
            "profile_skills.#": "1",
            "profile_skills.3840022417": "Testmaster",
            "routing_languages.#": "0",
            "routing_skills.#": "0",
            "routing_utilization.#": "0",
            "state": "active",
            "title": ""
          },
          "sensitive_attributes": []
        }
      ]
    },
    {
      "mode": "managed",
      "type": "genesyscloud_user",
      "name": "_2bbaaa03-916a-4bcf-b2d6-de063e0a54f8_mypurecloud_com_2501694690",
      "provider": "provider[\"registry.terraform.io/-/genesyscloud\"]",
      "instances": [
        {
          "schema_version": 1,
          "attributes_flat": {
            "acd_auto_answer": "false",
            "addresses.#": "0",
            "certifications.#": "0",
            "department": "Ministry of Testing",
            "division_id": "4a7e4f4b-e734-40b6-838e-557c5eedd49a",
            "email": "2bbaaa03-916a-4bcf-b2d6-de063e0a54f8@mypurecloud.com",
            "employer_info.#": "0",
            "id": "8374ceb8-b0d4-4b2d-8a37-e856470066aa",
            "locations.#": "0",
            "manager": "",
            "name": "Java SDK Tester",
            "profile_skills.#": "0",
            "routing_languages.#": "0",
            "routing_skills.#": "0",
            "routing_utilization.#": "0",
            "state": "active",
            "title": ""
          },
          "sensitive_attributes": []
        }
      ]
    },
    {
      "mode": "managed",
      "type": "genesyscloud_user",
      "name": "_2bc04464-da6a-45d0-acca-6ffe37864e8c_mypurecloud_com_1743609854",
      "provider": "provider[\"registry.terraform.io/-/genesyscloud\"]",
      "instances": [
        {
          "schema_version": 1,
          "attributes_flat": {
            "acd_auto_answer": "false",
            "addresses.#": "0",
            "certifications.#": "0",
            "department": "Ministry of Testing",
            "division_id": "4a7e4f4b-e734-40b6-838e-557c5eedd49a",
            "email": "2bc04464-da6a-45d0-acca-6ffe37864e8c@mypurecloud.com",
            "employer_info.#": "0",
            "id": "adc6ce75-b348-4be6-84a1-82c1031f58e0",
            "locations.#": "0",
            "manager": "",
            "name": "GO SDK Tester",
            "profile_skills.#": "1",
            "profile_skills.3840022417": "Testmaster",
            "routing_languages.#": "0",
            "routing_skills.#": "0",
            "routing_utilization.#": "0",
            "state": "active",
            "title": ""
          },
          "sensitive_attributes": []
        }
      ]
    },
    {
      "mode": "managed",
      "type": "genesyscloud_user",
      "name": "_2e481b25-0fe0-4004-b8e7-812fa62e27b8_mypurecloud_com_2461438707",
      "provider": "provider[\"registry.terraform.io/-/genesyscloud\"]",
      "instances": [
        {
          "schema_version": 1,
          "attributes_flat": {
            "acd_auto_answer": "false",
            "addresses.#": "0",
            "certifications.#": "0",
            "department": "Ministry of Testing",
            "division_id": "4a7e4f4b-e734-40b6-838e-557c5eedd49a",
            "email": "2e481b25-0fe0-4004-b8e7-812fa62e27b8@mypurecloud.com",
            "employer_info.#": "0",
            "id": "9e4be032-f774-4228-b714-469e960859f6",
            "locations.#": "0",
            "manager": "",
            "name": "GO SDK Tester",
            "profile_skills.#": "1",
            "profile_skills.3840022417": "Testmaster",
            "routing_languages.#": "0",
            "routing_skills.#": "0",
            "routing_utilization.#": "0",
            "state": "active",
            "title": ""
          },
          "sensitive_attributes": []
        }
      ]
    },
    {
      "mode": "managed",
      "type": "genesyscloud_user",
      "name": "_3163973d-61c3-4207-8905-022c9765a7db_mypurecloud_com_780483811",
      "provider": "provider[\"registry.terraform.io/-/genesyscloud\"]",
      "instances": [
        {
          "schema_version": 1,
          "attributes_flat": {
            "acd_auto_answer": "false",
            "addresses.#": "0",
            "certifications.#": "0",
            "department": "Ministry of Testing",
            "division_id": "4a7e4f4b-e734-40b6-838e-557c5eedd49a",
            "email": "3163973d-61c3-4207-8905-022c9765a7db@mypurecloud.com",
            "employer_info.#": "0",
            "id": "9fdb8923-48bf-4790-b876-b9a2148a3c9d",
            "locations.#": "0",
            "manager": "",
            "name": "GO SDK Tester",
            "profile_skills.#": "1",
            "profile_skills.3840022417": "Testmaster",
            "routing_languages.#": "0",
            "routing_skills.#": "0",
            "routing_utilization.#": "0",
            "state": "active",
            "title": ""
          },
          "sensitive_attributes": []
        }
      ]
    },
    {
      "mode": "managed",
      "type": "genesyscloud_user",
      "name": "_3168c2d0-f7a4-44e1-a277-d6a3bcf8be62_mypurecloud_com_2727722649",
      "provider": "provider[\"registry.terraform.io/-/genesyscloud\"]",
      "instances": [
        {
          "schema_version": 1,
          "attributes_flat": {
            "acd_auto_answer": "false",
            "addresses.#": "0",
            "certifications.#": "0",
            "department": "Ministry of Testing",
            "division_id": "4a7e4f4b-e734-40b6-838e-557c5eedd49a",
            "email": "3168c2d0-f7a4-44e1-a277-d6a3bcf8be62@mypurecloud.com",
            "employer_info.#": "0",
            "id": "4b8b1096-cca4-4c25-90fe-2549051a5df3",
            "locations.#": "0",
            "manager": "",
            "name": "GO SDK Tester",
            "profile_skills.#": "1",
            "profile_skills.3840022417": "Testmaster",
            "routing_languages.#": "0",
            "routing_skills.#": "0",
            "routing_utilization.#": "0",
            "state": "active",
            "title": ""
          },
          "sensitive_attributes": []
        }
      ]
    },
    {
      "mode": "managed",
      "type": "genesyscloud_user",
      "name": "_334f78fa-1677-4299-9bdb-dbb5623223d6_mypurecloud_com_1362048900",
      "provider": "provider[\"registry.terraform.io/-/genesyscloud\"]",
      "instances": [
        {
          "schema_version": 1,
          "attributes_flat": {
            "acd_auto_answer": "false",
            "addresses.#": "0",
            "certifications.#": "0",
            "department": "",
            "division_id": "4a7e4f4b-e734-40b6-838e-557c5eedd49a",
            "email": "334f78fa-1677-4299-9bdb-dbb5623223d6@mypurecloud.com",
            "employer_info.#": "0",
            "id": "5b846cc0-373e-42cf-bc28-f05e27cc2ce5",
            "locations.#": "0",
            "manager": "",
            "name": "GO SDK Tester",
            "profile_skills.#": "0",
            "routing_languages.#": "0",
            "routing_skills.#": "0",
            "routing_utilization.#": "0",
            "state": "active",
            "title": ""
          },
          "sensitive_attributes": []
        }
      ]
    },
    {
      "mode": "managed",
      "type": "genesyscloud_user",
      "name": "_3680d8c5-0d71-877f-def7-66462ad16401_mypurecloud_com_117730235",
      "provider": "provider[\"registry.terraform.io/-/genesyscloud\"]",
      "instances": [
        {
          "schema_version": 1,
          "attributes_flat": {
            "acd_auto_answer": "false",
            "addresses.#": "0",
            "certifications.#": "0",
            "department": "Ministry of Testing",
            "division_id": "4a7e4f4b-e734-40b6-838e-557c5eedd49a",
            "email": "3680d8c5-0d71-877f-def7-66462ad16401@mypurecloud.com",
            "employer_info.#": "0",
            "id": "bec2f0e2-2ed6-4f25-8472-364745ec9849",
            "locations.#": "0",
            "manager": "",
            "name": "JS SDK Tester",
            "profile_skills.#": "1",
            "profile_skills.3840022417": "Testmaster",
            "routing_languages.#": "0",
            "routing_skills.#": "0",
            "routing_utilization.#": "0",
            "state": "active",
            "title": ""
          },
          "sensitive_attributes": []
        }
      ]
    },
    {
      "mode": "managed",
      "type": "genesyscloud_user",
      "name": "_3705d84a-28d2-45d8-9264-9f1d3eb13c49_mypurecloud_com_2188481023",
      "provider": "provider[\"registry.terraform.io/-/genesyscloud\"]",
      "instances": [
        {
          "schema_version": 1,
          "attributes_flat": {
            "acd_auto_answer": "false",
            "addresses.#": "0",
            "certifications.#": "0",
            "department": "",
            "division_id": "4a7e4f4b-e734-40b6-838e-557c5eedd49a",
            "email": "3705d84a-28d2-45d8-9264-9f1d3eb13c49@mypurecloud.com",
            "employer_info.#": "0",
            "id": "4570b516-68e2-4f44-a6c4-06f42f790f30",
            "locations.#": "0",
            "manager": "",
            "name": "GO SDK Tester",
            "profile_skills.#": "0",
            "routing_languages.#": "0",
            "routing_skills.#": "0",
            "routing_utilization.#": "0",
            "state": "active",
            "title": ""
          },
          "sensitive_attributes": []
        }
      ]
    },
    {
      "mode": "managed",
      "type": "genesyscloud_user",
      "name": "_38d5e938-27fd-a49d-19ec-820c61009056_mypurecloud_com_4286738503",
      "provider": "provider[\"registry.terraform.io/-/genesyscloud\"]",
      "instances": [
        {
          "schema_version": 1,
          "attributes_flat": {
            "acd_auto_answer": "false",
            "addresses.#": "0",
            "certifications.#": "0",
            "department": "Ministry of Testing",
            "division_id": "4a7e4f4b-e734-40b6-838e-557c5eedd49a",
            "email": "38d5e938-27fd-a49d-19ec-820c61009056@mypurecloud.com",
            "employer_info.#": "0",
            "id": "53adf298-baeb-446b-a333-4c3721b69a3a",
            "locations.#": "0",
            "manager": "",
            "name": "JS SDK Tester",
            "profile_skills.#": "1",
            "profile_skills.3840022417": "Testmaster",
            "routing_languages.#": "0",
            "routing_skills.#": "0",
            "routing_utilization.#": "0",
            "state": "active",
            "title": ""
          },
          "sensitive_attributes": []
        }
      ]
    },
    {
      "mode": "managed",
      "type": "genesyscloud_user",
      "name": "_3967cabe-f4c1-4299-9a7e-f42e25e4cbec_mypurecloud_com_2235872039",
      "provider": "provider[\"registry.terraform.io/-/genesyscloud\"]",
      "instances": [
        {
          "schema_version": 1,
          "attributes_flat": {
            "acd_auto_answer": "false",
            "addresses.#": "0",
            "certifications.#": "0",
            "department": "Ministry of Testing",
            "division_id": "4a7e4f4b-e734-40b6-838e-557c5eedd49a",
            "email": "3967cabe-f4c1-4299-9a7e-f42e25e4cbec@mypurecloud.com",
            "employer_info.#": "0",
            "id": "0878c060-dc20-41e1-a036-2193df10e898",
            "locations.#": "0",
            "manager": "",
            "name": "Java SDK Tester",
            "profile_skills.#": "1",
            "profile_skills.3840022417": "Testmaster",
            "routing_languages.#": "0",
            "routing_skills.#": "0",
            "routing_utilization.#": "0",
            "state": "active",
            "title": ""
          },
          "sensitive_attributes": []
        }
      ]
    },
    {
      "mode": "managed",
      "type": "genesyscloud_user",
      "name": "_39da0bea-4888-4c73-b6bd-94b9ae1f3526_mypurecloud_com_3745264750",
      "provider": "provider[\"registry.terraform.io/-/genesyscloud\"]",
      "instances": [
        {
          "schema_version": 1,
          "attributes_flat": {
            "acd_auto_answer": "false",
            "addresses.#": "0",
            "certifications.#": "0",
            "department": "Ministry of Testing",
            "division_id": "4a7e4f4b-e734-40b6-838e-557c5eedd49a",
            "email": "39da0bea-4888-4c73-b6bd-94b9ae1f3526@mypurecloud.com",
            "employer_info.#": "0",
            "id": "59ac8269-4040-4600-a96d-1e109036f8df",
            "locations.#": "0",
            "manager": "",
            "name": "Java SDK Tester",
            "profile_skills.#": "1",
            "profile_skills.3840022417": "Testmaster",
            "routing_languages.#": "0",
            "routing_skills.#": "0",
            "routing_utilization.#": "0",
            "state": "active",
            "title": ""
          },
          "sensitive_attributes": []
        }
      ]
    },
    {
      "mode": "managed",
      "type": "genesyscloud_user",
      "name": "_3a0fb48a-add4-499b-be01-45f6f5c331e8_mypurecloud_com_276830210",
      "provider": "provider[\"registry.terraform.io/-/genesyscloud\"]",
      "instances": [
        {
          "schema_version": 1,
          "attributes_flat": {
            "acd_auto_answer": "false",
            "addresses.#": "0",
            "certifications.#": "0",
            "department": "",
            "division_id": "4a7e4f4b-e734-40b6-838e-557c5eedd49a",
            "email": "3a0fb48a-add4-499b-be01-45f6f5c331e8@mypurecloud.com",
            "employer_info.#": "0",
            "id": "f05b52ab-31e8-40d9-bbe4-6ffd1da08c2b",
            "locations.#": "0",
            "manager": "",
            "name": "Python SDK Tester",
            "profile_skills.#": "0",
            "routing_languages.#": "0",
            "routing_skills.#": "0",
            "routing_utilization.#": "0",
            "state": "active",
            "title": ""
          },
          "sensitive_attributes": []
        }
      ]
    },
    {
      "mode": "managed",
      "type": "genesyscloud_user",
      "name": "_3a6525c6-65bb-5452-5fa7-4383feaa8c69_mypurecloud_com_271219341",
      "provider": "provider[\"registry.terraform.io/-/genesyscloud\"]",
      "instances": [
        {
          "schema_version": 1,
          "attributes_flat": {
            "acd_auto_answer": "false",
            "addresses.#": "0",
            "certifications.#": "0",
            "department": "Ministry of Testing",
            "division_id": "4a7e4f4b-e734-40b6-838e-557c5eedd49a",
            "email": "3a6525c6-65bb-5452-5fa7-4383feaa8c69@mypurecloud.com",
            "employer_info.#": "0",
            "id": "b8bcb224-2382-4d4f-b8e6-9dbbfe2122a3",
            "locations.#": "0",
            "manager": "",
            "name": "JS SDK Tester",
            "profile_skills.#": "1",
            "profile_skills.3840022417": "Testmaster",
            "routing_languages.#": "0",
            "routing_skills.#": "0",
            "routing_utilization.#": "0",
            "state": "active",
            "title": ""
          },
          "sensitive_attributes": []
        }
      ]
    },
    {
      "mode": "managed",
      "type": "genesyscloud_user",
      "name": "_3b4f9b61-f1d1-4676-b37d-ec483e4fe800_mypurecloud_com_2309949282",
      "provider": "provider[\"registry.terraform.io/-/genesyscloud\"]",
      "instances": [
        {
          "schema_version": 1,
          "attributes_flat": {
            "acd_auto_answer": "false",
            "addresses.#": "0",
            "certifications.#": "0",
            "department": "Ministry of Testing",
            "division_id": "4a7e4f4b-e734-40b6-838e-557c5eedd49a",
            "email": "3b4f9b61-f1d1-4676-b37d-ec483e4fe800@mypurecloud.com",
            "employer_info.#": "0",
            "id": "e7f57a25-0eef-4367-9dfa-254cbb2227f7",
            "locations.#": "0",
            "manager": "",
            "name": "GO SDK Tester",
            "profile_skills.#": "1",
            "profile_skills.3840022417": "Testmaster",
            "routing_languages.#": "0",
            "routing_skills.#": "0",
            "routing_utilization.#": "0",
            "state": "active",
            "title": ""
          },
          "sensitive_attributes": []
        }
      ]
    },
    {
      "mode": "managed",
      "type": "genesyscloud_user",
      "name": "_3b5fd467-838b-4180-b59d-d4c0d8b5d64f_mypurecloud_com_3205105816",
      "provider": "provider[\"registry.terraform.io/-/genesyscloud\"]",
      "instances": [
        {
          "schema_version": 1,
          "attributes_flat": {
            "acd_auto_answer": "false",
            "addresses.#": "0",
            "certifications.#": "0",
            "department": "",
            "division_id": "4a7e4f4b-e734-40b6-838e-557c5eedd49a",
            "email": "3b5fd467-838b-4180-b59d-d4c0d8b5d64f@mypurecloud.com",
            "employer_info.#": "0",
            "id": "ce7bc737-3b50-45a3-89f3-7612345e0bb1",
            "locations.#": "0",
            "manager": "",
            "name": "Python SDK Tester",
            "profile_skills.#": "0",
            "routing_languages.#": "0",
            "routing_skills.#": "0",
            "routing_utilization.#": "0",
            "state": "active",
            "title": ""
          },
          "sensitive_attributes": []
        }
      ]
    },
    {
      "mode": "managed",
      "type": "genesyscloud_user",
      "name": "_3f2e2ca4-f331-4ca8-8424-ce74c2ccf031_mypurecloud_com_3507567790",
      "provider": "provider[\"registry.terraform.io/-/genesyscloud\"]",
      "instances": [
        {
          "schema_version": 1,
          "attributes_flat": {
            "acd_auto_answer": "false",
            "addresses.#": "0",
            "certifications.#": "0",
            "department": "Ministry of Testing",
            "division_id": "4a7e4f4b-e734-40b6-838e-557c5eedd49a",
            "email": "3f2e2ca4-f331-4ca8-8424-ce74c2ccf031@mypurecloud.com",
            "employer_info.#": "0",
            "id": "f9abb4ee-c8c5-4fd7-b2fb-614c5ebfc581",
            "locations.#": "0",
            "manager": "",
            "name": "GO SDK Tester",
            "profile_skills.#": "1",
            "profile_skills.3840022417": "Testmaster",
            "routing_languages.#": "0",
            "routing_skills.#": "0",
            "routing_utilization.#": "0",
            "state": "active",
            "title": ""
          },
          "sensitive_attributes": []
        }
      ]
    },
    {
      "mode": "managed",
      "type": "genesyscloud_user",
      "name": "_40bf7932-bda7-4140-bcbe-98ea4e0148f5_mypurecloud_com_4049238475",
      "provider": "provider[\"registry.terraform.io/-/genesyscloud\"]",
      "instances": [
        {
          "schema_version": 1,
          "attributes_flat": {
            "acd_auto_answer": "false",
            "addresses.#": "0",
            "certifications.#": "0",
            "department": "Ministry of Testing",
            "division_id": "4a7e4f4b-e734-40b6-838e-557c5eedd49a",
            "email": "40bf7932-bda7-4140-bcbe-98ea4e0148f5@mypurecloud.com",
            "employer_info.#": "0",
            "id": "265fd30b-9190-40d7-ab98-0621aa505af1",
            "locations.#": "0",
            "manager": "",
            "name": "GO SDK Tester",
            "profile_skills.#": "1",
            "profile_skills.3840022417": "Testmaster",
            "routing_languages.#": "0",
            "routing_skills.#": "0",
            "routing_utilization.#": "0",
            "state": "active",
            "title": ""
          },
          "sensitive_attributes": []
        }
      ]
    },
    {
      "mode": "managed",
      "type": "genesyscloud_user",
      "name": "_41971b15-5aa0-4178-94d4-1e441bbeb998_mypurecloud_com_1479268111",
      "provider": "provider[\"registry.terraform.io/-/genesyscloud\"]",
      "instances": [
        {
          "schema_version": 1,
          "attributes_flat": {
            "acd_auto_answer": "false",
            "addresses.#": "0",
            "certifications.#": "0",
            "department": "Ministry of Testing",
            "division_id": "4a7e4f4b-e734-40b6-838e-557c5eedd49a",
            "email": "41971b15-5aa0-4178-94d4-1e441bbeb998@mypurecloud.com",
            "employer_info.#": "0",
            "id": "32a0e7ea-44b6-4cfa-b0ab-c9adc8e5998e",
            "locations.#": "0",
            "manager": "fc627781-ea42-467f-ab60-d329f08122f7",
            "name": "Java SDK Tester",
            "profile_skills.#": "1",
            "profile_skills.3840022417": "Testmaster",
            "routing_languages.#": "0",
            "routing_skills.#": "0",
            "routing_utilization.#": "0",
            "state": "active",
            "title": ""
          },
          "sensitive_attributes": []
        }
      ]
    },
    {
      "mode": "managed",
      "type": "genesyscloud_user",
      "name": "_43f0b89d-96fd-441c-83f8-a6dae40a071e_mypurecloud_com_2606342442",
      "provider": "provider[\"registry.terraform.io/-/genesyscloud\"]",
      "instances": [
        {
          "schema_version": 1,
          "attributes_flat": {
            "acd_auto_answer": "false",
            "addresses.#": "0",
            "certifications.#": "0",
            "department": "Ministry of Testing",
            "division_id": "4a7e4f4b-e734-40b6-838e-557c5eedd49a",
            "email": "43f0b89d-96fd-441c-83f8-a6dae40a071e@mypurecloud.com",
            "employer_info.#": "0",
            "id": "03d9fddb-cfe5-4a99-b3c0-a2911b6ab710",
            "locations.#": "0",
            "manager": "",
            "name": "GO SDK Tester",
            "profile_skills.#": "1",
            "profile_skills.3840022417": "Testmaster",
            "routing_languages.#": "0",
            "routing_skills.#": "0",
            "routing_utilization.#": "0",
            "state": "active",
            "title": ""
          },
          "sensitive_attributes": []
        }
      ]
    },
    {
      "mode": "managed",
      "type": "genesyscloud_user",
      "name": "_45f364cd-00c7-4e7f-99b8-6fc4d2ec301d_mypurecloud_com_3811536881",
      "provider": "provider[\"registry.terraform.io/-/genesyscloud\"]",
      "instances": [
        {
          "schema_version": 1,
          "attributes_flat": {
            "acd_auto_answer": "false",
            "addresses.#": "0",
            "certifications.#": "0",
            "department": "Ministry of Testing",
            "division_id": "4a7e4f4b-e734-40b6-838e-557c5eedd49a",
            "email": "45f364cd-00c7-4e7f-99b8-6fc4d2ec301d@mypurecloud.com",
            "employer_info.#": "0",
            "id": "5d30aba2-2c2b-43d7-8d6e-92819fca8ec0",
            "locations.#": "0",
            "manager": "",
            "name": "Java SDK Tester",
            "profile_skills.#": "1",
            "profile_skills.3840022417": "Testmaster",
            "routing_languages.#": "0",
            "routing_skills.#": "0",
            "routing_utilization.#": "0",
            "state": "active",
            "title": ""
          },
          "sensitive_attributes": []
        }
      ]
    },
    {
      "mode": "managed",
      "type": "genesyscloud_user",
      "name": "_46394839-1e2d-457f-a840-650e3d780afb_mypurecloud_com_3715441401",
      "provider": "provider[\"registry.terraform.io/-/genesyscloud\"]",
      "instances": [
        {
          "schema_version": 1,
          "attributes_flat": {
            "acd_auto_answer": "false",
            "addresses.#": "0",
            "certifications.#": "0",
            "department": "Ministry of Testing",
            "division_id": "4a7e4f4b-e734-40b6-838e-557c5eedd49a",
            "email": "46394839-1e2d-457f-a840-650e3d780afb@mypurecloud.com",
            "employer_info.#": "0",
            "id": "9e81608a-10c1-4c4a-baa2-6028787e9554",
            "locations.#": "0",
            "manager": "",
            "name": "GO SDK Tester",
            "profile_skills.#": "1",
            "profile_skills.3840022417": "Testmaster",
            "routing_languages.#": "0",
            "routing_skills.#": "0",
            "routing_utilization.#": "0",
            "state": "active",
            "title": ""
          },
          "sensitive_attributes": []
        }
      ]
    },
    {
      "mode": "managed",
      "type": "genesyscloud_user",
      "name": "_46e25eb4-d349-4846-9938-1a7007952c2d_mypurecloud_com_1673571732",
      "provider": "provider[\"registry.terraform.io/-/genesyscloud\"]",
      "instances": [
        {
          "schema_version": 1,
          "attributes_flat": {
            "acd_auto_answer": "false",
            "addresses.#": "0",
            "certifications.#": "0",
            "department": "Ministry of Testing",
            "division_id": "4a7e4f4b-e734-40b6-838e-557c5eedd49a",
            "email": "46e25eb4-d349-4846-9938-1a7007952c2d@mypurecloud.com",
            "employer_info.#": "0",
            "id": "7cb6c9e5-e052-4da5-ac04-8c052c3083ec",
            "locations.#": "0",
            "manager": "",
            "name": "GO SDK Tester",
            "profile_skills.#": "1",
            "profile_skills.3840022417": "Testmaster",
            "routing_languages.#": "0",
            "routing_skills.#": "0",
            "routing_utilization.#": "0",
            "state": "active",
            "title": ""
          },
          "sensitive_attributes": []
        }
      ]
    },
    {
      "mode": "managed",
      "type": "genesyscloud_user",
      "name": "_484bcf5c-a74f-407b-9df0-7a92ee6942af_mypurecloud_com_367360139",
      "provider": "provider[\"registry.terraform.io/-/genesyscloud\"]",
      "instances": [
        {
          "schema_version": 1,
          "attributes_flat": {
            "acd_auto_answer": "false",
            "addresses.#": "0",
            "certifications.#": "0",
            "department": "Ministry of Testing",
            "division_id": "4a7e4f4b-e734-40b6-838e-557c5eedd49a",
            "email": "484bcf5c-a74f-407b-9df0-7a92ee6942af@mypurecloud.com",
            "employer_info.#": "0",
            "id": "6d38d6f8-a98d-4b68-8b86-a7b14cce718f",
            "locations.#": "0",
            "manager": "",
            "name": "GO SDK Tester",
            "profile_skills.#": "1",
            "profile_skills.3840022417": "Testmaster",
            "routing_languages.#": "0",
            "routing_skills.#": "0",
            "routing_utilization.#": "0",
            "state": "active",
            "title": ""
          },
          "sensitive_attributes": []
        }
      ]
    },
    {
      "mode": "managed",
      "type": "genesyscloud_user",
      "name": "_490ef7d9-113f-49e1-8e22-68a96a98e4a1_mypurecloud_com_2778339561",
      "provider": "provider[\"registry.terraform.io/-/genesyscloud\"]",
      "instances": [
        {
          "schema_version": 1,
          "attributes_flat": {
            "acd_auto_answer": "false",
            "addresses.#": "0",
            "certifications.#": "0",
            "department": "Ministry of Testing",
            "division_id": "4a7e4f4b-e734-40b6-838e-557c5eedd49a",
            "email": "490ef7d9-113f-49e1-8e22-68a96a98e4a1@mypurecloud.com",
            "employer_info.#": "0",
            "id": "4b2fbf4e-657e-46af-af7b-e6c829464508",
            "locations.#": "0",
            "manager": "",
            "name": "Java SDK Tester",
            "profile_skills.#": "0",
            "routing_languages.#": "0",
            "routing_skills.#": "0",
            "routing_utilization.#": "0",
            "state": "active",
            "title": ""
          },
          "sensitive_attributes": []
        }
      ]
    },
    {
      "mode": "managed",
      "type": "genesyscloud_user",
      "name": "_4a15bbb1-32ef-4633-8d1e-3ea39b9f44be_mypurecloud_com_609900936",
      "provider": "provider[\"registry.terraform.io/-/genesyscloud\"]",
      "instances": [
        {
          "schema_version": 1,
          "attributes_flat": {
            "acd_auto_answer": "false",
            "addresses.#": "0",
            "certifications.#": "0",
            "department": "Ministry of Testing",
            "division_id": "4a7e4f4b-e734-40b6-838e-557c5eedd49a",
            "email": "4a15bbb1-32ef-4633-8d1e-3ea39b9f44be@mypurecloud.com",
            "employer_info.#": "0",
            "id": "6edbee1f-048c-4b82-8150-53fe35499ac1",
            "locations.#": "0",
            "manager": "",
            "name": "Java SDK Tester",
            "profile_skills.#": "1",
            "profile_skills.3840022417": "Testmaster",
            "routing_languages.#": "0",
            "routing_skills.#": "0",
            "routing_utilization.#": "0",
            "state": "active",
            "title": ""
          },
          "sensitive_attributes": []
        }
      ]
    },
    {
      "mode": "managed",
      "type": "genesyscloud_user",
      "name": "_4aca0f58-e1c0-41d9-8c6a-7dde21f604b6_mypurecloud_com_2535746233",
      "provider": "provider[\"registry.terraform.io/-/genesyscloud\"]",
      "instances": [
        {
          "schema_version": 1,
          "attributes_flat": {
            "acd_auto_answer": "false",
            "addresses.#": "0",
            "certifications.#": "0",
            "department": "Ministry of Testing",
            "division_id": "4a7e4f4b-e734-40b6-838e-557c5eedd49a",
            "email": "4aca0f58-e1c0-41d9-8c6a-7dde21f604b6@mypurecloud.com",
            "employer_info.#": "0",
            "id": "16c6b97f-8ce1-481c-9996-38458958c3b1",
            "locations.#": "0",
            "manager": "",
            "name": "GO SDK Tester",
            "profile_skills.#": "1",
            "profile_skills.3840022417": "Testmaster",
            "routing_languages.#": "0",
            "routing_skills.#": "0",
            "routing_utilization.#": "0",
            "state": "active",
            "title": ""
          },
          "sensitive_attributes": []
        }
      ]
    },
    {
      "mode": "managed",
      "type": "genesyscloud_user",
      "name": "_4b69934e-eb1a-4aa1-80b6-f4fd18a8fc2f_mypurecloud_com_1383126280",
      "provider": "provider[\"registry.terraform.io/-/genesyscloud\"]",
      "instances": [
        {
          "schema_version": 1,
          "attributes_flat": {
            "acd_auto_answer": "false",
            "addresses.#": "0",
            "certifications.#": "0",
            "department": "Ministry of Testing",
            "division_id": "4a7e4f4b-e734-40b6-838e-557c5eedd49a",
            "email": "4b69934e-eb1a-4aa1-80b6-f4fd18a8fc2f@mypurecloud.com",
            "employer_info.#": "0",
            "id": "b885cf3c-5c31-408a-86b6-3e6fed88a417",
            "locations.#": "0",
            "manager": "",
            "name": "Java SDK Tester",
            "profile_skills.#": "1",
            "profile_skills.3840022417": "Testmaster",
            "routing_languages.#": "0",
            "routing_skills.#": "0",
            "routing_utilization.#": "0",
            "state": "active",
            "title": ""
          },
          "sensitive_attributes": []
        }
      ]
    },
    {
      "mode": "managed",
      "type": "genesyscloud_user",
      "name": "_4bd4cdd8-a95a-4da2-ad85-b8b4129288fd_mypurecloud_com_851054265",
      "provider": "provider[\"registry.terraform.io/-/genesyscloud\"]",
      "instances": [
        {
          "schema_version": 1,
          "attributes_flat": {
            "acd_auto_answer": "false",
            "addresses.#": "0",
            "certifications.#": "0",
            "department": "Ministry of Testing",
            "division_id": "4a7e4f4b-e734-40b6-838e-557c5eedd49a",
            "email": "4bd4cdd8-a95a-4da2-ad85-b8b4129288fd@mypurecloud.com",
            "employer_info.#": "0",
            "id": "4fc60ac4-d427-40e6-8f38-91c12967c155",
            "locations.#": "0",
            "manager": "",
            "name": "Java SDK Tester",
            "profile_skills.#": "1",
            "profile_skills.3840022417": "Testmaster",
            "routing_languages.#": "0",
            "routing_skills.#": "0",
            "routing_utilization.#": "0",
            "state": "active",
            "title": ""
          },
          "sensitive_attributes": []
        }
      ]
    },
    {
      "mode": "managed",
      "type": "genesyscloud_user",
      "name": "_4c0f4b14-a820-415f-b41f-3d359949754c_mypurecloud_com_2188078268",
      "provider": "provider[\"registry.terraform.io/-/genesyscloud\"]",
      "instances": [
        {
          "schema_version": 1,
          "attributes_flat": {
            "acd_auto_answer": "false",
            "addresses.#": "0",
            "certifications.#": "0",
            "department": "Ministry of Testing",
            "division_id": "4a7e4f4b-e734-40b6-838e-557c5eedd49a",
            "email": "4c0f4b14-a820-415f-b41f-3d359949754c@mypurecloud.com",
            "employer_info.#": "0",
            "id": "d5b0023f-a206-4eeb-8ed8-2782e6095927",
            "locations.#": "0",
            "manager": "",
            "name": "GO SDK Tester",
            "profile_skills.#": "1",
            "profile_skills.3840022417": "Testmaster",
            "routing_languages.#": "0",
            "routing_skills.#": "0",
            "routing_utilization.#": "0",
            "state": "active",
            "title": ""
          },
          "sensitive_attributes": []
        }
      ]
    },
    {
      "mode": "managed",
      "type": "genesyscloud_user",
      "name": "_4cb44df6-c861-400c-ba88-cf6d842b6fad_mypurecloud_com_3915819164",
      "provider": "provider[\"registry.terraform.io/-/genesyscloud\"]",
      "instances": [
        {
          "schema_version": 1,
          "attributes_flat": {
            "acd_auto_answer": "false",
            "addresses.#": "0",
            "certifications.#": "0",
            "department": "",
            "division_id": "4a7e4f4b-e734-40b6-838e-557c5eedd49a",
            "email": "4cb44df6-c861-400c-ba88-cf6d842b6fad@mypurecloud.com",
            "employer_info.#": "0",
            "id": "95804a87-4c44-4114-a0b8-fec37ff43feb",
            "locations.#": "0",
            "manager": "",
            "name": "Python SDK Tester",
            "profile_skills.#": "0",
            "routing_languages.#": "0",
            "routing_skills.#": "0",
            "routing_utilization.#": "0",
            "state": "active",
            "title": ""
          },
          "sensitive_attributes": []
        }
      ]
    },
    {
      "mode": "managed",
      "type": "genesyscloud_user",
      "name": "_4f7509d0-3f4b-476f-9f60-ffb346ccbced_mypurecloud_com_388233362",
      "provider": "provider[\"registry.terraform.io/-/genesyscloud\"]",
      "instances": [
        {
          "schema_version": 1,
          "attributes_flat": {
            "acd_auto_answer": "false",
            "addresses.#": "0",
            "certifications.#": "0",
            "department": "Ministry of Testing",
            "division_id": "4a7e4f4b-e734-40b6-838e-557c5eedd49a",
            "email": "4f7509d0-3f4b-476f-9f60-ffb346ccbced@mypurecloud.com",
            "employer_info.#": "0",
            "id": "e98a1613-25f2-4eb3-ad9b-f2819f17f90c",
            "locations.#": "0",
            "manager": "",
            "name": "GO SDK Tester",
            "profile_skills.#": "1",
            "profile_skills.3840022417": "Testmaster",
            "routing_languages.#": "0",
            "routing_skills.#": "0",
            "routing_utilization.#": "0",
            "state": "active",
            "title": ""
          },
          "sensitive_attributes": []
        }
      ]
    },
    {
      "mode": "managed",
      "type": "genesyscloud_user",
      "name": "_503a6935-ea52-1eb2-6ba1-a47303784fd6_mypurecloud_com_3650605141",
      "provider": "provider[\"registry.terraform.io/-/genesyscloud\"]",
      "instances": [
        {
          "schema_version": 1,
          "attributes_flat": {
            "acd_auto_answer": "false",
            "addresses.#": "0",
            "certifications.#": "0",
            "department": "Ministry of Testing",
            "division_id": "4a7e4f4b-e734-40b6-838e-557c5eedd49a",
            "email": "503a6935-ea52-1eb2-6ba1-a47303784fd6@mypurecloud.com",
            "employer_info.#": "0",
            "id": "1aec2098-654c-47a1-8ca4-aa862e155413",
            "locations.#": "0",
            "manager": "",
            "name": "JS SDK Tester",
            "profile_skills.#": "1",
            "profile_skills.3840022417": "Testmaster",
            "routing_languages.#": "0",
            "routing_skills.#": "0",
            "routing_utilization.#": "0",
            "state": "active",
            "title": ""
          },
          "sensitive_attributes": []
        }
      ]
    },
    {
      "mode": "managed",
      "type": "genesyscloud_user",
      "name": "_525e087e-c7fd-4ac2-988e-2a67434cd5b5_mypurecloud_com_2735547296",
      "provider": "provider[\"registry.terraform.io/-/genesyscloud\"]",
      "instances": [
        {
          "schema_version": 1,
          "attributes_flat": {
            "acd_auto_answer": "false",
            "addresses.#": "0",
            "certifications.#": "0",
            "department": "Ministry of Testing",
            "division_id": "4a7e4f4b-e734-40b6-838e-557c5eedd49a",
            "email": "525e087e-c7fd-4ac2-988e-2a67434cd5b5@mypurecloud.com",
            "employer_info.#": "0",
            "id": "99d85e50-e314-49e9-a4b9-1feebb4705be",
            "locations.#": "0",
            "manager": "",
            "name": "GO SDK Tester",
            "profile_skills.#": "1",
            "profile_skills.3840022417": "Testmaster",
            "routing_languages.#": "0",
            "routing_skills.#": "0",
            "routing_utilization.#": "0",
            "state": "active",
            "title": ""
          },
          "sensitive_attributes": []
        }
      ]
    },
    {
      "mode": "managed",
      "type": "genesyscloud_user",
      "name": "_528838c9-4738-4445-9c84-b728444f89cb_mypurecloud_com_1566684099",
      "provider": "provider[\"registry.terraform.io/-/genesyscloud\"]",
      "instances": [
        {
          "schema_version": 1,
          "attributes_flat": {
            "acd_auto_answer": "false",
            "addresses.#": "0",
            "certifications.#": "0",
            "department": "",
            "division_id": "4a7e4f4b-e734-40b6-838e-557c5eedd49a",
            "email": "528838c9-4738-4445-9c84-b728444f89cb@mypurecloud.com",
            "employer_info.#": "0",
            "id": "469dbd2d-0495-4216-9ead-c3afea728b94",
            "locations.#": "0",
            "manager": "",
            "name": "GO SDK Tester",
            "profile_skills.#": "0",
            "routing_languages.#": "0",
            "routing_skills.#": "0",
            "routing_utilization.#": "0",
            "state": "active",
            "title": ""
          },
          "sensitive_attributes": []
        }
      ]
    },
    {
      "mode": "managed",
      "type": "genesyscloud_user",
      "name": "_55264dd0-0165-6fdd-7851-ee032d0b73d8_mypurecloud_com_2994471681",
      "provider": "provider[\"registry.terraform.io/-/genesyscloud\"]",
      "instances": [
        {
          "schema_version": 1,
          "attributes_flat": {
            "acd_auto_answer": "false",
            "addresses.#": "0",
            "certifications.#": "0",
            "department": "Ministry of Testing",
            "division_id": "4a7e4f4b-e734-40b6-838e-557c5eedd49a",
            "email": "55264dd0-0165-6fdd-7851-ee032d0b73d8@mypurecloud.com",
            "employer_info.#": "0",
            "id": "1f72a26d-369d-4b7e-b7d7-2c394c243db6",
            "locations.#": "0",
            "manager": "",
            "name": "JS SDK Tester",
            "profile_skills.#": "1",
            "profile_skills.3840022417": "Testmaster",
            "routing_languages.#": "0",
            "routing_skills.#": "0",
            "routing_utilization.#": "0",
            "state": "active",
            "title": ""
          },
          "sensitive_attributes": []
        }
      ]
    },
    {
      "mode": "managed",
      "type": "genesyscloud_user",
      "name": "_556450dd-f7e3-4fba-8d9b-34e49af79e08_mypurecloud_com_1416873450",
      "provider": "provider[\"registry.terraform.io/-/genesyscloud\"]",
      "instances": [
        {
          "schema_version": 1,
          "attributes_flat": {
            "acd_auto_answer": "false",
            "addresses.#": "0",
            "certifications.#": "0",
            "department": "Ministry of Testing",
            "division_id": "4a7e4f4b-e734-40b6-838e-557c5eedd49a",
            "email": "556450dd-f7e3-4fba-8d9b-34e49af79e08@mypurecloud.com",
            "employer_info.#": "0",
            "id": "2094760f-3052-434c-8033-43acc492a460",
            "locations.#": "0",
            "manager": "",
            "name": "GO SDK Tester",
            "profile_skills.#": "1",
            "profile_skills.3840022417": "Testmaster",
            "routing_languages.#": "0",
            "routing_skills.#": "0",
            "routing_utilization.#": "0",
            "state": "active",
            "title": ""
          },
          "sensitive_attributes": []
        }
      ]
    },
    {
      "mode": "managed",
      "type": "genesyscloud_user",
      "name": "_562f19cc-1a24-4c1f-9510-c88f5aafd07b_mypurecloud_com_92706032",
      "provider": "provider[\"registry.terraform.io/-/genesyscloud\"]",
      "instances": [
        {
          "schema_version": 1,
          "attributes_flat": {
            "acd_auto_answer": "false",
            "addresses.#": "0",
            "certifications.#": "0",
            "department": "",
            "division_id": "4a7e4f4b-e734-40b6-838e-557c5eedd49a",
            "email": "562f19cc-1a24-4c1f-9510-c88f5aafd07b@mypurecloud.com",
            "employer_info.#": "0",
            "id": "1d737340-3bf5-413b-8d01-b1385fa970ca",
            "locations.#": "0",
            "manager": "",
            "name": ".NET SDK Tester",
            "profile_skills.#": "0",
            "routing_languages.#": "0",
            "routing_skills.#": "0",
            "routing_utilization.#": "0",
            "state": "active",
            "title": ""
          },
          "sensitive_attributes": []
        }
      ]
    },
    {
      "mode": "managed",
      "type": "genesyscloud_user",
      "name": "_571a996d-01d1-4d1b-a128-6a55d0369939_mypurecloud_com_2131761660",
      "provider": "provider[\"registry.terraform.io/-/genesyscloud\"]",
      "instances": [
        {
          "schema_version": 1,
          "attributes_flat": {
            "acd_auto_answer": "false",
            "addresses.#": "0",
            "certifications.#": "0",
            "department": "Ministry of Testing",
            "division_id": "4a7e4f4b-e734-40b6-838e-557c5eedd49a",
            "email": "571a996d-01d1-4d1b-a128-6a55d0369939@mypurecloud.com",
            "employer_info.#": "0",
            "id": "8e9aaed0-5751-455f-95cc-e1d49f2b2959",
            "locations.#": "0",
            "manager": "",
            "name": ".NET SDK Tester",
            "profile_skills.#": "1",
            "profile_skills.3840022417": "Testmaster",
            "routing_languages.#": "0",
            "routing_skills.#": "0",
            "routing_utilization.#": "0",
            "state": "active",
            "title": ""
          },
          "sensitive_attributes": []
        }
      ]
    },
    {
      "mode": "managed",
      "type": "genesyscloud_user",
      "name": "_583c38b1-443e-4ad0-abe0-a71c6942b7c8_mypurecloud_com_3760432070",
      "provider": "provider[\"registry.terraform.io/-/genesyscloud\"]",
      "instances": [
        {
          "schema_version": 1,
          "attributes_flat": {
            "acd_auto_answer": "false",
            "addresses.#": "0",
            "certifications.#": "0",
            "department": "",
            "division_id": "4a7e4f4b-e734-40b6-838e-557c5eedd49a",
            "email": "583c38b1-443e-4ad0-abe0-a71c6942b7c8@mypurecloud.com",
            "employer_info.#": "0",
            "id": "21838a50-b6f7-4656-a9b9-dd0a669cbcfe",
            "locations.#": "0",
            "manager": "",
            "name": "GO SDK Tester",
            "profile_skills.#": "0",
            "routing_languages.#": "0",
            "routing_skills.#": "0",
            "routing_utilization.#": "0",
            "state": "active",
            "title": ""
          },
          "sensitive_attributes": []
        }
      ]
    },
    {
      "mode": "managed",
      "type": "genesyscloud_user",
      "name": "_59c3f4f5-1e9d-450a-981d-ef673167f522_mypurecloud_com_1202050059",
      "provider": "provider[\"registry.terraform.io/-/genesyscloud\"]",
      "instances": [
        {
          "schema_version": 1,
          "attributes_flat": {
            "acd_auto_answer": "false",
            "addresses.#": "0",
            "certifications.#": "0",
            "department": "Ministry of Testing",
            "division_id": "4a7e4f4b-e734-40b6-838e-557c5eedd49a",
            "email": "59c3f4f5-1e9d-450a-981d-ef673167f522@mypurecloud.com",
            "employer_info.#": "0",
            "id": "202909a7-0dba-4814-9549-371e17ea2979",
            "locations.#": "0",
            "manager": "",
            "name": "GO SDK Tester",
            "profile_skills.#": "1",
            "profile_skills.3840022417": "Testmaster",
            "routing_languages.#": "0",
            "routing_skills.#": "0",
            "routing_utilization.#": "0",
            "state": "active",
            "title": ""
          },
          "sensitive_attributes": []
        }
      ]
    },
    {
      "mode": "managed",
      "type": "genesyscloud_user",
      "name": "_5c11d1be-2ebf-4650-8b8d-af04647ff837_mypurecloud_com_2621222221",
      "provider": "provider[\"registry.terraform.io/-/genesyscloud\"]",
      "instances": [
        {
          "schema_version": 1,
          "attributes_flat": {
            "acd_auto_answer": "false",
            "addresses.#": "0",
            "certifications.#": "0",
            "department": "Ministry of Testing",
            "division_id": "4a7e4f4b-e734-40b6-838e-557c5eedd49a",
            "email": "5c11d1be-2ebf-4650-8b8d-af04647ff837@mypurecloud.com",
            "employer_info.#": "0",
            "id": "68b281c4-ab57-4c2d-b1e7-eae750c7005e",
            "locations.#": "0",
            "manager": "",
            "name": "Java SDK Tester",
            "profile_skills.#": "1",
            "profile_skills.3840022417": "Testmaster",
            "routing_languages.#": "0",
            "routing_skills.#": "0",
            "routing_utilization.#": "0",
            "state": "active",
            "title": ""
          },
          "sensitive_attributes": []
        }
      ]
    },
    {
      "mode": "managed",
      "type": "genesyscloud_user",
      "name": "_5d571530-c67c-4e34-a9d7-72fd99a93158_mypurecloud_com_585110453",
      "provider": "provider[\"registry.terraform.io/-/genesyscloud\"]",
      "instances": [
        {
          "schema_version": 1,
          "attributes_flat": {
            "acd_auto_answer": "false",
            "addresses.#": "0",
            "certifications.#": "0",
            "department": "",
            "division_id": "4a7e4f4b-e734-40b6-838e-557c5eedd49a",
            "email": "5d571530-c67c-4e34-a9d7-72fd99a93158@mypurecloud.com",
            "employer_info.#": "0",
            "id": "6f440b38-33f2-4073-a48a-b2e099151c0e",
            "locations.#": "0",
            "manager": "",
            "name": "GO SDK Tester",
            "profile_skills.#": "0",
            "routing_languages.#": "0",
            "routing_skills.#": "0",
            "routing_utilization.#": "0",
            "state": "active",
            "title": ""
          },
          "sensitive_attributes": []
        }
      ]
    },
    {
      "mode": "managed",
      "type": "genesyscloud_user",
      "name": "_5e710ae8-3e82-4012-b1d6-93e893a9d1ea_mypurecloud_com_1665220461",
      "provider": "provider[\"registry.terraform.io/-/genesyscloud\"]",
      "instances": [
        {
          "schema_version": 1,
          "attributes_flat": {
            "acd_auto_answer": "false",
            "addresses.#": "0",
            "certifications.#": "0",
            "department": "",
            "division_id": "4a7e4f4b-e734-40b6-838e-557c5eedd49a",
            "email": "5e710ae8-3e82-4012-b1d6-93e893a9d1ea@mypurecloud.com",
            "employer_info.#": "0",
            "id": "7bb4d1ac-17b3-436a-9532-28a2e3027aed",
            "locations.#": "0",
            "manager": "",
            "name": ".NET SDK Tester",
            "profile_skills.#": "0",
            "routing_languages.#": "0",
            "routing_skills.#": "0",
            "routing_utilization.#": "0",
            "state": "active",
            "title": ""
          },
          "sensitive_attributes": []
        }
      ]
    },
    {
      "mode": "managed",
      "type": "genesyscloud_user",
      "name": "_5f494640-dd4e-4b5f-9de0-8dc37073a0c8_mypurecloud_com_2679248850",
      "provider": "provider[\"registry.terraform.io/-/genesyscloud\"]",
      "instances": [
        {
          "schema_version": 1,
          "attributes_flat": {
            "acd_auto_answer": "false",
            "addresses.#": "0",
            "certifications.#": "0",
            "department": "Ministry of Testing",
            "division_id": "4a7e4f4b-e734-40b6-838e-557c5eedd49a",
            "email": "5f494640-dd4e-4b5f-9de0-8dc37073a0c8@mypurecloud.com",
            "employer_info.#": "0",
            "id": "4682fa67-b7da-473f-8da5-56b9d25b0eeb",
            "locations.#": "0",
            "manager": "",
            "name": "Java SDK Tester",
            "profile_skills.#": "1",
            "profile_skills.3840022417": "Testmaster",
            "routing_languages.#": "0",
            "routing_skills.#": "0",
            "routing_utilization.#": "0",
            "state": "active",
            "title": ""
          },
          "sensitive_attributes": []
        }
      ]
    },
    {
      "mode": "managed",
      "type": "genesyscloud_user",
      "name": "_5ff2d48b-5a07-4f51-a501-c08f80caddc3_mypurecloud_com_2986146019",
      "provider": "provider[\"registry.terraform.io/-/genesyscloud\"]",
      "instances": [
        {
          "schema_version": 1,
          "attributes_flat": {
            "acd_auto_answer": "false",
            "addresses.#": "0",
            "certifications.#": "0",
            "department": "",
            "division_id": "4a7e4f4b-e734-40b6-838e-557c5eedd49a",
            "email": "5ff2d48b-5a07-4f51-a501-c08f80caddc3@mypurecloud.com",
            "employer_info.#": "0",
            "id": "99db983f-8bea-43d0-adb3-04540d863f74",
            "locations.#": "0",
            "manager": "",
            "name": ".NET SDK Tester",
            "profile_skills.#": "0",
            "routing_languages.#": "0",
            "routing_skills.#": "0",
            "routing_utilization.#": "0",
            "state": "active",
            "title": ""
          },
          "sensitive_attributes": []
        }
      ]
    },
    {
      "mode": "managed",
      "type": "genesyscloud_user",
      "name": "_62b4c3f7-8b15-4a95-8096-49a17dd950c7_mypurecloud_com_1720105412",
      "provider": "provider[\"registry.terraform.io/-/genesyscloud\"]",
      "instances": [
        {
          "schema_version": 1,
          "attributes_flat": {
            "acd_auto_answer": "false",
            "addresses.#": "0",
            "certifications.#": "0",
            "department": "Ministry of Testing",
            "division_id": "4a7e4f4b-e734-40b6-838e-557c5eedd49a",
            "email": "62b4c3f7-8b15-4a95-8096-49a17dd950c7@mypurecloud.com",
            "employer_info.#": "0",
            "id": "83f2cb4f-6b2d-4a71-81c5-b703e915da47",
            "locations.#": "0",
            "manager": "",
            "name": ".NET SDK Tester",
            "profile_skills.#": "1",
            "profile_skills.3840022417": "Testmaster",
            "routing_languages.#": "0",
            "routing_skills.#": "0",
            "routing_utilization.#": "0",
            "state": "active",
            "title": ""
          },
          "sensitive_attributes": []
        }
      ]
    },
    {
      "mode": "managed",
      "type": "genesyscloud_user",
      "name": "_6605c362-5c84-4edb-ac37-85f03d70af6c_mypurecloud_com_2929770186",
      "provider": "provider[\"registry.terraform.io/-/genesyscloud\"]",
      "instances": [
        {
          "schema_version": 1,
          "attributes_flat": {
            "acd_auto_answer": "false",
            "addresses.#": "0",
            "certifications.#": "0",
            "department": "Ministry of Testing",
            "division_id": "4a7e4f4b-e734-40b6-838e-557c5eedd49a",
            "email": "6605c362-5c84-4edb-ac37-85f03d70af6c@mypurecloud.com",
            "employer_info.#": "0",
            "id": "97278a4b-7fca-4ead-8a1e-3f6283133e39",
            "locations.#": "0",
            "manager": "",
            "name": "GO SDK Tester",
            "profile_skills.#": "1",
            "profile_skills.3840022417": "Testmaster",
            "routing_languages.#": "0",
            "routing_skills.#": "0",
            "routing_utilization.#": "0",
            "state": "active",
            "title": ""
          },
          "sensitive_attributes": []
        }
      ]
    },
    {
      "mode": "managed",
      "type": "genesyscloud_user",
      "name": "_6872a9b9-6249-41c7-a5bb-1aea335f98d1_mypurecloud_com_221194592",
      "provider": "provider[\"registry.terraform.io/-/genesyscloud\"]",
      "instances": [
        {
          "schema_version": 1,
          "attributes_flat": {
            "acd_auto_answer": "false",
            "addresses.#": "0",
            "certifications.#": "0",
            "department": "",
            "division_id": "4a7e4f4b-e734-40b6-838e-557c5eedd49a",
            "email": "6872a9b9-6249-41c7-a5bb-1aea335f98d1@mypurecloud.com",
            "employer_info.#": "0",
            "id": "b8ee74ef-beec-45e1-a9d2-b770fd3b1e53",
            "locations.#": "0",
            "manager": "",
            "name": "GO SDK Tester",
            "profile_skills.#": "0",
            "routing_languages.#": "0",
            "routing_skills.#": "0",
            "routing_utilization.#": "0",
            "state": "active",
            "title": ""
          },
          "sensitive_attributes": []
        }
      ]
    },
    {
      "mode": "managed",
      "type": "genesyscloud_user",
      "name": "_6958616d-8889-d40c-af4f-b2279dac2250_mypurecloud_com_4001923410",
      "provider": "provider[\"registry.terraform.io/-/genesyscloud\"]",
      "instances": [
        {
          "schema_version": 1,
          "attributes_flat": {
            "acd_auto_answer": "false",
            "addresses.#": "0",
            "certifications.#": "0",
            "department": "Ministry of Testing",
            "division_id": "4a7e4f4b-e734-40b6-838e-557c5eedd49a",
            "email": "6958616d-8889-d40c-af4f-b2279dac2250@mypurecloud.com",
            "employer_info.#": "0",
            "id": "d4bd4270-08db-4171-81fb-aa3c6e512fff",
            "locations.#": "0",
            "manager": "",
            "name": "JS SDK Tester",
            "profile_skills.#": "1",
            "profile_skills.3840022417": "Testmaster",
            "routing_languages.#": "0",
            "routing_skills.#": "0",
            "routing_utilization.#": "0",
            "state": "active",
            "title": ""
          },
          "sensitive_attributes": []
        }
      ]
    },
    {
      "mode": "managed",
      "type": "genesyscloud_user",
      "name": "_6984725d-a1f3-434e-ab98-bfc8bb2ad3af_mypurecloud_com_513169813",
      "provider": "provider[\"registry.terraform.io/-/genesyscloud\"]",
      "instances": [
        {
          "schema_version": 1,
          "attributes_flat": {
            "acd_auto_answer": "false",
            "addresses.#": "0",
            "certifications.#": "0",
            "department": "",
            "division_id": "4a7e4f4b-e734-40b6-838e-557c5eedd49a",
            "email": "6984725d-a1f3-434e-ab98-bfc8bb2ad3af@mypurecloud.com",
            "employer_info.#": "0",
            "id": "b50638df-74e7-40d7-a56c-bd81768280f3",
            "locations.#": "0",
            "manager": "",
            "name": ".NET SDK Tester",
            "profile_skills.#": "0",
            "routing_languages.#": "0",
            "routing_skills.#": "0",
            "routing_utilization.#": "0",
            "state": "active",
            "title": ""
          },
          "sensitive_attributes": []
        }
      ]
    },
    {
      "mode": "managed",
      "type": "genesyscloud_user",
      "name": "_69ab422c-d0d6-4a5b-a6a4-b7f337965a97_mypurecloud_com_3716746643",
      "provider": "provider[\"registry.terraform.io/-/genesyscloud\"]",
      "instances": [
        {
          "schema_version": 1,
          "attributes_flat": {
            "acd_auto_answer": "false",
            "addresses.#": "0",
            "certifications.#": "0",
            "department": "Ministry of Testing",
            "division_id": "4a7e4f4b-e734-40b6-838e-557c5eedd49a",
            "email": "69ab422c-d0d6-4a5b-a6a4-b7f337965a97@mypurecloud.com",
            "employer_info.#": "0",
            "id": "44f428cd-de79-4f72-85c7-8d3d0d333f40",
            "locations.#": "0",
            "manager": "",
            "name": "Java SDK Tester",
            "profile_skills.#": "1",
            "profile_skills.3840022417": "Testmaster",
            "routing_languages.#": "0",
            "routing_skills.#": "0",
            "routing_utilization.#": "0",
            "state": "active",
            "title": ""
          },
          "sensitive_attributes": []
        }
      ]
    },
    {
      "mode": "managed",
      "type": "genesyscloud_user",
      "name": "_6d85abf9-1531-4805-acf9-7b4158d40363_mypurecloud_com_1827562003",
      "provider": "provider[\"registry.terraform.io/-/genesyscloud\"]",
      "instances": [
        {
          "schema_version": 1,
          "attributes_flat": {
            "acd_auto_answer": "false",
            "addresses.#": "0",
            "certifications.#": "0",
            "department": "Ministry of Testing",
            "division_id": "4a7e4f4b-e734-40b6-838e-557c5eedd49a",
            "email": "6d85abf9-1531-4805-acf9-7b4158d40363@mypurecloud.com",
            "employer_info.#": "0",
            "id": "b11fda00-9b7b-4d38-b0d8-34c7aaf8af6e",
            "locations.#": "0",
            "manager": "",
            "name": "GO SDK Tester",
            "profile_skills.#": "1",
            "profile_skills.3840022417": "Testmaster",
            "routing_languages.#": "0",
            "routing_skills.#": "0",
            "routing_utilization.#": "0",
            "state": "active",
            "title": ""
          },
          "sensitive_attributes": []
        }
      ]
    },
    {
      "mode": "managed",
      "type": "genesyscloud_user",
      "name": "_6daa0f94-da33-4aca-b86d-c4889fc85b48_mypurecloud_com_1163114278",
      "provider": "provider[\"registry.terraform.io/-/genesyscloud\"]",
      "instances": [
        {
          "schema_version": 1,
          "attributes_flat": {
            "acd_auto_answer": "false",
            "addresses.#": "0",
            "certifications.#": "0",
            "department": "",
            "division_id": "4a7e4f4b-e734-40b6-838e-557c5eedd49a",
            "email": "6daa0f94-da33-4aca-b86d-c4889fc85b48@mypurecloud.com",
            "employer_info.#": "0",
            "id": "0d0fed30-1f94-4011-a202-5f1769e02bf3",
            "locations.#": "0",
            "manager": "",
            "name": ".NET SDK Tester",
            "profile_skills.#": "0",
            "routing_languages.#": "0",
            "routing_skills.#": "0",
            "routing_utilization.#": "0",
            "state": "active",
            "title": ""
          },
          "sensitive_attributes": []
        }
      ]
    },
    {
      "mode": "managed",
      "type": "genesyscloud_user",
      "name": "_6ebfb1a2-57be-c72d-93c1-d201166e4ec4_mypurecloud_com_337793026",
      "provider": "provider[\"registry.terraform.io/-/genesyscloud\"]",
      "instances": [
        {
          "schema_version": 1,
          "attributes_flat": {
            "acd_auto_answer": "false",
            "addresses.#": "0",
            "certifications.#": "0",
            "department": "Ministry of Testing",
            "division_id": "4a7e4f4b-e734-40b6-838e-557c5eedd49a",
            "email": "6ebfb1a2-57be-c72d-93c1-d201166e4ec4@mypurecloud.com",
            "employer_info.#": "0",
            "id": "0070dc55-e4d7-4c9d-9629-d7e11d044446",
            "locations.#": "0",
            "manager": "",
            "name": "JS SDK Tester",
            "profile_skills.#": "1",
            "profile_skills.3840022417": "Testmaster",
            "routing_languages.#": "0",
            "routing_skills.#": "0",
            "routing_utilization.#": "0",
            "state": "active",
            "title": ""
          },
          "sensitive_attributes": []
        }
      ]
    },
    {
      "mode": "managed",
      "type": "genesyscloud_user",
      "name": "_6f60db82-5f18-4cc3-a9b6-420150736a24_mypurecloud_com_2941051947",
      "provider": "provider[\"registry.terraform.io/-/genesyscloud\"]",
      "instances": [
        {
          "schema_version": 1,
          "attributes_flat": {
            "acd_auto_answer": "false",
            "addresses.#": "0",
            "certifications.#": "0",
            "department": "Ministry of Testing",
            "division_id": "4a7e4f4b-e734-40b6-838e-557c5eedd49a",
            "email": "6f60db82-5f18-4cc3-a9b6-420150736a24@mypurecloud.com",
            "employer_info.#": "0",
            "id": "fdc434b7-12cb-4aa4-b909-95de654e1a06",
            "locations.#": "0",
            "manager": "",
            "name": ".NET SDK Tester",
            "profile_skills.#": "1",
            "profile_skills.3840022417": "Testmaster",
            "routing_languages.#": "0",
            "routing_skills.#": "0",
            "routing_utilization.#": "0",
            "state": "active",
            "title": ""
          },
          "sensitive_attributes": []
        }
      ]
    },
    {
      "mode": "managed",
      "type": "genesyscloud_user",
      "name": "_6fd7652f-d445-4d96-89f0-9d3dab06c117_mypurecloud_com_1974560777",
      "provider": "provider[\"registry.terraform.io/-/genesyscloud\"]",
      "instances": [
        {
          "schema_version": 1,
          "attributes_flat": {
            "acd_auto_answer": "false",
            "addresses.#": "0",
            "certifications.#": "0",
            "department": "Ministry of Testing",
            "division_id": "4a7e4f4b-e734-40b6-838e-557c5eedd49a",
            "email": "6fd7652f-d445-4d96-89f0-9d3dab06c117@mypurecloud.com",
            "employer_info.#": "0",
            "id": "457472ae-b2af-4a47-8968-90c61d6fc0f7",
            "locations.#": "0",
            "manager": "",
            "name": ".NET SDK Tester",
            "profile_skills.#": "1",
            "profile_skills.3840022417": "Testmaster",
            "routing_languages.#": "0",
            "routing_skills.#": "0",
            "routing_utilization.#": "0",
            "state": "active",
            "title": ""
          },
          "sensitive_attributes": []
        }
      ]
    },
    {
      "mode": "managed",
      "type": "genesyscloud_user",
      "name": "_703f77cc-d031-400d-b0c7-28fbfbd840c5_mypurecloud_com_2011109999",
      "provider": "provider[\"registry.terraform.io/-/genesyscloud\"]",
      "instances": [
        {
          "schema_version": 1,
          "attributes_flat": {
            "acd_auto_answer": "false",
            "addresses.#": "0",
            "certifications.#": "0",
            "department": "",
            "division_id": "4a7e4f4b-e734-40b6-838e-557c5eedd49a",
            "email": "703f77cc-d031-400d-b0c7-28fbfbd840c5@mypurecloud.com",
            "employer_info.#": "0",
            "id": "3388078f-b454-420f-af8f-09e318b8d660",
            "locations.#": "0",
            "manager": "",
            "name": "Python SDK Tester",
            "profile_skills.#": "0",
            "routing_languages.#": "0",
            "routing_skills.#": "0",
            "routing_utilization.#": "0",
            "state": "active",
            "title": ""
          },
          "sensitive_attributes": []
        }
      ]
    },
    {
      "mode": "managed",
      "type": "genesyscloud_user",
      "name": "_705e1759-361d-4418-8a08-3f4317bf63f3_mypurecloud_com_239265206",
      "provider": "provider[\"registry.terraform.io/-/genesyscloud\"]",
      "instances": [
        {
          "schema_version": 1,
          "attributes_flat": {
            "acd_auto_answer": "false",
            "addresses.#": "0",
            "certifications.#": "0",
            "department": "",
            "division_id": "4a7e4f4b-e734-40b6-838e-557c5eedd49a",
            "email": "705e1759-361d-4418-8a08-3f4317bf63f3@mypurecloud.com",
            "employer_info.#": "0",
            "id": "430bf26d-6819-4613-943b-04b91d7afef7",
            "locations.#": "0",
            "manager": "",
            "name": "Java SDK Tester",
            "profile_skills.#": "0",
            "routing_languages.#": "0",
            "routing_skills.#": "0",
            "routing_utilization.#": "0",
            "state": "active",
            "title": ""
          },
          "sensitive_attributes": []
        }
      ]
    },
    {
      "mode": "managed",
      "type": "genesyscloud_user",
      "name": "_70b30332-8163-4a47-908c-1f9dd0361b9b_mypurecloud_com_3850467532",
      "provider": "provider[\"registry.terraform.io/-/genesyscloud\"]",
      "instances": [
        {
          "schema_version": 1,
          "attributes_flat": {
            "acd_auto_answer": "false",
            "addresses.#": "0",
            "certifications.#": "0",
            "department": "Ministry of Testing",
            "division_id": "4a7e4f4b-e734-40b6-838e-557c5eedd49a",
            "email": "70b30332-8163-4a47-908c-1f9dd0361b9b@mypurecloud.com",
            "employer_info.#": "0",
            "id": "17ffb7da-44d2-46af-a596-05458dec12d1",
            "locations.#": "0",
            "manager": "",
            "name": "GO SDK Tester",
            "profile_skills.#": "1",
            "profile_skills.3840022417": "Testmaster",
            "routing_languages.#": "0",
            "routing_skills.#": "0",
            "routing_utilization.#": "0",
            "state": "active",
            "title": ""
          },
          "sensitive_attributes": []
        }
      ]
    },
    {
      "mode": "managed",
      "type": "genesyscloud_user",
      "name": "_72805c5e-f9ae-f9ba-d297-6fa0bc6dd2ce_mypurecloud_com_3258297961",
      "provider": "provider[\"registry.terraform.io/-/genesyscloud\"]",
      "instances": [
        {
          "schema_version": 1,
          "attributes_flat": {
            "acd_auto_answer": "false",
            "addresses.#": "0",
            "certifications.#": "0",
            "department": "Ministry of Testing",
            "division_id": "4a7e4f4b-e734-40b6-838e-557c5eedd49a",
            "email": "72805c5e-f9ae-f9ba-d297-6fa0bc6dd2ce@mypurecloud.com",
            "employer_info.#": "0",
            "id": "c56b3375-2e29-45c6-9c88-6da957ca8f83",
            "locations.#": "0",
            "manager": "",
            "name": "JS SDK Tester",
            "profile_skills.#": "1",
            "profile_skills.3840022417": "Testmaster",
            "routing_languages.#": "0",
            "routing_skills.#": "0",
            "routing_utilization.#": "0",
            "state": "active",
            "title": ""
          },
          "sensitive_attributes": []
        }
      ]
    },
    {
      "mode": "managed",
      "type": "genesyscloud_user",
      "name": "_74c673e7-4fef-43b4-989f-0336fe375465_mypurecloud_com_892934456",
      "provider": "provider[\"registry.terraform.io/-/genesyscloud\"]",
      "instances": [
        {
          "schema_version": 1,
          "attributes_flat": {
            "acd_auto_answer": "false",
            "addresses.#": "0",
            "certifications.#": "0",
            "department": "Ministry of Testing",
            "division_id": "4a7e4f4b-e734-40b6-838e-557c5eedd49a",
            "email": "74c673e7-4fef-43b4-989f-0336fe375465@mypurecloud.com",
            "employer_info.#": "0",
            "id": "cc0c80a1-f3bc-45ea-816a-47d61f18b6e8",
            "locations.#": "0",
            "manager": "",
            "name": "Java SDK Tester",
            "profile_skills.#": "1",
            "profile_skills.3840022417": "Testmaster",
            "routing_languages.#": "0",
            "routing_skills.#": "0",
            "routing_utilization.#": "0",
            "state": "active",
            "title": ""
          },
          "sensitive_attributes": []
        }
      ]
    },
    {
      "mode": "managed",
      "type": "genesyscloud_user",
      "name": "_75b458c5-cb39-4b9e-b9c8-6878aca50a79_mypurecloud_com_3403210201",
      "provider": "provider[\"registry.terraform.io/-/genesyscloud\"]",
      "instances": [
        {
          "schema_version": 1,
          "attributes_flat": {
            "acd_auto_answer": "false",
            "addresses.#": "0",
            "certifications.#": "0",
            "department": "Ministry of Testing",
            "division_id": "4a7e4f4b-e734-40b6-838e-557c5eedd49a",
            "email": "75b458c5-cb39-4b9e-b9c8-6878aca50a79@mypurecloud.com",
            "employer_info.#": "0",
            "id": "6c2cf2bb-82bd-47b8-83f1-f1d9e87b0fbf",
            "locations.#": "0",
            "manager": "",
            "name": "Java SDK Tester",
            "profile_skills.#": "0",
            "routing_languages.#": "0",
            "routing_skills.#": "0",
            "routing_utilization.#": "0",
            "state": "active",
            "title": ""
          },
          "sensitive_attributes": []
        }
      ]
    },
    {
      "mode": "managed",
      "type": "genesyscloud_user",
      "name": "_7752037c-676c-4981-987c-406d3b5449c3_mypurecloud_com_1241117075",
      "provider": "provider[\"registry.terraform.io/-/genesyscloud\"]",
      "instances": [
        {
          "schema_version": 1,
          "attributes_flat": {
            "acd_auto_answer": "false",
            "addresses.#": "0",
            "certifications.#": "0",
            "department": "Ministry of Testing",
            "division_id": "4a7e4f4b-e734-40b6-838e-557c5eedd49a",
            "email": "7752037c-676c-4981-987c-406d3b5449c3@mypurecloud.com",
            "employer_info.#": "0",
            "id": "9e09ffce-6e17-423e-92bc-bf00c683bb75",
            "locations.#": "0",
            "manager": "",
            "name": "Java SDK Tester",
            "profile_skills.#": "1",
            "profile_skills.3840022417": "Testmaster",
            "routing_languages.#": "0",
            "routing_skills.#": "0",
            "routing_utilization.#": "0",
            "state": "active",
            "title": ""
          },
          "sensitive_attributes": []
        }
      ]
    },
    {
      "mode": "managed",
      "type": "genesyscloud_user",
      "name": "_779d1d8a-92ff-4919-83da-2d56b9823249_mypurecloud_com_1555318214",
      "provider": "provider[\"registry.terraform.io/-/genesyscloud\"]",
      "instances": [
        {
          "schema_version": 1,
          "attributes_flat": {
            "acd_auto_answer": "false",
            "addresses.#": "0",
            "certifications.#": "0",
            "department": "Ministry of Testing",
            "division_id": "4a7e4f4b-e734-40b6-838e-557c5eedd49a",
            "email": "779d1d8a-92ff-4919-83da-2d56b9823249@mypurecloud.com",
            "employer_info.#": "0",
            "id": "94ad0eaf-85b3-455b-b608-4e5ab573b3c0",
            "locations.#": "0",
            "manager": "",
            "name": "Python SDK Tester",
            "profile_skills.#": "1",
            "profile_skills.3840022417": "Testmaster",
            "routing_languages.#": "0",
            "routing_skills.#": "0",
            "routing_utilization.#": "0",
            "state": "active",
            "title": ""
          },
          "sensitive_attributes": []
        }
      ]
    },
    {
      "mode": "managed",
      "type": "genesyscloud_user",
      "name": "_78f11eff-b6dc-402d-b2a7-c585a159b223_mypurecloud_com_729605184",
      "provider": "provider[\"registry.terraform.io/-/genesyscloud\"]",
      "instances": [
        {
          "schema_version": 1,
          "attributes_flat": {
            "acd_auto_answer": "false",
            "addresses.#": "0",
            "certifications.#": "0",
            "department": "Ministry of Testing",
            "division_id": "4a7e4f4b-e734-40b6-838e-557c5eedd49a",
            "email": "78f11eff-b6dc-402d-b2a7-c585a159b223@mypurecloud.com",
            "employer_info.#": "0",
            "id": "c623c43c-4b19-46e4-823e-64bbdf059897",
            "locations.#": "0",
            "manager": "",
            "name": "Java SDK Tester",
            "profile_skills.#": "1",
            "profile_skills.3840022417": "Testmaster",
            "routing_languages.#": "0",
            "routing_skills.#": "0",
            "routing_utilization.#": "0",
            "state": "active",
            "title": ""
          },
          "sensitive_attributes": []
        }
      ]
    },
    {
      "mode": "managed",
      "type": "genesyscloud_user",
      "name": "_7b238947-49c6-4365-b5fc-e3b43c6281f6_mypurecloud_com_1916009146",
      "provider": "provider[\"registry.terraform.io/-/genesyscloud\"]",
      "instances": [
        {
          "schema_version": 1,
          "attributes_flat": {
            "acd_auto_answer": "false",
            "addresses.#": "0",
            "certifications.#": "0",
            "department": "Ministry of Testing",
            "division_id": "4a7e4f4b-e734-40b6-838e-557c5eedd49a",
            "email": "7b238947-49c6-4365-b5fc-e3b43c6281f6@mypurecloud.com",
            "employer_info.#": "0",
            "id": "687e69b9-8d92-4acb-aef6-fb3138170c4c",
            "locations.#": "0",
            "manager": "",
            "name": "GO SDK Tester",
            "profile_skills.#": "1",
            "profile_skills.3840022417": "Testmaster",
            "routing_languages.#": "0",
            "routing_skills.#": "0",
            "routing_utilization.#": "0",
            "state": "active",
            "title": ""
          },
          "sensitive_attributes": []
        }
      ]
    },
    {
      "mode": "managed",
      "type": "genesyscloud_user",
      "name": "_7c4dce08-dd0a-471a-89fd-ad194a90192e_mypurecloud_com_1337154184",
      "provider": "provider[\"registry.terraform.io/-/genesyscloud\"]",
      "instances": [
        {
          "schema_version": 1,
          "attributes_flat": {
            "acd_auto_answer": "false",
            "addresses.#": "0",
            "certifications.#": "0",
            "department": "Ministry of Testing",
            "division_id": "4a7e4f4b-e734-40b6-838e-557c5eedd49a",
            "email": "7c4dce08-dd0a-471a-89fd-ad194a90192e@mypurecloud.com",
            "employer_info.#": "0",
            "id": "4ecb4c70-0773-40b3-aa2e-5211973a9ab8",
            "locations.#": "0",
            "manager": "",
            "name": "Python SDK Tester",
            "profile_skills.#": "0",
            "routing_languages.#": "0",
            "routing_skills.#": "0",
            "routing_utilization.#": "0",
            "state": "active",
            "title": ""
          },
          "sensitive_attributes": []
        }
      ]
    },
    {
      "mode": "managed",
      "type": "genesyscloud_user",
      "name": "_7dae114b-5637-2885-201c-7a3a23d38a08_mypurecloud_com_322035711",
      "provider": "provider[\"registry.terraform.io/-/genesyscloud\"]",
      "instances": [
        {
          "schema_version": 1,
          "attributes_flat": {
            "acd_auto_answer": "false",
            "addresses.#": "0",
            "certifications.#": "0",
            "department": "Ministry of Testing",
            "division_id": "4a7e4f4b-e734-40b6-838e-557c5eedd49a",
            "email": "7dae114b-5637-2885-201c-7a3a23d38a08@mypurecloud.com",
            "employer_info.#": "0",
            "id": "f8876ba5-7703-43f0-ad51-78cbacc4c288",
            "locations.#": "0",
            "manager": "",
            "name": "JS SDK Tester",
            "profile_skills.#": "1",
            "profile_skills.3840022417": "Testmaster",
            "routing_languages.#": "0",
            "routing_skills.#": "0",
            "routing_utilization.#": "0",
            "state": "active",
            "title": ""
          },
          "sensitive_attributes": []
        }
      ]
    },
    {
      "mode": "managed",
      "type": "genesyscloud_user",
      "name": "_7df688d2-33fc-4835-aea1-6c75c5cb53d3_mypurecloud_com_493381676",
      "provider": "provider[\"registry.terraform.io/-/genesyscloud\"]",
      "instances": [
        {
          "schema_version": 1,
          "attributes_flat": {
            "acd_auto_answer": "false",
            "addresses.#": "0",
            "certifications.#": "0",
            "department": "Ministry of Testing",
            "division_id": "4a7e4f4b-e734-40b6-838e-557c5eedd49a",
            "email": "7df688d2-33fc-4835-aea1-6c75c5cb53d3@mypurecloud.com",
            "employer_info.#": "0",
            "id": "768f9a20-a37a-4743-a915-1153071554f5",
            "locations.#": "0",
            "manager": "",
            "name": "GO SDK Tester",
            "profile_skills.#": "1",
            "profile_skills.3840022417": "Testmaster",
            "routing_languages.#": "0",
            "routing_skills.#": "0",
            "routing_utilization.#": "0",
            "state": "active",
            "title": ""
          },
          "sensitive_attributes": []
        }
      ]
    },
    {
      "mode": "managed",
      "type": "genesyscloud_user",
      "name": "_8068d2c3-248f-4028-80b2-15938cc83b1e_mypurecloud_com_1593902182",
      "provider": "provider[\"registry.terraform.io/-/genesyscloud\"]",
      "instances": [
        {
          "schema_version": 1,
          "attributes_flat": {
            "acd_auto_answer": "false",
            "addresses.#": "0",
            "certifications.#": "0",
            "department": "",
            "division_id": "4a7e4f4b-e734-40b6-838e-557c5eedd49a",
            "email": "8068d2c3-248f-4028-80b2-15938cc83b1e@mypurecloud.com",
            "employer_info.#": "0",
            "id": "dea7f499-dd0b-434e-9029-38529a80b073",
            "locations.#": "0",
            "manager": "",
            "name": "GO SDK Tester",
            "profile_skills.#": "0",
            "routing_languages.#": "0",
            "routing_skills.#": "0",
            "routing_utilization.#": "0",
            "state": "active",
            "title": ""
          },
          "sensitive_attributes": []
        }
      ]
    },
    {
      "mode": "managed",
      "type": "genesyscloud_user",
      "name": "_81083160-693a-43eb-b79d-38e5ea51a5fc_mypurecloud_com_2055107089",
      "provider": "provider[\"registry.terraform.io/-/genesyscloud\"]",
      "instances": [
        {
          "schema_version": 1,
          "attributes_flat": {
            "acd_auto_answer": "false",
            "addresses.#": "0",
            "certifications.#": "0",
            "department": "Ministry of Testing",
            "division_id": "4a7e4f4b-e734-40b6-838e-557c5eedd49a",
            "email": "81083160-693a-43eb-b79d-38e5ea51a5fc@mypurecloud.com",
            "employer_info.#": "0",
            "id": "2800eecd-7e75-4d5e-bdd7-bbc158c5acbb",
            "locations.#": "0",
            "manager": "",
            "name": "GO SDK Tester",
            "profile_skills.#": "1",
            "profile_skills.3840022417": "Testmaster",
            "routing_languages.#": "0",
            "routing_skills.#": "0",
            "routing_utilization.#": "0",
            "state": "active",
            "title": ""
          },
          "sensitive_attributes": []
        }
      ]
    },
    {
      "mode": "managed",
      "type": "genesyscloud_user",
      "name": "_837a07f0-0ec1-42b6-ae51-42d5a1367dfa_mypurecloud_com_2899181068",
      "provider": "provider[\"registry.terraform.io/-/genesyscloud\"]",
      "instances": [
        {
          "schema_version": 1,
          "attributes_flat": {
            "acd_auto_answer": "false",
            "addresses.#": "0",
            "certifications.#": "0",
            "department": "Ministry of Testing",
            "division_id": "4a7e4f4b-e734-40b6-838e-557c5eedd49a",
            "email": "837a07f0-0ec1-42b6-ae51-42d5a1367dfa@mypurecloud.com",
            "employer_info.#": "0",
            "id": "9eaaccbb-6728-4f2e-bd24-de427d1c2e4c",
            "locations.#": "0",
            "manager": "",
            "name": "GO SDK Tester",
            "profile_skills.#": "1",
            "profile_skills.3840022417": "Testmaster",
            "routing_languages.#": "0",
            "routing_skills.#": "0",
            "routing_utilization.#": "0",
            "state": "active",
            "title": ""
          },
          "sensitive_attributes": []
        }
      ]
    },
    {
      "mode": "managed",
      "type": "genesyscloud_user",
      "name": "_839f7745-bf97-4031-a97c-134e0ccc1e59_mypurecloud_com_1243218170",
      "provider": "provider[\"registry.terraform.io/-/genesyscloud\"]",
      "instances": [
        {
          "schema_version": 1,
          "attributes_flat": {
            "acd_auto_answer": "false",
            "addresses.#": "0",
            "certifications.#": "0",
            "department": "Ministry of Testing",
            "division_id": "4a7e4f4b-e734-40b6-838e-557c5eedd49a",
            "email": "839f7745-bf97-4031-a97c-134e0ccc1e59@mypurecloud.com",
            "employer_info.#": "0",
            "id": "92f24a41-5475-4bc0-b2a3-a797a0f4bc66",
            "locations.#": "0",
            "manager": "",
            "name": "GO SDK Tester",
            "profile_skills.#": "1",
            "profile_skills.3840022417": "Testmaster",
            "routing_languages.#": "0",
            "routing_skills.#": "0",
            "routing_utilization.#": "0",
            "state": "active",
            "title": ""
          },
          "sensitive_attributes": []
        }
      ]
    },
    {
      "mode": "managed",
      "type": "genesyscloud_user",
      "name": "_83b56ff9-97e8-4d21-ba73-331a4643c81c_mypurecloud_com_4253126861",
      "provider": "provider[\"registry.terraform.io/-/genesyscloud\"]",
      "instances": [
        {
          "schema_version": 1,
          "attributes_flat": {
            "acd_auto_answer": "false",
            "addresses.#": "0",
            "certifications.#": "0",
            "department": "Ministry of Testing",
            "division_id": "4a7e4f4b-e734-40b6-838e-557c5eedd49a",
            "email": "83b56ff9-97e8-4d21-ba73-331a4643c81c@mypurecloud.com",
            "employer_info.#": "0",
            "id": "d5c93266-bfb0-428c-9dea-04b36644e9c4",
            "locations.#": "0",
            "manager": "9ed7d9f6-0c59-4360-ac54-40dd35eb9c2f",
            "name": "Java SDK Tester",
            "profile_skills.#": "1",
            "profile_skills.3840022417": "Testmaster",
            "routing_languages.#": "0",
            "routing_skills.#": "0",
            "routing_utilization.#": "0",
            "state": "active",
            "title": ""
          },
          "sensitive_attributes": []
        }
      ]
    },
    {
      "mode": "managed",
      "type": "genesyscloud_user",
      "name": "_86d757b1-e158-48aa-9826-798227e504eb_mypurecloud_com_2531376493",
      "provider": "provider[\"registry.terraform.io/-/genesyscloud\"]",
      "instances": [
        {
          "schema_version": 1,
          "attributes_flat": {
            "acd_auto_answer": "false",
            "addresses.#": "0",
            "certifications.#": "0",
            "department": "Ministry of Testing",
            "division_id": "4a7e4f4b-e734-40b6-838e-557c5eedd49a",
            "email": "86d757b1-e158-48aa-9826-798227e504eb@mypurecloud.com",
            "employer_info.#": "0",
            "id": "69be33b5-c331-45f3-991c-9888682c4a21",
            "locations.#": "0",
            "manager": "",
            "name": "Java SDK Tester",
            "profile_skills.#": "1",
            "profile_skills.3840022417": "Testmaster",
            "routing_languages.#": "0",
            "routing_skills.#": "0",
            "routing_utilization.#": "0",
            "state": "active",
            "title": ""
          },
          "sensitive_attributes": []
        }
      ]
    },
    {
      "mode": "managed",
      "type": "genesyscloud_user",
      "name": "_89490230-f462-4661-8955-fda505b028ff_mypurecloud_com_2961762763",
      "provider": "provider[\"registry.terraform.io/-/genesyscloud\"]",
      "instances": [
        {
          "schema_version": 1,
          "attributes_flat": {
            "acd_auto_answer": "false",
            "addresses.#": "0",
            "certifications.#": "0",
            "department": "Ministry of Testing",
            "division_id": "4a7e4f4b-e734-40b6-838e-557c5eedd49a",
            "email": "89490230-f462-4661-8955-fda505b028ff@mypurecloud.com",
            "employer_info.#": "0",
            "id": "4735cf3f-c722-45e9-8a65-0cab20cfb766",
            "locations.#": "0",
            "manager": "",
            "name": "Python SDK Tester",
            "profile_skills.#": "1",
            "profile_skills.3840022417": "Testmaster",
            "routing_languages.#": "0",
            "routing_skills.#": "0",
            "routing_utilization.#": "0",
            "state": "active",
            "title": ""
          },
          "sensitive_attributes": []
        }
      ]
    },
    {
      "mode": "managed",
      "type": "genesyscloud_user",
      "name": "_89710a7c-144d-4296-8daa-5a27a7533d91_mypurecloud_com_2102888345",
      "provider": "provider[\"registry.terraform.io/-/genesyscloud\"]",
      "instances": [
        {
          "schema_version": 1,
          "attributes_flat": {
            "acd_auto_answer": "false",
            "addresses.#": "0",
            "certifications.#": "0",
            "department": "",
            "division_id": "4a7e4f4b-e734-40b6-838e-557c5eedd49a",
            "email": "89710a7c-144d-4296-8daa-5a27a7533d91@mypurecloud.com",
            "employer_info.#": "0",
            "id": "b83539ee-8624-4b6f-8bed-4b2897aa7a30",
            "locations.#": "0",
            "manager": "",
            "name": "Python SDK Tester",
            "profile_skills.#": "0",
            "routing_languages.#": "0",
            "routing_skills.#": "0",
            "routing_utilization.#": "0",
            "state": "active",
            "title": ""
          },
          "sensitive_attributes": []
        }
      ]
    },
    {
      "mode": "managed",
      "type": "genesyscloud_user",
      "name": "_8a801a19-27f2-4ba2-86cc-3ad847dcf037_mypurecloud_com_1229977686",
      "provider": "provider[\"registry.terraform.io/-/genesyscloud\"]",
      "instances": [
        {
          "schema_version": 1,
          "attributes_flat": {
            "acd_auto_answer": "false",
            "addresses.#": "0",
            "certifications.#": "0",
            "department": "Ministry of Testing",
            "division_id": "4a7e4f4b-e734-40b6-838e-557c5eedd49a",
            "email": "8a801a19-27f2-4ba2-86cc-3ad847dcf037@mypurecloud.com",
            "employer_info.#": "0",
            "id": "d8f41bd1-0453-413b-81fb-092ffd828f2f",
            "locations.#": "0",
            "manager": "",
            "name": "Java SDK Tester",
            "profile_skills.#": "0",
            "routing_languages.#": "0",
            "routing_skills.#": "0",
            "routing_utilization.#": "0",
            "state": "active",
            "title": ""
          },
          "sensitive_attributes": []
        }
      ]
    },
    {
      "mode": "managed",
      "type": "genesyscloud_user",
      "name": "_8b986c69-7745-4ebc-a1cb-ba7a2dc4487b_mypurecloud_com_4290137473",
      "provider": "provider[\"registry.terraform.io/-/genesyscloud\"]",
      "instances": [
        {
          "schema_version": 1,
          "attributes_flat": {
            "acd_auto_answer": "false",
            "addresses.#": "0",
            "certifications.#": "0",
            "department": "Ministry of Testing",
            "division_id": "4a7e4f4b-e734-40b6-838e-557c5eedd49a",
            "email": "8b986c69-7745-4ebc-a1cb-ba7a2dc4487b@mypurecloud.com",
            "employer_info.#": "0",
            "id": "e3af6fa0-8e49-45c2-9960-92cb20e6d80c",
            "locations.#": "0",
            "manager": "",
            "name": "GO SDK Tester",
            "profile_skills.#": "0",
            "routing_languages.#": "0",
            "routing_skills.#": "0",
            "routing_utilization.#": "0",
            "state": "active",
            "title": ""
          },
          "sensitive_attributes": []
        }
      ]
    },
    {
      "mode": "managed",
      "type": "genesyscloud_user",
      "name": "_8baeab13-8c9d-45d4-b78d-0bb30652a748_mypurecloud_com_146875136",
      "provider": "provider[\"registry.terraform.io/-/genesyscloud\"]",
      "instances": [
        {
          "schema_version": 1,
          "attributes_flat": {
            "acd_auto_answer": "false",
            "addresses.#": "0",
            "certifications.#": "0",
            "department": "Ministry of Testing",
            "division_id": "4a7e4f4b-e734-40b6-838e-557c5eedd49a",
            "email": "8baeab13-8c9d-45d4-b78d-0bb30652a748@mypurecloud.com",
            "employer_info.#": "0",
            "id": "f3f70215-b5f7-4e4e-a60c-5a69adb8324c",
            "locations.#": "0",
            "manager": "",
            "name": "Python SDK Tester",
            "profile_skills.#": "1",
            "profile_skills.3840022417": "Testmaster",
            "routing_languages.#": "0",
            "routing_skills.#": "0",
            "routing_utilization.#": "0",
            "state": "active",
            "title": ""
          },
          "sensitive_attributes": []
        }
      ]
    },
    {
      "mode": "managed",
      "type": "genesyscloud_user",
      "name": "_8cb30b3b-b903-46af-9a22-1570820a7f33_mypurecloud_com_1420814976",
      "provider": "provider[\"registry.terraform.io/-/genesyscloud\"]",
      "instances": [
        {
          "schema_version": 1,
          "attributes_flat": {
            "acd_auto_answer": "false",
            "addresses.#": "0",
            "certifications.#": "0",
            "department": "Ministry of Testing",
            "division_id": "4a7e4f4b-e734-40b6-838e-557c5eedd49a",
            "email": "8cb30b3b-b903-46af-9a22-1570820a7f33@mypurecloud.com",
            "employer_info.#": "0",
            "id": "df379e43-582b-446f-b176-18396ddf8266",
            "locations.#": "0",
            "manager": "",
            "name": "GO SDK Tester",
            "profile_skills.#": "1",
            "profile_skills.3840022417": "Testmaster",
            "routing_languages.#": "0",
            "routing_skills.#": "0",
            "routing_utilization.#": "0",
            "state": "active",
            "title": ""
          },
          "sensitive_attributes": []
        }
      ]
    },
    {
      "mode": "managed",
      "type": "genesyscloud_user",
      "name": "_90acd3a4-dbfa-42f3-b086-8016d18e0943_mypurecloud_com_2440360187",
      "provider": "provider[\"registry.terraform.io/-/genesyscloud\"]",
      "instances": [
        {
          "schema_version": 1,
          "attributes_flat": {
            "acd_auto_answer": "false",
            "addresses.#": "0",
            "certifications.#": "0",
            "department": "",
            "division_id": "4a7e4f4b-e734-40b6-838e-557c5eedd49a",
            "email": "90acd3a4-dbfa-42f3-b086-8016d18e0943@mypurecloud.com",
            "employer_info.#": "0",
            "id": "d32bafb3-23e1-442e-a5b7-00bb1d080a92",
            "locations.#": "0",
            "manager": "",
            "name": "GO SDK Tester",
            "profile_skills.#": "0",
            "routing_languages.#": "0",
            "routing_skills.#": "0",
            "routing_utilization.#": "0",
            "state": "active",
            "title": ""
          },
          "sensitive_attributes": []
        }
      ]
    },
    {
      "mode": "managed",
      "type": "genesyscloud_user",
      "name": "_93582dd7-bf0c-e401-9fd1-d64a4cdce684_mypurecloud_com_4047085540",
      "provider": "provider[\"registry.terraform.io/-/genesyscloud\"]",
      "instances": [
        {
          "schema_version": 1,
          "attributes_flat": {
            "acd_auto_answer": "false",
            "addresses.#": "0",
            "certifications.#": "0",
            "department": "Ministry of Testing",
            "division_id": "4a7e4f4b-e734-40b6-838e-557c5eedd49a",
            "email": "93582dd7-bf0c-e401-9fd1-d64a4cdce684@mypurecloud.com",
            "employer_info.#": "0",
            "id": "0d8b3491-a647-4537-991b-e3ff7414edb3",
            "locations.#": "0",
            "manager": "",
            "name": "JS SDK Tester",
            "profile_skills.#": "1",
            "profile_skills.3840022417": "Testmaster",
            "routing_languages.#": "0",
            "routing_skills.#": "0",
            "routing_utilization.#": "0",
            "state": "active",
            "title": ""
          },
          "sensitive_attributes": []
        }
      ]
    },
    {
      "mode": "managed",
      "type": "genesyscloud_user",
      "name": "_953beb69-1fa6-41cc-9893-4dcd48092c1b_mypurecloud_com_1538231322",
      "provider": "provider[\"registry.terraform.io/-/genesyscloud\"]",
      "instances": [
        {
          "schema_version": 1,
          "attributes_flat": {
            "acd_auto_answer": "false",
            "addresses.#": "0",
            "certifications.#": "0",
            "department": "",
            "division_id": "c3434464-c83c-4035-9b8e-3bd312f44475",
            "email": "953beb69-1fa6-41cc-9893-4dcd48092c1b@mypurecloud.com",
            "employer_info.#": "0",
            "id": "002aec93-7651-4215-8cb2-03a26518a4b0",
            "locations.#": "0",
            "manager": "",
            "name": ".NET SDK Tester",
            "profile_skills.#": "0",
            "routing_languages.#": "0",
            "routing_skills.#": "0",
            "routing_utilization.#": "0",
            "state": "active",
            "title": ""
          },
          "sensitive_attributes": []
        }
      ]
    },
    {
      "mode": "managed",
      "type": "genesyscloud_user",
      "name": "_9592caf9-85b6-4c10-9392-fd8618b38d3e_mypurecloud_com_2897106145",
      "provider": "provider[\"registry.terraform.io/-/genesyscloud\"]",
      "instances": [
        {
          "schema_version": 1,
          "attributes_flat": {
            "acd_auto_answer": "false",
            "addresses.#": "0",
            "certifications.#": "0",
            "department": "Ministry of Testing",
            "division_id": "4a7e4f4b-e734-40b6-838e-557c5eedd49a",
            "email": "9592caf9-85b6-4c10-9392-fd8618b38d3e@mypurecloud.com",
            "employer_info.#": "0",
            "id": "d33d74be-77f9-406a-9822-9384e5137a31",
            "locations.#": "0",
            "manager": "",
            "name": "GO SDK Tester",
            "profile_skills.#": "1",
            "profile_skills.3840022417": "Testmaster",
            "routing_languages.#": "0",
            "routing_skills.#": "0",
            "routing_utilization.#": "0",
            "state": "active",
            "title": ""
          },
          "sensitive_attributes": []
        }
      ]
    },
    {
      "mode": "managed",
      "type": "genesyscloud_user",
      "name": "_96c23b57-6053-4ae0-9b95-8d330d94907e_mypurecloud_com_2445003949",
      "provider": "provider[\"registry.terraform.io/-/genesyscloud\"]",
      "instances": [
        {
          "schema_version": 1,
          "attributes_flat": {
            "acd_auto_answer": "false",
            "addresses.#": "0",
            "certifications.#": "0",
            "department": "Ministry of Testing",
            "division_id": "4a7e4f4b-e734-40b6-838e-557c5eedd49a",
            "email": "96c23b57-6053-4ae0-9b95-8d330d94907e@mypurecloud.com",
            "employer_info.#": "0",
            "id": "ccf6bde9-63a4-4006-9309-c599fa6d3262",
            "locations.#": "0",
            "manager": "",
            "name": "GO SDK Tester",
            "profile_skills.#": "0",
            "routing_languages.#": "0",
            "routing_skills.#": "0",
            "routing_utilization.#": "0",
            "state": "active",
            "title": ""
          },
          "sensitive_attributes": []
        }
      ]
    },
    {
      "mode": "managed",
      "type": "genesyscloud_user",
      "name": "_9729e66e-2db0-4013-bac3-99aabb45ab17_mypurecloud_com_4248267261",
      "provider": "provider[\"registry.terraform.io/-/genesyscloud\"]",
      "instances": [
        {
          "schema_version": 1,
          "attributes_flat": {
            "acd_auto_answer": "false",
            "addresses.#": "0",
            "certifications.#": "0",
            "department": "Ministry of Testing",
            "division_id": "4a7e4f4b-e734-40b6-838e-557c5eedd49a",
            "email": "9729e66e-2db0-4013-bac3-99aabb45ab17@mypurecloud.com",
            "employer_info.#": "0",
            "id": "7fd90d20-c796-4dff-ad17-96022fb027d1",
            "locations.#": "0",
            "manager": "",
            "name": ".NET SDK Tester",
            "profile_skills.#": "1",
            "profile_skills.3840022417": "Testmaster",
            "routing_languages.#": "0",
            "routing_skills.#": "0",
            "routing_utilization.#": "0",
            "state": "active",
            "title": ""
          },
          "sensitive_attributes": []
        }
      ]
    },
    {
      "mode": "managed",
      "type": "genesyscloud_user",
      "name": "_97f949ea-0039-4c44-a413-af12e275472d_mypurecloud_com_1610586501",
      "provider": "provider[\"registry.terraform.io/-/genesyscloud\"]",
      "instances": [
        {
          "schema_version": 1,
          "attributes_flat": {
            "acd_auto_answer": "false",
            "addresses.#": "0",
            "certifications.#": "0",
            "department": "",
            "division_id": "4a7e4f4b-e734-40b6-838e-557c5eedd49a",
            "email": "97f949ea-0039-4c44-a413-af12e275472d@mypurecloud.com",
            "employer_info.#": "0",
            "id": "b19d5d08-34b6-4e34-9ac0-07b4b35bcc4d",
            "locations.#": "0",
            "manager": "fc627781-ea42-467f-ab60-d329f08122f7",
            "name": "Python SDK Tester",
            "profile_skills.#": "0",
            "routing_languages.#": "0",
            "routing_skills.#": "0",
            "routing_utilization.#": "0",
            "state": "active",
            "title": ""
          },
          "sensitive_attributes": []
        }
      ]
    },
    {
      "mode": "managed",
      "type": "genesyscloud_user",
      "name": "_9905bfd2-724e-48ef-a5f6-801971cb978a_mypurecloud_com_890944139",
      "provider": "provider[\"registry.terraform.io/-/genesyscloud\"]",
      "instances": [
        {
          "schema_version": 1,
          "attributes_flat": {
            "acd_auto_answer": "false",
            "addresses.#": "0",
            "certifications.#": "0",
            "department": "Ministry of Testing",
            "division_id": "4a7e4f4b-e734-40b6-838e-557c5eedd49a",
            "email": "9905bfd2-724e-48ef-a5f6-801971cb978a@mypurecloud.com",
            "employer_info.#": "0",
            "id": "00e74b7a-9e05-4f87-894d-3769052288e0",
            "locations.#": "0",
            "manager": "",
            "name": "Java SDK Tester",
            "profile_skills.#": "1",
            "profile_skills.3840022417": "Testmaster",
            "routing_languages.#": "0",
            "routing_skills.#": "0",
            "routing_utilization.#": "0",
            "state": "active",
            "title": ""
          },
          "sensitive_attributes": []
        }
      ]
    },
    {
      "mode": "managed",
      "type": "genesyscloud_user",
      "name": "_99c6df4d-bf2b-4603-8e4b-b01f61d1a649_mypurecloud_com_815437325",
      "provider": "provider[\"registry.terraform.io/-/genesyscloud\"]",
      "instances": [
        {
          "schema_version": 1,
          "attributes_flat": {
            "acd_auto_answer": "false",
            "addresses.#": "0",
            "certifications.#": "0",
            "department": "",
            "division_id": "4a7e4f4b-e734-40b6-838e-557c5eedd49a",
            "email": "99c6df4d-bf2b-4603-8e4b-b01f61d1a649@mypurecloud.com",
            "employer_info.#": "0",
            "id": "f336b81a-ef00-47b6-a4fe-0149aaf335e7",
            "locations.#": "0",
            "manager": "",
            "name": "Python SDK Tester",
            "profile_skills.#": "0",
            "routing_languages.#": "0",
            "routing_skills.#": "0",
            "routing_utilization.#": "0",
            "state": "active",
            "title": ""
          },
          "sensitive_attributes": []
        }
      ]
    },
    {
      "mode": "managed",
      "type": "genesyscloud_user",
      "name": "_99fc8ca9-67f7-496c-8e52-89ddfe321c09_mypurecloud_com_1633416185",
      "provider": "provider[\"registry.terraform.io/-/genesyscloud\"]",
      "instances": [
        {
          "schema_version": 1,
          "attributes_flat": {
            "acd_auto_answer": "false",
            "addresses.#": "0",
            "certifications.#": "0",
            "department": "Ministry of Testing",
            "division_id": "4a7e4f4b-e734-40b6-838e-557c5eedd49a",
            "email": "99fc8ca9-67f7-496c-8e52-89ddfe321c09@mypurecloud.com",
            "employer_info.#": "0",
            "id": "0596e84e-6d8b-407b-98dc-3a379849bb90",
            "locations.#": "0",
            "manager": "",
            "name": "Java SDK Tester",
            "profile_skills.#": "1",
            "profile_skills.3840022417": "Testmaster",
            "routing_languages.#": "0",
            "routing_skills.#": "0",
            "routing_utilization.#": "0",
            "state": "active",
            "title": ""
          },
          "sensitive_attributes": []
        }
      ]
    },
    {
      "mode": "managed",
      "type": "genesyscloud_user",
      "name": "_9a66db66-b470-4ba2-87d6-4b7f6821fea0_mypurecloud_com_1236585238",
      "provider": "provider[\"registry.terraform.io/-/genesyscloud\"]",
      "instances": [
        {
          "schema_version": 1,
          "attributes_flat": {
            "acd_auto_answer": "false",
            "addresses.#": "0",
            "certifications.#": "0",
            "department": "Ministry of Testing",
            "division_id": "4a7e4f4b-e734-40b6-838e-557c5eedd49a",
            "email": "9a66db66-b470-4ba2-87d6-4b7f6821fea0@mypurecloud.com",
            "employer_info.#": "0",
            "id": "f8007501-dce9-401f-8b63-84e73f588edf",
            "locations.#": "0",
            "manager": "",
            "name": "GO SDK Tester",
            "profile_skills.#": "1",
            "profile_skills.3840022417": "Testmaster",
            "routing_languages.#": "0",
            "routing_skills.#": "0",
            "routing_utilization.#": "0",
            "state": "active",
            "title": ""
          },
          "sensitive_attributes": []
        }
      ]
    },
    {
      "mode": "managed",
      "type": "genesyscloud_user",
      "name": "_9c8d5d42-218a-494b-9649-31ce7939c08b_mypurecloud_com_3940614620",
      "provider": "provider[\"registry.terraform.io/-/genesyscloud\"]",
      "instances": [
        {
          "schema_version": 1,
          "attributes_flat": {
            "acd_auto_answer": "false",
            "addresses.#": "0",
            "certifications.#": "0",
            "department": "Ministry of Testing",
            "division_id": "4a7e4f4b-e734-40b6-838e-557c5eedd49a",
            "email": "9c8d5d42-218a-494b-9649-31ce7939c08b@mypurecloud.com",
            "employer_info.#": "0",
            "id": "5643bd61-50eb-47d7-8c82-48735f5e4d16",
            "locations.#": "0",
            "manager": "",
            "name": "Java SDK Tester",
            "profile_skills.#": "0",
            "routing_languages.#": "0",
            "routing_skills.#": "0",
            "routing_utilization.#": "0",
            "state": "active",
            "title": ""
          },
          "sensitive_attributes": []
        }
      ]
    },
    {
      "mode": "managed",
      "type": "genesyscloud_user",
      "name": "_9d54e884-f822-4bdc-8110-891cfb7de674_mypurecloud_com_3742002661",
      "provider": "provider[\"registry.terraform.io/-/genesyscloud\"]",
      "instances": [
        {
          "schema_version": 1,
          "attributes_flat": {
            "acd_auto_answer": "false",
            "addresses.#": "0",
            "certifications.#": "0",
            "department": "",
            "division_id": "4a7e4f4b-e734-40b6-838e-557c5eedd49a",
            "email": "9d54e884-f822-4bdc-8110-891cfb7de674@mypurecloud.com",
            "employer_info.#": "0",
            "id": "b37826df-869e-47ba-a8b7-e92083019510",
            "locations.#": "0",
            "manager": "",
            "name": "GO SDK Tester",
            "profile_skills.#": "0",
            "routing_languages.#": "0",
            "routing_skills.#": "0",
            "routing_utilization.#": "0",
            "state": "active",
            "title": ""
          },
          "sensitive_attributes": []
        }
      ]
    },
    {
      "mode": "managed",
      "type": "genesyscloud_user",
      "name": "_9fd27071-63d1-4ee0-b27f-7d1d8f1f7c7b_mypurecloud_com_2208965726",
      "provider": "provider[\"registry.terraform.io/-/genesyscloud\"]",
      "instances": [
        {
          "schema_version": 1,
          "attributes_flat": {
            "acd_auto_answer": "false",
            "addresses.#": "0",
            "certifications.#": "0",
            "department": "",
            "division_id": "4a7e4f4b-e734-40b6-838e-557c5eedd49a",
            "email": "9fd27071-63d1-4ee0-b27f-7d1d8f1f7c7b@mypurecloud.com",
            "employer_info.#": "0",
            "id": "b3c03784-3bf8-47f5-a2b3-3b76337efad5",
            "locations.#": "0",
            "manager": "",
            "name": "Java SDK Tester",
            "profile_skills.#": "0",
            "routing_languages.#": "0",
            "routing_skills.#": "0",
            "routing_utilization.#": "0",
            "state": "active",
            "title": ""
          },
          "sensitive_attributes": []
        }
      ]
    },
    {
      "mode": "managed",
      "type": "genesyscloud_user",
      "name": "a140c98b-fdb0-42ff-abad-b2b0fa0a9355_mypurecloud_com_2122615009",
      "provider": "provider[\"registry.terraform.io/-/genesyscloud\"]",
      "instances": [
        {
          "schema_version": 1,
          "attributes_flat": {
            "acd_auto_answer": "false",
            "addresses.#": "0",
            "certifications.#": "0",
            "department": "",
            "division_id": "4a7e4f4b-e734-40b6-838e-557c5eedd49a",
            "email": "a140c98b-fdb0-42ff-abad-b2b0fa0a9355@mypurecloud.com",
            "employer_info.#": "0",
            "id": "cb031fcd-07e2-4d87-b647-1c77d397c507",
            "locations.#": "0",
            "manager": "",
            "name": "Python SDK Tester",
            "profile_skills.#": "0",
            "routing_languages.#": "0",
            "routing_skills.#": "0",
            "routing_utilization.#": "0",
            "state": "active",
            "title": ""
          },
          "sensitive_attributes": []
        }
      ]
    },
    {
      "mode": "managed",
      "type": "genesyscloud_user",
      "name": "a2a8901e-f504-a3c6-5842-39f9d09e700d_mypurecloud_com_691045477",
      "provider": "provider[\"registry.terraform.io/-/genesyscloud\"]",
      "instances": [
        {
          "schema_version": 1,
          "attributes_flat": {
            "acd_auto_answer": "false",
            "addresses.#": "0",
            "certifications.#": "0",
            "department": "Ministry of Testing",
            "division_id": "4a7e4f4b-e734-40b6-838e-557c5eedd49a",
            "email": "a2a8901e-f504-a3c6-5842-39f9d09e700d@mypurecloud.com",
            "employer_info.#": "0",
            "id": "7af3e34a-3252-422f-9675-c12e0e071a1a",
            "locations.#": "0",
            "manager": "",
            "name": "JS SDK Tester",
            "profile_skills.#": "1",
            "profile_skills.3840022417": "Testmaster",
            "routing_languages.#": "0",
            "routing_skills.#": "0",
            "routing_utilization.#": "0",
            "state": "active",
            "title": ""
          },
          "sensitive_attributes": []
        }
      ]
    },
    {
      "mode": "managed",
      "type": "genesyscloud_user",
      "name": "a339809d-fbbe-0ce6-3e86-a0d4ea1e5949_mypurecloud_com_1698750509",
      "provider": "provider[\"registry.terraform.io/-/genesyscloud\"]",
      "instances": [
        {
          "schema_version": 1,
          "attributes_flat": {
            "acd_auto_answer": "false",
            "addresses.#": "0",
            "certifications.#": "0",
            "department": "Ministry of Testing",
            "division_id": "4a7e4f4b-e734-40b6-838e-557c5eedd49a",
            "email": "a339809d-fbbe-0ce6-3e86-a0d4ea1e5949@mypurecloud.com",
            "employer_info.#": "0",
            "id": "2c9d328f-b42a-4371-9fda-bc7348239a4f",
            "locations.#": "0",
            "manager": "",
            "name": "JS SDK Tester",
            "profile_skills.#": "1",
            "profile_skills.3840022417": "Testmaster",
            "routing_languages.#": "0",
            "routing_skills.#": "0",
            "routing_utilization.#": "0",
            "state": "active",
            "title": ""
          },
          "sensitive_attributes": []
        }
      ]
    },
    {
      "mode": "managed",
      "type": "genesyscloud_user",
      "name": "a6da2876-18e4-4778-baba-f53ca18ba728_mypurecloud_com_2652304759",
      "provider": "provider[\"registry.terraform.io/-/genesyscloud\"]",
      "instances": [
        {
          "schema_version": 1,
          "attributes_flat": {
            "acd_auto_answer": "false",
            "addresses.#": "0",
            "certifications.#": "0",
            "department": "Ministry of Testing",
            "division_id": "4a7e4f4b-e734-40b6-838e-557c5eedd49a",
            "email": "a6da2876-18e4-4778-baba-f53ca18ba728@mypurecloud.com",
            "employer_info.#": "0",
            "id": "0d8b24a6-22c4-4a43-82a7-ae1aab11be97",
            "locations.#": "0",
            "manager": "",
            "name": "GO SDK Tester",
            "profile_skills.#": "1",
            "profile_skills.3840022417": "Testmaster",
            "routing_languages.#": "0",
            "routing_skills.#": "0",
            "routing_utilization.#": "0",
            "state": "active",
            "title": ""
          },
          "sensitive_attributes": []
        }
      ]
    },
    {
      "mode": "managed",
      "type": "genesyscloud_user",
      "name": "a77e64b6-08d8-41a9-b58b-af25733badca_mypurecloud_com_3407711789",
      "provider": "provider[\"registry.terraform.io/-/genesyscloud\"]",
      "instances": [
        {
          "schema_version": 1,
          "attributes_flat": {
            "acd_auto_answer": "false",
            "addresses.#": "0",
            "certifications.#": "0",
            "department": "Ministry of Testing",
            "division_id": "4a7e4f4b-e734-40b6-838e-557c5eedd49a",
            "email": "a77e64b6-08d8-41a9-b58b-af25733badca@mypurecloud.com",
            "employer_info.#": "0",
            "id": "bee9cafc-e3e5-4f28-a7ee-e57649a85f4b",
            "locations.#": "0",
            "manager": "",
            "name": "Java SDK Tester",
            "profile_skills.#": "1",
            "profile_skills.3840022417": "Testmaster",
            "routing_languages.#": "0",
            "routing_skills.#": "0",
            "routing_utilization.#": "0",
            "state": "active",
            "title": ""
          },
          "sensitive_attributes": []
        }
      ]
    },
    {
      "mode": "managed",
      "type": "genesyscloud_user",
      "name": "a7ba488a-cd02-43e2-8020-e8a507e27e39_mypurecloud_com_1368416667",
      "provider": "provider[\"registry.terraform.io/-/genesyscloud\"]",
      "instances": [
        {
          "schema_version": 1,
          "attributes_flat": {
            "acd_auto_answer": "false",
            "addresses.#": "0",
            "certifications.#": "0",
            "department": "Ministry of Testing",
            "division_id": "4a7e4f4b-e734-40b6-838e-557c5eedd49a",
            "email": "a7ba488a-cd02-43e2-8020-e8a507e27e39@mypurecloud.com",
            "employer_info.#": "0",
            "id": "e6e0ccc5-e1fb-4f36-a644-56835b2bd5ca",
            "locations.#": "0",
            "manager": "",
            "name": "GO SDK Tester",
            "profile_skills.#": "1",
            "profile_skills.3840022417": "Testmaster",
            "routing_languages.#": "0",
            "routing_skills.#": "0",
            "routing_utilization.#": "0",
            "state": "active",
            "title": ""
          },
          "sensitive_attributes": []
        }
      ]
    },
    {
      "mode": "managed",
      "type": "genesyscloud_user",
      "name": "a9366997-5144-4424-90c2-fa7d3a9b876d_mypurecloud_com_3442029431",
      "provider": "provider[\"registry.terraform.io/-/genesyscloud\"]",
      "instances": [
        {
          "schema_version": 1,
          "attributes_flat": {
            "acd_auto_answer": "false",
            "addresses.#": "0",
            "certifications.#": "0",
            "department": "Ministry of Testing",
            "division_id": "4a7e4f4b-e734-40b6-838e-557c5eedd49a",
            "email": "a9366997-5144-4424-90c2-fa7d3a9b876d@mypurecloud.com",
            "employer_info.#": "0",
            "id": "8cec324a-0b22-424e-acaa-0fd5c1880d9e",
            "locations.#": "0",
            "manager": "",
            "name": "GO SDK Tester",
            "profile_skills.#": "1",
            "profile_skills.3840022417": "Testmaster",
            "routing_languages.#": "0",
            "routing_skills.#": "0",
            "routing_utilization.#": "0",
            "state": "active",
            "title": ""
          },
          "sensitive_attributes": []
        }
      ]
    },
    {
      "mode": "managed",
      "type": "genesyscloud_user",
      "name": "aac3980e-5839-e2a0-e37e-22d6e2b294f3_mypurecloud_com_1896973587",
      "provider": "provider[\"registry.terraform.io/-/genesyscloud\"]",
      "instances": [
        {
          "schema_version": 1,
          "attributes_flat": {
            "acd_auto_answer": "false",
            "addresses.#": "0",
            "certifications.#": "0",
            "department": "Ministry of Testing",
            "division_id": "4a7e4f4b-e734-40b6-838e-557c5eedd49a",
            "email": "aac3980e-5839-e2a0-e37e-22d6e2b294f3@mypurecloud.com",
            "employer_info.#": "0",
            "id": "21ae8131-673a-4055-b60e-7205e97374ff",
            "locations.#": "0",
            "manager": "",
            "name": "JS SDK Tester",
            "profile_skills.#": "1",
            "profile_skills.3840022417": "Testmaster",
            "routing_languages.#": "0",
            "routing_skills.#": "0",
            "routing_utilization.#": "0",
            "state": "active",
            "title": ""
          },
          "sensitive_attributes": []
        }
      ]
    },
    {
      "mode": "managed",
      "type": "genesyscloud_user",
      "name": "aca5ba17-7926-4132-8366-a72979c723cf_mypurecloud_com_3607480282",
      "provider": "provider[\"registry.terraform.io/-/genesyscloud\"]",
      "instances": [
        {
          "schema_version": 1,
          "attributes_flat": {
            "acd_auto_answer": "false",
            "addresses.#": "0",
            "certifications.#": "0",
            "department": "Ministry of Testing",
            "division_id": "4a7e4f4b-e734-40b6-838e-557c5eedd49a",
            "email": "aca5ba17-7926-4132-8366-a72979c723cf@mypurecloud.com",
            "employer_info.#": "0",
            "id": "06bae7ad-eb87-49b6-b1f6-a1bd331f6363",
            "locations.#": "0",
            "manager": "",
            "name": "GO SDK Tester",
            "profile_skills.#": "1",
            "profile_skills.3840022417": "Testmaster",
            "routing_languages.#": "0",
            "routing_skills.#": "0",
            "routing_utilization.#": "0",
            "state": "active",
            "title": ""
          },
          "sensitive_attributes": []
        }
      ]
    },
    {
      "mode": "managed",
      "type": "genesyscloud_user",
      "name": "af2d95f9-228d-44f1-9cc6-7d0d93ba85b7_mypurecloud_com_1442312525",
      "provider": "provider[\"registry.terraform.io/-/genesyscloud\"]",
      "instances": [
        {
          "schema_version": 1,
          "attributes_flat": {
            "acd_auto_answer": "false",
            "addresses.#": "0",
            "certifications.#": "0",
            "department": "",
            "division_id": "4a7e4f4b-e734-40b6-838e-557c5eedd49a",
            "email": "af2d95f9-228d-44f1-9cc6-7d0d93ba85b7@mypurecloud.com",
            "employer_info.#": "0",
            "id": "e215fb3e-9a8d-4e12-ae23-1f872041ab9b",
            "locations.#": "0",
            "manager": "",
            "name": "Kotlin SDK Tester",
            "profile_skills.#": "0",
            "routing_languages.#": "0",
            "routing_skills.#": "0",
            "routing_utilization.#": "0",
            "state": "active",
            "title": ""
          },
          "sensitive_attributes": []
        }
      ]
    },
    {
      "mode": "managed",
      "type": "genesyscloud_user",
      "name": "b0183955-ea2e-4cab-8584-b47c12e7ddf0_mypurecloud_com_3934847957",
      "provider": "provider[\"registry.terraform.io/-/genesyscloud\"]",
      "instances": [
        {
          "schema_version": 1,
          "attributes_flat": {
            "acd_auto_answer": "false",
            "addresses.#": "0",
            "certifications.#": "0",
            "department": "",
            "division_id": "4a7e4f4b-e734-40b6-838e-557c5eedd49a",
            "email": "b0183955-ea2e-4cab-8584-b47c12e7ddf0@mypurecloud.com",
            "employer_info.#": "0",
            "id": "52e52147-3a6e-4abd-9b47-59a5418a405f",
            "locations.#": "0",
            "manager": "",
            "name": ".NET SDK Tester",
            "profile_skills.#": "0",
            "routing_languages.#": "0",
            "routing_skills.#": "0",
            "routing_utilization.#": "0",
            "state": "active",
            "title": ""
          },
          "sensitive_attributes": []
        }
      ]
    },
    {
      "mode": "managed",
      "type": "genesyscloud_user",
      "name": "b1e2561f-e7dd-2054-002e-315458eac19e_mypurecloud_com_2951455485",
      "provider": "provider[\"registry.terraform.io/-/genesyscloud\"]",
      "instances": [
        {
          "schema_version": 1,
          "attributes_flat": {
            "acd_auto_answer": "false",
            "addresses.#": "0",
            "certifications.#": "0",
            "department": "Ministry of Testing",
            "division_id": "4a7e4f4b-e734-40b6-838e-557c5eedd49a",
            "email": "b1e2561f-e7dd-2054-002e-315458eac19e@mypurecloud.com",
            "employer_info.#": "0",
            "id": "1d38e213-2044-40bc-ad6c-c9e08d5eaf21",
            "locations.#": "0",
            "manager": "",
            "name": "JS SDK Tester",
            "profile_skills.#": "1",
            "profile_skills.3840022417": "Testmaster",
            "routing_languages.#": "0",
            "routing_skills.#": "0",
            "routing_utilization.#": "0",
            "state": "active",
            "title": ""
          },
          "sensitive_attributes": []
        }
      ]
    },
    {
      "mode": "managed",
      "type": "genesyscloud_user",
      "name": "b1e333eb-db44-413b-94ab-1d6972fc8c31_mypurecloud_com_2151547140",
      "provider": "provider[\"registry.terraform.io/-/genesyscloud\"]",
      "instances": [
        {
          "schema_version": 1,
          "attributes_flat": {
            "acd_auto_answer": "false",
            "addresses.#": "0",
            "certifications.#": "0",
            "department": "",
            "division_id": "4a7e4f4b-e734-40b6-838e-557c5eedd49a",
            "email": "b1e333eb-db44-413b-94ab-1d6972fc8c31@mypurecloud.com",
            "employer_info.#": "0",
            "id": "93235b76-7874-4123-8e4b-3f6737802059",
            "locations.#": "0",
            "manager": "",
            "name": "Java SDK Tester",
            "profile_skills.#": "0",
            "routing_languages.#": "0",
            "routing_skills.#": "0",
            "routing_utilization.#": "0",
            "state": "active",
            "title": ""
          },
          "sensitive_attributes": []
        }
      ]
    },
    {
      "mode": "managed",
      "type": "genesyscloud_user",
      "name": "b3d472cc-f774-457e-9882-8c6b90cf6193_mypurecloud_com_787999841",
      "provider": "provider[\"registry.terraform.io/-/genesyscloud\"]",
      "instances": [
        {
          "schema_version": 1,
          "attributes_flat": {
            "acd_auto_answer": "false",
            "addresses.#": "0",
            "certifications.#": "0",
            "department": "Ministry of Testing",
            "division_id": "4a7e4f4b-e734-40b6-838e-557c5eedd49a",
            "email": "b3d472cc-f774-457e-9882-8c6b90cf6193@mypurecloud.com",
            "employer_info.#": "0",
            "id": "75058bca-cb6d-4471-8fd6-26b8aeed2531",
            "locations.#": "0",
            "manager": "",
            "name": "GO SDK Tester",
            "profile_skills.#": "1",
            "profile_skills.3840022417": "Testmaster",
            "routing_languages.#": "0",
            "routing_skills.#": "0",
            "routing_utilization.#": "0",
            "state": "active",
            "title": ""
          },
          "sensitive_attributes": []
        }
      ]
    },
    {
      "mode": "managed",
      "type": "genesyscloud_user",
      "name": "b56712ce-84c6-4182-8183-8a8c497bba66_mypurecloud_com_4103048523",
      "provider": "provider[\"registry.terraform.io/-/genesyscloud\"]",
      "instances": [
        {
          "schema_version": 1,
          "attributes_flat": {
            "acd_auto_answer": "false",
            "addresses.#": "0",
            "certifications.#": "0",
            "department": "Ministry of Testing",
            "division_id": "4a7e4f4b-e734-40b6-838e-557c5eedd49a",
            "email": "b56712ce-84c6-4182-8183-8a8c497bba66@mypurecloud.com",
            "employer_info.#": "0",
            "id": "c56d42c9-c3ce-440b-ab19-62aa32ea8718",
            "locations.#": "0",
            "manager": "",
            "name": ".NET SDK Tester",
            "profile_skills.#": "1",
            "profile_skills.3840022417": "Testmaster",
            "routing_languages.#": "0",
            "routing_skills.#": "0",
            "routing_utilization.#": "0",
            "state": "active",
            "title": ""
          },
          "sensitive_attributes": []
        }
      ]
    },
    {
      "mode": "managed",
      "type": "genesyscloud_user",
      "name": "b67c2361-b977-4378-b275-53a89799db45_mypurecloud_com_1470428904",
      "provider": "provider[\"registry.terraform.io/-/genesyscloud\"]",
      "instances": [
        {
          "schema_version": 1,
          "attributes_flat": {
            "acd_auto_answer": "false",
            "addresses.#": "0",
            "certifications.#": "0",
            "department": "",
            "division_id": "4a7e4f4b-e734-40b6-838e-557c5eedd49a",
            "email": "b67c2361-b977-4378-b275-53a89799db45@mypurecloud.com",
            "employer_info.#": "0",
            "id": "19e74716-527b-4894-9f1a-e401bb5cbc77",
            "locations.#": "0",
            "manager": "",
            "name": "GO SDK Tester",
            "profile_skills.#": "0",
            "routing_languages.#": "0",
            "routing_skills.#": "0",
            "routing_utilization.#": "0",
            "state": "active",
            "title": ""
          },
          "sensitive_attributes": []
        }
      ]
    },
    {
      "mode": "managed",
      "type": "genesyscloud_user",
      "name": "bb39280f-09cc-48d6-b31c-1190afa1e2eb_mypurecloud_com_3604362709",
      "provider": "provider[\"registry.terraform.io/-/genesyscloud\"]",
      "instances": [
        {
          "schema_version": 1,
          "attributes_flat": {
            "acd_auto_answer": "false",
            "addresses.#": "0",
            "certifications.#": "0",
            "department": "Ministry of Testing",
            "division_id": "4a7e4f4b-e734-40b6-838e-557c5eedd49a",
            "email": "bb39280f-09cc-48d6-b31c-1190afa1e2eb@mypurecloud.com",
            "employer_info.#": "0",
            "id": "dbfd2b05-4084-44ea-a270-b8d2cc7e19c9",
            "locations.#": "0",
            "manager": "",
            "name": "Java SDK Tester",
            "profile_skills.#": "1",
            "profile_skills.3840022417": "Testmaster",
            "routing_languages.#": "0",
            "routing_skills.#": "0",
            "routing_utilization.#": "0",
            "state": "active",
            "title": ""
          },
          "sensitive_attributes": []
        }
      ]
    },
    {
      "mode": "managed",
      "type": "genesyscloud_user",
      "name": "bc744b3d-d7dd-c340-6424-c2d571550325_mypurecloud_com_3577837831",
      "provider": "provider[\"registry.terraform.io/-/genesyscloud\"]",
      "instances": [
        {
          "schema_version": 1,
          "attributes_flat": {
            "acd_auto_answer": "false",
            "addresses.#": "0",
            "certifications.#": "0",
            "department": "",
            "division_id": "4a7e4f4b-e734-40b6-838e-557c5eedd49a",
            "email": "bc744b3d-d7dd-c340-6424-c2d571550325@mypurecloud.com",
            "employer_info.#": "0",
            "id": "25c8f827-66cc-467a-9fd8-ccbb69340248",
            "locations.#": "0",
            "manager": "",
            "name": "JS SDK Tester",
            "profile_skills.#": "0",
            "routing_languages.#": "0",
            "routing_skills.#": "0",
            "routing_utilization.#": "0",
            "state": "active",
            "title": ""
          },
          "sensitive_attributes": []
        }
      ]
    },
    {
      "mode": "managed",
      "type": "genesyscloud_user",
      "name": "bdw007_waynecorp_com_2581596770",
      "provider": "provider[\"registry.terraform.io/-/genesyscloud\"]",
      "instances": [
        {
          "schema_version": 1,
          "attributes_flat": {
            "acd_auto_answer": "false",
            "addresses.#": "0",
            "certifications.#": "0",
            "department": "",
            "division_id": "4a7e4f4b-e734-40b6-838e-557c5eedd49a",
            "email": "bdw007@waynecorp.com",
            "employer_info.#": "0",
            "id": "0b2ed259-ed0c-4575-996f-fdd49062c2cd",
            "locations.#": "0",
            "manager": "",
            "name": "Billy D Williams",
            "profile_skills.#": "0",
            "routing_languages.#": "0",
            "routing_skills.#": "0",
            "routing_utilization.#": "0",
            "state": "active",
            "title": ""
          },
          "sensitive_attributes": []
        }
      ]
    },
    {
      "mode": "managed",
      "type": "genesyscloud_user",
      "name": "be8baf2f-ad33-48c5-9e75-b4081f801362_mypurecloud_com_728895493",
      "provider": "provider[\"registry.terraform.io/-/genesyscloud\"]",
      "instances": [
        {
          "schema_version": 1,
          "attributes_flat": {
            "acd_auto_answer": "false",
            "addresses.#": "0",
            "certifications.#": "0",
            "department": "Ministry of Testing",
            "division_id": "4a7e4f4b-e734-40b6-838e-557c5eedd49a",
            "email": "be8baf2f-ad33-48c5-9e75-b4081f801362@mypurecloud.com",
            "employer_info.#": "0",
            "id": "acdbc19d-8118-4496-a58a-ed320f8bfda7",
            "locations.#": "0",
            "manager": "",
            "name": "GO SDK Tester",
            "profile_skills.#": "1",
            "profile_skills.3840022417": "Testmaster",
            "routing_languages.#": "0",
            "routing_skills.#": "0",
            "routing_utilization.#": "0",
            "state": "active",
            "title": ""
          },
          "sensitive_attributes": []
        }
      ]
    },
    {
      "mode": "managed",
      "type": "genesyscloud_user",
      "name": "becky_powell_genesys_com_1343407029",
      "provider": "provider[\"registry.terraform.io/-/genesyscloud\"]",
      "instances": [
        {
          "schema_version": 1,
          "attributes_flat": {
            "acd_auto_answer": "false",
            "addresses.#": "0",
            "certifications.#": "0",
            "department": "",
            "division_id": "4a7e4f4b-e734-40b6-838e-557c5eedd49a",
            "email": "becky.powell@genesys.com",
            "employer_info.#": "0",
            "id": "a19ac18f-512c-49f5-913d-5a561fa9766c",
            "locations.#": "0",
            "manager": "",
            "name": "Becky Powell",
            "profile_skills.#": "0",
            "routing_languages.#": "0",
            "routing_skills.#": "0",
            "routing_utilization.#": "0",
            "state": "active",
            "title": ""
          },
          "sensitive_attributes": []
        }
      ]
    },
    {
      "mode": "managed",
      "type": "genesyscloud_user",
      "name": "bfdd66cc-0518-4b6a-a610-1a90ed70203b_mypurecloud_com_793325890",
      "provider": "provider[\"registry.terraform.io/-/genesyscloud\"]",
      "instances": [
        {
          "schema_version": 1,
          "attributes_flat": {
            "acd_auto_answer": "false",
            "addresses.#": "0",
            "certifications.#": "0",
            "department": "Ministry of Testing",
            "division_id": "4a7e4f4b-e734-40b6-838e-557c5eedd49a",
            "email": "bfdd66cc-0518-4b6a-a610-1a90ed70203b@mypurecloud.com",
            "employer_info.#": "0",
            "id": "df464245-1f23-43af-8425-8a261e278008",
            "locations.#": "0",
            "manager": "",
            "name": "GO SDK Tester",
            "profile_skills.#": "1",
            "profile_skills.3840022417": "Testmaster",
            "routing_languages.#": "0",
            "routing_skills.#": "0",
            "routing_utilization.#": "0",
            "state": "active",
            "title": ""
          },
          "sensitive_attributes": []
        }
      ]
    },
    {
      "mode": "managed",
      "type": "genesyscloud_user",
      "name": "c0844652-496c-4c62-aa20-b77c8c7b2fbc_mypurecloud_com_3326077140",
      "provider": "provider[\"registry.terraform.io/-/genesyscloud\"]",
      "instances": [
        {
          "schema_version": 1,
          "attributes_flat": {
            "acd_auto_answer": "false",
            "addresses.#": "0",
            "certifications.#": "0",
            "department": "Ministry of Testing",
            "division_id": "4a7e4f4b-e734-40b6-838e-557c5eedd49a",
            "email": "c0844652-496c-4c62-aa20-b77c8c7b2fbc@mypurecloud.com",
            "employer_info.#": "0",
            "id": "86fecf46-2afd-4d0f-8c38-0435c9e4912a",
            "locations.#": "0",
            "manager": "",
            "name": "GO SDK Tester",
            "profile_skills.#": "1",
            "profile_skills.3840022417": "Testmaster",
            "routing_languages.#": "0",
            "routing_skills.#": "0",
            "routing_utilization.#": "0",
            "state": "active",
            "title": ""
          },
          "sensitive_attributes": []
        }
      ]
    },
    {
      "mode": "managed",
      "type": "genesyscloud_user",
      "name": "c1c79daf-dc5f-46ca-b751-241db3a9a9f9_mypurecloud_com_4262479845",
      "provider": "provider[\"registry.terraform.io/-/genesyscloud\"]",
      "instances": [
        {
          "schema_version": 1,
          "attributes_flat": {
            "acd_auto_answer": "false",
            "addresses.#": "0",
            "certifications.#": "0",
            "department": "",
            "division_id": "4a7e4f4b-e734-40b6-838e-557c5eedd49a",
            "email": "c1c79daf-dc5f-46ca-b751-241db3a9a9f9@mypurecloud.com",
            "employer_info.#": "0",
            "id": "4330b39d-903c-4867-812d-7454322bd207",
            "locations.#": "0",
            "manager": "",
            "name": ".NET SDK Tester",
            "profile_skills.#": "0",
            "routing_languages.#": "0",
            "routing_skills.#": "0",
            "routing_utilization.#": "0",
            "state": "active",
            "title": ""
          },
          "sensitive_attributes": []
        }
      ]
    },
    {
      "mode": "managed",
      "type": "genesyscloud_user",
      "name": "c32b6f0d-b651-7ede-693d-f11439755be9_mypurecloud_com_1540906831",
      "provider": "provider[\"registry.terraform.io/-/genesyscloud\"]",
      "instances": [
        {
          "schema_version": 1,
          "attributes_flat": {
            "acd_auto_answer": "false",
            "addresses.#": "0",
            "certifications.#": "0",
            "department": "Ministry of Testing",
            "division_id": "4a7e4f4b-e734-40b6-838e-557c5eedd49a",
            "email": "c32b6f0d-b651-7ede-693d-f11439755be9@mypurecloud.com",
            "employer_info.#": "0",
            "id": "c5062572-0695-4875-a8cd-3947331c72eb",
            "locations.#": "0",
            "manager": "",
            "name": "JS SDK Tester",
            "profile_skills.#": "1",
            "profile_skills.3840022417": "Testmaster",
            "routing_languages.#": "0",
            "routing_skills.#": "0",
            "routing_utilization.#": "0",
            "state": "active",
            "title": ""
          },
          "sensitive_attributes": []
        }
      ]
    },
    {
      "mode": "managed",
      "type": "genesyscloud_user",
      "name": "c462f4b0-766d-424f-b925-02924d195c77_mypurecloud_com_2694027338",
      "provider": "provider[\"registry.terraform.io/-/genesyscloud\"]",
      "instances": [
        {
          "schema_version": 1,
          "attributes_flat": {
            "acd_auto_answer": "false",
            "addresses.#": "0",
            "certifications.#": "0",
            "department": "",
            "division_id": "4a7e4f4b-e734-40b6-838e-557c5eedd49a",
            "email": "c462f4b0-766d-424f-b925-02924d195c77@mypurecloud.com",
            "employer_info.#": "0",
            "id": "2ceae455-a0ef-4aa3-8a00-54172347603a",
            "locations.#": "0",
            "manager": "",
            "name": "Python SDK Tester",
            "profile_skills.#": "0",
            "routing_languages.#": "0",
            "routing_skills.#": "0",
            "routing_utilization.#": "0",
            "state": "active",
            "title": ""
          },
          "sensitive_attributes": []
        }
      ]
    },
    {
      "mode": "managed",
      "type": "genesyscloud_user",
      "name": "c58b5619-c8e4-45a9-b138-1e7cb76a842f_mypurecloud_com_1698792995",
      "provider": "provider[\"registry.terraform.io/-/genesyscloud\"]",
      "instances": [
        {
          "schema_version": 1,
          "attributes_flat": {
            "acd_auto_answer": "false",
            "addresses.#": "0",
            "certifications.#": "0",
            "department": "Ministry of Testing",
            "division_id": "4a7e4f4b-e734-40b6-838e-557c5eedd49a",
            "email": "c58b5619-c8e4-45a9-b138-1e7cb76a842f@mypurecloud.com",
            "employer_info.#": "0",
            "id": "5c4c49bd-3f47-46b3-b524-a892de786e76",
            "locations.#": "0",
            "manager": "",
            "name": "Java SDK Tester",
            "profile_skills.#": "1",
            "profile_skills.3840022417": "Testmaster",
            "routing_languages.#": "0",
            "routing_skills.#": "0",
            "routing_utilization.#": "0",
            "state": "active",
            "title": ""
          },
          "sensitive_attributes": []
        }
      ]
    },
    {
      "mode": "managed",
      "type": "genesyscloud_user",
      "name": "ca224171-67e6-444f-b6c0-a6babde37cf9_mypurecloud_com_2770023374",
      "provider": "provider[\"registry.terraform.io/-/genesyscloud\"]",
      "instances": [
        {
          "schema_version": 1,
          "attributes_flat": {
            "acd_auto_answer": "false",
            "addresses.#": "0",
            "certifications.#": "0",
            "department": "Ministry of Testing",
            "division_id": "4a7e4f4b-e734-40b6-838e-557c5eedd49a",
            "email": "ca224171-67e6-444f-b6c0-a6babde37cf9@mypurecloud.com",
            "employer_info.#": "0",
            "id": "be14659d-f378-4fc9-97b4-cfb0e131c5cc",
            "locations.#": "0",
            "manager": "",
            "name": "Python SDK Tester",
            "profile_skills.#": "1",
            "profile_skills.3840022417": "Testmaster",
            "routing_languages.#": "0",
            "routing_skills.#": "0",
            "routing_utilization.#": "0",
            "state": "active",
            "title": ""
          },
          "sensitive_attributes": []
        }
      ]
    },
    {
      "mode": "managed",
      "type": "genesyscloud_user",
      "name": "ca570883-b4c6-42c4-8d3e-1c2fc467310c_mypurecloud_com_1486532715",
      "provider": "provider[\"registry.terraform.io/-/genesyscloud\"]",
      "instances": [
        {
          "schema_version": 1,
          "attributes_flat": {
            "acd_auto_answer": "false",
            "addresses.#": "0",
            "certifications.#": "0",
            "department": "Ministry of Testing",
            "division_id": "4a7e4f4b-e734-40b6-838e-557c5eedd49a",
            "email": "ca570883-b4c6-42c4-8d3e-1c2fc467310c@mypurecloud.com",
            "employer_info.#": "0",
            "id": "6af69669-eb03-477a-8f63-268d35596e6d",
            "locations.#": "0",
            "manager": "",
            "name": "GO SDK Tester",
            "profile_skills.#": "1",
            "profile_skills.3840022417": "Testmaster",
            "routing_languages.#": "0",
            "routing_skills.#": "0",
            "routing_utilization.#": "0",
            "state": "active",
            "title": ""
          },
          "sensitive_attributes": []
        }
      ]
    },
    {
      "mode": "managed",
      "type": "genesyscloud_user",
      "name": "caea7def-3fe6-44ab-9140-f832aeb6604c_mypurecloud_com_3426150906",
      "provider": "provider[\"registry.terraform.io/-/genesyscloud\"]",
      "instances": [
        {
          "schema_version": 1,
          "attributes_flat": {
            "acd_auto_answer": "false",
            "addresses.#": "0",
            "certifications.#": "0",
            "department": "Ministry of Testing",
            "division_id": "4a7e4f4b-e734-40b6-838e-557c5eedd49a",
            "email": "caea7def-3fe6-44ab-9140-f832aeb6604c@mypurecloud.com",
            "employer_info.#": "0",
            "id": "e98c2ed6-7ad6-45a8-92c3-a18509f8d550",
            "locations.#": "0",
            "manager": "",
            "name": "GO SDK Tester",
            "profile_skills.#": "1",
            "profile_skills.3840022417": "Testmaster",
            "routing_languages.#": "0",
            "routing_skills.#": "0",
            "routing_utilization.#": "0",
            "state": "active",
            "title": ""
          },
          "sensitive_attributes": []
        }
      ]
    },
    {
      "mode": "managed",
      "type": "genesyscloud_user",
      "name": "cdc8c451-4451-4cf3-a817-bd7132192826_mypurecloud_com_2030913784",
      "provider": "provider[\"registry.terraform.io/-/genesyscloud\"]",
      "instances": [
        {
          "schema_version": 1,
          "attributes_flat": {
            "acd_auto_answer": "false",
            "addresses.#": "0",
            "certifications.#": "0",
            "department": "Ministry of Testing",
            "division_id": "4a7e4f4b-e734-40b6-838e-557c5eedd49a",
            "email": "cdc8c451-4451-4cf3-a817-bd7132192826@mypurecloud.com",
            "employer_info.#": "0",
            "id": "5e41258b-3f22-41cf-8fed-242c0683973f",
            "locations.#": "0",
            "manager": "",
            "name": "GO SDK Tester",
            "profile_skills.#": "1",
            "profile_skills.3840022417": "Testmaster",
            "routing_languages.#": "0",
            "routing_skills.#": "0",
            "routing_utilization.#": "0",
            "state": "active",
            "title": ""
          },
          "sensitive_attributes": []
        }
      ]
    },
    {
      "mode": "managed",
      "type": "genesyscloud_user",
      "name": "ce0fc81a-9c6a-4d6c-829f-9ae0086e9af0_mypurecloud_com_1064419165",
      "provider": "provider[\"registry.terraform.io/-/genesyscloud\"]",
      "instances": [
        {
          "schema_version": 1,
          "attributes_flat": {
            "acd_auto_answer": "false",
            "addresses.#": "0",
            "certifications.#": "0",
            "department": "Ministry of Testing",
            "division_id": "4a7e4f4b-e734-40b6-838e-557c5eedd49a",
            "email": "ce0fc81a-9c6a-4d6c-829f-9ae0086e9af0@mypurecloud.com",
            "employer_info.#": "0",
            "id": "7a364b6a-a212-42b9-abb7-3ae4f2cdc096",
            "locations.#": "0",
            "manager": "",
            "name": "GO SDK Tester",
            "profile_skills.#": "1",
            "profile_skills.3840022417": "Testmaster",
            "routing_languages.#": "0",
            "routing_skills.#": "0",
            "routing_utilization.#": "0",
            "state": "active",
            "title": ""
          },
          "sensitive_attributes": []
        }
      ]
    },
    {
      "mode": "managed",
      "type": "genesyscloud_user",
      "name": "cf0e8282-46ff-4d5d-a770-94adaff4f20b_mypurecloud_com_3507028354",
      "provider": "provider[\"registry.terraform.io/-/genesyscloud\"]",
      "instances": [
        {
          "schema_version": 1,
          "attributes_flat": {
            "acd_auto_answer": "false",
            "addresses.#": "0",
            "certifications.#": "0",
            "department": "",
            "division_id": "4a7e4f4b-e734-40b6-838e-557c5eedd49a",
            "email": "cf0e8282-46ff-4d5d-a770-94adaff4f20b@mypurecloud.com",
            "employer_info.#": "0",
            "id": "84ac5ee5-0e6a-435e-af0e-914fba8aae37",
            "locations.#": "0",
            "manager": "",
            "name": ".NET SDK Tester",
            "profile_skills.#": "0",
            "routing_languages.#": "0",
            "routing_skills.#": "0",
            "routing_utilization.#": "0",
            "state": "active",
            "title": ""
          },
          "sensitive_attributes": []
        }
      ]
    },
    {
      "mode": "managed",
      "type": "genesyscloud_user",
      "name": "cfe2873c-2b78-ea2b-3a75-3668799f7591_mypurecloud_com_286382091",
      "provider": "provider[\"registry.terraform.io/-/genesyscloud\"]",
      "instances": [
        {
          "schema_version": 1,
          "attributes_flat": {
            "acd_auto_answer": "false",
            "addresses.#": "0",
            "certifications.#": "0",
            "department": "Ministry of Testing",
            "division_id": "4a7e4f4b-e734-40b6-838e-557c5eedd49a",
            "email": "cfe2873c-2b78-ea2b-3a75-3668799f7591@mypurecloud.com",
            "employer_info.#": "0",
            "id": "510cfe71-f741-434f-bb1e-e8ca4eb782cb",
            "locations.#": "0",
            "manager": "",
            "name": "JS SDK Tester",
            "profile_skills.#": "1",
            "profile_skills.3840022417": "Testmaster",
            "routing_languages.#": "0",
            "routing_skills.#": "0",
            "routing_utilization.#": "0",
            "state": "active",
            "title": ""
          },
          "sensitive_attributes": []
        }
      ]
    },
    {
      "mode": "managed",
      "type": "genesyscloud_user",
      "name": "charlie_conneely_genesys_com_3029553671",
      "provider": "provider[\"registry.terraform.io/-/genesyscloud\"]",
      "instances": [
        {
          "schema_version": 1,
          "attributes_flat": {
            "acd_auto_answer": "false",
            "addresses.#": "1",
            "addresses.0.other_emails.#": "0",
            "addresses.0.phone_numbers.#": "1",
            "addresses.0.phone_numbers.3690795237.extension": "",
            "addresses.0.phone_numbers.3690795237.media_type": "PHONE",
            "addresses.0.phone_numbers.3690795237.number": "+353879342961",
            "addresses.0.phone_numbers.3690795237.type": "WORK",
            "certifications.#": "0",
            "department": "",
            "division_id": "4a7e4f4b-e734-40b6-838e-557c5eedd49a",
            "email": "charlie.conneely@genesys.com",
            "employer_info.#": "0",
            "id": "d1d53282-8699-45f3-8289-515d5a9884a8",
            "locations.#": "0",
            "manager": "",
            "name": "Charlie Conneely",
            "profile_skills.#": "0",
            "routing_languages.#": "0",
            "routing_skills.#": "0",
            "routing_utilization.#": "0",
            "state": "active",
            "title": ""
          },
          "sensitive_attributes": []
        }
      ]
    },
    {
      "mode": "managed",
      "type": "genesyscloud_user",
      "name": "clitestinguser8861234_waynecorp_com_771184539",
      "provider": "provider[\"registry.terraform.io/-/genesyscloud\"]",
      "instances": [
        {
          "schema_version": 1,
          "attributes_flat": {
            "acd_auto_answer": "false",
            "addresses.#": "0",
            "certifications.#": "0",
            "department": "",
            "division_id": "4a7e4f4b-e734-40b6-838e-557c5eedd49a",
            "email": "clitestinguser8861234@waynecorp.com",
            "employer_info.#": "0",
            "id": "266446fa-5f1d-4b2f-a472-a9fb3e7565dd",
            "locations.#": "0",
            "manager": "",
            "name": "CliTesting User8861234",
            "profile_skills.#": "0",
            "routing_languages.#": "0",
            "routing_skills.#": "0",
            "routing_utilization.#": "0",
            "state": "active",
            "title": ""
          },
          "sensitive_attributes": []
        }
      ]
    },
    {
      "mode": "managed",
      "type": "genesyscloud_user",
      "name": "clitestinguser8861234laaaaaaa_waynecorp_com_1327306608",
      "provider": "provider[\"registry.terraform.io/-/genesyscloud\"]",
      "instances": [
        {
          "schema_version": 1,
          "attributes_flat": {
            "acd_auto_answer": "false",
            "addresses.#": "0",
            "certifications.#": "0",
            "department": "",
            "division_id": "4a7e4f4b-e734-40b6-838e-557c5eedd49a",
            "email": "clitestinguser8861234laaaaaaa@waynecorp.com",
            "employer_info.#": "0",
            "id": "62767a5d-9827-4672-9b8b-5ef116a7782c",
            "locations.#": "0",
            "manager": "",
            "name": "CliTesting User8861234laaaaaaa",
            "profile_skills.#": "0",
            "routing_languages.#": "0",
            "routing_skills.#": "0",
            "routing_utilization.#": "0",
            "state": "active",
            "title": ""
          },
          "sensitive_attributes": []
        }
      ]
    },
    {
      "mode": "managed",
      "type": "genesyscloud_user",
      "name": "clitestinguser8861234laaaaaaaaaa_waynecorp_com_1659385201",
      "provider": "provider[\"registry.terraform.io/-/genesyscloud\"]",
      "instances": [
        {
          "schema_version": 1,
          "attributes_flat": {
            "acd_auto_answer": "false",
            "addresses.#": "0",
            "certifications.#": "0",
            "department": "",
            "division_id": "4a7e4f4b-e734-40b6-838e-557c5eedd49a",
            "email": "clitestinguser8861234laaaaaaaaaa@waynecorp.com",
            "employer_info.#": "0",
            "id": "4393e1fa-79ae-4fbe-a716-fae5349222df",
            "locations.#": "0",
            "manager": "",
            "name": "CliTesting User8861234laaaaaaaaaa",
            "profile_skills.#": "0",
            "routing_languages.#": "0",
            "routing_skills.#": "0",
            "routing_utilization.#": "0",
            "state": "active",
            "title": ""
          },
          "sensitive_attributes": []
        }
      ]
    },
    {
      "mode": "managed",
      "type": "genesyscloud_user",
      "name": "d221f202-6da8-ed34-12fa-bee6edae447a_mypurecloud_com_2725561204",
      "provider": "provider[\"registry.terraform.io/-/genesyscloud\"]",
      "instances": [
        {
          "schema_version": 1,
          "attributes_flat": {
            "acd_auto_answer": "false",
            "addresses.#": "0",
            "certifications.#": "0",
            "department": "Ministry of Testing",
            "division_id": "4a7e4f4b-e734-40b6-838e-557c5eedd49a",
            "email": "d221f202-6da8-ed34-12fa-bee6edae447a@mypurecloud.com",
            "employer_info.#": "0",
            "id": "1fa06da4-9cbe-4d7e-a058-d50c887c7271",
            "locations.#": "0",
            "manager": "",
            "name": "JS SDK Tester",
            "profile_skills.#": "1",
            "profile_skills.3840022417": "Testmaster",
            "routing_languages.#": "0",
            "routing_skills.#": "0",
            "routing_utilization.#": "0",
            "state": "active",
            "title": ""
          },
          "sensitive_attributes": []
        }
      ]
    },
    {
      "mode": "managed",
      "type": "genesyscloud_user",
      "name": "d34db063-361c-4c7f-a8e4-618edeaf6a94_mypurecloud_com_1109582720",
      "provider": "provider[\"registry.terraform.io/-/genesyscloud\"]",
      "instances": [
        {
          "schema_version": 1,
          "attributes_flat": {
            "acd_auto_answer": "false",
            "addresses.#": "0",
            "certifications.#": "0",
            "department": "Ministry of Testing",
            "division_id": "4a7e4f4b-e734-40b6-838e-557c5eedd49a",
            "email": "d34db063-361c-4c7f-a8e4-618edeaf6a94@mypurecloud.com",
            "employer_info.#": "0",
            "id": "e1063b88-5bc5-400b-9730-7be8b36e73ce",
            "locations.#": "0",
            "manager": "",
            "name": "GO SDK Tester",
            "profile_skills.#": "1",
            "profile_skills.3840022417": "Testmaster",
            "routing_languages.#": "0",
            "routing_skills.#": "0",
            "routing_utilization.#": "0",
            "state": "active",
            "title": ""
          },
          "sensitive_attributes": []
        }
      ]
    },
    {
      "mode": "managed",
      "type": "genesyscloud_user",
      "name": "d3b37558-2f0d-4552-8175-b37a0d745cb8_mypurecloud_com_3440889683",
      "provider": "provider[\"registry.terraform.io/-/genesyscloud\"]",
      "instances": [
        {
          "schema_version": 1,
          "attributes_flat": {
            "acd_auto_answer": "false",
            "addresses.#": "0",
            "certifications.#": "0",
            "department": "Ministry of Testing",
            "division_id": "4a7e4f4b-e734-40b6-838e-557c5eedd49a",
            "email": "d3b37558-2f0d-4552-8175-b37a0d745cb8@mypurecloud.com",
            "employer_info.#": "0",
            "id": "5a721aec-b6f6-4e77-9bb3-140ed2cfa2a5",
            "locations.#": "0",
            "manager": "",
            "name": "GO SDK Tester",
            "profile_skills.#": "1",
            "profile_skills.3840022417": "Testmaster",
            "routing_languages.#": "0",
            "routing_skills.#": "0",
            "routing_utilization.#": "0",
            "state": "active",
            "title": ""
          },
          "sensitive_attributes": []
        }
      ]
    },
    {
      "mode": "managed",
      "type": "genesyscloud_user",
      "name": "d7d94678-1b18-a700-30d6-6da8ff4153f2_mypurecloud_com_1129091401",
      "provider": "provider[\"registry.terraform.io/-/genesyscloud\"]",
      "instances": [
        {
          "schema_version": 1,
          "attributes_flat": {
            "acd_auto_answer": "false",
            "addresses.#": "0",
            "certifications.#": "0",
            "department": "Ministry of Testing",
            "division_id": "4a7e4f4b-e734-40b6-838e-557c5eedd49a",
            "email": "d7d94678-1b18-a700-30d6-6da8ff4153f2@mypurecloud.com",
            "employer_info.#": "0",
            "id": "2fcfd8a7-3740-4221-a661-fdec4b44cb1e",
            "locations.#": "0",
            "manager": "",
            "name": "JS SDK Tester",
            "profile_skills.#": "1",
            "profile_skills.3840022417": "Testmaster",
            "routing_languages.#": "0",
            "routing_skills.#": "0",
            "routing_utilization.#": "0",
            "state": "active",
            "title": ""
          },
          "sensitive_attributes": []
        }
      ]
    },
    {
      "mode": "managed",
      "type": "genesyscloud_user",
      "name": "d9f681f8-b6fd-9d94-f00d-2420d630065f_mypurecloud_com_3675870745",
      "provider": "provider[\"registry.terraform.io/-/genesyscloud\"]",
      "instances": [
        {
          "schema_version": 1,
          "attributes_flat": {
            "acd_auto_answer": "false",
            "addresses.#": "0",
            "certifications.#": "0",
            "department": "Ministry of Testing",
            "division_id": "4a7e4f4b-e734-40b6-838e-557c5eedd49a",
            "email": "d9f681f8-b6fd-9d94-f00d-2420d630065f@mypurecloud.com",
            "employer_info.#": "0",
            "id": "c9fb85fb-7f7f-4aa4-84d9-52e0bbe734b4",
            "locations.#": "0",
            "manager": "",
            "name": "JS SDK Tester",
            "profile_skills.#": "1",
            "profile_skills.3840022417": "Testmaster",
            "routing_languages.#": "0",
            "routing_skills.#": "0",
            "routing_utilization.#": "0",
            "state": "active",
            "title": ""
          },
          "sensitive_attributes": []
        }
      ]
    },
    {
      "mode": "managed",
      "type": "genesyscloud_user",
      "name": "da27512d-2c30-4902-ac30-cd8ce1526552_mypurecloud_com_2151483608",
      "provider": "provider[\"registry.terraform.io/-/genesyscloud\"]",
      "instances": [
        {
          "schema_version": 1,
          "attributes_flat": {
            "acd_auto_answer": "false",
            "addresses.#": "0",
            "certifications.#": "0",
            "department": "",
            "division_id": "4a7e4f4b-e734-40b6-838e-557c5eedd49a",
            "email": "da27512d-2c30-4902-ac30-cd8ce1526552@mypurecloud.com",
            "employer_info.#": "0",
            "id": "64a041d7-bb51-4a34-a01e-b0b15e087b7d",
            "locations.#": "0",
            "manager": "fc627781-ea42-467f-ab60-d329f08122f7",
            "name": ".NET SDK Tester",
            "profile_skills.#": "0",
            "routing_languages.#": "0",
            "routing_skills.#": "0",
            "routing_utilization.#": "0",
            "state": "active",
            "title": ""
          },
          "sensitive_attributes": []
        }
      ]
    },
    {
      "mode": "managed",
      "type": "genesyscloud_user",
      "name": "danna_shirley_genesys_com_3066598670",
      "provider": "provider[\"registry.terraform.io/-/genesyscloud\"]",
      "instances": [
        {
          "schema_version": 1,
          "attributes_flat": {
            "acd_auto_answer": "false",
            "addresses.#": "0",
            "certifications.#": "0",
            "department": "",
            "division_id": "4a7e4f4b-e734-40b6-838e-557c5eedd49a",
            "email": "danna.shirley@genesys.com",
            "employer_info.#": "0",
            "id": "e97b14d4-032b-455e-87ac-267773b9788e",
            "locations.#": "0",
            "manager": "",
            "name": "Danna Shirley",
            "profile_skills.#": "0",
            "routing_languages.#": "0",
            "routing_skills.#": "0",
            "routing_utilization.#": "0",
            "state": "active",
            "title": ""
          },
          "sensitive_attributes": []
        }
      ]
    },
    {
      "mode": "managed",
      "type": "genesyscloud_user",
      "name": "db4a7a76-e27d-4087-9088-7c2bad832bac_mypurecloud_com_1033813735",
      "provider": "provider[\"registry.terraform.io/-/genesyscloud\"]",
      "instances": [
        {
          "schema_version": 1,
          "attributes_flat": {
            "acd_auto_answer": "false",
            "addresses.#": "0",
            "certifications.#": "0",
            "department": "Ministry of Testing",
            "division_id": "4a7e4f4b-e734-40b6-838e-557c5eedd49a",
            "email": "db4a7a76-e27d-4087-9088-7c2bad832bac@mypurecloud.com",
            "employer_info.#": "0",
            "id": "488dabc1-9ff0-4599-84fe-281035a1d2b8",
            "locations.#": "0",
            "manager": "",
            "name": "Java SDK Tester",
            "profile_skills.#": "1",
            "profile_skills.3840022417": "Testmaster",
            "routing_languages.#": "0",
            "routing_skills.#": "0",
            "routing_utilization.#": "0",
            "state": "active",
            "title": ""
          },
          "sensitive_attributes": []
        }
      ]
    },
    {
      "mode": "managed",
      "type": "genesyscloud_user",
      "name": "db7acb36-27b2-4326-8d80-ab4fca07bb86_mypurecloud_com_3513788035",
      "provider": "provider[\"registry.terraform.io/-/genesyscloud\"]",
      "instances": [
        {
          "schema_version": 1,
          "attributes_flat": {
            "acd_auto_answer": "false",
            "addresses.#": "0",
            "certifications.#": "0",
            "department": "",
            "division_id": "4a7e4f4b-e734-40b6-838e-557c5eedd49a",
            "email": "db7acb36-27b2-4326-8d80-ab4fca07bb86@mypurecloud.com",
            "employer_info.#": "0",
            "id": "6b35798e-12c1-4568-8e8b-f385a219220f",
            "locations.#": "0",
            "manager": "",
            "name": "Ruby SDK Tester",
            "profile_skills.#": "0",
            "routing_languages.#": "0",
            "routing_skills.#": "0",
            "routing_utilization.#": "0",
            "state": "active",
            "title": ""
          },
          "sensitive_attributes": []
        }
      ]
    },
    {
      "mode": "managed",
      "type": "genesyscloud_user",
      "name": "dc85f3dc-9ade-4818-927f-dce6be164d90_mypurecloud_com_43537244",
      "provider": "provider[\"registry.terraform.io/-/genesyscloud\"]",
      "instances": [
        {
          "schema_version": 1,
          "attributes_flat": {
            "acd_auto_answer": "false",
            "addresses.#": "0",
            "certifications.#": "0",
            "department": "Ministry of Testing",
            "division_id": "4a7e4f4b-e734-40b6-838e-557c5eedd49a",
            "email": "dc85f3dc-9ade-4818-927f-dce6be164d90@mypurecloud.com",
            "employer_info.#": "0",
            "id": "41d7f012-7a2d-4f0c-a091-da2088cb36eb",
            "locations.#": "0",
            "manager": "",
            "name": "GO SDK Tester",
            "profile_skills.#": "1",
            "profile_skills.3840022417": "Testmaster",
            "routing_languages.#": "0",
            "routing_skills.#": "0",
            "routing_utilization.#": "0",
            "state": "active",
            "title": ""
          },
          "sensitive_attributes": []
        }
      ]
    },
    {
      "mode": "managed",
      "type": "genesyscloud_user",
      "name": "dd835553-7729-4d12-bb16-cd38edda0052_mypurecloud_com_1431398304",
      "provider": "provider[\"registry.terraform.io/-/genesyscloud\"]",
      "instances": [
        {
          "schema_version": 1,
          "attributes_flat": {
            "acd_auto_answer": "false",
            "addresses.#": "0",
            "certifications.#": "0",
            "department": "Ministry of Testing",
            "division_id": "4a7e4f4b-e734-40b6-838e-557c5eedd49a",
            "email": "dd835553-7729-4d12-bb16-cd38edda0052@mypurecloud.com",
            "employer_info.#": "0",
            "id": "7277e442-0885-465f-a1a1-d6b73e2564e9",
            "locations.#": "0",
            "manager": "",
            "name": "Python SDK Tester",
            "profile_skills.#": "1",
            "profile_skills.3840022417": "Testmaster",
            "routing_languages.#": "0",
            "routing_skills.#": "0",
            "routing_utilization.#": "0",
            "state": "active",
            "title": ""
          },
          "sensitive_attributes": []
        }
      ]
    },
    {
      "mode": "managed",
      "type": "genesyscloud_user",
      "name": "declan_ginty_genesys_com_1944883390",
      "provider": "provider[\"registry.terraform.io/-/genesyscloud\"]",
      "instances": [
        {
          "schema_version": 1,
          "attributes_flat": {
            "acd_auto_answer": "false",
            "addresses.#": "0",
            "certifications.#": "0",
            "department": "",
            "division_id": "4a7e4f4b-e734-40b6-838e-557c5eedd49a",
            "email": "declan.ginty@genesys.com",
            "employer_info.#": "0",
            "id": "e34cdba1-f61b-47a4-89c7-4bff14a4dcfa",
            "locations.#": "0",
            "manager": "",
            "name": "Declan Ginty",
            "profile_skills.#": "0",
            "routing_languages.#": "0",
            "routing_skills.#": "0",
            "routing_utilization.#": "0",
            "state": "active",
            "title": ""
          },
          "sensitive_attributes": []
        }
      ]
    },
    {
      "mode": "managed",
      "type": "genesyscloud_user",
      "name": "deerghayu_shrestha_genesys_com_2065073142",
      "provider": "provider[\"registry.terraform.io/-/genesyscloud\"]",
      "instances": [
        {
          "schema_version": 1,
          "attributes_flat": {
            "acd_auto_answer": "false",
            "addresses.#": "0",
            "certifications.#": "0",
            "department": "",
            "division_id": "4a7e4f4b-e734-40b6-838e-557c5eedd49a",
            "email": "deerghayu.shrestha@genesys.com",
            "employer_info.#": "0",
            "id": "9c332cc7-6625-432b-aa98-c05a967acb5e",
            "locations.#": "0",
            "manager": "",
            "name": "Deerghayu Shrestha",
            "profile_skills.#": "0",
            "routing_languages.#": "0",
            "routing_skills.#": "0",
            "routing_utilization.#": "0",
            "state": "active",
            "title": ""
          },
          "sensitive_attributes": []
        }
      ]
    },
    {
      "mode": "managed",
      "type": "genesyscloud_user",
      "name": "e016fd75-cf02-42f7-980b-e14ba8673390_mypurecloud_com_3138933251",
      "provider": "provider[\"registry.terraform.io/-/genesyscloud\"]",
      "instances": [
        {
          "schema_version": 1,
          "attributes_flat": {
            "acd_auto_answer": "false",
            "addresses.#": "0",
            "certifications.#": "0",
            "department": "Ministry of Testing",
            "division_id": "4a7e4f4b-e734-40b6-838e-557c5eedd49a",
            "email": "e016fd75-cf02-42f7-980b-e14ba8673390@mypurecloud.com",
            "employer_info.#": "0",
            "id": "a6a90c52-f8ea-44d1-a44b-b19f9fd6b8b1",
            "locations.#": "0",
            "manager": "",
            "name": "GO SDK Tester",
            "profile_skills.#": "1",
            "profile_skills.3840022417": "Testmaster",
            "routing_languages.#": "0",
            "routing_skills.#": "0",
            "routing_utilization.#": "0",
            "state": "active",
            "title": ""
          },
          "sensitive_attributes": []
        }
      ]
    },
    {
      "mode": "managed",
      "type": "genesyscloud_user",
      "name": "e0320dcb-3e32-4e74-9007-582209261ade_mypurecloud_com_3999820192",
      "provider": "provider[\"registry.terraform.io/-/genesyscloud\"]",
      "instances": [
        {
          "schema_version": 1,
          "attributes_flat": {
            "acd_auto_answer": "false",
            "addresses.#": "0",
            "certifications.#": "0",
            "department": "",
            "division_id": "4a7e4f4b-e734-40b6-838e-557c5eedd49a",
            "email": "e0320dcb-3e32-4e74-9007-582209261ade@mypurecloud.com",
            "employer_info.#": "0",
            "id": "aaf82963-0355-4bff-805d-7fb23ba584ba",
            "locations.#": "0",
            "manager": "",
            "name": "GO SDK Tester",
            "profile_skills.#": "0",
            "routing_languages.#": "0",
            "routing_skills.#": "0",
            "routing_utilization.#": "0",
            "state": "active",
            "title": ""
          },
          "sensitive_attributes": []
        }
      ]
    },
    {
      "mode": "managed",
      "type": "genesyscloud_user",
      "name": "e0a12407-160b-4952-8a23-14aecca0b89a_mypurecloud_com_1352055370",
      "provider": "provider[\"registry.terraform.io/-/genesyscloud\"]",
      "instances": [
        {
          "schema_version": 1,
          "attributes_flat": {
            "acd_auto_answer": "false",
            "addresses.#": "0",
            "certifications.#": "0",
            "department": "",
            "division_id": "4a7e4f4b-e734-40b6-838e-557c5eedd49a",
            "email": "e0a12407-160b-4952-8a23-14aecca0b89a@mypurecloud.com",
            "employer_info.#": "0",
            "id": "5c320998-8b94-4972-b97b-768fc25de634",
            "locations.#": "0",
            "manager": "",
            "name": ".NET SDK Tester",
            "profile_skills.#": "0",
            "routing_languages.#": "0",
            "routing_skills.#": "0",
            "routing_utilization.#": "0",
            "state": "active",
            "title": ""
          },
          "sensitive_attributes": []
        }
      ]
    },
    {
      "mode": "managed",
      "type": "genesyscloud_user",
      "name": "e1048a23-91eb-4b9d-a397-578d2155ba36_mypurecloud_com_1300090532",
      "provider": "provider[\"registry.terraform.io/-/genesyscloud\"]",
      "instances": [
        {
          "schema_version": 1,
          "attributes_flat": {
            "acd_auto_answer": "false",
            "addresses.#": "0",
            "certifications.#": "0",
            "department": "Ministry of Testing",
            "division_id": "4a7e4f4b-e734-40b6-838e-557c5eedd49a",
            "email": "e1048a23-91eb-4b9d-a397-578d2155ba36@mypurecloud.com",
            "employer_info.#": "0",
            "id": "9a42e786-bf11-4308-9428-202dac00e6ba",
            "locations.#": "0",
            "manager": "",
            "name": "GO SDK Tester",
            "profile_skills.#": "1",
            "profile_skills.3840022417": "Testmaster",
            "routing_languages.#": "0",
            "routing_skills.#": "0",
            "routing_utilization.#": "0",
            "state": "active",
            "title": ""
          },
          "sensitive_attributes": []
        }
      ]
    },
    {
      "mode": "managed",
      "type": "genesyscloud_user",
      "name": "e35041c9-0296-4ac2-a654-003e554e9b11_mypurecloud_com_2981283740",
      "provider": "provider[\"registry.terraform.io/-/genesyscloud\"]",
      "instances": [
        {
          "schema_version": 1,
          "attributes_flat": {
            "acd_auto_answer": "false",
            "addresses.#": "0",
            "certifications.#": "0",
            "department": "Ministry of Testing",
            "division_id": "4a7e4f4b-e734-40b6-838e-557c5eedd49a",
            "email": "e35041c9-0296-4ac2-a654-003e554e9b11@mypurecloud.com",
            "employer_info.#": "0",
            "id": "159fc499-77df-4e02-baca-1e3406de3cbc",
            "locations.#": "0",
            "manager": "",
            "name": "Java SDK Tester",
            "profile_skills.#": "1",
            "profile_skills.3840022417": "Testmaster",
            "routing_languages.#": "0",
            "routing_skills.#": "0",
            "routing_utilization.#": "0",
            "state": "active",
            "title": ""
          },
          "sensitive_attributes": []
        }
      ]
    },
    {
      "mode": "managed",
      "type": "genesyscloud_user",
      "name": "e4364956-f33a-c586-404f-5901f6335dc2_mypurecloud_com_1195091077",
      "provider": "provider[\"registry.terraform.io/-/genesyscloud\"]",
      "instances": [
        {
          "schema_version": 1,
          "attributes_flat": {
            "acd_auto_answer": "false",
            "addresses.#": "0",
            "certifications.#": "0",
            "department": "Ministry of Testing",
            "division_id": "4a7e4f4b-e734-40b6-838e-557c5eedd49a",
            "email": "e4364956-f33a-c586-404f-5901f6335dc2@mypurecloud.com",
            "employer_info.#": "0",
            "id": "7347aafe-8a68-4461-8d82-76bb80d21ed8",
            "locations.#": "0",
            "manager": "",
            "name": "JS SDK Tester",
            "profile_skills.#": "1",
            "profile_skills.3840022417": "Testmaster",
            "routing_languages.#": "0",
            "routing_skills.#": "0",
            "routing_utilization.#": "0",
            "state": "active",
            "title": ""
          },
          "sensitive_attributes": []
        }
      ]
    },
    {
      "mode": "managed",
      "type": "genesyscloud_user",
      "name": "e465b7ff-ee53-4fba-81cc-bb86dd2f9c58_mypurecloud_com_3510443445",
      "provider": "provider[\"registry.terraform.io/-/genesyscloud\"]",
      "instances": [
        {
          "schema_version": 1,
          "attributes_flat": {
            "acd_auto_answer": "false",
            "addresses.#": "0",
            "certifications.#": "0",
            "department": "Ministry of Testing",
            "division_id": "4a7e4f4b-e734-40b6-838e-557c5eedd49a",
            "email": "e465b7ff-ee53-4fba-81cc-bb86dd2f9c58@mypurecloud.com",
            "employer_info.#": "0",
            "id": "979b4e38-81a7-4678-a5ce-1d4028cb7db9",
            "locations.#": "0",
            "manager": "",
            "name": ".NET SDK Tester",
            "profile_skills.#": "1",
            "profile_skills.3840022417": "Testmaster",
            "routing_languages.#": "0",
            "routing_skills.#": "0",
            "routing_utilization.#": "0",
            "state": "active",
            "title": ""
          },
          "sensitive_attributes": []
        }
      ]
    },
    {
      "mode": "managed",
      "type": "genesyscloud_user",
      "name": "e493223e-4d92-bcf8-08d4-85963df25eb8_mypurecloud_com_801016985",
      "provider": "provider[\"registry.terraform.io/-/genesyscloud\"]",
      "instances": [
        {
          "schema_version": 1,
          "attributes_flat": {
            "acd_auto_answer": "false",
            "addresses.#": "0",
            "certifications.#": "0",
            "department": "Ministry of Testing",
            "division_id": "4a7e4f4b-e734-40b6-838e-557c5eedd49a",
            "email": "e493223e-4d92-bcf8-08d4-85963df25eb8@mypurecloud.com",
            "employer_info.#": "0",
            "id": "60be52d5-113a-46c8-ba4f-d4a0946e2b0b",
            "locations.#": "0",
            "manager": "",
            "name": "JS SDK Tester",
            "profile_skills.#": "1",
            "profile_skills.3840022417": "Testmaster",
            "routing_languages.#": "0",
            "routing_skills.#": "0",
            "routing_utilization.#": "0",
            "state": "active",
            "title": ""
          },
          "sensitive_attributes": []
        }
      ]
    },
    {
      "mode": "managed",
      "type": "genesyscloud_user",
      "name": "e5c75d83-8f2d-471d-91fa-163f24bc5649_mypurecloud_com_4273774917",
      "provider": "provider[\"registry.terraform.io/-/genesyscloud\"]",
      "instances": [
        {
          "schema_version": 1,
          "attributes_flat": {
            "acd_auto_answer": "false",
            "addresses.#": "0",
            "certifications.#": "0",
            "department": "Ministry of Testing",
            "division_id": "4a7e4f4b-e734-40b6-838e-557c5eedd49a",
            "email": "e5c75d83-8f2d-471d-91fa-163f24bc5649@mypurecloud.com",
            "employer_info.#": "0",
            "id": "99451753-04f5-4baf-ae34-9031befd384a",
            "locations.#": "0",
            "manager": "",
            "name": "GO SDK Tester",
            "profile_skills.#": "1",
            "profile_skills.3840022417": "Testmaster",
            "routing_languages.#": "0",
            "routing_skills.#": "0",
            "routing_utilization.#": "0",
            "state": "active",
            "title": ""
          },
          "sensitive_attributes": []
        }
      ]
    },
    {
      "mode": "managed",
      "type": "genesyscloud_user",
      "name": "e5cd73ee-71d1-44a1-b71f-9f3c79b5bf56_mypurecloud_com_2808516380",
      "provider": "provider[\"registry.terraform.io/-/genesyscloud\"]",
      "instances": [
        {
          "schema_version": 1,
          "attributes_flat": {
            "acd_auto_answer": "false",
            "addresses.#": "0",
            "certifications.#": "0",
            "department": "Ministry of Testing",
            "division_id": "4a7e4f4b-e734-40b6-838e-557c5eedd49a",
            "email": "e5cd73ee-71d1-44a1-b71f-9f3c79b5bf56@mypurecloud.com",
            "employer_info.#": "0",
            "id": "c7f0bad3-6b7b-47d8-803a-88705071b971",
            "locations.#": "0",
            "manager": "",
            "name": "Java SDK Tester",
            "profile_skills.#": "1",
            "profile_skills.3840022417": "Testmaster",
            "routing_languages.#": "0",
            "routing_skills.#": "0",
            "routing_utilization.#": "0",
            "state": "active",
            "title": ""
          },
          "sensitive_attributes": []
        }
      ]
    },
    {
      "mode": "managed",
      "type": "genesyscloud_user",
      "name": "e60ba9d5-4d94-40a9-aedd-f00b7fc29726_mypurecloud_com_3667348634",
      "provider": "provider[\"registry.terraform.io/-/genesyscloud\"]",
      "instances": [
        {
          "schema_version": 1,
          "attributes_flat": {
            "acd_auto_answer": "false",
            "addresses.#": "0",
            "certifications.#": "0",
            "department": "Ministry of Testing",
            "division_id": "4a7e4f4b-e734-40b6-838e-557c5eedd49a",
            "email": "e60ba9d5-4d94-40a9-aedd-f00b7fc29726@mypurecloud.com",
            "employer_info.#": "0",
            "id": "eeac535a-093b-48cd-9b72-92e2f3ccd9fa",
            "locations.#": "0",
            "manager": "",
            "name": "Java SDK Tester",
            "profile_skills.#": "1",
            "profile_skills.3840022417": "Testmaster",
            "routing_languages.#": "0",
            "routing_skills.#": "0",
            "routing_utilization.#": "0",
            "state": "active",
            "title": ""
          },
          "sensitive_attributes": []
        }
      ]
    },
    {
      "mode": "managed",
      "type": "genesyscloud_user",
      "name": "e6abab53-7606-45c1-9c7d-3761e9fbf775_mypurecloud_com_3068150225",
      "provider": "provider[\"registry.terraform.io/-/genesyscloud\"]",
      "instances": [
        {
          "schema_version": 1,
          "attributes_flat": {
            "acd_auto_answer": "false",
            "addresses.#": "0",
            "certifications.#": "0",
            "department": "Ministry of Testing",
            "division_id": "4a7e4f4b-e734-40b6-838e-557c5eedd49a",
            "email": "e6abab53-7606-45c1-9c7d-3761e9fbf775@mypurecloud.com",
            "employer_info.#": "0",
            "id": "667f9adc-0985-4710-b111-55db9252f77c",
            "locations.#": "0",
            "manager": "",
            "name": "GO SDK Tester",
            "profile_skills.#": "1",
            "profile_skills.3840022417": "Testmaster",
            "routing_languages.#": "0",
            "routing_skills.#": "0",
            "routing_utilization.#": "0",
            "state": "active",
            "title": ""
          },
          "sensitive_attributes": []
        }
      ]
    },
    {
      "mode": "managed",
      "type": "genesyscloud_user",
      "name": "e715a0d4-402e-44cc-8402-f03ccf834917_mypurecloud_com_3219906542",
      "provider": "provider[\"registry.terraform.io/-/genesyscloud\"]",
      "instances": [
        {
          "schema_version": 1,
          "attributes_flat": {
            "acd_auto_answer": "false",
            "addresses.#": "0",
            "certifications.#": "0",
            "department": "Ministry of Testing",
            "division_id": "4a7e4f4b-e734-40b6-838e-557c5eedd49a",
            "email": "e715a0d4-402e-44cc-8402-f03ccf834917@mypurecloud.com",
            "employer_info.#": "0",
            "id": "a599e309-81db-4ac5-98bf-5f68b227343d",
            "locations.#": "0",
            "manager": "",
            "name": "Python SDK Tester",
            "profile_skills.#": "1",
            "profile_skills.3840022417": "Testmaster",
            "routing_languages.#": "0",
            "routing_skills.#": "0",
            "routing_utilization.#": "0",
            "state": "active",
            "title": ""
          },
          "sensitive_attributes": []
        }
      ]
    },
    {
      "mode": "managed",
      "type": "genesyscloud_user",
      "name": "e72fc0c5-a7f6-4f3e-821a-5ed421e53a52_mypurecloud_com_2421047474",
      "provider": "provider[\"registry.terraform.io/-/genesyscloud\"]",
      "instances": [
        {
          "schema_version": 1,
          "attributes_flat": {
            "acd_auto_answer": "false",
            "addresses.#": "0",
            "certifications.#": "0",
            "department": "Ministry of Testing",
            "division_id": "4a7e4f4b-e734-40b6-838e-557c5eedd49a",
            "email": "e72fc0c5-a7f6-4f3e-821a-5ed421e53a52@mypurecloud.com",
            "employer_info.#": "0",
            "id": "5f9a3c28-8d50-42e7-ba6a-a7a9c69fdb43",
            "locations.#": "0",
            "manager": "",
            "name": "GO SDK Tester",
            "profile_skills.#": "1",
            "profile_skills.3840022417": "Testmaster",
            "routing_languages.#": "0",
            "routing_skills.#": "0",
            "routing_utilization.#": "0",
            "state": "active",
            "title": ""
          },
          "sensitive_attributes": []
        }
      ]
    },
    {
      "mode": "managed",
      "type": "genesyscloud_user",
      "name": "e74a7236-367c-4759-afe9-3f7cdead1134_mypurecloud_com_2962336169",
      "provider": "provider[\"registry.terraform.io/-/genesyscloud\"]",
      "instances": [
        {
          "schema_version": 1,
          "attributes_flat": {
            "acd_auto_answer": "false",
            "addresses.#": "0",
            "certifications.#": "0",
            "department": "Ministry of Testing",
            "division_id": "4a7e4f4b-e734-40b6-838e-557c5eedd49a",
            "email": "e74a7236-367c-4759-afe9-3f7cdead1134@mypurecloud.com",
            "employer_info.#": "0",
            "id": "f61f60c2-955d-49a8-9674-bb2776d68b30",
            "locations.#": "0",
            "manager": "",
            "name": "GO SDK Tester",
            "profile_skills.#": "1",
            "profile_skills.3840022417": "Testmaster",
            "routing_languages.#": "0",
            "routing_skills.#": "0",
            "routing_utilization.#": "0",
            "state": "active",
            "title": ""
          },
          "sensitive_attributes": []
        }
      ]
    },
    {
      "mode": "managed",
      "type": "genesyscloud_user",
      "name": "e9bbb86f-1407-48f1-9d69-9b7ffb95b147_mypurecloud_com_2641060868",
      "provider": "provider[\"registry.terraform.io/-/genesyscloud\"]",
      "instances": [
        {
          "schema_version": 1,
          "attributes_flat": {
            "acd_auto_answer": "false",
            "addresses.#": "0",
            "certifications.#": "0",
            "department": "",
            "division_id": "4a7e4f4b-e734-40b6-838e-557c5eedd49a",
            "email": "e9bbb86f-1407-48f1-9d69-9b7ffb95b147@mypurecloud.com",
            "employer_info.#": "0",
            "id": "856bf772-43a0-401b-8315-89b3d8420a9d",
            "locations.#": "0",
            "manager": "",
            "name": ".NET SDK Tester",
            "profile_skills.#": "0",
            "routing_languages.#": "0",
            "routing_skills.#": "0",
            "routing_utilization.#": "0",
            "state": "active",
            "title": ""
          },
          "sensitive_attributes": []
        }
      ]
    },
    {
      "mode": "managed",
      "type": "genesyscloud_user",
      "name": "ebenezer_osei_genesys_com_3833907490",
      "provider": "provider[\"registry.terraform.io/-/genesyscloud\"]",
      "instances": [
        {
          "schema_version": 1,
          "attributes_flat": {
            "acd_auto_answer": "false",
            "addresses.#": "0",
            "certifications.#": "0",
            "department": "",
            "division_id": "4a7e4f4b-e734-40b6-838e-557c5eedd49a",
            "email": "ebenezer.osei@genesys.com",
            "employer_info.#": "0",
            "id": "84a1bdf4-151f-42d9-b706-69a5dd9dbc01",
            "locations.#": "0",
            "manager": "",
            "name": "Ebenezer Osei",
            "profile_skills.#": "0",
            "routing_languages.#": "0",
            "routing_skills.#": "0",
            "routing_utilization.#": "0",
            "state": "active",
            "title": ""
          },
          "sensitive_attributes": []
        }
      ]
    },
    {
      "mode": "managed",
      "type": "genesyscloud_user",
      "name": "ebenezerokyere21_gmail_com_3616270450",
      "provider": "provider[\"registry.terraform.io/-/genesyscloud\"]",
      "instances": [
        {
          "schema_version": 1,
          "attributes_flat": {
            "acd_auto_answer": "false",
            "addresses.#": "0",
            "certifications.#": "0",
            "department": "",
            "division_id": "4a7e4f4b-e734-40b6-838e-557c5eedd49a",
            "email": "ebenezerokyere21@gmail.com",
            "employer_info.#": "0",
            "id": "ba6ab5b4-9d70-46d0-bede-527ce097b7fe",
            "locations.#": "0",
            "manager": "",
            "name": "Kurosaki Ichigo",
            "profile_skills.#": "0",
            "routing_languages.#": "0",
            "routing_skills.#": "0",
            "routing_utilization.#": "0",
            "state": "active",
            "title": ""
          },
          "sensitive_attributes": []
        }
      ]
    },
    {
      "mode": "managed",
      "type": "genesyscloud_user",
      "name": "ee17542e-a44b-4e84-82d0-c2a57a220def_mypurecloud_com_3840451825",
      "provider": "provider[\"registry.terraform.io/-/genesyscloud\"]",
      "instances": [
        {
          "schema_version": 1,
          "attributes_flat": {
            "acd_auto_answer": "false",
            "addresses.#": "0",
            "certifications.#": "0",
            "department": "Ministry of Testing",
            "division_id": "4a7e4f4b-e734-40b6-838e-557c5eedd49a",
            "email": "ee17542e-a44b-4e84-82d0-c2a57a220def@mypurecloud.com",
            "employer_info.#": "0",
            "id": "a9d2557a-f6a2-440d-abf6-66e8269ec328",
            "locations.#": "0",
            "manager": "",
            "name": "GO SDK Tester",
            "profile_skills.#": "1",
            "profile_skills.3840022417": "Testmaster",
            "routing_languages.#": "0",
            "routing_skills.#": "0",
            "routing_utilization.#": "0",
            "state": "active",
            "title": ""
          },
          "sensitive_attributes": []
        }
      ]
    },
    {
      "mode": "managed",
      "type": "genesyscloud_user",
      "name": "eeca5807-3949-4911-9824-61c1c42539cf_mypurecloud_com_2621752940",
      "provider": "provider[\"registry.terraform.io/-/genesyscloud\"]",
      "instances": [
        {
          "schema_version": 1,
          "attributes_flat": {
            "acd_auto_answer": "false",
            "addresses.#": "0",
            "certifications.#": "0",
            "department": "Ministry of Testing",
            "division_id": "4a7e4f4b-e734-40b6-838e-557c5eedd49a",
            "email": "eeca5807-3949-4911-9824-61c1c42539cf@mypurecloud.com",
            "employer_info.#": "0",
            "id": "2f33c9c2-d3d9-487f-af2b-7a3a9188ab6d",
            "locations.#": "0",
            "manager": "",
            "name": "GO SDK Tester",
            "profile_skills.#": "1",
            "profile_skills.3840022417": "Testmaster",
            "routing_languages.#": "0",
            "routing_skills.#": "0",
            "routing_utilization.#": "0",
            "state": "active",
            "title": ""
          },
          "sensitive_attributes": []
        }
      ]
    },
    {
      "mode": "managed",
      "type": "genesyscloud_user",
      "name": "ef2d4faa-ec9f-439d-a627-b64503ffc5ef_mypurecloud_com_3726854660",
      "provider": "provider[\"registry.terraform.io/-/genesyscloud\"]",
      "instances": [
        {
          "schema_version": 1,
          "attributes_flat": {
            "acd_auto_answer": "false",
            "addresses.#": "0",
            "certifications.#": "0",
            "department": "Ministry of Testing",
            "division_id": "4a7e4f4b-e734-40b6-838e-557c5eedd49a",
            "email": "ef2d4faa-ec9f-439d-a627-b64503ffc5ef@mypurecloud.com",
            "employer_info.#": "0",
            "id": "39cd9d81-69a3-40f7-b7fb-913605b794cb",
            "locations.#": "0",
            "manager": "",
            "name": "GO SDK Tester",
            "profile_skills.#": "1",
            "profile_skills.3840022417": "Testmaster",
            "routing_languages.#": "0",
            "routing_skills.#": "0",
            "routing_utilization.#": "0",
            "state": "active",
            "title": ""
          },
          "sensitive_attributes": []
        }
      ]
    },
    {
      "mode": "managed",
      "type": "genesyscloud_user",
      "name": "employee_relatetest_com_3386861569",
      "provider": "provider[\"registry.terraform.io/-/genesyscloud\"]",
      "instances": [
        {
          "schema_version": 1,
          "attributes_flat": {
            "acd_auto_answer": "false",
            "addresses.#": "0",
            "certifications.#": "0",
            "department": "",
            "division_id": "4a7e4f4b-e734-40b6-838e-557c5eedd49a",
            "email": "employee@relatetest.com",
            "employer_info.#": "0",
            "id": "83bcea99-d68a-41f8-a304-25c405035cfa",
            "locations.#": "0",
            "manager": "",
            "name": "employee",
            "profile_skills.#": "0",
            "routing_languages.#": "0",
            "routing_skills.#": "0",
            "routing_utilization.#": "0",
            "state": "active",
            "title": ""
          },
          "sensitive_attributes": []
        }
      ]
    },
    {
      "mode": "managed",
      "type": "genesyscloud_user",
      "name": "f01bdf01-f954-4f1d-81ca-c6ba778c7e66_mypurecloud_com_2994007300",
      "provider": "provider[\"registry.terraform.io/-/genesyscloud\"]",
      "instances": [
        {
          "schema_version": 1,
          "attributes_flat": {
            "acd_auto_answer": "false",
            "addresses.#": "0",
            "certifications.#": "0",
            "department": "Ministry of Testing",
            "division_id": "4a7e4f4b-e734-40b6-838e-557c5eedd49a",
            "email": "f01bdf01-f954-4f1d-81ca-c6ba778c7e66@mypurecloud.com",
            "employer_info.#": "0",
            "id": "52cd95a9-809c-40f0-aac3-ddd13f89e033",
            "locations.#": "0",
            "manager": "",
            "name": "Python SDK Tester",
            "profile_skills.#": "1",
            "profile_skills.3840022417": "Testmaster",
            "routing_languages.#": "0",
            "routing_skills.#": "0",
            "routing_utilization.#": "0",
            "state": "active",
            "title": ""
          },
          "sensitive_attributes": []
        }
      ]
    },
    {
      "mode": "managed",
      "type": "genesyscloud_user",
      "name": "f34db4e3-d4df-4162-8f12-e277668c58bc_mypurecloud_com_2988249052",
      "provider": "provider[\"registry.terraform.io/-/genesyscloud\"]",
      "instances": [
        {
          "schema_version": 1,
          "attributes_flat": {
            "acd_auto_answer": "false",
            "addresses.#": "0",
            "certifications.#": "0",
            "department": "",
            "division_id": "4a7e4f4b-e734-40b6-838e-557c5eedd49a",
            "email": "f34db4e3-d4df-4162-8f12-e277668c58bc@mypurecloud.com",
            "employer_info.#": "0",
            "id": "33e81f05-f7ab-476e-82b8-2442603649ba",
            "locations.#": "0",
            "manager": "",
            "name": "GO SDK Tester",
            "profile_skills.#": "0",
            "routing_languages.#": "0",
            "routing_skills.#": "0",
            "routing_utilization.#": "0",
            "state": "active",
            "title": ""
          },
          "sensitive_attributes": []
        }
      ]
    },
    {
      "mode": "managed",
      "type": "genesyscloud_user",
      "name": "f397e1b5-98d4-41f2-8c11-44fb50055f8b_mypurecloud_com_475192773",
      "provider": "provider[\"registry.terraform.io/-/genesyscloud\"]",
      "instances": [
        {
          "schema_version": 1,
          "attributes_flat": {
            "acd_auto_answer": "false",
            "addresses.#": "0",
            "certifications.#": "0",
            "department": "Ministry of Testing",
            "division_id": "4a7e4f4b-e734-40b6-838e-557c5eedd49a",
            "email": "f397e1b5-98d4-41f2-8c11-44fb50055f8b@mypurecloud.com",
            "employer_info.#": "0",
            "id": "4a68e9f9-4504-483e-89b4-75dc53325442",
            "locations.#": "0",
            "manager": "",
            "name": "GO SDK Tester",
            "profile_skills.#": "1",
            "profile_skills.3840022417": "Testmaster",
            "routing_languages.#": "0",
            "routing_skills.#": "0",
            "routing_utilization.#": "0",
            "state": "active",
            "title": ""
          },
          "sensitive_attributes": []
        }
      ]
    },
    {
      "mode": "managed",
      "type": "genesyscloud_user",
      "name": "f597ef9d-068a-4366-acce-200bf279eb06_mypurecloud_com_377042927",
      "provider": "provider[\"registry.terraform.io/-/genesyscloud\"]",
      "instances": [
        {
          "schema_version": 1,
          "attributes_flat": {
            "acd_auto_answer": "false",
            "addresses.#": "0",
            "certifications.#": "0",
            "department": "Ministry of Testing",
            "division_id": "4a7e4f4b-e734-40b6-838e-557c5eedd49a",
            "email": "f597ef9d-068a-4366-acce-200bf279eb06@mypurecloud.com",
            "employer_info.#": "0",
            "id": "08558a10-d2b8-4bdf-97b0-0c43bc210af1",
            "locations.#": "0",
            "manager": "fc627781-ea42-467f-ab60-d329f08122f7",
            "name": "GO SDK Tester",
            "profile_skills.#": "1",
            "profile_skills.3840022417": "Testmaster",
            "routing_languages.#": "0",
            "routing_skills.#": "0",
            "routing_utilization.#": "0",
            "state": "active",
            "title": ""
          },
          "sensitive_attributes": []
        }
      ]
    },
    {
      "mode": "managed",
      "type": "genesyscloud_user",
      "name": "f6295658-cf41-456f-88d3-e0c5aa6abd5b_mypurecloud_com_1807328649",
      "provider": "provider[\"registry.terraform.io/-/genesyscloud\"]",
      "instances": [
        {
          "schema_version": 1,
          "attributes_flat": {
            "acd_auto_answer": "false",
            "addresses.#": "0",
            "certifications.#": "0",
            "department": "Ministry of Testing",
            "division_id": "4a7e4f4b-e734-40b6-838e-557c5eedd49a",
            "email": "f6295658-cf41-456f-88d3-e0c5aa6abd5b@mypurecloud.com",
            "employer_info.#": "0",
            "id": "83f7eedc-166d-470c-9409-6c787dbeb975",
            "locations.#": "0",
            "manager": "",
            "name": "GO SDK Tester",
            "profile_skills.#": "1",
            "profile_skills.3840022417": "Testmaster",
            "routing_languages.#": "0",
            "routing_skills.#": "0",
            "routing_utilization.#": "0",
            "state": "active",
            "title": ""
          },
          "sensitive_attributes": []
        }
      ]
    },
    {
      "mode": "managed",
      "type": "genesyscloud_user",
      "name": "f6f6feef-7c6f-4924-8df3-8158fbb335c3_mypurecloud_com_423205418",
      "provider": "provider[\"registry.terraform.io/-/genesyscloud\"]",
      "instances": [
        {
          "schema_version": 1,
          "attributes_flat": {
            "acd_auto_answer": "false",
            "addresses.#": "0",
            "certifications.#": "0",
            "department": "Ministry of Testing",
            "division_id": "4a7e4f4b-e734-40b6-838e-557c5eedd49a",
            "email": "f6f6feef-7c6f-4924-8df3-8158fbb335c3@mypurecloud.com",
            "employer_info.#": "0",
            "id": "377a3113-d828-4efe-a570-88c012915ffc",
            "locations.#": "0",
            "manager": "",
            "name": ".NET SDK Tester",
            "profile_skills.#": "1",
            "profile_skills.3840022417": "Testmaster",
            "routing_languages.#": "0",
            "routing_skills.#": "0",
            "routing_utilization.#": "0",
            "state": "active",
            "title": ""
          },
          "sensitive_attributes": []
        }
      ]
    },
    {
      "mode": "managed",
      "type": "genesyscloud_user",
      "name": "f98c2fd4-c882-406b-91cf-e5ea106402ad_mypurecloud_com_3696553685",
      "provider": "provider[\"registry.terraform.io/-/genesyscloud\"]",
      "instances": [
        {
          "schema_version": 1,
          "attributes_flat": {
            "acd_auto_answer": "false",
            "addresses.#": "0",
            "certifications.#": "0",
            "department": "Ministry of Testing",
            "division_id": "4a7e4f4b-e734-40b6-838e-557c5eedd49a",
            "email": "f98c2fd4-c882-406b-91cf-e5ea106402ad@mypurecloud.com",
            "employer_info.#": "0",
            "id": "14f9a07a-f12d-4cfd-b709-087eec30473d",
            "locations.#": "0",
            "manager": "",
            "name": "Kotlin SDK Tester",
            "profile_skills.#": "1",
            "profile_skills.3840022417": "Testmaster",
            "routing_languages.#": "0",
            "routing_skills.#": "0",
            "routing_utilization.#": "0",
            "state": "active",
            "title": ""
          },
          "sensitive_attributes": []
        }
      ]
    },
    {
      "mode": "managed",
      "type": "genesyscloud_user",
      "name": "fd4c1925-3f2e-4961-993b-09dfb0921615_mypurecloud_com_395756053",
      "provider": "provider[\"registry.terraform.io/-/genesyscloud\"]",
      "instances": [
        {
          "schema_version": 1,
          "attributes_flat": {
            "acd_auto_answer": "false",
            "addresses.#": "0",
            "certifications.#": "0",
            "department": "",
            "division_id": "4a7e4f4b-e734-40b6-838e-557c5eedd49a",
            "email": "fd4c1925-3f2e-4961-993b-09dfb0921615@mypurecloud.com",
            "employer_info.#": "0",
            "id": "e554990e-ee71-472b-8ec0-426dfc5b9c3f",
            "locations.#": "0",
            "manager": "",
            "name": "GO SDK Tester",
            "profile_skills.#": "0",
            "routing_languages.#": "0",
            "routing_skills.#": "0",
            "routing_utilization.#": "0",
            "state": "active",
            "title": ""
          },
          "sensitive_attributes": []
        }
      ]
    },
    {
      "mode": "managed",
      "type": "genesyscloud_user",
      "name": "fdfec8b0-e717-4350-975a-890d15127801_mypurecloud_com_2327666069",
      "provider": "provider[\"registry.terraform.io/-/genesyscloud\"]",
      "instances": [
        {
          "schema_version": 1,
          "attributes_flat": {
            "acd_auto_answer": "false",
            "addresses.#": "0",
            "certifications.#": "0",
            "department": "",
            "division_id": "4a7e4f4b-e734-40b6-838e-557c5eedd49a",
            "email": "fdfec8b0-e717-4350-975a-890d15127801@mypurecloud.com",
            "employer_info.#": "0",
            "id": "562ac359-11b5-43dc-863b-671a58426582",
            "locations.#": "0",
            "manager": "",
            "name": "Python SDK Tester",
            "profile_skills.#": "0",
            "routing_languages.#": "0",
            "routing_skills.#": "0",
            "routing_utilization.#": "0",
            "state": "active",
            "title": ""
          },
          "sensitive_attributes": []
        }
      ]
    },
    {
      "mode": "managed",
      "type": "genesyscloud_user",
      "name": "fe2860c9-95ef-4bfa-9d73-85e4505ea39e_mypurecloud_com_3341681090",
      "provider": "provider[\"registry.terraform.io/-/genesyscloud\"]",
      "instances": [
        {
          "schema_version": 1,
          "attributes_flat": {
            "acd_auto_answer": "false",
            "addresses.#": "0",
            "certifications.#": "0",
            "department": "",
            "division_id": "4a7e4f4b-e734-40b6-838e-557c5eedd49a",
            "email": "fe2860c9-95ef-4bfa-9d73-85e4505ea39e@mypurecloud.com",
            "employer_info.#": "0",
            "id": "ebd900e4-2005-4ce7-8603-57b13e4e4782",
            "locations.#": "0",
            "manager": "",
            "name": ".NET SDK Tester",
            "profile_skills.#": "0",
            "routing_languages.#": "0",
            "routing_skills.#": "0",
            "routing_utilization.#": "0",
            "state": "active",
            "title": ""
          },
          "sensitive_attributes": []
        }
      ]
    },
    {
      "mode": "managed",
      "type": "genesyscloud_user",
      "name": "fe9a8765-eb35-44ff-90c1-410986ac0b15_mypurecloud_com_1338399498",
      "provider": "provider[\"registry.terraform.io/-/genesyscloud\"]",
      "instances": [
        {
          "schema_version": 1,
          "attributes_flat": {
            "acd_auto_answer": "false",
            "addresses.#": "0",
            "certifications.#": "0",
            "department": "Ministry of Testing",
            "division_id": "4a7e4f4b-e734-40b6-838e-557c5eedd49a",
            "email": "fe9a8765-eb35-44ff-90c1-410986ac0b15@mypurecloud.com",
            "employer_info.#": "0",
            "id": "0190d58a-11e0-44f4-a4ab-8d593a2b9166",
            "locations.#": "0",
            "manager": "",
            "name": "Java SDK Tester",
            "profile_skills.#": "1",
            "profile_skills.3840022417": "Testmaster",
            "routing_languages.#": "0",
            "routing_skills.#": "0",
            "routing_utilization.#": "0",
            "state": "active",
            "title": ""
          },
          "sensitive_attributes": []
        }
      ]
    },
    {
      "mode": "managed",
      "type": "genesyscloud_user",
      "name": "florence_ambrose_RevmdQgTaVcr_savagechicken_comnet_2013837784",
      "provider": "provider[\"registry.terraform.io/-/genesyscloud\"]",
      "instances": [
        {
          "schema_version": 1,
          "attributes_flat": {
            "acd_auto_answer": "false",
            "addresses.#": "1",
            "addresses.0.other_emails.#": "1",
            "addresses.0.other_emails.2665539135.address": "florence.ambrose@RevmdQgTaVcr.savagechicken.comnet",
            "addresses.0.other_emails.2665539135.type": "HOME",
            "addresses.0.phone_numbers.#": "0",
            "certifications.#": "0",
            "department": "Savage Chicken",
            "division_id": "4a7e4f4b-e734-40b6-838e-557c5eedd49a",
            "email": "florence.ambrose@RevmdQgTaVcr.savagechicken.comnet",
            "employer_info.#": "0",
            "id": "132286d5-0ad4-46fc-ad00-d6d67cf0fcf0",
            "locations.#": "0",
            "manager": "",
            "name": "Florence Ambrose updated",
            "profile_skills.#": "0",
            "routing_languages.#": "0",
            "routing_skills.#": "0",
            "routing_utilization.#": "0",
            "state": "active",
            "title": "MyTitle"
          },
          "sensitive_attributes": []
        }
      ]
    },
    {
      "mode": "managed",
      "type": "genesyscloud_user",
      "name": "groupmember10_genesystest_com_366052664",
      "provider": "provider[\"registry.terraform.io/-/genesyscloud\"]",
      "instances": [
        {
          "schema_version": 1,
          "attributes_flat": {
            "acd_auto_answer": "false",
            "addresses.#": "0",
            "certifications.#": "0",
            "department": "",
            "division_id": "4a7e4f4b-e734-40b6-838e-557c5eedd49a",
            "email": "groupmember10@genesystest.com",
            "employer_info.#": "0",
            "id": "6b19e6f7-e32b-4120-97bc-acc70c0c2c84",
            "locations.#": "0",
            "manager": "",
            "name": "Group Member 10",
            "profile_skills.#": "0",
            "routing_languages.#": "0",
            "routing_skills.#": "0",
            "routing_utilization.#": "0",
            "state": "active",
            "title": ""
          },
          "sensitive_attributes": []
        }
      ]
    },
    {
      "mode": "managed",
      "type": "genesyscloud_user",
      "name": "groupmember11_genesystest_com_2916816841",
      "provider": "provider[\"registry.terraform.io/-/genesyscloud\"]",
      "instances": [
        {
          "schema_version": 1,
          "attributes_flat": {
            "acd_auto_answer": "false",
            "addresses.#": "0",
            "certifications.#": "0",
            "department": "",
            "division_id": "4a7e4f4b-e734-40b6-838e-557c5eedd49a",
            "email": "groupmember11@genesystest.com",
            "employer_info.#": "0",
            "id": "2b07e256-347c-4dc4-9d82-d76b24c59193",
            "locations.#": "0",
            "manager": "",
            "name": "Group Member 11",
            "profile_skills.#": "0",
            "routing_languages.#": "0",
            "routing_skills.#": "0",
            "routing_utilization.#": "0",
            "state": "active",
            "title": ""
          },
          "sensitive_attributes": []
        }
      ]
    },
    {
      "mode": "managed",
      "type": "genesyscloud_user",
      "name": "groupmember12_genesystest_com_1966964230",
      "provider": "provider[\"registry.terraform.io/-/genesyscloud\"]",
      "instances": [
        {
          "schema_version": 1,
          "attributes_flat": {
            "acd_auto_answer": "false",
            "addresses.#": "0",
            "certifications.#": "0",
            "department": "",
            "division_id": "4a7e4f4b-e734-40b6-838e-557c5eedd49a",
            "email": "groupmember12@genesystest.com",
            "employer_info.#": "0",
            "id": "c4267bfa-aefd-4383-b9f0-8eb49594e5ae",
            "locations.#": "0",
            "manager": "",
            "name": "Group Member 12",
            "profile_skills.#": "0",
            "routing_languages.#": "0",
            "routing_skills.#": "0",
            "routing_utilization.#": "0",
            "state": "active",
            "title": ""
          },
          "sensitive_attributes": []
        }
      ]
    },
    {
      "mode": "managed",
      "type": "genesyscloud_user",
      "name": "groupmember13_genesystest_com_3255179319",
      "provider": "provider[\"registry.terraform.io/-/genesyscloud\"]",
      "instances": [
        {
          "schema_version": 1,
          "attributes_flat": {
            "acd_auto_answer": "false",
            "addresses.#": "0",
            "certifications.#": "0",
            "department": "",
            "division_id": "4a7e4f4b-e734-40b6-838e-557c5eedd49a",
            "email": "groupmember13@genesystest.com",
            "employer_info.#": "0",
            "id": "6342dec1-5810-4668-b72e-17a1ff2f080a",
            "locations.#": "0",
            "manager": "",
            "name": "Group Member 13",
            "profile_skills.#": "0",
            "routing_languages.#": "0",
            "routing_skills.#": "0",
            "routing_utilization.#": "0",
            "state": "active",
            "title": ""
          },
          "sensitive_attributes": []
        }
      ]
    },
    {
      "mode": "managed",
      "type": "genesyscloud_user",
      "name": "groupmember14_genesystest_com_4036418732",
      "provider": "provider[\"registry.terraform.io/-/genesyscloud\"]",
      "instances": [
        {
          "schema_version": 1,
          "attributes_flat": {
            "acd_auto_answer": "false",
            "addresses.#": "0",
            "certifications.#": "0",
            "department": "",
            "division_id": "4a7e4f4b-e734-40b6-838e-557c5eedd49a",
            "email": "groupmember14@genesystest.com",
            "employer_info.#": "0",
            "id": "77fa0b95-f493-4034-8aab-01e755f703a3",
            "locations.#": "0",
            "manager": "",
            "name": "Group Member 14",
            "profile_skills.#": "0",
            "routing_languages.#": "0",
            "routing_skills.#": "0",
            "routing_utilization.#": "0",
            "state": "active",
            "title": ""
          },
          "sensitive_attributes": []
        }
      ]
    },
    {
      "mode": "managed",
      "type": "genesyscloud_user",
      "name": "groupmember15_genesystest_com_3528342973",
      "provider": "provider[\"registry.terraform.io/-/genesyscloud\"]",
      "instances": [
        {
          "schema_version": 1,
          "attributes_flat": {
            "acd_auto_answer": "false",
            "addresses.#": "0",
            "certifications.#": "0",
            "department": "",
            "division_id": "4a7e4f4b-e734-40b6-838e-557c5eedd49a",
            "email": "groupmember15@genesystest.com",
            "employer_info.#": "0",
            "id": "e3343e4d-98f7-499d-8670-a15603c10e62",
            "locations.#": "0",
            "manager": "",
            "name": "Group Member 15",
            "profile_skills.#": "0",
            "routing_languages.#": "0",
            "routing_skills.#": "0",
            "routing_utilization.#": "0",
            "state": "active",
            "title": ""
          },
          "sensitive_attributes": []
        }
      ]
    },
    {
      "mode": "managed",
      "type": "genesyscloud_user",
      "name": "groupmember16_genesystest_com_2935334202",
      "provider": "provider[\"registry.terraform.io/-/genesyscloud\"]",
      "instances": [
        {
          "schema_version": 1,
          "attributes_flat": {
            "acd_auto_answer": "false",
            "addresses.#": "0",
            "certifications.#": "0",
            "department": "",
            "division_id": "4a7e4f4b-e734-40b6-838e-557c5eedd49a",
            "email": "groupmember16@genesystest.com",
            "employer_info.#": "0",
            "id": "2b0db28b-5fa1-4c4d-8755-311b47b36d90",
            "locations.#": "0",
            "manager": "",
            "name": "Group Member 16",
            "profile_skills.#": "0",
            "routing_languages.#": "0",
            "routing_skills.#": "0",
            "routing_utilization.#": "0",
            "state": "active",
            "title": ""
          },
          "sensitive_attributes": []
        }
      ]
    },
    {
      "mode": "managed",
      "type": "genesyscloud_user",
      "name": "groupmember17_genesystest_com_2224080075",
      "provider": "provider[\"registry.terraform.io/-/genesyscloud\"]",
      "instances": [
        {
          "schema_version": 1,
          "attributes_flat": {
            "acd_auto_answer": "false",
            "addresses.#": "0",
            "certifications.#": "0",
            "department": "",
            "division_id": "4a7e4f4b-e734-40b6-838e-557c5eedd49a",
            "email": "groupmember17@genesystest.com",
            "employer_info.#": "0",
            "id": "d89a9b06-cb7e-4f1b-99b4-67143534edc3",
            "locations.#": "0",
            "manager": "",
            "name": "Group Member 17",
            "profile_skills.#": "0",
            "routing_languages.#": "0",
            "routing_skills.#": "0",
            "routing_utilization.#": "0",
            "state": "active",
            "title": ""
          },
          "sensitive_attributes": []
        }
      ]
    },
    {
      "mode": "managed",
      "type": "genesyscloud_user",
      "name": "groupmember18_genesystest_com_4049682608",
      "provider": "provider[\"registry.terraform.io/-/genesyscloud\"]",
      "instances": [
        {
          "schema_version": 1,
          "attributes_flat": {
            "acd_auto_answer": "false",
            "addresses.#": "0",
            "certifications.#": "0",
            "department": "",
            "division_id": "4a7e4f4b-e734-40b6-838e-557c5eedd49a",
            "email": "groupmember18@genesystest.com",
            "employer_info.#": "0",
            "id": "2190eac3-0e79-4a97-a813-a13f5ec5c94f",
            "locations.#": "0",
            "manager": "",
            "name": "Group Member 18",
            "profile_skills.#": "0",
            "routing_languages.#": "0",
            "routing_skills.#": "0",
            "routing_utilization.#": "0",
            "state": "active",
            "title": ""
          },
          "sensitive_attributes": []
        }
      ]
    },
    {
      "mode": "managed",
      "type": "genesyscloud_user",
      "name": "groupmember19_genesystest_com_3959737889",
      "provider": "provider[\"registry.terraform.io/-/genesyscloud\"]",
      "instances": [
        {
          "schema_version": 1,
          "attributes_flat": {
            "acd_auto_answer": "false",
            "addresses.#": "0",
            "certifications.#": "0",
            "department": "",
            "division_id": "4a7e4f4b-e734-40b6-838e-557c5eedd49a",
            "email": "groupmember19@genesystest.com",
            "employer_info.#": "0",
            "id": "327cd93c-3c64-4f5e-b759-6ed8831ee149",
            "locations.#": "0",
            "manager": "",
            "name": "Group Member 19",
            "profile_skills.#": "0",
            "routing_languages.#": "0",
            "routing_skills.#": "0",
            "routing_utilization.#": "0",
            "state": "active",
            "title": ""
          },
          "sensitive_attributes": []
        }
      ]
    },
    {
      "mode": "managed",
      "type": "genesyscloud_user",
      "name": "groupmember20_genesystest_com_3194392173",
      "provider": "provider[\"registry.terraform.io/-/genesyscloud\"]",
      "instances": [
        {
          "schema_version": 1,
          "attributes_flat": {
            "acd_auto_answer": "false",
            "addresses.#": "0",
            "certifications.#": "0",
            "department": "",
            "division_id": "4a7e4f4b-e734-40b6-838e-557c5eedd49a",
            "email": "groupmember20@genesystest.com",
            "employer_info.#": "0",
            "id": "7532ee16-c89b-4c31-8baa-3375b3221098",
            "locations.#": "0",
            "manager": "",
            "name": "Group Member 20",
            "profile_skills.#": "0",
            "routing_languages.#": "0",
            "routing_skills.#": "0",
            "routing_utilization.#": "0",
            "state": "active",
            "title": ""
          },
          "sensitive_attributes": []
        }
      ]
    },
    {
      "mode": "managed",
      "type": "genesyscloud_user",
      "name": "groupmember21_genesystest_com_2462939228",
      "provider": "provider[\"registry.terraform.io/-/genesyscloud\"]",
      "instances": [
        {
          "schema_version": 1,
          "attributes_flat": {
            "acd_auto_answer": "false",
            "addresses.#": "0",
            "certifications.#": "0",
            "department": "",
            "division_id": "4a7e4f4b-e734-40b6-838e-557c5eedd49a",
            "email": "groupmember21@genesystest.com",
            "employer_info.#": "0",
            "id": "cd62ee75-0748-4d74-93f1-a5e7f8a36bb7",
            "locations.#": "0",
            "manager": "",
            "name": "Group Member 21",
            "profile_skills.#": "0",
            "routing_languages.#": "0",
            "routing_skills.#": "0",
            "routing_utilization.#": "0",
            "state": "active",
            "title": ""
          },
          "sensitive_attributes": []
        }
      ]
    },
    {
      "mode": "managed",
      "type": "genesyscloud_user",
      "name": "groupmember22_genesystest_com_733487099",
      "provider": "provider[\"registry.terraform.io/-/genesyscloud\"]",
      "instances": [
        {
          "schema_version": 1,
          "attributes_flat": {
            "acd_auto_answer": "false",
            "addresses.#": "0",
            "certifications.#": "0",
            "department": "",
            "division_id": "4a7e4f4b-e734-40b6-838e-557c5eedd49a",
            "email": "groupmember22@genesystest.com",
            "employer_info.#": "0",
            "id": "e45d51ac-6c2c-4727-a922-4c90b142f5f5",
            "locations.#": "0",
            "manager": "",
            "name": "Group Member 22",
            "profile_skills.#": "0",
            "routing_languages.#": "0",
            "routing_skills.#": "0",
            "routing_utilization.#": "0",
            "state": "active",
            "title": ""
          },
          "sensitive_attributes": []
        }
      ]
    },
    {
      "mode": "managed",
      "type": "genesyscloud_user",
      "name": "groupmember23_genesystest_com_1954644138",
      "provider": "provider[\"registry.terraform.io/-/genesyscloud\"]",
      "instances": [
        {
          "schema_version": 1,
          "attributes_flat": {
            "acd_auto_answer": "false",
            "addresses.#": "0",
            "certifications.#": "0",
            "department": "",
            "division_id": "4a7e4f4b-e734-40b6-838e-557c5eedd49a",
            "email": "groupmember23@genesystest.com",
            "employer_info.#": "0",
            "id": "b70a377f-1430-4281-b859-7a120e29ddf9",
            "locations.#": "0",
            "manager": "",
            "name": "Group Member 23",
            "profile_skills.#": "0",
            "routing_languages.#": "0",
            "routing_skills.#": "0",
            "routing_utilization.#": "0",
            "state": "active",
            "title": ""
          },
          "sensitive_attributes": []
        }
      ]
    },
    {
      "mode": "managed",
      "type": "genesyscloud_user",
      "name": "groupmember24_genesystest_com_36440697",
      "provider": "provider[\"registry.terraform.io/-/genesyscloud\"]",
      "instances": [
        {
          "schema_version": 1,
          "attributes_flat": {
            "acd_auto_answer": "false",
            "addresses.#": "0",
            "certifications.#": "0",
            "department": "",
            "division_id": "4a7e4f4b-e734-40b6-838e-557c5eedd49a",
            "email": "groupmember24@genesystest.com",
            "employer_info.#": "0",
            "id": "82a4b452-47e8-4c11-a71b-98be13c850bb",
            "locations.#": "0",
            "manager": "",
            "name": "Group Member 24",
            "profile_skills.#": "0",
            "routing_languages.#": "0",
            "routing_skills.#": "0",
            "routing_utilization.#": "0",
            "state": "active",
            "title": ""
          },
          "sensitive_attributes": []
        }
      ]
    },
    {
      "mode": "managed",
      "type": "genesyscloud_user",
      "name": "groupmember25_genesystest_com_2342769832",
      "provider": "provider[\"registry.terraform.io/-/genesyscloud\"]",
      "instances": [
        {
          "schema_version": 1,
          "attributes_flat": {
            "acd_auto_answer": "false",
            "addresses.#": "0",
            "certifications.#": "0",
            "department": "",
            "division_id": "4a7e4f4b-e734-40b6-838e-557c5eedd49a",
            "email": "groupmember25@genesystest.com",
            "employer_info.#": "0",
            "id": "2a84e1a6-15cf-43d9-92d4-19a4940a8500",
            "locations.#": "0",
            "manager": "",
            "name": "Group Member 25",
            "profile_skills.#": "0",
            "routing_languages.#": "0",
            "routing_skills.#": "0",
            "routing_utilization.#": "0",
            "state": "active",
            "title": ""
          },
          "sensitive_attributes": []
        }
      ]
    },
    {
      "mode": "managed",
      "type": "genesyscloud_user",
      "name": "groupmember26_genesystest_com_1694397863",
      "provider": "provider[\"registry.terraform.io/-/genesyscloud\"]",
      "instances": [
        {
          "schema_version": 1,
          "attributes_flat": {
            "acd_auto_answer": "false",
            "addresses.#": "0",
            "certifications.#": "0",
            "department": "",
            "division_id": "4a7e4f4b-e734-40b6-838e-557c5eedd49a",
            "email": "groupmember26@genesystest.com",
            "employer_info.#": "0",
            "id": "777561dc-19d3-4bbc-a858-96f0b22e9802",
            "locations.#": "0",
            "manager": "",
            "name": "Group Member 26",
            "profile_skills.#": "0",
            "routing_languages.#": "0",
            "routing_skills.#": "0",
            "routing_utilization.#": "0",
            "state": "active",
            "title": ""
          },
          "sensitive_attributes": []
        }
      ]
    },
    {
      "mode": "managed",
      "type": "genesyscloud_user",
      "name": "groupmember27_genesystest_com_2758099190",
      "provider": "provider[\"registry.terraform.io/-/genesyscloud\"]",
      "instances": [
        {
          "schema_version": 1,
          "attributes_flat": {
            "acd_auto_answer": "false",
            "addresses.#": "0",
            "certifications.#": "0",
            "department": "",
            "division_id": "4a7e4f4b-e734-40b6-838e-557c5eedd49a",
            "email": "groupmember27@genesystest.com",
            "employer_info.#": "0",
            "id": "9d5337bc-2dfd-47ae-8fba-5e1bec57c9cf",
            "locations.#": "0",
            "manager": "",
            "name": "Group Member 27",
            "profile_skills.#": "0",
            "routing_languages.#": "0",
            "routing_skills.#": "0",
            "routing_utilization.#": "0",
            "state": "active",
            "title": ""
          },
          "sensitive_attributes": []
        }
      ]
    },
    {
      "mode": "managed",
      "type": "genesyscloud_user",
      "name": "groupmember28_genesystest_com_2504889637",
      "provider": "provider[\"registry.terraform.io/-/genesyscloud\"]",
      "instances": [
        {
          "schema_version": 1,
          "attributes_flat": {
            "acd_auto_answer": "false",
            "addresses.#": "0",
            "certifications.#": "0",
            "department": "",
            "division_id": "4a7e4f4b-e734-40b6-838e-557c5eedd49a",
            "email": "groupmember28@genesystest.com",
            "employer_info.#": "0",
            "id": "480ce3f1-c2bb-4514-bdbb-cef4d7d130f7",
            "locations.#": "0",
            "manager": "",
            "name": "Group Member 28",
            "profile_skills.#": "0",
            "routing_languages.#": "0",
            "routing_skills.#": "0",
            "routing_utilization.#": "0",
            "state": "active",
            "title": ""
          },
          "sensitive_attributes": []
        }
      ]
    },
    {
      "mode": "managed",
      "type": "genesyscloud_user",
      "name": "groupmember29_genesystest_com_127069108",
      "provider": "provider[\"registry.terraform.io/-/genesyscloud\"]",
      "instances": [
        {
          "schema_version": 1,
          "attributes_flat": {
            "acd_auto_answer": "false",
            "addresses.#": "0",
            "certifications.#": "0",
            "department": "",
            "division_id": "4a7e4f4b-e734-40b6-838e-557c5eedd49a",
            "email": "groupmember29@genesystest.com",
            "employer_info.#": "0",
            "id": "b0569628-861e-40c5-a43b-ef2d418b083c",
            "locations.#": "0",
            "manager": "",
            "name": "Group Member 29",
            "profile_skills.#": "0",
            "routing_languages.#": "0",
            "routing_skills.#": "0",
            "routing_utilization.#": "0",
            "state": "active",
            "title": ""
          },
          "sensitive_attributes": []
        }
      ]
    },
    {
      "mode": "managed",
      "type": "genesyscloud_user",
      "name": "groupmember2_genesystest_com_2782945769",
      "provider": "provider[\"registry.terraform.io/-/genesyscloud\"]",
      "instances": [
        {
          "schema_version": 1,
          "attributes_flat": {
            "acd_auto_answer": "false",
            "addresses.#": "0",
            "certifications.#": "0",
            "department": "",
            "division_id": "4a7e4f4b-e734-40b6-838e-557c5eedd49a",
            "email": "groupmember2@genesystest.com",
            "employer_info.#": "0",
            "id": "c91cd269-8423-4afa-bc94-efa055a3a664",
            "locations.#": "0",
            "manager": "",
            "name": "Group Member 2",
            "profile_skills.#": "0",
            "routing_languages.#": "0",
            "routing_skills.#": "0",
            "routing_utilization.#": "0",
            "state": "active",
            "title": ""
          },
          "sensitive_attributes": []
        }
      ]
    },
    {
      "mode": "managed",
      "type": "genesyscloud_user",
      "name": "groupmember30_genesystest_com_3388749982",
      "provider": "provider[\"registry.terraform.io/-/genesyscloud\"]",
      "instances": [
        {
          "schema_version": 1,
          "attributes_flat": {
            "acd_auto_answer": "false",
            "addresses.#": "0",
            "certifications.#": "0",
            "department": "",
            "division_id": "4a7e4f4b-e734-40b6-838e-557c5eedd49a",
            "email": "groupmember30@genesystest.com",
            "employer_info.#": "0",
            "id": "d3129fad-2012-4032-9ca4-b8e71a04d7c8",
            "locations.#": "0",
            "manager": "",
            "name": "Group Member 30",
            "profile_skills.#": "0",
            "routing_languages.#": "0",
            "routing_skills.#": "0",
            "routing_utilization.#": "0",
            "state": "active",
            "title": ""
          },
          "sensitive_attributes": []
        }
      ]
    },
    {
      "mode": "managed",
      "type": "genesyscloud_user",
      "name": "groupmember31_genesystest_com_4285716687",
      "provider": "provider[\"registry.terraform.io/-/genesyscloud\"]",
      "instances": [
        {
          "schema_version": 1,
          "attributes_flat": {
            "acd_auto_answer": "false",
            "addresses.#": "0",
            "certifications.#": "0",
            "department": "",
            "division_id": "4a7e4f4b-e734-40b6-838e-557c5eedd49a",
            "email": "groupmember31@genesystest.com",
            "employer_info.#": "0",
            "id": "34dd3c5e-ed0c-415f-9694-7424324264b1",
            "locations.#": "0",
            "manager": "",
            "name": "Group Member 31",
            "profile_skills.#": "0",
            "routing_languages.#": "0",
            "routing_skills.#": "0",
            "routing_utilization.#": "0",
            "state": "active",
            "title": ""
          },
          "sensitive_attributes": []
        }
      ]
    },
    {
      "mode": "managed",
      "type": "genesyscloud_user",
      "name": "groupmember32_genesystest_com_848763728",
      "provider": "provider[\"registry.terraform.io/-/genesyscloud\"]",
      "instances": [
        {
          "schema_version": 1,
          "attributes_flat": {
            "acd_auto_answer": "false",
            "addresses.#": "0",
            "certifications.#": "0",
            "department": "",
            "division_id": "4a7e4f4b-e734-40b6-838e-557c5eedd49a",
            "email": "groupmember32@genesystest.com",
            "employer_info.#": "0",
            "id": "d2c94ff7-785d-4540-8550-cceba92884df",
            "locations.#": "0",
            "manager": "",
            "name": "Group Member 32",
            "profile_skills.#": "0",
            "routing_languages.#": "0",
            "routing_skills.#": "0",
            "routing_utilization.#": "0",
            "state": "active",
            "title": ""
          },
          "sensitive_attributes": []
        }
      ]
    },
    {
      "mode": "managed",
      "type": "genesyscloud_user",
      "name": "groupmember33_genesystest_com_3243894465",
      "provider": "provider[\"registry.terraform.io/-/genesyscloud\"]",
      "instances": [
        {
          "schema_version": 1,
          "attributes_flat": {
            "acd_auto_answer": "false",
            "addresses.#": "0",
            "certifications.#": "0",
            "department": "",
            "division_id": "4a7e4f4b-e734-40b6-838e-557c5eedd49a",
            "email": "groupmember33@genesystest.com",
            "employer_info.#": "0",
            "id": "11bbbe5c-48fb-4f32-99d0-ac34cd1ec842",
            "locations.#": "0",
            "manager": "",
            "name": "Group Member 33",
            "profile_skills.#": "0",
            "routing_languages.#": "0",
            "routing_skills.#": "0",
            "routing_utilization.#": "0",
            "state": "active",
            "title": ""
          },
          "sensitive_attributes": []
        }
      ]
    },
    {
      "mode": "managed",
      "type": "genesyscloud_user",
      "name": "groupmember34_genesystest_com_508242450",
      "provider": "provider[\"registry.terraform.io/-/genesyscloud\"]",
      "instances": [
        {
          "schema_version": 1,
          "attributes_flat": {
            "acd_auto_answer": "false",
            "addresses.#": "0",
            "certifications.#": "0",
            "department": "",
            "division_id": "4a7e4f4b-e734-40b6-838e-557c5eedd49a",
            "email": "groupmember34@genesystest.com",
            "employer_info.#": "0",
            "id": "59d0aae1-d47c-49cd-bf3d-d39ce32f0876",
            "locations.#": "0",
            "manager": "",
            "name": "Group Member 34",
            "profile_skills.#": "0",
            "routing_languages.#": "0",
            "routing_skills.#": "0",
            "routing_utilization.#": "0",
            "state": "active",
            "title": ""
          },
          "sensitive_attributes": []
        }
      ]
    },
    {
      "mode": "managed",
      "type": "genesyscloud_user",
      "name": "groupmember35_genesystest_com_2595171171",
      "provider": "provider[\"registry.terraform.io/-/genesyscloud\"]",
      "instances": [
        {
          "schema_version": 1,
          "attributes_flat": {
            "acd_auto_answer": "false",
            "addresses.#": "0",
            "certifications.#": "0",
            "department": "",
            "division_id": "4a7e4f4b-e734-40b6-838e-557c5eedd49a",
            "email": "groupmember35@genesystest.com",
            "employer_info.#": "0",
            "id": "07cea6de-e6f8-4365-9380-b3609233afd1",
            "locations.#": "0",
            "manager": "",
            "name": "Group Member 35",
            "profile_skills.#": "0",
            "routing_languages.#": "0",
            "routing_skills.#": "0",
            "routing_utilization.#": "0",
            "state": "active",
            "title": ""
          },
          "sensitive_attributes": []
        }
      ]
    },
    {
      "mode": "managed",
      "type": "genesyscloud_user",
      "name": "groupmember36_genesystest_com_3109068964",
      "provider": "provider[\"registry.terraform.io/-/genesyscloud\"]",
      "instances": [
        {
          "schema_version": 1,
          "attributes_flat": {
            "acd_auto_answer": "false",
            "addresses.#": "0",
            "certifications.#": "0",
            "department": "",
            "division_id": "4a7e4f4b-e734-40b6-838e-557c5eedd49a",
            "email": "groupmember36@genesystest.com",
            "employer_info.#": "0",
            "id": "6994bd46-1d5e-4d2c-91b9-43460fb246f2",
            "locations.#": "0",
            "manager": "",
            "name": "Group Member 36",
            "profile_skills.#": "0",
            "routing_languages.#": "0",
            "routing_skills.#": "0",
            "routing_utilization.#": "0",
            "state": "active",
            "title": ""
          },
          "sensitive_attributes": []
        }
      ]
    },
    {
      "mode": "managed",
      "type": "genesyscloud_user",
      "name": "groupmember37_genesystest_com_1194612437",
      "provider": "provider[\"registry.terraform.io/-/genesyscloud\"]",
      "instances": [
        {
          "schema_version": 1,
          "attributes_flat": {
            "acd_auto_answer": "false",
            "addresses.#": "0",
            "certifications.#": "0",
            "department": "",
            "division_id": "4a7e4f4b-e734-40b6-838e-557c5eedd49a",
            "email": "groupmember37@genesystest.com",
            "employer_info.#": "0",
            "id": "01c015cb-a1b0-411b-9356-0c06ed0aa5f5",
            "locations.#": "0",
            "manager": "",
            "name": "Group Member 37",
            "profile_skills.#": "0",
            "routing_languages.#": "0",
            "routing_skills.#": "0",
            "routing_utilization.#": "0",
            "state": "active",
            "title": ""
          },
          "sensitive_attributes": []
        }
      ]
    },
    {
      "mode": "managed",
      "type": "genesyscloud_user",
      "name": "groupmember38_genesystest_com_3604959782",
      "provider": "provider[\"registry.terraform.io/-/genesyscloud\"]",
      "instances": [
        {
          "schema_version": 1,
          "attributes_flat": {
            "acd_auto_answer": "false",
            "addresses.#": "0",
            "certifications.#": "0",
            "department": "",
            "division_id": "4a7e4f4b-e734-40b6-838e-557c5eedd49a",
            "email": "groupmember38@genesystest.com",
            "employer_info.#": "0",
            "id": "2c038266-f110-4ec2-b981-e723f673055c",
            "locations.#": "0",
            "manager": "",
            "name": "Group Member 38",
            "profile_skills.#": "0",
            "routing_languages.#": "0",
            "routing_skills.#": "0",
            "routing_utilization.#": "0",
            "state": "active",
            "title": ""
          },
          "sensitive_attributes": []
        }
      ]
    },
    {
      "mode": "managed",
      "type": "genesyscloud_user",
      "name": "groupmember39_genesystest_com_3557920343",
      "provider": "provider[\"registry.terraform.io/-/genesyscloud\"]",
      "instances": [
        {
          "schema_version": 1,
          "attributes_flat": {
            "acd_auto_answer": "false",
            "addresses.#": "0",
            "certifications.#": "0",
            "department": "",
            "division_id": "4a7e4f4b-e734-40b6-838e-557c5eedd49a",
            "email": "groupmember39@genesystest.com",
            "employer_info.#": "0",
            "id": "c8f7e2e5-b326-406d-87ab-8b4a3d2d95ed",
            "locations.#": "0",
            "manager": "",
            "name": "Group Member 39",
            "profile_skills.#": "0",
            "routing_languages.#": "0",
            "routing_skills.#": "0",
            "routing_utilization.#": "0",
            "state": "active",
            "title": ""
          },
          "sensitive_attributes": []
        }
      ]
    },
    {
      "mode": "managed",
      "type": "genesyscloud_user",
      "name": "groupmember3_genesystest_com_2970040536",
      "provider": "provider[\"registry.terraform.io/-/genesyscloud\"]",
      "instances": [
        {
          "schema_version": 1,
          "attributes_flat": {
            "acd_auto_answer": "false",
            "addresses.#": "0",
            "certifications.#": "0",
            "department": "",
            "division_id": "4a7e4f4b-e734-40b6-838e-557c5eedd49a",
            "email": "groupmember3@genesystest.com",
            "employer_info.#": "0",
            "id": "f685a0a2-a411-4de1-8226-963f4fabb34e",
            "locations.#": "0",
            "manager": "",
            "name": "Group Member 3",
            "profile_skills.#": "0",
            "routing_languages.#": "0",
            "routing_skills.#": "0",
            "routing_utilization.#": "0",
            "state": "active",
            "title": ""
          },
          "sensitive_attributes": []
        }
      ]
    },
    {
      "mode": "managed",
      "type": "genesyscloud_user",
      "name": "groupmember40_genesystest_com_1429610195",
      "provider": "provider[\"registry.terraform.io/-/genesyscloud\"]",
      "instances": [
        {
          "schema_version": 1,
          "attributes_flat": {
            "acd_auto_answer": "false",
            "addresses.#": "0",
            "certifications.#": "0",
            "department": "",
            "division_id": "4a7e4f4b-e734-40b6-838e-557c5eedd49a",
            "email": "groupmember40@genesystest.com",
            "employer_info.#": "0",
            "id": "bcccb4ac-6869-47ef-98de-5bf9d6ccccbb",
            "locations.#": "0",
            "manager": "",
            "name": "Group Member 40",
            "profile_skills.#": "0",
            "routing_languages.#": "0",
            "routing_skills.#": "0",
            "routing_utilization.#": "0",
            "state": "active",
            "title": ""
          },
          "sensitive_attributes": []
        }
      ]
    },
    {
      "mode": "managed",
      "type": "genesyscloud_user",
      "name": "groupmember41_genesystest_com_3469419394",
      "provider": "provider[\"registry.terraform.io/-/genesyscloud\"]",
      "instances": [
        {
          "schema_version": 1,
          "attributes_flat": {
            "acd_auto_answer": "false",
            "addresses.#": "0",
            "certifications.#": "0",
            "department": "",
            "division_id": "4a7e4f4b-e734-40b6-838e-557c5eedd49a",
            "email": "groupmember41@genesystest.com",
            "employer_info.#": "0",
            "id": "0d607b46-888f-4092-a99a-1b8a7bc9fc95",
            "locations.#": "0",
            "manager": "",
            "name": "Group Member 41",
            "profile_skills.#": "0",
            "routing_languages.#": "0",
            "routing_skills.#": "0",
            "routing_utilization.#": "0",
            "state": "active",
            "title": ""
          },
          "sensitive_attributes": []
        }
      ]
    },
    {
      "mode": "managed",
      "type": "genesyscloud_user",
      "name": "groupmember42_genesystest_com_2561508933",
      "provider": "provider[\"registry.terraform.io/-/genesyscloud\"]",
      "instances": [
        {
          "schema_version": 1,
          "attributes_flat": {
            "acd_auto_answer": "false",
            "addresses.#": "0",
            "certifications.#": "0",
            "department": "",
            "division_id": "4a7e4f4b-e734-40b6-838e-557c5eedd49a",
            "email": "groupmember42@genesystest.com",
            "employer_info.#": "0",
            "id": "26d256fa-f1df-4761-ae78-85dcb069968f",
            "locations.#": "0",
            "manager": "",
            "name": "Group Member 42",
            "profile_skills.#": "0",
            "routing_languages.#": "0",
            "routing_skills.#": "0",
            "routing_utilization.#": "0",
            "state": "active",
            "title": ""
          },
          "sensitive_attributes": []
        }
      ]
    },
    {
      "mode": "managed",
      "type": "genesyscloud_user",
      "name": "groupmember43_genesystest_com_4292575316",
      "provider": "provider[\"registry.terraform.io/-/genesyscloud\"]",
      "instances": [
        {
          "schema_version": 1,
          "attributes_flat": {
            "acd_auto_answer": "false",
            "addresses.#": "0",
            "certifications.#": "0",
            "department": "",
            "division_id": "4a7e4f4b-e734-40b6-838e-557c5eedd49a",
            "email": "groupmember43@genesystest.com",
            "employer_info.#": "0",
            "id": "457ba9f5-9331-4e8c-b19a-02da69906697",
            "locations.#": "0",
            "manager": "",
            "name": "Group Member 43",
            "profile_skills.#": "0",
            "routing_languages.#": "0",
            "routing_skills.#": "0",
            "routing_utilization.#": "0",
            "state": "active",
            "title": ""
          },
          "sensitive_attributes": []
        }
      ]
    },
    {
      "mode": "managed",
      "type": "genesyscloud_user",
      "name": "groupmember44_genesystest_com_3954792447",
      "provider": "provider[\"registry.terraform.io/-/genesyscloud\"]",
      "instances": [
        {
          "schema_version": 1,
          "attributes_flat": {
            "acd_auto_answer": "false",
            "addresses.#": "0",
            "certifications.#": "0",
            "department": "",
            "division_id": "4a7e4f4b-e734-40b6-838e-557c5eedd49a",
            "email": "groupmember44@genesystest.com",
            "employer_info.#": "0",
            "id": "645c288a-f503-4942-8519-d31cc6e3528c",
            "locations.#": "0",
            "manager": "",
            "name": "Group Member 44",
            "profile_skills.#": "0",
            "routing_languages.#": "0",
            "routing_skills.#": "0",
            "routing_utilization.#": "0",
            "state": "active",
            "title": ""
          },
          "sensitive_attributes": []
        }
      ]
    },
    {
      "mode": "managed",
      "type": "genesyscloud_user",
      "name": "groupmember45_genesystest_com_3189127310",
      "provider": "provider[\"registry.terraform.io/-/genesyscloud\"]",
      "instances": [
        {
          "schema_version": 1,
          "attributes_flat": {
            "acd_auto_answer": "false",
            "addresses.#": "0",
            "certifications.#": "0",
            "department": "",
            "division_id": "4a7e4f4b-e734-40b6-838e-557c5eedd49a",
            "email": "groupmember45@genesystest.com",
            "employer_info.#": "0",
            "id": "d1af395c-cac5-4916-a9ae-b9283a061520",
            "locations.#": "0",
            "manager": "",
            "name": "Group Member 45",
            "profile_skills.#": "0",
            "routing_languages.#": "0",
            "routing_skills.#": "0",
            "routing_utilization.#": "0",
            "state": "active",
            "title": ""
          },
          "sensitive_attributes": []
        }
      ]
    },
    {
      "mode": "managed",
      "type": "genesyscloud_user",
      "name": "groupmember46_genesystest_com_1784198065",
      "provider": "provider[\"registry.terraform.io/-/genesyscloud\"]",
      "instances": [
        {
          "schema_version": 1,
          "attributes_flat": {
            "acd_auto_answer": "false",
            "addresses.#": "0",
            "certifications.#": "0",
            "department": "",
            "division_id": "4a7e4f4b-e734-40b6-838e-557c5eedd49a",
            "email": "groupmember46@genesystest.com",
            "employer_info.#": "0",
            "id": "6f09dc11-45ea-4b43-9196-c83394a4cf75",
            "locations.#": "0",
            "manager": "",
            "name": "Group Member 46",
            "profile_skills.#": "0",
            "routing_languages.#": "0",
            "routing_skills.#": "0",
            "routing_utilization.#": "0",
            "state": "active",
            "title": ""
          },
          "sensitive_attributes": []
        }
      ]
    },
    {
      "mode": "managed",
      "type": "genesyscloud_user",
      "name": "groupmember47_genesystest_com_1816694720",
      "provider": "provider[\"registry.terraform.io/-/genesyscloud\"]",
      "instances": [
        {
          "schema_version": 1,
          "attributes_flat": {
            "acd_auto_answer": "false",
            "addresses.#": "0",
            "certifications.#": "0",
            "department": "",
            "division_id": "4a7e4f4b-e734-40b6-838e-557c5eedd49a",
            "email": "groupmember47@genesystest.com",
            "employer_info.#": "0",
            "id": "d593d14f-58f6-4a63-9bab-144bf7f4f6a0",
            "locations.#": "0",
            "manager": "",
            "name": "Group Member 47",
            "profile_skills.#": "0",
            "routing_languages.#": "0",
            "routing_skills.#": "0",
            "routing_utilization.#": "0",
            "state": "active",
            "title": ""
          },
          "sensitive_attributes": []
        }
      ]
    },
    {
      "mode": "managed",
      "type": "genesyscloud_user",
      "name": "groupmember49_genesystest_com_4053743690",
      "provider": "provider[\"registry.terraform.io/-/genesyscloud\"]",
      "instances": [
        {
          "schema_version": 1,
          "attributes_flat": {
            "acd_auto_answer": "false",
            "addresses.#": "0",
            "certifications.#": "0",
            "department": "",
            "division_id": "4a7e4f4b-e734-40b6-838e-557c5eedd49a",
            "email": "groupmember49@genesystest.com",
            "employer_info.#": "0",
            "id": "253e49b0-6624-4441-8f59-8c972d03f1f3",
            "locations.#": "0",
            "manager": "",
            "name": "Group Member 49",
            "profile_skills.#": "0",
            "routing_languages.#": "0",
            "routing_skills.#": "0",
            "routing_utilization.#": "0",
            "state": "active",
            "title": ""
          },
          "sensitive_attributes": []
        }
      ]
    },
    {
      "mode": "managed",
      "type": "genesyscloud_user",
      "name": "groupmember4_genesystest_com_2042437739",
      "provider": "provider[\"registry.terraform.io/-/genesyscloud\"]",
      "instances": [
        {
          "schema_version": 1,
          "attributes_flat": {
            "acd_auto_answer": "false",
            "addresses.#": "0",
            "certifications.#": "0",
            "department": "",
            "division_id": "4a7e4f4b-e734-40b6-838e-557c5eedd49a",
            "email": "groupmember4@genesystest.com",
            "employer_info.#": "0",
            "id": "dd76e07f-edce-4954-80de-259553cfec9f",
            "locations.#": "0",
            "manager": "",
            "name": "Group Member 4",
            "profile_skills.#": "0",
            "routing_languages.#": "0",
            "routing_skills.#": "0",
            "routing_utilization.#": "0",
            "state": "active",
            "title": ""
          },
          "sensitive_attributes": []
        }
      ]
    },
    {
      "mode": "managed",
      "type": "genesyscloud_user",
      "name": "groupmember50_genesystest_com_1488675268",
      "provider": "provider[\"registry.terraform.io/-/genesyscloud\"]",
      "instances": [
        {
          "schema_version": 1,
          "attributes_flat": {
            "acd_auto_answer": "false",
            "addresses.#": "0",
            "certifications.#": "0",
            "department": "",
            "division_id": "4a7e4f4b-e734-40b6-838e-557c5eedd49a",
            "email": "groupmember50@genesystest.com",
            "employer_info.#": "0",
            "id": "a05c2f36-b926-4119-86fd-5c8a5b13aba6",
            "locations.#": "0",
            "manager": "",
            "name": "Group Member 50",
            "profile_skills.#": "0",
            "routing_languages.#": "0",
            "routing_skills.#": "0",
            "routing_utilization.#": "0",
            "state": "active",
            "title": ""
          },
          "sensitive_attributes": []
        }
      ]
    },
    {
      "mode": "managed",
      "type": "genesyscloud_user",
      "name": "groupmember5_genesystest_com_914891994",
      "provider": "provider[\"registry.terraform.io/-/genesyscloud\"]",
      "instances": [
        {
          "schema_version": 1,
          "attributes_flat": {
            "acd_auto_answer": "false",
            "addresses.#": "0",
            "certifications.#": "0",
            "department": "",
            "division_id": "4a7e4f4b-e734-40b6-838e-557c5eedd49a",
            "email": "groupmember5@genesystest.com",
            "employer_info.#": "0",
            "id": "863b12d1-3bd3-4e5d-a779-47eabfe23607",
            "locations.#": "0",
            "manager": "",
            "name": "Group Member 5",
            "profile_skills.#": "0",
            "routing_languages.#": "0",
            "routing_skills.#": "0",
            "routing_utilization.#": "0",
            "state": "active",
            "title": ""
          },
          "sensitive_attributes": []
        }
      ]
    },
    {
      "mode": "managed",
      "type": "genesyscloud_user",
      "name": "groupmember6_genesystest_com_2006393181",
      "provider": "provider[\"registry.terraform.io/-/genesyscloud\"]",
      "instances": [
        {
          "schema_version": 1,
          "attributes_flat": {
            "acd_auto_answer": "false",
            "addresses.#": "0",
            "certifications.#": "0",
            "department": "",
            "division_id": "4a7e4f4b-e734-40b6-838e-557c5eedd49a",
            "email": "groupmember6@genesystest.com",
            "employer_info.#": "0",
            "id": "8b10e49d-303a-485a-aa67-05e8a710b068",
            "locations.#": "0",
            "manager": "",
            "name": "Group Member 6",
            "profile_skills.#": "0",
            "routing_languages.#": "0",
            "routing_skills.#": "0",
            "routing_utilization.#": "0",
            "state": "active",
            "title": ""
          },
          "sensitive_attributes": []
        }
      ]
    },
    {
      "mode": "managed",
      "type": "genesyscloud_user",
      "name": "groupmember7_genesystest_com_1078937036",
      "provider": "provider[\"registry.terraform.io/-/genesyscloud\"]",
      "instances": [
        {
          "schema_version": 1,
          "attributes_flat": {
            "acd_auto_answer": "false",
            "addresses.#": "0",
            "certifications.#": "0",
            "department": "",
            "division_id": "4a7e4f4b-e734-40b6-838e-557c5eedd49a",
            "email": "groupmember7@genesystest.com",
            "employer_info.#": "0",
            "id": "39f7fdd6-8c0a-4f53-a01c-b3a790f25ae9",
            "locations.#": "0",
            "manager": "",
            "name": "Group Member 7",
            "profile_skills.#": "0",
            "routing_languages.#": "0",
            "routing_skills.#": "0",
            "routing_utilization.#": "0",
            "state": "active",
            "title": ""
          },
          "sensitive_attributes": []
        }
      ]
    },
    {
      "mode": "managed",
      "type": "genesyscloud_user",
      "name": "groupmember8_genesystest_com_7987535",
      "provider": "provider[\"registry.terraform.io/-/genesyscloud\"]",
      "instances": [
        {
          "schema_version": 1,
          "attributes_flat": {
            "acd_auto_answer": "false",
            "addresses.#": "0",
            "certifications.#": "0",
            "department": "",
            "division_id": "4a7e4f4b-e734-40b6-838e-557c5eedd49a",
            "email": "groupmember8@genesystest.com",
            "employer_info.#": "0",
            "id": "9f8d70fe-070c-4fb0-ba9b-be83a4ba517a",
            "locations.#": "0",
            "manager": "",
            "name": "Group Member 8",
            "profile_skills.#": "0",
            "routing_languages.#": "0",
            "routing_skills.#": "0",
            "routing_utilization.#": "0",
            "state": "active",
            "title": ""
          },
          "sensitive_attributes": []
        }
      ]
    },
    {
      "mode": "managed",
      "type": "genesyscloud_user",
      "name": "groupmember9_genesystest_com_3405988126",
      "provider": "provider[\"registry.terraform.io/-/genesyscloud\"]",
      "instances": [
        {
          "schema_version": 1,
          "attributes_flat": {
            "acd_auto_answer": "false",
            "addresses.#": "0",
            "certifications.#": "0",
            "department": "",
            "division_id": "4a7e4f4b-e734-40b6-838e-557c5eedd49a",
            "email": "groupmember9@genesystest.com",
            "employer_info.#": "0",
            "id": "0e24acf8-8442-407d-a498-db6d8c31db98",
            "locations.#": "0",
            "manager": "",
            "name": "Group Member 9",
            "profile_skills.#": "0",
            "routing_languages.#": "0",
            "routing_skills.#": "0",
            "routing_utilization.#": "0",
            "state": "active",
            "title": ""
          },
          "sensitive_attributes": []
        }
      ]
    },
    {
      "mode": "managed",
      "type": "genesyscloud_user",
      "name": "hakan_danaci_genesys_com_1425536089",
      "provider": "provider[\"registry.terraform.io/-/genesyscloud\"]",
      "instances": [
        {
          "schema_version": 1,
          "attributes_flat": {
            "acd_auto_answer": "false",
            "addresses.#": "0",
            "certifications.#": "0",
            "department": "",
            "division_id": "4a7e4f4b-e734-40b6-838e-557c5eedd49a",
            "email": "hakan.danaci@genesys.com",
            "employer_info.#": "0",
            "id": "be931fd2-2935-44e8-bb52-93fb24ba110f",
            "locations.#": "0",
            "manager": "",
            "name": "Hakan Danaci",
            "profile_skills.#": "0",
            "routing_languages.#": "0",
            "routing_skills.#": "0",
            "routing_utilization.#": "0",
            "state": "active",
            "title": ""
          },
          "sensitive_attributes": []
        }
      ]
    },
    {
      "mode": "managed",
      "type": "genesyscloud_user",
      "name": "hemanth_dogiparthi_genesys_com_3788883316",
      "provider": "provider[\"registry.terraform.io/-/genesyscloud\"]",
      "instances": [
        {
          "schema_version": 1,
          "attributes_flat": {
            "acd_auto_answer": "false",
            "addresses.#": "0",
            "certifications.#": "0",
            "department": "",
            "division_id": "4a7e4f4b-e734-40b6-838e-557c5eedd49a",
            "email": "hemanth.dogiparthi@genesys.com",
            "employer_info.#": "0",
            "id": "809ffd2b-7902-4f88-bc00-b8795c7aa5ff",
            "locations.#": "0",
            "manager": "",
            "name": "Hemanth Dogiparthi",
            "profile_skills.#": "0",
            "routing_languages.#": "0",
            "routing_skills.#": "0",
            "routing_utilization.#": "0",
            "state": "active",
            "title": ""
          },
          "sensitive_attributes": []
        }
      ]
    },
    {
      "mode": "managed",
      "type": "genesyscloud_user",
      "name": "hollywoo_bojack_horseman_mydevspace_com_92881968",
      "provider": "provider[\"registry.terraform.io/-/genesyscloud\"]",
      "instances": [
        {
          "schema_version": 1,
          "attributes_flat": {
            "acd_auto_answer": "true",
            "addresses.#": "1",
            "addresses.0.other_emails.#": "0",
            "addresses.0.phone_numbers.#": "1",
            "addresses.0.phone_numbers.4142010519.extension": "1009",
            "addresses.0.phone_numbers.4142010519.media_type": "PHONE",
            "addresses.0.phone_numbers.4142010519.number": "1009",
            "addresses.0.phone_numbers.4142010519.type": "WORK",
            "certifications.#": "0",
            "department": "Talent Department",
            "division_id": "c3434464-c83c-4035-9b8e-3bd312f44475",
            "email": "hollywoo+bojack.horseman@mydevspace.com",
            "employer_info.#": "0",
            "id": "8c35c7da-440c-47b9-b9e3-658e5574a086",
            "locations.#": "1",
            "locations.715510123.location_id": "d614b7f2-b9a6-4379-bc1f-03810bbf9654",
            "locations.715510123.notes": "",
            "manager": "",
            "name": "Bojack Horseman",
            "profile_skills.#": "0",
            "routing_languages.#": "1",
            "routing_languages.3836844317.language_id": "b7754fad-7471-4c08-9a9d-b211720c042d",
            "routing_languages.3836844317.proficiency": "4",
            "routing_skills.#": "5",
            "routing_skills.129749654.proficiency": "0",
            "routing_skills.129749654.skill_id": "584005c4-c8c8-426b-8311-ea894dd0f235",
            "routing_skills.2983101062.proficiency": "0",
            "routing_skills.2983101062.skill_id": "7eba08c7-e62b-49bb-867f-ca69bbab66f0",
            "routing_skills.3705827605.proficiency": "0",
            "routing_skills.3705827605.skill_id": "fc47fb1d-e789-4fc8-b73a-da4402c2b72a",
            "routing_skills.4237349769.proficiency": "0",
            "routing_skills.4237349769.skill_id": "f1afdbd4-9c39-4cd6-92da-f69317a0233f",
            "routing_skills.923910512.proficiency": "0",
            "routing_skills.923910512.skill_id": "e998055d-0924-48b8-bac0-08492e669574",
            "routing_utilization.#": "0",
            "state": "active",
            "title": "Actor"
          },
          "sensitive_attributes": []
        }
      ]
    },
    {
      "mode": "managed",
      "type": "genesyscloud_user",
      "name": "hollywoo_mydevspace_com_1242694302",
      "provider": "provider[\"registry.terraform.io/-/genesyscloud\"]",
      "instances": [
        {
          "schema_version": 1,
          "attributes_flat": {
            "acd_auto_answer": "true",
            "addresses.#": "1",
            "addresses.0.other_emails.#": "0",
            "addresses.0.phone_numbers.#": "4",
            "addresses.0.phone_numbers.1934354254.extension": "",
            "addresses.0.phone_numbers.1934354254.media_type": "PHONE",
            "addresses.0.phone_numbers.1934354254.number": "+13175551000",
            "addresses.0.phone_numbers.1934354254.type": "WORK2",
            "addresses.0.phone_numbers.2035573222.extension": "1000",
            "addresses.0.phone_numbers.2035573222.media_type": "PHONE",
            "addresses.0.phone_numbers.2035573222.number": "1000",
            "addresses.0.phone_numbers.2035573222.type": "WORK",
            "addresses.0.phone_numbers.2100185901.extension": "",
            "addresses.0.phone_numbers.2100185901.media_type": "PHONE",
            "addresses.0.phone_numbers.2100185901.number": "+13175559101",
            "addresses.0.phone_numbers.2100185901.type": "WORK3",
            "addresses.0.phone_numbers.2410000676.extension": "",
            "addresses.0.phone_numbers.2410000676.media_type": "PHONE",
            "addresses.0.phone_numbers.2410000676.number": "+13175559102",
            "addresses.0.phone_numbers.2410000676.type": "WORK4",
            "certifications.#": "0",
            "department": "Administration",
            "division_id": "4a7e4f4b-e734-40b6-838e-557c5eedd49a",
            "email": "hollywoo@mydevspace.com",
            "employer_info.#": "0",
            "id": "9ed7d9f6-0c59-4360-ac54-40dd35eb9c2f",
            "locations.#": "1",
            "locations.2410669724.location_id": "a74817d5-e8b5-437f-baf2-dbc5eade91a8",
            "locations.2410669724.notes": "",
            "manager": "8c35c7da-440c-47b9-b9e3-658e5574a086",
            "name": "Hollywoo Admin",
            "profile_skills.#": "4",
            "profile_skills.1139188359": "Ninja",
            "profile_skills.1785148924": "test",
            "profile_skills.3293160490": "Disappearing",
            "profile_skills.3599294571": "asdf",
            "routing_languages.#": "3",
            "routing_languages.2161990681.language_id": "b7754fad-7471-4c08-9a9d-b211720c042d",
            "routing_languages.2161990681.proficiency": "0",
            "routing_languages.2325129956.language_id": "6040afdf-3485-4c4d-8cc2-f807e6364063",
            "routing_languages.2325129956.proficiency": "0",
            "routing_languages.2811769088.language_id": "13005cea-29c2-458d-9247-90502d4154dc",
            "routing_languages.2811769088.proficiency": "0",
            "routing_skills.#": "4",
            "routing_skills.1282545864.proficiency": "2",
            "routing_skills.1282545864.skill_id": "e998055d-0924-48b8-bac0-08492e669574",
            "routing_skills.3124946669.proficiency": "3",
            "routing_skills.3124946669.skill_id": "f1afdbd4-9c39-4cd6-92da-f69317a0233f",
            "routing_skills.58821424.proficiency": "3",
            "routing_skills.58821424.skill_id": "608ce170-8e5e-40b9-b12e-69a203f42452",
            "routing_skills.707117669.proficiency": "4",
            "routing_skills.707117669.skill_id": "fc47fb1d-e789-4fc8-b73a-da4402c2b72a",
            "routing_utilization.#": "0",
            "state": "active",
            "title": "Sr. Administrator"
          },
          "sensitive_attributes": []
        }
      ]
    },
    {
      "mode": "managed",
      "type": "genesyscloud_user",
      "name": "hollywoo_princess_carolyn_mydevspace_com_1381035672",
      "provider": "provider[\"registry.terraform.io/-/genesyscloud\"]",
      "instances": [
        {
          "schema_version": 1,
          "attributes_flat": {
            "acd_auto_answer": "false",
            "addresses.#": "1",
            "addresses.0.other_emails.#": "0",
            "addresses.0.phone_numbers.#": "1",
            "addresses.0.phone_numbers.2672058236.extension": "1008",
            "addresses.0.phone_numbers.2672058236.media_type": "PHONE",
            "addresses.0.phone_numbers.2672058236.number": "",
            "addresses.0.phone_numbers.2672058236.type": "WORK",
            "certifications.#": "0",
            "department": "HR",
            "division_id": "4a7e4f4b-e734-40b6-838e-557c5eedd49a",
            "email": "hollywoo+princess.carolyn@mydevspace.com",
            "employer_info.#": "1",
            "employer_info.0.date_hire": "",
            "employer_info.0.employee_id": "99887766",
            "employer_info.0.employee_type": "Full-time",
            "employer_info.0.official_name": "Ms. Princess Carolyn",
            "id": "fc627781-ea42-467f-ab60-d329f08122f7",
            "locations.#": "0",
            "manager": "9ed7d9f6-0c59-4360-ac54-40dd35eb9c2f",
            "name": "Princess Carolyn",
            "profile_skills.#": "0",
            "routing_languages.#": "1",
            "routing_languages.3836844317.language_id": "b7754fad-7471-4c08-9a9d-b211720c042d",
            "routing_languages.3836844317.proficiency": "4",
            "routing_skills.#": "1",
            "routing_skills.2586854513.proficiency": "3",
            "routing_skills.2586854513.skill_id": "fc47fb1d-e789-4fc8-b73a-da4402c2b72a",
            "routing_utilization.#": "0",
            "state": "active",
            "title": "Talent Agent"
          },
          "sensitive_attributes": []
        }
      ]
    },
    {
      "mode": "managed",
      "type": "genesyscloud_user",
      "name": "hollywoo_vincent_adultman_mydevspace_com_2025854156",
      "provider": "provider[\"registry.terraform.io/-/genesyscloud\"]",
      "instances": [
        {
          "schema_version": 1,
          "attributes_flat": {
            "acd_auto_answer": "false",
            "addresses.#": "0",
            "certifications.#": "0",
            "department": "Adults Only",
            "division_id": "4a7e4f4b-e734-40b6-838e-557c5eedd49a",
            "email": "hollywoo+vincent.adultman@mydevspace.com",
            "employer_info.#": "0",
            "id": "1f94763a-b0de-4d19-a840-674166be1fa6",
            "locations.#": "0",
            "manager": "",
            "name": "Vincent Adultman",
            "profile_skills.#": "0",
            "routing_languages.#": "0",
            "routing_skills.#": "0",
            "routing_utilization.#": "0",
            "state": "active",
            "title": "Business"
          },
          "sensitive_attributes": []
        }
      ]
    },
    {
      "mode": "managed",
      "type": "genesyscloud_user",
      "name": "hs001_kesselrun_com_3316008786",
      "provider": "provider[\"registry.terraform.io/-/genesyscloud\"]",
      "instances": [
        {
          "schema_version": 1,
          "attributes_flat": {
            "acd_auto_answer": "false",
            "addresses.#": "0",
            "certifications.#": "0",
            "department": "",
            "division_id": "4a7e4f4b-e734-40b6-838e-557c5eedd49a",
            "email": "hs001@kesselrun.com",
            "employer_info.#": "0",
            "id": "85feef8a-acd9-4624-bca8-e68e4b14c6f1",
            "locations.#": "0",
            "manager": "",
            "name": "Han Solo",
            "profile_skills.#": "0",
            "routing_languages.#": "0",
            "routing_skills.#": "0",
            "routing_utilization.#": "0",
            "state": "active",
            "title": ""
          },
          "sensitive_attributes": []
        }
      ]
    },
    {
      "mode": "managed",
      "type": "genesyscloud_user",
      "name": "integration-generic-08c15d20-94aa-11e6-a918-ef2552f1d28b_hollywoo_404963445",
      "provider": "provider[\"registry.terraform.io/-/genesyscloud\"]",
      "instances": [
        {
          "schema_version": 1,
          "attributes_flat": {
            "acd_auto_answer": "false",
            "addresses.#": "0",
            "certifications.#": "0",
            "department": "",
            "division_id": "4a7e4f4b-e734-40b6-838e-557c5eedd49a",
            "email": "integration-generic-08c15d20-94aa-11e6-a918-ef2552f1d28b@hollywoo",
            "employer_info.#": "0",
            "id": "7561954c-6ebc-45b5-ba3c-f7bfa92638e6",
            "locations.#": "0",
            "manager": "",
            "name": "Generic",
            "profile_skills.#": "0",
            "routing_languages.#": "0",
            "routing_skills.#": "0",
            "routing_utilization.#": "0",
            "state": "active",
            "title": ""
          },
          "sensitive_attributes": []
        }
      ]
    },
    {
      "mode": "managed",
      "type": "genesyscloud_user",
      "name": "integration-generic-2027ba80-fa59-11eb-bd9c-65b1574e9a8f_webhook_com_2479394335",
      "provider": "provider[\"registry.terraform.io/-/genesyscloud\"]",
      "instances": [
        {
          "schema_version": 1,
          "attributes_flat": {
            "acd_auto_answer": "false",
            "addresses.#": "0",
            "certifications.#": "0",
            "department": "",
            "division_id": "4a7e4f4b-e734-40b6-838e-557c5eedd49a",
            "email": "integration-generic-2027ba80-fa59-11eb-bd9c-65b1574e9a8f@webhook.com",
            "employer_info.#": "0",
            "id": "a00aac88-2d85-4636-a1cc-884583faf498",
            "locations.#": "0",
            "manager": "",
            "name": "Generic",
            "profile_skills.#": "0",
            "routing_languages.#": "0",
            "routing_skills.#": "0",
            "routing_utilization.#": "0",
            "state": "active",
            "title": ""
          },
          "sensitive_attributes": []
        }
      ]
    },
    {
      "mode": "managed",
      "type": "genesyscloud_user",
      "name": "integration-generic-20350e50-fa14-11eb-9a9c-150277b8798f_webhook_com_3120872343",
      "provider": "provider[\"registry.terraform.io/-/genesyscloud\"]",
      "instances": [
        {
          "schema_version": 1,
          "attributes_flat": {
            "acd_auto_answer": "false",
            "addresses.#": "0",
            "certifications.#": "0",
            "department": "",
            "division_id": "4a7e4f4b-e734-40b6-838e-557c5eedd49a",
            "email": "integration-generic-20350e50-fa14-11eb-9a9c-150277b8798f@webhook.com",
            "employer_info.#": "0",
            "id": "504b4930-8199-43fb-b3fd-2c13e0add37c",
            "locations.#": "0",
            "manager": "",
            "name": "Generic",
            "profile_skills.#": "0",
            "routing_languages.#": "0",
            "routing_skills.#": "0",
            "routing_utilization.#": "0",
            "state": "active",
            "title": ""
          },
          "sensitive_attributes": []
        }
      ]
    },
    {
      "mode": "managed",
      "type": "genesyscloud_user",
      "name": "integration-generic-2981da80-c7d9-11ed-ba5d-d39775f91d11_webhook_com_4080964362",
      "provider": "provider[\"registry.terraform.io/-/genesyscloud\"]",
      "instances": [
        {
          "schema_version": 1,
          "attributes_flat": {
            "acd_auto_answer": "false",
            "addresses.#": "0",
            "certifications.#": "0",
            "department": "",
            "division_id": "4a7e4f4b-e734-40b6-838e-557c5eedd49a",
            "email": "integration-generic-2981da80-c7d9-11ed-ba5d-d39775f91d11@webhook.com",
            "employer_info.#": "0",
            "id": "a9edfb96-b604-4b3b-ba98-64378c5c181c",
            "locations.#": "0",
            "manager": "",
            "name": "Generic",
            "profile_skills.#": "0",
            "routing_languages.#": "0",
            "routing_skills.#": "0",
            "routing_utilization.#": "0",
            "state": "active",
            "title": ""
          },
          "sensitive_attributes": []
        }
      ]
    },
    {
      "mode": "managed",
      "type": "genesyscloud_user",
      "name": "integration-generic-65c7f130-c583-11e8-a69c-69af084b88cb_webhook_com_2607013911",
      "provider": "provider[\"registry.terraform.io/-/genesyscloud\"]",
      "instances": [
        {
          "schema_version": 1,
          "attributes_flat": {
            "acd_auto_answer": "false",
            "addresses.#": "0",
            "certifications.#": "0",
            "department": "",
            "division_id": "4a7e4f4b-e734-40b6-838e-557c5eedd49a",
            "email": "integration-generic-65c7f130-c583-11e8-a69c-69af084b88cb@webhook.com",
            "employer_info.#": "0",
            "id": "c2c77417-d42b-419a-aa91-d67ada9ea74e",
            "locations.#": "0",
            "manager": "",
            "name": "Generic",
            "profile_skills.#": "0",
            "routing_languages.#": "0",
            "routing_skills.#": "0",
            "routing_utilization.#": "0",
            "state": "active",
            "title": ""
          },
          "sensitive_attributes": []
        }
      ]
    },
    {
      "mode": "managed",
      "type": "genesyscloud_user",
      "name": "integration-jenkins-0afc56d0-c7de-11ed-bd9d-e7e03aa26bdc_webhook_com_2145019868",
      "provider": "provider[\"registry.terraform.io/-/genesyscloud\"]",
      "instances": [
        {
          "schema_version": 1,
          "attributes_flat": {
            "acd_auto_answer": "false",
            "addresses.#": "0",
            "certifications.#": "0",
            "department": "",
            "division_id": "4a7e4f4b-e734-40b6-838e-557c5eedd49a",
            "email": "integration-jenkins-0afc56d0-c7de-11ed-bd9d-e7e03aa26bdc@webhook.com",
            "employer_info.#": "0",
            "id": "01b6c497-5b90-437d-b065-3f050bb2538e",
            "locations.#": "0",
            "manager": "",
            "name": "Jenkins",
            "profile_skills.#": "0",
            "routing_languages.#": "0",
            "routing_skills.#": "0",
            "routing_utilization.#": "0",
            "state": "active",
            "title": ""
          },
          "sensitive_attributes": []
        }
      ]
    },
    {
      "mode": "managed",
      "type": "genesyscloud_user",
      "name": "integration-jenkins-1eedb310-c7f6-11ed-ba5d-d39775f91d11_webhook_com_433317054",
      "provider": "provider[\"registry.terraform.io/-/genesyscloud\"]",
      "instances": [
        {
          "schema_version": 1,
          "attributes_flat": {
            "acd_auto_answer": "false",
            "addresses.#": "0",
            "certifications.#": "0",
            "department": "",
            "division_id": "4a7e4f4b-e734-40b6-838e-557c5eedd49a",
            "email": "integration-jenkins-1eedb310-c7f6-11ed-ba5d-d39775f91d11@webhook.com",
            "employer_info.#": "0",
            "id": "fb7c2ee5-687d-4941-8957-31ce2a4e5c40",
            "locations.#": "0",
            "manager": "",
            "name": "Jenkins",
            "profile_skills.#": "0",
            "routing_languages.#": "0",
            "routing_skills.#": "0",
            "routing_utilization.#": "0",
            "state": "active",
            "title": ""
          },
          "sensitive_attributes": []
        }
      ]
    },
    {
      "mode": "managed",
      "type": "genesyscloud_user",
      "name": "integration-jenkins-ab3a5730-1d3d-11eb-9ed5-8baa70bb0c1d_webhook_com_2820441722",
      "provider": "provider[\"registry.terraform.io/-/genesyscloud\"]",
      "instances": [
        {
          "schema_version": 1,
          "attributes_flat": {
            "acd_auto_answer": "false",
            "addresses.#": "0",
            "certifications.#": "0",
            "department": "",
            "division_id": "4a7e4f4b-e734-40b6-838e-557c5eedd49a",
            "email": "integration-jenkins-ab3a5730-1d3d-11eb-9ed5-8baa70bb0c1d@webhook.com",
            "employer_info.#": "0",
            "id": "638e4e61-b302-449b-b1d1-de39b03e5d2c",
            "locations.#": "0",
            "manager": "",
            "name": "Jenkins",
            "profile_skills.#": "0",
            "routing_languages.#": "0",
            "routing_skills.#": "0",
            "routing_utilization.#": "0",
            "state": "active",
            "title": ""
          },
          "sensitive_attributes": []
        }
      ]
    },
    {
      "mode": "managed",
      "type": "genesyscloud_user",
      "name": "integration-jira-3e0de440-2e2b-11e9-b065-29d1589bbb74_webhook_com_2182265673",
      "provider": "provider[\"registry.terraform.io/-/genesyscloud\"]",
      "instances": [
        {
          "schema_version": 1,
          "attributes_flat": {
            "acd_auto_answer": "false",
            "addresses.#": "0",
            "certifications.#": "0",
            "department": "",
            "division_id": "4a7e4f4b-e734-40b6-838e-557c5eedd49a",
            "email": "integration-jira-3e0de440-2e2b-11e9-b065-29d1589bbb74@webhook.com",
            "employer_info.#": "0",
            "id": "6f75f050-3746-4d80-be2b-817b3d582aeb",
            "locations.#": "0",
            "manager": "",
            "name": "JIRA",
            "profile_skills.#": "0",
            "routing_languages.#": "0",
            "routing_skills.#": "0",
            "routing_utilization.#": "0",
            "state": "active",
            "title": ""
          },
          "sensitive_attributes": []
        }
      ]
    },
    {
      "mode": "managed",
      "type": "genesyscloud_user",
      "name": "integration-pagerduty-0212b390-1d3e-11eb-9ed5-8baa70bb0c1d_webhook_com_3454661761",
      "provider": "provider[\"registry.terraform.io/-/genesyscloud\"]",
      "instances": [
        {
          "schema_version": 1,
          "attributes_flat": {
            "acd_auto_answer": "false",
            "addresses.#": "0",
            "certifications.#": "0",
            "department": "",
            "division_id": "4a7e4f4b-e734-40b6-838e-557c5eedd49a",
            "email": "integration-pagerduty-0212b390-1d3e-11eb-9ed5-8baa70bb0c1d@webhook.com",
            "employer_info.#": "0",
            "id": "09bce289-adcd-4bd7-ae54-b1dff89d2892",
            "locations.#": "0",
            "manager": "",
            "name": "PagerDuty",
            "profile_skills.#": "0",
            "routing_languages.#": "0",
            "routing_skills.#": "0",
            "routing_utilization.#": "0",
            "state": "active",
            "title": ""
          },
          "sensitive_attributes": []
        }
      ]
    },
    {
      "mode": "managed",
      "type": "genesyscloud_user",
      "name": "integration-pagerduty-dfe9fa90-1bb0-11ec-a631-ef8e17d2e672_webhook_com_2886224694",
      "provider": "provider[\"registry.terraform.io/-/genesyscloud\"]",
      "instances": [
        {
          "schema_version": 1,
          "attributes_flat": {
            "acd_auto_answer": "false",
            "addresses.#": "0",
            "certifications.#": "0",
            "department": "",
            "division_id": "4a7e4f4b-e734-40b6-838e-557c5eedd49a",
            "email": "integration-pagerduty-dfe9fa90-1bb0-11ec-a631-ef8e17d2e672@webhook.com",
            "employer_info.#": "0",
            "id": "92201ffc-5a8f-43e0-bfd3-fedf9705ebb3",
            "locations.#": "0",
            "manager": "",
            "name": "PagerDuty",
            "profile_skills.#": "0",
            "routing_languages.#": "0",
            "routing_skills.#": "0",
            "routing_utilization.#": "0",
            "state": "active",
            "title": ""
          },
          "sensitive_attributes": []
        }
      ]
    },
    {
      "mode": "managed",
      "type": "genesyscloud_user",
      "name": "integration-trello-4c184080-2e2b-11e9-b065-29d1589bbb74_webhook_com_3745977716",
      "provider": "provider[\"registry.terraform.io/-/genesyscloud\"]",
      "instances": [
        {
          "schema_version": 1,
          "attributes_flat": {
            "acd_auto_answer": "false",
            "addresses.#": "0",
            "certifications.#": "0",
            "department": "",
            "division_id": "4a7e4f4b-e734-40b6-838e-557c5eedd49a",
            "email": "integration-trello-4c184080-2e2b-11e9-b065-29d1589bbb74@webhook.com",
            "employer_info.#": "0",
            "id": "d8eced95-3c25-46ef-a101-ec0ae03d7a65",
            "locations.#": "0",
            "manager": "",
            "name": "Trello",
            "profile_skills.#": "0",
            "routing_languages.#": "0",
            "routing_skills.#": "0",
            "routing_utilization.#": "0",
            "state": "active",
            "title": ""
          },
          "sensitive_attributes": []
        }
      ]
    },
    {
      "mode": "managed",
      "type": "genesyscloud_user",
      "name": "istvan_bihari_genesys_com_419079146",
      "provider": "provider[\"registry.terraform.io/-/genesyscloud\"]",
      "instances": [
        {
          "schema_version": 1,
          "attributes_flat": {
            "acd_auto_answer": "false",
            "addresses.#": "0",
            "certifications.#": "0",
            "department": "",
            "division_id": "4a7e4f4b-e734-40b6-838e-557c5eedd49a",
            "email": "istvan.bihari@genesys.com",
            "employer_info.#": "0",
            "id": "4a55bf00-c220-42f3-aa4c-c0b608964f15",
            "locations.#": "0",
            "manager": "",
            "name": "Istvan Bihari",
            "profile_skills.#": "0",
            "routing_languages.#": "0",
            "routing_skills.#": "0",
            "routing_utilization.#": "0",
            "state": "active",
            "title": ""
          },
          "sensitive_attributes": []
        }
      ]
    },
    {
      "mode": "managed",
      "type": "genesyscloud_user",
      "name": "jacob_shaw_genesys_com_2728024026",
      "provider": "provider[\"registry.terraform.io/-/genesyscloud\"]",
      "instances": [
        {
          "schema_version": 1,
          "attributes_flat": {
            "acd_auto_answer": "false",
            "addresses.#": "0",
            "certifications.#": "0",
            "department": "",
            "division_id": "4a7e4f4b-e734-40b6-838e-557c5eedd49a",
            "email": "jacob.shaw@genesys.com",
            "employer_info.#": "0",
            "id": "fec34eaa-818e-4617-b317-9360a00089fc",
            "locations.#": "0",
            "manager": "",
            "name": "Jacob Shaw",
            "profile_skills.#": "0",
            "routing_languages.#": "1",
            "routing_languages.3673146693.language_id": "13005cea-29c2-458d-9247-90502d4154dc",
            "routing_languages.3673146693.proficiency": "5",
            "routing_skills.#": "0",
            "routing_utilization.#": "1",
            "routing_utilization.0.call.#": "1",
            "routing_utilization.0.call.0.include_non_acd": "false",
            "routing_utilization.0.call.0.interruptible_media_types.#": "0",
            "routing_utilization.0.call.0.maximum_capacity": "4",
            "routing_utilization.0.callback.#": "1",
            "routing_utilization.0.callback.0.include_non_acd": "false",
            "routing_utilization.0.callback.0.interruptible_media_types.#": "0",
            "routing_utilization.0.callback.0.maximum_capacity": "1",
            "routing_utilization.0.chat.#": "1",
            "routing_utilization.0.chat.0.include_non_acd": "false",
            "routing_utilization.0.chat.0.interruptible_media_types.#": "0",
            "routing_utilization.0.chat.0.maximum_capacity": "4",
            "routing_utilization.0.email.#": "1",
            "routing_utilization.0.email.0.include_non_acd": "false",
            "routing_utilization.0.email.0.interruptible_media_types.#": "3",
            "routing_utilization.0.email.0.interruptible_media_types.1433391533": "chat",
            "routing_utilization.0.email.0.interruptible_media_types.2728695085": "call",
            "routing_utilization.0.email.0.interruptible_media_types.2977790496": "callback",
            "routing_utilization.0.email.0.maximum_capacity": "1",
            "routing_utilization.0.message.#": "1",
            "routing_utilization.0.message.0.include_non_acd": "false",
            "routing_utilization.0.message.0.interruptible_media_types.#": "0",
            "routing_utilization.0.message.0.maximum_capacity": "4",
            "state": "active",
            "title": ""
          },
          "sensitive_attributes": []
        }
      ]
    },
    {
      "mode": "managed",
      "type": "genesyscloud_user",
      "name": "john2002_example_com_3162165789",
      "provider": "provider[\"registry.terraform.io/-/genesyscloud\"]",
      "instances": [
        {
          "schema_version": 1,
          "attributes_flat": {
            "acd_auto_answer": "false",
            "addresses.#": "0",
            "certifications.#": "0",
            "department": "",
            "division_id": "4a7e4f4b-e734-40b6-838e-557c5eedd49a",
            "email": "john2002@example.com",
            "employer_info.#": "0",
            "id": "9a5843ee-f3ab-4d4b-8091-c511ad593a65",
            "locations.#": "0",
            "manager": "",
            "name": "John Doe",
            "profile_skills.#": "0",
            "routing_languages.#": "0",
            "routing_skills.#": "1",
            "routing_skills.2471509458.proficiency": "4",
            "routing_skills.2471509458.skill_id": "16582b03-a544-45d3-bc5d-c1dd91b8c27b",
            "routing_utilization.#": "0",
            "state": "active",
            "title": ""
          },
          "sensitive_attributes": []
        }
      ]
    },
    {
      "mode": "managed",
      "type": "genesyscloud_user",
      "name": "john_carnell_example_com_3230966566",
      "provider": "provider[\"registry.terraform.io/-/genesyscloud\"]",
      "instances": [
        {
          "schema_version": 1,
          "attributes_flat": {
            "acd_auto_answer": "true",
            "addresses.#": "1",
            "addresses.0.other_emails.#": "1",
            "addresses.0.other_emails.885579399.address": "john@gmail.com",
            "addresses.0.other_emails.885579399.type": "HOME",
            "addresses.0.phone_numbers.#": "1",
            "addresses.0.phone_numbers.3012247163.extension": "",
            "addresses.0.phone_numbers.3012247163.media_type": "PHONE",
            "addresses.0.phone_numbers.3012247163.number": "+19202651560",
            "addresses.0.phone_numbers.3012247163.type": "MOBILE",
            "certifications.#": "1",
            "certifications.3699525810": "Certified Developer",
            "department": "Development",
            "division_id": "c3434464-c83c-4035-9b8e-3bd312f44475",
            "email": "john.carnell@example.com",
            "employer_info.#": "1",
            "employer_info.0.date_hire": "2021-03-18",
            "employer_info.0.employee_id": "12345",
            "employer_info.0.employee_type": "Full-time",
            "employer_info.0.official_name": "Jonathon Doe",
            "id": "17991eca-da71-4f52-a64a-a9eeb759e110",
            "locations.#": "0",
            "manager": "9ed7d9f6-0c59-4360-ac54-40dd35eb9c2f",
            "name": "John Carnell",
            "profile_skills.#": "2",
            "profile_skills.3395977395": "Java",
            "profile_skills.3657096219": "Go",
            "routing_languages.#": "0",
            "routing_skills.#": "0",
            "routing_utilization.#": "0",
            "state": "active",
            "title": "Executive Director"
          },
          "sensitive_attributes": []
        }
      ]
    },
    {
      "mode": "managed",
      "type": "genesyscloud_user",
      "name": "john_carnell_genesys_com_1657969838",
      "provider": "provider[\"registry.terraform.io/-/genesyscloud\"]",
      "instances": [
        {
          "schema_version": 1,
          "attributes_flat": {
            "acd_auto_answer": "false",
            "addresses.#": "0",
            "certifications.#": "0",
            "department": "",
            "division_id": "4a7e4f4b-e734-40b6-838e-557c5eedd49a",
            "email": "john.carnell@genesys.com",
            "employer_info.#": "0",
            "id": "3c57c76a-3e96-424a-a6c1-1706b64bf9dc",
            "locations.#": "0",
            "manager": "",
            "name": "John Carnell",
            "profile_skills.#": "0",
            "routing_languages.#": "0",
            "routing_skills.#": "0",
            "routing_utilization.#": "0",
            "state": "active",
            "title": ""
          },
          "sensitive_attributes": []
        }
      ]
    },
    {
      "mode": "managed",
      "type": "genesyscloud_user",
      "name": "john_example_example_com_2520920561",
      "provider": "provider[\"registry.terraform.io/-/genesyscloud\"]",
      "instances": [
        {
          "schema_version": 1,
          "attributes_flat": {
            "acd_auto_answer": "false",
            "addresses.#": "0",
            "certifications.#": "0",
            "department": "",
            "division_id": "4a7e4f4b-e734-40b6-838e-557c5eedd49a",
            "email": "john.example@example.com",
            "employer_info.#": "0",
            "id": "d6dbad47-ef6f-4a55-854e-bf079ea36186",
            "locations.#": "0",
            "manager": "",
            "name": "John Example",
            "profile_skills.#": "0",
            "routing_languages.#": "0",
            "routing_skills.#": "0",
            "routing_utilization.#": "0",
            "state": "active",
            "title": ""
          },
          "sensitive_attributes": []
        }
      ]
    },
    {
      "mode": "managed",
      "type": "genesyscloud_user",
      "name": "johndoe400_genesys_com_934400637",
      "provider": "provider[\"registry.terraform.io/-/genesyscloud\"]",
      "instances": [
        {
          "schema_version": 1,
          "attributes_flat": {
            "acd_auto_answer": "false",
            "addresses.#": "0",
            "certifications.#": "0",
            "department": "",
            "division_id": "4a7e4f4b-e734-40b6-838e-557c5eedd49a",
            "email": "johndoe400@genesys.com",
            "employer_info.#": "0",
            "id": "105f580b-d196-451b-bdb4-7f066952fa3f",
            "locations.#": "0",
            "manager": "",
            "name": "john doe400",
            "profile_skills.#": "0",
            "routing_languages.#": "0",
            "routing_skills.#": "0",
            "routing_utilization.#": "0",
            "state": "active",
            "title": ""
          },
          "sensitive_attributes": []
        }
      ]
    },
    {
      "mode": "managed",
      "type": "genesyscloud_user",
      "name": "johndoe401_genesys_com_1108999412",
      "provider": "provider[\"registry.terraform.io/-/genesyscloud\"]",
      "instances": [
        {
          "schema_version": 1,
          "attributes_flat": {
            "acd_auto_answer": "false",
            "addresses.#": "0",
            "certifications.#": "0",
            "department": "",
            "division_id": "4a7e4f4b-e734-40b6-838e-557c5eedd49a",
            "email": "johndoe401@genesys.com",
            "employer_info.#": "0",
            "id": "032ab910-5d06-4e40-8785-2317a25f16ad",
            "locations.#": "0",
            "manager": "",
            "name": "john doe401",
            "profile_skills.#": "0",
            "routing_languages.#": "0",
            "routing_skills.#": "0",
            "routing_utilization.#": "0",
            "state": "active",
            "title": ""
          },
          "sensitive_attributes": []
        }
      ]
    },
    {
      "mode": "managed",
      "type": "genesyscloud_user",
      "name": "johndoe501_genesys_com_1813062901",
      "provider": "provider[\"registry.terraform.io/-/genesyscloud\"]",
      "instances": [
        {
          "schema_version": 1,
          "attributes_flat": {
            "acd_auto_answer": "false",
            "addresses.#": "0",
            "certifications.#": "0",
            "department": "",
            "division_id": "4a7e4f4b-e734-40b6-838e-557c5eedd49a",
            "email": "johndoe501@genesys.com",
            "employer_info.#": "0",
            "id": "eb3f20c9-1034-4f0f-82a2-65f6a449de39",
            "locations.#": "0",
            "manager": "",
            "name": "john doe501",
            "profile_skills.#": "0",
            "routing_languages.#": "0",
            "routing_skills.#": "0",
            "routing_utilization.#": "0",
            "state": "active",
            "title": ""
          },
          "sensitive_attributes": []
        }
      ]
    },
    {
      "mode": "managed",
      "type": "genesyscloud_user",
      "name": "johnodoe_gmail_com_1600129600",
      "provider": "provider[\"registry.terraform.io/-/genesyscloud\"]",
      "instances": [
        {
          "schema_version": 1,
          "attributes_flat": {
            "acd_auto_answer": "false",
            "addresses.#": "0",
            "certifications.#": "0",
            "department": "",
            "division_id": "4a7e4f4b-e734-40b6-838e-557c5eedd49a",
            "email": "johnodoe@gmail.com",
            "employer_info.#": "0",
            "id": "c62f2dae-51f5-473c-9df5-91973f6522e3",
            "locations.#": "0",
            "manager": "",
            "name": "John O'Doe",
            "profile_skills.#": "0",
            "routing_languages.#": "0",
            "routing_skills.#": "0",
            "routing_utilization.#": "0",
            "state": "active",
            "title": ""
          },
          "sensitive_attributes": []
        }
      ]
    },
    {
      "mode": "managed",
      "type": "genesyscloud_user",
      "name": "jonathan_wilford_genesys_com_225772492",
      "provider": "provider[\"registry.terraform.io/-/genesyscloud\"]",
      "instances": [
        {
          "schema_version": 1,
          "attributes_flat": {
            "acd_auto_answer": "false",
            "addresses.#": "0",
            "certifications.#": "0",
            "department": "",
            "division_id": "4a7e4f4b-e734-40b6-838e-557c5eedd49a",
            "email": "jonathan.wilford@genesys.com",
            "employer_info.#": "0",
            "id": "470f89fd-4fb6-4a88-a0db-3b41c83a0ffd",
            "locations.#": "0",
            "manager": "",
            "name": "Example user",
            "profile_skills.#": "0",
            "routing_languages.#": "0",
            "routing_skills.#": "0",
            "routing_utilization.#": "0",
            "state": "active",
            "title": ""
          },
          "sensitive_attributes": []
        }
      ]
    },
    {
      "mode": "managed",
      "type": "genesyscloud_user",
      "name": "justin_timber_example_com_2526322122",
      "provider": "provider[\"registry.terraform.io/-/genesyscloud\"]",
      "instances": [
        {
          "schema_version": 1,
          "attributes_flat": {
            "acd_auto_answer": "false",
            "addresses.#": "1",
            "addresses.0.other_emails.#": "0",
            "addresses.0.phone_numbers.#": "1",
            "addresses.0.phone_numbers.2648438779.extension": "",
            "addresses.0.phone_numbers.2648438779.media_type": "PHONE",
            "addresses.0.phone_numbers.2648438779.number": "+19002651560",
            "addresses.0.phone_numbers.2648438779.type": "MOBILE",
            "certifications.#": "0",
            "department": "Development",
            "division_id": "4a7e4f4b-e734-40b6-838e-557c5eedd49a",
            "email": "justin.timber@example.com",
            "employer_info.#": "0",
            "id": "10456477-97da-4f25-a8dd-1c1cea3ebf0a",
            "locations.#": "0",
            "manager": "",
            "name": "justin timberlake",
            "profile_skills.#": "0",
            "routing_languages.#": "0",
            "routing_skills.#": "0",
            "routing_utilization.#": "0",
            "state": "active",
            "title": "Executive Director"
          },
          "sensitive_attributes": []
        }
      ]
    },
    {
      "mode": "managed",
      "type": "genesyscloud_user",
      "name": "leia001_rebellion_com_3356978564",
      "provider": "provider[\"registry.terraform.io/-/genesyscloud\"]",
      "instances": [
        {
          "schema_version": 1,
          "attributes_flat": {
            "acd_auto_answer": "false",
            "addresses.#": "0",
            "certifications.#": "0",
            "department": "",
            "division_id": "4a7e4f4b-e734-40b6-838e-557c5eedd49a",
            "email": "leia001@rebellion.com",
            "employer_info.#": "0",
            "id": "2bd2293d-3abf-41ef-a931-c24254ac15d4",
            "locations.#": "0",
            "manager": "",
            "name": "Leia Skywalker",
            "profile_skills.#": "0",
            "routing_languages.#": "0",
            "routing_skills.#": "0",
            "routing_utilization.#": "0",
            "state": "active",
            "title": ""
          },
          "sensitive_attributes": []
        }
      ]
    },
    {
      "mode": "managed",
      "type": "genesyscloud_user",
      "name": "ls001_rebellion_com_107614280",
      "provider": "provider[\"registry.terraform.io/-/genesyscloud\"]",
      "instances": [
        {
          "schema_version": 1,
          "attributes_flat": {
            "acd_auto_answer": "false",
            "addresses.#": "0",
            "certifications.#": "0",
            "department": "",
            "division_id": "4a7e4f4b-e734-40b6-838e-557c5eedd49a",
            "email": "ls001@rebellion.com",
            "employer_info.#": "0",
            "id": "b15cbce8-5ae8-47fa-b414-c93250a55179",
            "locations.#": "0",
            "manager": "",
            "name": "luke skywalker",
            "profile_skills.#": "0",
            "routing_languages.#": "0",
            "routing_skills.#": "0",
            "routing_utilization.#": "0",
            "state": "active",
            "title": ""
          },
          "sensitive_attributes": []
        }
      ]
    },
    {
      "mode": "managed",
      "type": "genesyscloud_user",
      "name": "merge_user_relatetest_com_1514295047",
      "provider": "provider[\"registry.terraform.io/-/genesyscloud\"]",
      "instances": [
        {
          "schema_version": 1,
          "attributes_flat": {
            "acd_auto_answer": "false",
            "addresses.#": "0",
            "certifications.#": "0",
            "department": "",
            "division_id": "4a7e4f4b-e734-40b6-838e-557c5eedd49a",
            "email": "merge_user@relatetest.com",
            "employer_info.#": "0",
            "id": "f6b89e64-8644-4dda-8b1b-9358d5ba2563",
            "locations.#": "0",
            "manager": "",
            "name": "merge_user",
            "profile_skills.#": "0",
            "routing_languages.#": "0",
            "routing_skills.#": "0",
            "routing_utilization.#": "0",
            "state": "active",
            "title": ""
          },
          "sensitive_attributes": []
        }
      ]
    },
    {
      "mode": "managed",
      "type": "genesyscloud_user",
      "name": "michael_roddy_genesys_com_2392985031",
      "provider": "provider[\"registry.terraform.io/-/genesyscloud\"]",
      "instances": [
        {
          "schema_version": 1,
          "attributes_flat": {
            "acd_auto_answer": "false",
            "addresses.#": "0",
            "certifications.#": "0",
            "department": "",
            "division_id": "4a7e4f4b-e734-40b6-838e-557c5eedd49a",
            "email": "michael.roddy@genesys.com",
            "employer_info.#": "0",
            "id": "34364c59-ad80-4ede-80f4-82b56f4ade70",
            "locations.#": "0",
            "manager": "",
            "name": "Michael Roddy",
            "profile_skills.#": "0",
            "routing_languages.#": "0",
            "routing_skills.#": "0",
            "routing_utilization.#": "0",
            "state": "active",
            "title": ""
          },
          "sensitive_attributes": []
        }
      ]
    },
    {
      "mode": "managed",
      "type": "genesyscloud_user",
      "name": "mike3r51343135145_example_com_3605118990",
      "provider": "provider[\"registry.terraform.io/-/genesyscloud\"]",
      "instances": [
        {
          "schema_version": 1,
          "attributes_flat": {
            "acd_auto_answer": "false",
            "addresses.#": "0",
            "certifications.#": "0",
            "department": "",
            "division_id": "4a7e4f4b-e734-40b6-838e-557c5eedd49a",
            "email": "mike3r51343135145@example.com",
            "employer_info.#": "0",
            "id": "8ce146d6-5832-492b-a9a2-0aea30022c29",
            "locations.#": "0",
            "manager": "",
            "name": "Mike Doe",
            "profile_skills.#": "0",
            "routing_languages.#": "0",
            "routing_skills.#": "0",
            "routing_utilization.#": "0",
            "state": "active",
            "title": ""
          },
          "sensitive_attributes": []
        }
      ]
    },
    {
      "mode": "managed",
      "type": "genesyscloud_user",
      "name": "mikerr234_gmail_cpom_3839857867",
      "provider": "provider[\"registry.terraform.io/-/genesyscloud\"]",
      "instances": [
        {
          "schema_version": 1,
          "attributes_flat": {
            "acd_auto_answer": "false",
            "addresses.#": "0",
            "certifications.#": "0",
            "department": "",
            "division_id": "4a7e4f4b-e734-40b6-838e-557c5eedd49a",
            "email": "mikerr234@gmail.cpom",
            "employer_info.#": "0",
            "id": "751c994b-9b64-4524-9489-fc61580f9c95",
            "locations.#": "0",
            "manager": "",
            "name": "Mike Rutkowski234",
            "profile_skills.#": "0",
            "routing_languages.#": "0",
            "routing_skills.#": "0",
            "routing_utilization.#": "0",
            "state": "active",
            "title": ""
          },
          "sensitive_attributes": []
        }
      ]
    },
    {
      "mode": "managed",
      "type": "genesyscloud_user",
      "name": "mikerr_gmail_cpom_3094113648",
      "provider": "provider[\"registry.terraform.io/-/genesyscloud\"]",
      "instances": [
        {
          "schema_version": 1,
          "attributes_flat": {
            "acd_auto_answer": "false",
            "addresses.#": "0",
            "certifications.#": "0",
            "department": "",
            "division_id": "4a7e4f4b-e734-40b6-838e-557c5eedd49a",
            "email": "mikerr@gmail.cpom",
            "employer_info.#": "0",
            "id": "133b128e-0959-435b-8658-60184edb6a85",
            "locations.#": "0",
            "manager": "",
            "name": "Mike Rutkowski2",
            "profile_skills.#": "0",
            "routing_languages.#": "0",
            "routing_skills.#": "0",
            "routing_utilization.#": "0",
            "state": "active",
            "title": ""
          },
          "sensitive_attributes": []
        }
      ]
    },
    {
      "mode": "managed",
      "type": "genesyscloud_user",
      "name": "mj001_waynecorp_com_206948570",
      "provider": "provider[\"registry.terraform.io/-/genesyscloud\"]",
      "instances": [
        {
          "schema_version": 1,
          "attributes_flat": {
            "acd_auto_answer": "false",
            "addresses.#": "0",
            "certifications.#": "0",
            "department": "",
            "division_id": "c7bc65be-1366-4c78-8a26-d148116294a1",
            "email": "mj001@waynecorp.com",
            "employer_info.#": "0",
            "id": "90d2705e-0de7-4ee7-8ad1-46e578204696",
            "locations.#": "0",
            "manager": "",
            "name": "Michael Billy Jackson",
            "profile_skills.#": "0",
            "routing_languages.#": "0",
            "routing_skills.#": "0",
            "routing_utilization.#": "0",
            "state": "active",
            "title": ""
          },
          "sensitive_attributes": []
        }
      ]
    },
    {
      "mode": "managed",
      "type": "genesyscloud_user",
      "name": "mj002_waynecorp_com_2001306445",
      "provider": "provider[\"registry.terraform.io/-/genesyscloud\"]",
      "instances": [
        {
          "schema_version": 1,
          "attributes_flat": {
            "acd_auto_answer": "false",
            "addresses.#": "0",
            "certifications.#": "0",
            "department": "",
            "division_id": "4a7e4f4b-e734-40b6-838e-557c5eedd49a",
            "email": "mj002@waynecorp.com",
            "employer_info.#": "0",
            "id": "05c30cee-99f7-4194-b9aa-ba46f1bde9d9",
            "locations.#": "0",
            "manager": "",
            "name": "Michael Billy Jackson",
            "profile_skills.#": "0",
            "routing_languages.#": "0",
            "routing_skills.#": "0",
            "routing_utilization.#": "0",
            "state": "active",
            "title": ""
          },
          "sensitive_attributes": []
        }
      ]
    },
    {
      "mode": "managed",
      "type": "genesyscloud_user",
      "name": "mj003_waynecorp_com_263324660",
      "provider": "provider[\"registry.terraform.io/-/genesyscloud\"]",
      "instances": [
        {
          "schema_version": 1,
          "attributes_flat": {
            "acd_auto_answer": "false",
            "addresses.#": "0",
            "certifications.#": "0",
            "department": "",
            "division_id": "4a7e4f4b-e734-40b6-838e-557c5eedd49a",
            "email": "mj003@waynecorp.com",
            "employer_info.#": "0",
            "id": "891e4144-9265-4fbb-a57f-f84a3e5c0c6c",
            "locations.#": "0",
            "manager": "",
            "name": "Michael Billy Jackson",
            "profile_skills.#": "0",
            "routing_languages.#": "0",
            "routing_skills.#": "0",
            "routing_utilization.#": "0",
            "state": "active",
            "title": ""
          },
          "sensitive_attributes": []
        }
      ]
    },
    {
      "mode": "managed",
      "type": "genesyscloud_user",
      "name": "mj005_waynecorp_com_3003327758",
      "provider": "provider[\"registry.terraform.io/-/genesyscloud\"]",
      "instances": [
        {
          "schema_version": 1,
          "attributes_flat": {
            "acd_auto_answer": "false",
            "addresses.#": "0",
            "certifications.#": "0",
            "department": "",
            "division_id": "4a7e4f4b-e734-40b6-838e-557c5eedd49a",
            "email": "mj005@waynecorp.com",
            "employer_info.#": "0",
            "id": "bc0fd293-e637-475a-b9cc-086e3c507d2f",
            "locations.#": "0",
            "manager": "",
            "name": "Michael Billy Jackson",
            "profile_skills.#": "0",
            "routing_languages.#": "0",
            "routing_skills.#": "0",
            "routing_utilization.#": "0",
            "state": "active",
            "title": ""
          },
          "sensitive_attributes": []
        }
      ]
    },
    {
      "mode": "managed",
      "type": "genesyscloud_user",
      "name": "mj007_waynecorp_com_2983751432",
      "provider": "provider[\"registry.terraform.io/-/genesyscloud\"]",
      "instances": [
        {
          "schema_version": 1,
          "attributes_flat": {
            "acd_auto_answer": "false",
            "addresses.#": "0",
            "certifications.#": "0",
            "department": "",
            "division_id": "4a7e4f4b-e734-40b6-838e-557c5eedd49a",
            "email": "mj007@waynecorp.com",
            "employer_info.#": "0",
            "id": "d28f1d25-fb07-4f0d-839a-83ebebc629ff",
            "locations.#": "0",
            "manager": "",
            "name": "Michael Billy Jackson",
            "profile_skills.#": "0",
            "routing_languages.#": "0",
            "routing_skills.#": "0",
            "routing_utilization.#": "0",
            "state": "active",
            "title": ""
          },
          "sensitive_attributes": []
        }
      ]
    },
    {
      "mode": "managed",
      "type": "genesyscloud_user",
      "name": "mphelps001_waynecorp_com_1228389080",
      "provider": "provider[\"registry.terraform.io/-/genesyscloud\"]",
      "instances": [
        {
          "schema_version": 1,
          "attributes_flat": {
            "acd_auto_answer": "false",
            "addresses.#": "0",
            "certifications.#": "0",
            "department": "",
            "division_id": "4a7e4f4b-e734-40b6-838e-557c5eedd49a",
            "email": "mphelps001@waynecorp.com",
            "employer_info.#": "0",
            "id": "93da5119-7be8-412f-b163-9e6670f5d7a9",
            "locations.#": "0",
            "manager": "",
            "name": "Michael Phelps",
            "profile_skills.#": "0",
            "routing_languages.#": "0",
            "routing_skills.#": "0",
            "routing_utilization.#": "0",
            "state": "active",
            "title": ""
          },
          "sensitive_attributes": []
        }
      ]
    },
    {
      "mode": "managed",
      "type": "genesyscloud_user",
      "name": "mrunal_nargunde_genesys_com_3916161745",
      "provider": "provider[\"registry.terraform.io/-/genesyscloud\"]",
      "instances": [
        {
          "schema_version": 1,
          "attributes_flat": {
            "acd_auto_answer": "false",
            "addresses.#": "0",
            "certifications.#": "0",
            "department": "",
            "division_id": "4a7e4f4b-e734-40b6-838e-557c5eedd49a",
            "email": "mrunal.nargunde@genesys.com",
            "employer_info.#": "0",
            "id": "968bbcc5-c052-41fa-8794-fc238c301695",
            "locations.#": "0",
            "manager": "",
            "name": "Mrunal Nargunde",
            "profile_skills.#": "0",
            "routing_languages.#": "0",
            "routing_skills.#": "0",
            "routing_utilization.#": "0",
            "state": "active",
            "title": ""
          },
          "sensitive_attributes": []
        }
      ]
    },
    {
      "mode": "managed",
      "type": "genesyscloud_user",
      "name": "name_email_com_3138683645",
      "provider": "provider[\"registry.terraform.io/-/genesyscloud\"]",
      "instances": [
        {
          "schema_version": 1,
          "attributes_flat": {
            "acd_auto_answer": "false",
            "addresses.#": "0",
            "certifications.#": "0",
            "department": "",
            "division_id": "4a7e4f4b-e734-40b6-838e-557c5eedd49a",
            "email": "name@email.com",
            "employer_info.#": "0",
            "id": "9ae3601a-4198-4a9f-9367-88450641f344",
            "locations.#": "0",
            "manager": "",
            "name": "CX Code Schedule 74f6b39e-5420-4d17-b39b-92fcf8e2876e",
            "profile_skills.#": "0",
            "routing_languages.#": "0",
            "routing_skills.#": "0",
            "routing_utilization.#": "0",
            "state": "active",
            "title": ""
          },
          "sensitive_attributes": []
        }
      ]
    },
    {
      "mode": "managed",
      "type": "genesyscloud_user",
      "name": "newdotnettesteremail_mypurecloud_com_1366766404",
      "provider": "provider[\"registry.terraform.io/-/genesyscloud\"]",
      "instances": [
        {
          "schema_version": 1,
          "attributes_flat": {
            "acd_auto_answer": "false",
            "addresses.#": "0",
            "certifications.#": "0",
            "department": "",
            "division_id": "4a7e4f4b-e734-40b6-838e-557c5eedd49a",
            "email": "newdotnettesteremail@mypurecloud.com",
            "employer_info.#": "0",
            "id": "be588ba5-cb23-4bed-be7c-a5a1cf65402c",
            "locations.#": "0",
            "manager": "",
            "name": ".NET SDK Tester",
            "profile_skills.#": "0",
            "routing_languages.#": "0",
            "routing_skills.#": "0",
            "routing_utilization.#": "0",
            "state": "active",
            "title": ""
          },
          "sensitive_attributes": []
        }
      ]
    },
    {
      "mode": "managed",
      "type": "genesyscloud_user",
      "name": "noWebhooksPerm_genesys-test_com_3980245382",
      "provider": "provider[\"registry.terraform.io/-/genesyscloud\"]",
      "instances": [
        {
          "schema_version": 1,
          "attributes_flat": {
            "acd_auto_answer": "false",
            "addresses.#": "0",
            "certifications.#": "0",
            "department": "",
            "division_id": "4a7e4f4b-e734-40b6-838e-557c5eedd49a",
            "email": "noWebhooksPerm@genesys-test.com",
            "employer_info.#": "0",
            "id": "a648a258-265b-4e02-a252-cec3344e625d",
            "locations.#": "0",
            "manager": "",
            "name": "No Webhooks",
            "profile_skills.#": "0",
            "routing_languages.#": "0",
            "routing_skills.#": "0",
            "routing_utilization.#": "0",
            "state": "active",
            "title": ""
          },
          "sensitive_attributes": []
        }
      ]
    },
    {
      "mode": "managed",
      "type": "genesyscloud_user",
      "name": "noWebhooksPerma623b2ee-4db1-4d2b-bf63-23adf1821c94_genesys-test_com_2974136354",
      "provider": "provider[\"registry.terraform.io/-/genesyscloud\"]",
      "instances": [
        {
          "schema_version": 1,
          "attributes_flat": {
            "acd_auto_answer": "false",
            "addresses.#": "0",
            "certifications.#": "0",
            "department": "",
            "division_id": "4a7e4f4b-e734-40b6-838e-557c5eedd49a",
            "email": "noWebhooksPerma623b2ee-4db1-4d2b-bf63-23adf1821c94@genesys-test.com",
            "employer_info.#": "0",
            "id": "7018d6a1-c277-4fd8-86e0-e85d9f1e56f0",
            "locations.#": "0",
            "manager": "",
            "name": "No Webhooks1df1b09d-2dd7-4806-a4a6-696e90bafe23",
            "profile_skills.#": "0",
            "routing_languages.#": "0",
            "routing_skills.#": "0",
            "routing_utilization.#": "0",
            "state": "active",
            "title": ""
          },
          "sensitive_attributes": []
        }
      ]
    },
    {
      "mode": "managed",
      "type": "genesyscloud_user",
      "name": "notanemail_example_com394a3b24-2d9c-4c32-826e-d741c3dda1af_1788364698",
      "provider": "provider[\"registry.terraform.io/-/genesyscloud\"]",
      "instances": [
        {
          "schema_version": 1,
          "attributes_flat": {
            "acd_auto_answer": "false",
            "addresses.#": "0",
            "certifications.#": "0",
            "department": "",
            "division_id": "4a7e4f4b-e734-40b6-838e-557c5eedd49a",
            "email": "notanemail@example.com394a3b24-2d9c-4c32-826e-d741c3dda1af",
            "employer_info.#": "0",
            "id": "2f38aade-adfc-4bb2-9e24-e4844ce3e8fb",
            "locations.#": "0",
            "manager": "",
            "name": "terraform-usera553fc7f-bd0b-4e0f-9000-f9fdc15156d2",
            "profile_skills.#": "0",
            "routing_languages.#": "0",
            "routing_skills.#": "0",
            "routing_utilization.#": "0",
            "state": "active",
            "title": ""
          },
          "sensitive_attributes": []
        }
      ]
    },
    {
      "mode": "managed",
      "type": "genesyscloud_user",
      "name": "notanemail_example_com3b64f58a-7bb0-4861-ac57-f1ca638b4fc5_1015966413",
      "provider": "provider[\"registry.terraform.io/-/genesyscloud\"]",
      "instances": [
        {
          "schema_version": 1,
          "attributes_flat": {
            "acd_auto_answer": "false",
            "addresses.#": "0",
            "certifications.#": "0",
            "department": "",
            "division_id": "4a7e4f4b-e734-40b6-838e-557c5eedd49a",
            "email": "notanemail@example.com3b64f58a-7bb0-4861-ac57-f1ca638b4fc5",
            "employer_info.#": "0",
            "id": "6aa1e562-8839-4c87-b874-cbd948bc1762",
            "locations.#": "0",
            "manager": "",
            "name": "terraform-user2e4c2569-25be-4ab7-ad18-e0a11befed35",
            "profile_skills.#": "0",
            "routing_languages.#": "0",
            "routing_skills.#": "0",
            "routing_utilization.#": "0",
            "state": "active",
            "title": ""
          },
          "sensitive_attributes": []
        }
      ]
    },
    {
      "mode": "managed",
      "type": "genesyscloud_user",
      "name": "notanemail_example_com3cf8bf07-43d1-4f88-9a53-71ea485d0ba9_3480168124",
      "provider": "provider[\"registry.terraform.io/-/genesyscloud\"]",
      "instances": [
        {
          "schema_version": 1,
          "attributes_flat": {
            "acd_auto_answer": "false",
            "addresses.#": "0",
            "certifications.#": "0",
            "department": "",
            "division_id": "4a7e4f4b-e734-40b6-838e-557c5eedd49a",
            "email": "notanemail@example.com3cf8bf07-43d1-4f88-9a53-71ea485d0ba9",
            "employer_info.#": "0",
            "id": "541e0548-a677-47ad-b585-d8a84641e0d7",
            "locations.#": "0",
            "manager": "",
            "name": "terraform-userf12fe3df-b761-48fc-a483-25f6c4ae1c68",
            "profile_skills.#": "0",
            "routing_languages.#": "0",
            "routing_skills.#": "0",
            "routing_utilization.#": "0",
            "state": "active",
            "title": ""
          },
          "sensitive_attributes": []
        }
      ]
    },
    {
      "mode": "managed",
      "type": "genesyscloud_user",
      "name": "notanemail_example_com5e4194c9-1d5c-4146-9d30-15ba2d921413_3404841405",
      "provider": "provider[\"registry.terraform.io/-/genesyscloud\"]",
      "instances": [
        {
          "schema_version": 1,
          "attributes_flat": {
            "acd_auto_answer": "false",
            "addresses.#": "0",
            "certifications.#": "0",
            "department": "",
            "division_id": "4a7e4f4b-e734-40b6-838e-557c5eedd49a",
            "email": "notanemail@example.com5e4194c9-1d5c-4146-9d30-15ba2d921413",
            "employer_info.#": "0",
            "id": "f720e4c0-3e30-4613-9c38-81b967c46dd3",
            "locations.#": "0",
            "manager": "",
            "name": "terraform-user7bcb2cb4-a056-4c9a-ad26-6e8be9d5df52",
            "profile_skills.#": "0",
            "routing_languages.#": "0",
            "routing_skills.#": "0",
            "routing_utilization.#": "0",
            "state": "active",
            "title": ""
          },
          "sensitive_attributes": []
        }
      ]
    },
    {
      "mode": "managed",
      "type": "genesyscloud_user",
      "name": "notanemail_example_com67b2a880-35fb-42ea-a216-f4432f48a998_1606711762",
      "provider": "provider[\"registry.terraform.io/-/genesyscloud\"]",
      "instances": [
        {
          "schema_version": 1,
          "attributes_flat": {
            "acd_auto_answer": "false",
            "addresses.#": "0",
            "certifications.#": "0",
            "department": "",
            "division_id": "4a7e4f4b-e734-40b6-838e-557c5eedd49a",
            "email": "notanemail@example.com67b2a880-35fb-42ea-a216-f4432f48a998",
            "employer_info.#": "0",
            "id": "c84b9d5d-cf0d-4471-a591-b6e67949d84d",
            "locations.#": "0",
            "manager": "",
            "name": "terraform-user6d169fe3-c582-4993-a284-18879b739b4d",
            "profile_skills.#": "0",
            "routing_languages.#": "0",
            "routing_skills.#": "0",
            "routing_utilization.#": "0",
            "state": "active",
            "title": ""
          },
          "sensitive_attributes": []
        }
      ]
    },
    {
      "mode": "managed",
      "type": "genesyscloud_user",
      "name": "notanemail_example_com98cdd5ef-c6cf-4b1e-9a5e-d5fc7205389b_428437980",
      "provider": "provider[\"registry.terraform.io/-/genesyscloud\"]",
      "instances": [
        {
          "schema_version": 1,
          "attributes_flat": {
            "acd_auto_answer": "false",
            "addresses.#": "0",
            "certifications.#": "0",
            "department": "",
            "division_id": "4a7e4f4b-e734-40b6-838e-557c5eedd49a",
            "email": "notanemail@example.com98cdd5ef-c6cf-4b1e-9a5e-d5fc7205389b",
            "employer_info.#": "0",
            "id": "ba6f5b25-f012-4cc9-bf90-b889513f6dda",
            "locations.#": "0",
            "manager": "",
            "name": "terraform-userc93c2bbc-87ea-4413-9cf6-e8296fb12939",
            "profile_skills.#": "0",
            "routing_languages.#": "0",
            "routing_skills.#": "0",
            "routing_utilization.#": "0",
            "state": "active",
            "title": ""
          },
          "sensitive_attributes": []
        }
      ]
    },
    {
      "mode": "managed",
      "type": "genesyscloud_user",
      "name": "notanemail_example_comffae911d-8529-4754-a7c3-8eabf9eb444a_3134853860",
      "provider": "provider[\"registry.terraform.io/-/genesyscloud\"]",
      "instances": [
        {
          "schema_version": 1,
          "attributes_flat": {
            "acd_auto_answer": "false",
            "addresses.#": "0",
            "certifications.#": "0",
            "department": "",
            "division_id": "4a7e4f4b-e734-40b6-838e-557c5eedd49a",
            "email": "notanemail@example.comffae911d-8529-4754-a7c3-8eabf9eb444a",
            "employer_info.#": "0",
            "id": "5b735e39-79cf-4f82-aee3-6c188ebcafce",
            "locations.#": "0",
            "manager": "",
            "name": "terraform-userf472d557-0b68-4d63-a0d7-5a90c9d3a5ae",
            "profile_skills.#": "0",
            "routing_languages.#": "0",
            "routing_skills.#": "0",
            "routing_utilization.#": "0",
            "state": "active",
            "title": ""
          },
          "sensitive_attributes": []
        }
      ]
    },
    {
      "mode": "managed",
      "type": "genesyscloud_user",
      "name": "omar_estrella_genesys_com_873392521",
      "provider": "provider[\"registry.terraform.io/-/genesyscloud\"]",
      "instances": [
        {
          "schema_version": 1,
          "attributes_flat": {
            "acd_auto_answer": "false",
            "addresses.#": "0",
            "certifications.#": "0",
            "department": "",
            "division_id": "4a7e4f4b-e734-40b6-838e-557c5eedd49a",
            "email": "omar.estrella@genesys.com",
            "employer_info.#": "0",
            "id": "4636ca5d-c6a0-4ba8-9696-a73367577266",
            "locations.#": "0",
            "manager": "",
            "name": "Omar Estrella",
            "profile_skills.#": "0",
            "routing_languages.#": "0",
            "routing_skills.#": "0",
            "routing_utilization.#": "0",
            "state": "active",
            "title": ""
          },
          "sensitive_attributes": []
        }
      ]
    },
    {
      "mode": "managed",
      "type": "genesyscloud_user",
      "name": "paul_rouillard_genesys_com_3429074676",
      "provider": "provider[\"registry.terraform.io/-/genesyscloud\"]",
      "instances": [
        {
          "schema_version": 1,
          "attributes_flat": {
            "acd_auto_answer": "false",
            "addresses.#": "0",
            "certifications.#": "0",
            "department": "",
            "division_id": "4a7e4f4b-e734-40b6-838e-557c5eedd49a",
            "email": "paul.rouillard@genesys.com",
            "employer_info.#": "0",
            "id": "00c33e0a-154f-46e6-99ef-2d8edd135861",
            "locations.#": "0",
            "manager": "",
            "name": "Paul Rouillard",
            "profile_skills.#": "0",
            "routing_languages.#": "0",
            "routing_skills.#": "0",
            "routing_utilization.#": "0",
            "state": "active",
            "title": ""
          },
          "sensitive_attributes": []
        }
      ]
    },
    {
      "mode": "managed",
      "type": "genesyscloud_user",
      "name": "person_with_email_genesys_com_2648988601",
      "provider": "provider[\"registry.terraform.io/-/genesyscloud\"]",
      "instances": [
        {
          "schema_version": 1,
          "attributes_flat": {
            "acd_auto_answer": "false",
            "addresses.#": "1",
            "addresses.0.other_emails.#": "1",
            "addresses.0.other_emails.2346045776.address": "person.with.email@genesys.com",
            "addresses.0.other_emails.2346045776.type": "WORK",
            "addresses.0.phone_numbers.#": "0",
            "certifications.#": "0",
            "department": "",
            "division_id": "4a7e4f4b-e734-40b6-838e-557c5eedd49a",
            "email": "person.with.email@genesys.com",
            "employer_info.#": "0",
            "id": "f0d9f38b-6b37-46f9-a212-87f90d602a2a",
            "locations.#": "0",
            "manager": "",
            "name": "person with email",
            "profile_skills.#": "0",
            "routing_languages.#": "0",
            "routing_skills.#": "0",
            "routing_utilization.#": "0",
            "state": "active",
            "title": ""
          },
          "sensitive_attributes": []
        }
      ]
    },
    {
      "mode": "managed",
      "type": "genesyscloud_user",
      "name": "person_with_extension_genesys_com_2414276226",
      "provider": "provider[\"registry.terraform.io/-/genesyscloud\"]",
      "instances": [
        {
          "schema_version": 1,
          "attributes_flat": {
            "acd_auto_answer": "false",
            "addresses.#": "1",
            "addresses.0.other_emails.#": "0",
            "addresses.0.phone_numbers.#": "1",
            "addresses.0.phone_numbers.3449826732.extension": "3271",
            "addresses.0.phone_numbers.3449826732.media_type": "PHONE",
            "addresses.0.phone_numbers.3449826732.number": "",
            "addresses.0.phone_numbers.3449826732.type": "WORK",
            "certifications.#": "0",
            "department": "",
            "division_id": "4a7e4f4b-e734-40b6-838e-557c5eedd49a",
            "email": "person.with.extension@genesys.com",
            "employer_info.#": "0",
            "id": "cdaea93d-8ceb-4264-aa5c-d14860be8258",
            "locations.#": "0",
            "manager": "",
            "name": "person with extension",
            "profile_skills.#": "0",
            "routing_languages.#": "0",
            "routing_skills.#": "0",
            "routing_utilization.#": "0",
            "state": "active",
            "title": ""
          },
          "sensitive_attributes": []
        }
      ]
    },
    {
      "mode": "managed",
      "type": "genesyscloud_user",
      "name": "person_with_extension_two_genesys_com_1024406526",
      "provider": "provider[\"registry.terraform.io/-/genesyscloud\"]",
      "instances": [
        {
          "schema_version": 1,
          "attributes_flat": {
            "acd_auto_answer": "false",
            "addresses.#": "1",
            "addresses.0.other_emails.#": "0",
            "addresses.0.phone_numbers.#": "1",
            "addresses.0.phone_numbers.3449826732.extension": "3271",
            "addresses.0.phone_numbers.3449826732.media_type": "PHONE",
            "addresses.0.phone_numbers.3449826732.number": "",
            "addresses.0.phone_numbers.3449826732.type": "WORK",
            "certifications.#": "0",
            "department": "",
            "division_id": "4a7e4f4b-e734-40b6-838e-557c5eedd49a",
            "email": "person.with.extension.two@genesys.com",
            "employer_info.#": "0",
            "id": "01dec547-001e-48fb-b205-308391dd6505",
            "locations.#": "0",
            "manager": "",
            "name": "person with extension two",
            "profile_skills.#": "0",
            "routing_languages.#": "0",
            "routing_skills.#": "0",
            "routing_utilization.#": "0",
            "state": "active",
            "title": ""
          },
          "sensitive_attributes": []
        }
      ]
    },
    {
      "mode": "managed",
      "type": "genesyscloud_user",
      "name": "promote_user_relatetest_com_233379007",
      "provider": "provider[\"registry.terraform.io/-/genesyscloud\"]",
      "instances": [
        {
          "schema_version": 1,
          "attributes_flat": {
            "acd_auto_answer": "false",
            "addresses.#": "0",
            "certifications.#": "0",
            "department": "",
            "division_id": "4a7e4f4b-e734-40b6-838e-557c5eedd49a",
            "email": "promote_user@relatetest.com",
            "employer_info.#": "0",
            "id": "d39c1058-0f9f-45e1-8690-68aa47512040",
            "locations.#": "0",
            "manager": "",
            "name": "promote_user",
            "profile_skills.#": "0",
            "routing_languages.#": "0",
            "routing_skills.#": "0",
            "routing_utilization.#": "0",
            "state": "active",
            "title": ""
          },
          "sensitive_attributes": []
        }
      ]
    },
    {
      "mode": "managed",
      "type": "genesyscloud_user",
      "name": "radams001_waynecorp_com_290933235",
      "provider": "provider[\"registry.terraform.io/-/genesyscloud\"]",
      "instances": [
        {
          "schema_version": 1,
          "attributes_flat": {
            "acd_auto_answer": "false",
            "addresses.#": "0",
            "certifications.#": "0",
            "department": "",
            "division_id": "4a7e4f4b-e734-40b6-838e-557c5eedd49a",
            "email": "radams001@waynecorp.com",
            "employer_info.#": "0",
            "id": "2da1e2dc-43ed-4f45-bb10-ebf8e2b034bd",
            "locations.#": "0",
            "manager": "",
            "name": "Ryan Adams001",
            "profile_skills.#": "0",
            "routing_languages.#": "0",
            "routing_skills.#": "0",
            "routing_utilization.#": "0",
            "state": "active",
            "title": ""
          },
          "sensitive_attributes": []
        }
      ]
    },
    {
      "mode": "managed",
      "type": "genesyscloud_user",
      "name": "recording_buddy_genesys_com_811247035",
      "provider": "provider[\"registry.terraform.io/-/genesyscloud\"]",
      "instances": [
        {
          "schema_version": 1,
          "attributes_flat": {
            "acd_auto_answer": "false",
            "addresses.#": "0",
            "certifications.#": "0",
            "department": "",
            "division_id": "4a7e4f4b-e734-40b6-838e-557c5eedd49a",
            "email": "recording.buddy@genesys.com",
            "employer_info.#": "0",
            "id": "077b5f55-5f7d-4c47-a0af-a654313d6b36",
            "locations.#": "0",
            "manager": "",
            "name": "recording buddy",
            "profile_skills.#": "0",
            "routing_languages.#": "0",
            "routing_skills.#": "0",
            "routing_utilization.#": "0",
            "state": "active",
            "title": ""
          },
          "sensitive_attributes": []
        }
      ]
    },
    {
      "mode": "managed",
      "type": "genesyscloud_user",
      "name": "restricted_user_relatetest_com_2661057702",
      "provider": "provider[\"registry.terraform.io/-/genesyscloud\"]",
      "instances": [
        {
          "schema_version": 1,
          "attributes_flat": {
            "acd_auto_answer": "false",
            "addresses.#": "0",
            "certifications.#": "0",
            "department": "",
            "division_id": "4a7e4f4b-e734-40b6-838e-557c5eedd49a",
            "email": "restricted_user@relatetest.com",
            "employer_info.#": "0",
            "id": "031668ae-d230-4c05-b6ff-c2b95c85df62",
            "locations.#": "0",
            "manager": "",
            "name": "restricted_user",
            "profile_skills.#": "0",
            "routing_languages.#": "0",
            "routing_skills.#": "0",
            "routing_utilization.#": "0",
            "state": "active",
            "title": ""
          },
          "sensitive_attributes": []
        }
      ]
    },
    {
      "mode": "managed",
      "type": "genesyscloud_user",
      "name": "ricky_bobby_delete01_com_766642974",
      "provider": "provider[\"registry.terraform.io/-/genesyscloud\"]",
      "instances": [
        {
          "schema_version": 1,
          "attributes_flat": {
            "acd_auto_answer": "true",
            "addresses.#": "1",
            "addresses.0.other_emails.#": "0",
            "addresses.0.phone_numbers.#": "1",
            "addresses.0.phone_numbers.1980706179.extension": "",
            "addresses.0.phone_numbers.1980706179.media_type": "PHONE",
            "addresses.0.phone_numbers.1980706179.number": "+19205551212",
            "addresses.0.phone_numbers.1980706179.type": "MOBILE",
            "certifications.#": "0",
            "department": "Development",
            "division_id": "4a7e4f4b-e734-40b6-838e-557c5eedd49a",
            "email": "ricky.bobby@delete01.com",
            "employer_info.#": "1",
            "employer_info.0.date_hire": "2021-03-18",
            "employer_info.0.employee_id": "12345",
            "employer_info.0.employee_type": "Full-time",
            "employer_info.0.official_name": "Ricky Bobby",
            "id": "8a9b4152-a899-4824-8ee1-58dc2e9289a0",
            "locations.#": "0",
            "manager": "",
            "name": "Ricky Bobby",
            "profile_skills.#": "0",
            "routing_languages.#": "0",
            "routing_skills.#": "0",
            "routing_utilization.#": "0",
            "state": "active",
            "title": "Agent"
          },
          "sensitive_attributes": []
        }
      ]
    },
    {
      "mode": "managed",
      "type": "genesyscloud_user",
      "name": "ricky_bobby_usa_com_3059308425",
      "provider": "provider[\"registry.terraform.io/-/genesyscloud\"]",
      "instances": [
        {
          "schema_version": 1,
          "attributes_flat": {
            "acd_auto_answer": "true",
            "addresses.#": "1",
            "addresses.0.other_emails.#": "0",
            "addresses.0.phone_numbers.#": "1",
            "addresses.0.phone_numbers.1980706179.extension": "",
            "addresses.0.phone_numbers.1980706179.media_type": "PHONE",
            "addresses.0.phone_numbers.1980706179.number": "+19205551212",
            "addresses.0.phone_numbers.1980706179.type": "MOBILE",
            "certifications.#": "0",
            "department": "Development",
            "division_id": "4a7e4f4b-e734-40b6-838e-557c5eedd49a",
            "email": "ricky.bobby@usa.com",
            "employer_info.#": "1",
            "employer_info.0.date_hire": "2021-03-18",
            "employer_info.0.employee_id": "12345",
            "employer_info.0.employee_type": "Full-time",
            "employer_info.0.official_name": "Ricky Bobby",
            "id": "7fe55f16-9bde-4ed5-b38b-f0d905e61b34",
            "locations.#": "0",
            "manager": "",
            "name": "Ricky Bobby",
            "profile_skills.#": "0",
            "routing_languages.#": "0",
            "routing_skills.#": "0",
            "routing_utilization.#": "0",
            "state": "active",
            "title": "Agent"
          },
          "sensitive_attributes": []
        }
      ]
    },
    {
      "mode": "managed",
      "type": "genesyscloud_user",
      "name": "robert_smith_example_com_4009159461",
      "provider": "provider[\"registry.terraform.io/-/genesyscloud\"]",
      "instances": [
        {
          "schema_version": 1,
          "attributes_flat": {
            "acd_auto_answer": "true",
            "addresses.#": "1",
            "addresses.0.other_emails.#": "1",
            "addresses.0.other_emails.3984187800.address": "robert.smithsdada@gmailz.com",
            "addresses.0.other_emails.3984187800.type": "HOME",
            "addresses.0.phone_numbers.#": "1",
            "addresses.0.phone_numbers.643119727.extension": "",
            "addresses.0.phone_numbers.643119727.media_type": "PHONE",
            "addresses.0.phone_numbers.643119727.number": "+19202651555",
            "addresses.0.phone_numbers.643119727.type": "MOBILE",
            "certifications.#": "1",
            "certifications.3699525810": "Certified Developer",
            "department": "Development",
            "division_id": "4a7e4f4b-e734-40b6-838e-557c5eedd49a",
            "email": "robert.smith@example.com",
            "employer_info.#": "1",
            "employer_info.0.date_hire": "2021-03-18",
            "employer_info.0.employee_id": "12345",
            "employer_info.0.employee_type": "Full-time",
            "employer_info.0.official_name": "Rober Smith",
            "id": "e39c1209-f5bf-4135-8cf0-7de5ba3522fc",
            "locations.#": "0",
            "manager": "",
            "name": "Robert Smith",
            "profile_skills.#": "2",
            "profile_skills.3395977395": "Java",
            "profile_skills.3657096219": "Go",
            "routing_languages.#": "0",
            "routing_skills.#": "0",
            "routing_utilization.#": "0",
            "state": "active",
            "title": "Executive Director"
          },
          "sensitive_attributes": []
        }
      ]
    },
    {
      "mode": "managed",
      "type": "genesyscloud_user",
      "name": "ronan_watkins_genesys_com_1904478919",
      "provider": "provider[\"registry.terraform.io/-/genesyscloud\"]",
      "instances": [
        {
          "schema_version": 1,
          "attributes_flat": {
            "acd_auto_answer": "false",
            "addresses.#": "0",
            "certifications.#": "0",
            "department": "",
            "division_id": "4a7e4f4b-e734-40b6-838e-557c5eedd49a",
            "email": "ronan.watkins@genesys.com",
            "employer_info.#": "0",
            "id": "dfc7d122-3989-42e1-baf6-bb2a7df44f5f",
            "locations.#": "0",
            "manager": "",
            "name": "Ronan Watkins",
            "profile_skills.#": "0",
            "routing_languages.#": "0",
            "routing_skills.#": "0",
            "routing_utilization.#": "0",
            "state": "active",
            "title": ""
          },
          "sensitive_attributes": []
        }
      ]
    },
    {
      "mode": "managed",
      "type": "genesyscloud_user",
      "name": "scott_drummond_genesys_com_1013303001",
      "provider": "provider[\"registry.terraform.io/-/genesyscloud\"]",
      "instances": [
        {
          "schema_version": 1,
          "attributes_flat": {
            "acd_auto_answer": "false",
            "addresses.#": "0",
            "certifications.#": "0",
            "department": "",
            "division_id": "4a7e4f4b-e734-40b6-838e-557c5eedd49a",
            "email": "scott.drummond@genesys.com",
            "employer_info.#": "0",
            "id": "695c7efc-b8d4-43e3-a9d8-7ff0de2d10ec",
            "locations.#": "0",
            "manager": "",
            "name": "Scott Drummond",
            "profile_skills.#": "0",
            "routing_languages.#": "0",
            "routing_skills.#": "0",
            "routing_utilization.#": "0",
            "state": "active",
            "title": ""
          },
          "sensitive_attributes": []
        }
      ]
    },
    {
      "mode": "managed",
      "type": "genesyscloud_user",
      "name": "shanthi_srinivasan_genesys_com_2253561161",
      "provider": "provider[\"registry.terraform.io/-/genesyscloud\"]",
      "instances": [
        {
          "schema_version": 1,
          "attributes_flat": {
            "acd_auto_answer": "false",
            "addresses.#": "0",
            "certifications.#": "0",
            "department": "",
            "division_id": "4a7e4f4b-e734-40b6-838e-557c5eedd49a",
            "email": "shanthi.srinivasan@genesys.com",
            "employer_info.#": "0",
            "id": "d92d17a0-e5fa-48fa-92af-6c604327e013",
            "locations.#": "0",
            "manager": "",
            "name": "Shanthi Srinivasan",
            "profile_skills.#": "0",
            "routing_languages.#": "0",
            "routing_skills.#": "0",
            "routing_utilization.#": "0",
            "state": "active",
            "title": ""
          },
          "sensitive_attributes": []
        }
      ]
    },
    {
      "mode": "managed",
      "type": "genesyscloud_user",
      "name": "someTestUser1234_genesys_com_940298919",
      "provider": "provider[\"registry.terraform.io/-/genesyscloud\"]",
      "instances": [
        {
          "schema_version": 1,
          "attributes_flat": {
            "acd_auto_answer": "false",
            "addresses.#": "0",
            "certifications.#": "0",
            "department": "",
            "division_id": "4a7e4f4b-e734-40b6-838e-557c5eedd49a",
            "email": "someTestUser1234@genesys.com",
            "employer_info.#": "0",
            "id": "9ff60321-14a3-44ab-a4bf-9734f2dae63b",
            "locations.#": "0",
            "manager": "",
            "name": "someTestUser1234",
            "profile_skills.#": "0",
            "routing_languages.#": "0",
            "routing_skills.#": "0",
            "routing_utilization.#": "0",
            "state": "active",
            "title": ""
          },
          "sensitive_attributes": []
        }
      ]
    },
    {
      "mode": "managed",
      "type": "genesyscloud_user",
      "name": "someTestUser123_genesys_com_3158826235",
      "provider": "provider[\"registry.terraform.io/-/genesyscloud\"]",
      "instances": [
        {
          "schema_version": 1,
          "attributes_flat": {
            "acd_auto_answer": "false",
            "addresses.#": "0",
            "certifications.#": "0",
            "department": "",
            "division_id": "4a7e4f4b-e734-40b6-838e-557c5eedd49a",
            "email": "someTestUser123@genesys.com",
            "employer_info.#": "0",
            "id": "4672ab94-813e-48a8-84dd-5e6ee42c85db",
            "locations.#": "0",
            "manager": "",
            "name": "someTestUser123",
            "profile_skills.#": "0",
            "routing_languages.#": "0",
            "routing_skills.#": "0",
            "routing_utilization.#": "0",
            "state": "active",
            "title": ""
          },
          "sensitive_attributes": []
        }
      ]
    },
    {
      "mode": "managed",
      "type": "genesyscloud_user",
      "name": "terraform-05b4a509-fd2a-4be3-80e8-653cf5243ac9_example_com_1518309515",
      "provider": "provider[\"registry.terraform.io/-/genesyscloud\"]",
      "instances": [
        {
          "schema_version": 1,
          "attributes_flat": {
            "acd_auto_answer": "false",
            "addresses.#": "0",
            "certifications.#": "0",
            "department": "",
            "division_id": "4a7e4f4b-e734-40b6-838e-557c5eedd49a",
            "email": "terraform-05b4a509-fd2a-4be3-80e8-653cf5243ac9@example.com",
            "employer_info.#": "0",
            "id": "d73a37a3-80a7-4902-8845-4e46abf636c2",
            "locations.#": "0",
            "manager": "",
            "name": "John Data-b3031b09-9731-4ac2-8057-a26f305a0938",
            "profile_skills.#": "0",
            "routing_languages.#": "0",
            "routing_skills.#": "0",
            "routing_utilization.#": "0",
            "state": "active",
            "title": ""
          },
          "sensitive_attributes": []
        }
      ]
    },
    {
      "mode": "managed",
      "type": "genesyscloud_user",
      "name": "terraform-061e2c9a-bd58-444a-823a-70e0d5d4a667_example_com_1244498831",
      "provider": "provider[\"registry.terraform.io/-/genesyscloud\"]",
      "instances": [
        {
          "schema_version": 1,
          "attributes_flat": {
            "acd_auto_answer": "false",
            "addresses.#": "0",
            "certifications.#": "0",
            "department": "",
            "division_id": "4a7e4f4b-e734-40b6-838e-557c5eedd49a",
            "email": "terraform-061e2c9a-bd58-444a-823a-70e0d5d4a667@example.com",
            "employer_info.#": "0",
            "id": "34625f3e-7b3c-4230-8f11-245cfff1dded",
            "locations.#": "0",
            "manager": "",
            "name": "Role Terraform",
            "profile_skills.#": "0",
            "routing_languages.#": "0",
            "routing_skills.#": "0",
            "routing_utilization.#": "0",
            "state": "active",
            "title": ""
          },
          "sensitive_attributes": []
        }
      ]
    },
    {
      "mode": "managed",
      "type": "genesyscloud_user",
      "name": "terraform-06c7c9e5-8b9e-4887-92ef-580c290e1cdd_example_com_1867187048",
      "provider": "provider[\"registry.terraform.io/-/genesyscloud\"]",
      "instances": [
        {
          "schema_version": 1,
          "attributes_flat": {
            "acd_auto_answer": "false",
            "addresses.#": "0",
            "certifications.#": "0",
            "department": "",
            "division_id": "4a7e4f4b-e734-40b6-838e-557c5eedd49a",
            "email": "terraform-06c7c9e5-8b9e-4887-92ef-580c290e1cdd@example.com",
            "employer_info.#": "0",
            "id": "a84e67ac-136e-4a5e-9619-e4e37789e976",
            "locations.#": "0",
            "manager": "",
            "name": "Role Terraform",
            "profile_skills.#": "0",
            "routing_languages.#": "0",
            "routing_skills.#": "0",
            "routing_utilization.#": "0",
            "state": "active",
            "title": ""
          },
          "sensitive_attributes": []
        }
      ]
    },
    {
      "mode": "managed",
      "type": "genesyscloud_user",
      "name": "terraform-06cbaaca-3669-4bf6-b8f6-45dbd973acee_example_com_1722466174",
      "provider": "provider[\"registry.terraform.io/-/genesyscloud\"]",
      "instances": [
        {
          "schema_version": 1,
          "attributes_flat": {
            "acd_auto_answer": "false",
            "addresses.#": "0",
            "certifications.#": "0",
            "department": "",
            "division_id": "4a7e4f4b-e734-40b6-838e-557c5eedd49a",
            "email": "terraform-06cbaaca-3669-4bf6-b8f6-45dbd973acee@example.com",
            "employer_info.#": "0",
            "id": "b064b574-68ca-4e1d-b79e-fb38c8381058",
            "locations.#": "0",
            "manager": "",
            "name": "John Data-6181ac65-ae8b-4f12-a03e-0086e0c404b1",
            "profile_skills.#": "0",
            "routing_languages.#": "0",
            "routing_skills.#": "0",
            "routing_utilization.#": "0",
            "state": "active",
            "title": ""
          },
          "sensitive_attributes": []
        }
      ]
    },
    {
      "mode": "managed",
      "type": "genesyscloud_user",
      "name": "terraform-078228dd-11a8-4afd-a3ac-e5009a5ea15a_example_com_2307331686",
      "provider": "provider[\"registry.terraform.io/-/genesyscloud\"]",
      "instances": [
        {
          "schema_version": 1,
          "attributes_flat": {
            "acd_auto_answer": "false",
            "addresses.#": "0",
            "certifications.#": "0",
            "department": "",
            "division_id": "4a7e4f4b-e734-40b6-838e-557c5eedd49a",
            "email": "terraform-078228dd-11a8-4afd-a3ac-e5009a5ea15a@example.com",
            "employer_info.#": "0",
            "id": "f43f162a-3e04-4b25-9569-47605d570fba",
            "locations.#": "0",
            "manager": "",
            "name": "Role Terraform",
            "profile_skills.#": "0",
            "routing_languages.#": "0",
            "routing_skills.#": "0",
            "routing_utilization.#": "0",
            "state": "active",
            "title": ""
          },
          "sensitive_attributes": []
        }
      ]
    },
    {
      "mode": "managed",
      "type": "genesyscloud_user",
      "name": "terraform-0a967df0-9ff2-4f66-888c-2198e560bd80_example_com_2807785166",
      "provider": "provider[\"registry.terraform.io/-/genesyscloud\"]",
      "instances": [
        {
          "schema_version": 1,
          "attributes_flat": {
            "acd_auto_answer": "false",
            "addresses.#": "0",
            "certifications.#": "0",
            "department": "",
            "division_id": "4a7e4f4b-e734-40b6-838e-557c5eedd49a",
            "email": "terraform-0a967df0-9ff2-4f66-888c-2198e560bd80@example.com",
            "employer_info.#": "0",
            "id": "8671a1c7-84e8-4cc4-a6c9-b85c79391162",
            "locations.#": "0",
            "manager": "",
            "name": "John Data-c0a92695-cdad-4867-8d05-ca7b2795f8d0",
            "profile_skills.#": "0",
            "routing_languages.#": "0",
            "routing_skills.#": "0",
            "routing_utilization.#": "0",
            "state": "active",
            "title": ""
          },
          "sensitive_attributes": []
        }
      ]
    },
    {
      "mode": "managed",
      "type": "genesyscloud_user",
      "name": "terraform-0ffdfebb-46fe-4e52-9a7a-07602f6d5726_example_com_4128548770",
      "provider": "provider[\"registry.terraform.io/-/genesyscloud\"]",
      "instances": [
        {
          "schema_version": 1,
          "attributes_flat": {
            "acd_auto_answer": "false",
            "addresses.#": "0",
            "certifications.#": "0",
            "department": "",
            "division_id": "4a7e4f4b-e734-40b6-838e-557c5eedd49a",
            "email": "terraform-0ffdfebb-46fe-4e52-9a7a-07602f6d5726@example.com",
            "employer_info.#": "0",
            "id": "da97d61a-b244-4ff0-89ad-5ccd42e89643",
            "locations.#": "0",
            "manager": "",
            "name": "Role Terraform",
            "profile_skills.#": "0",
            "routing_languages.#": "0",
            "routing_skills.#": "0",
            "routing_utilization.#": "0",
            "state": "active",
            "title": ""
          },
          "sensitive_attributes": []
        }
      ]
    },
    {
      "mode": "managed",
      "type": "genesyscloud_user",
      "name": "terraform-1-a09577b0-43f0-4e7f-a33c-8d34bd33a662_example_com_2847599047",
      "provider": "provider[\"registry.terraform.io/-/genesyscloud\"]",
      "instances": [
        {
          "schema_version": 1,
          "attributes_flat": {
            "acd_auto_answer": "false",
            "addresses.#": "0",
            "certifications.#": "0",
            "department": "",
            "division_id": "4a7e4f4b-e734-40b6-838e-557c5eedd49a",
            "email": "terraform-1-a09577b0-43f0-4e7f-a33c-8d34bd33a662@example.com",
            "employer_info.#": "0",
            "id": "c2bb0745-b730-46eb-8dae-431100d943c4",
            "locations.#": "0",
            "manager": "",
            "name": "test user eb55485c-e4f3-4aa0-af38-eb113230247f",
            "profile_skills.#": "0",
            "routing_languages.#": "0",
            "routing_skills.#": "0",
            "routing_utilization.#": "0",
            "state": "active",
            "title": ""
          },
          "sensitive_attributes": []
        }
      ]
    },
    {
      "mode": "managed",
      "type": "genesyscloud_user",
      "name": "terraform-114c0bbc-fe42-4f5e-aa0b-7a9eee9d6845_example_com_677654234",
      "provider": "provider[\"registry.terraform.io/-/genesyscloud\"]",
      "instances": [
        {
          "schema_version": 1,
          "attributes_flat": {
            "acd_auto_answer": "false",
            "addresses.#": "0",
            "certifications.#": "0",
            "department": "Development",
            "division_id": "4a7e4f4b-e734-40b6-838e-557c5eedd49a",
            "email": "terraform-114c0bbc-fe42-4f5e-aa0b-7a9eee9d6845@example.com",
            "employer_info.#": "0",
            "id": "8ca990df-8dc3-4d5b-abc6-97d30ecf635f",
            "locations.#": "0",
            "manager": "",
            "name": "John Terraform",
            "profile_skills.#": "0",
            "routing_languages.#": "0",
            "routing_skills.#": "0",
            "routing_utilization.#": "0",
            "state": "active",
            "title": "Senior Director"
          },
          "sensitive_attributes": []
        }
      ]
    },
    {
      "mode": "managed",
      "type": "genesyscloud_user",
      "name": "terraform-167e3f80-739b-4444-82af-725584091ba8_example_com_1669621027",
      "provider": "provider[\"registry.terraform.io/-/genesyscloud\"]",
      "instances": [
        {
          "schema_version": 1,
          "attributes_flat": {
            "acd_auto_answer": "false",
            "addresses.#": "0",
            "certifications.#": "0",
            "department": "",
            "division_id": "4a7e4f4b-e734-40b6-838e-557c5eedd49a",
            "email": "terraform-167e3f80-739b-4444-82af-725584091ba8@example.com",
            "employer_info.#": "0",
            "id": "46157ea1-4428-40bb-91e1-69e166bd8a09",
            "locations.#": "0",
            "manager": "",
            "name": "Skill Terraform",
            "profile_skills.#": "0",
            "routing_languages.#": "0",
            "routing_skills.#": "1",
            "routing_skills.1622907737.proficiency": "1.5",
            "routing_skills.1622907737.skill_id": "4a0431d4-dcec-421e-90bd-6449441ff15e",
            "routing_utilization.#": "0",
            "state": "active",
            "title": ""
          },
          "sensitive_attributes": []
        }
      ]
    },
    {
      "mode": "managed",
      "type": "genesyscloud_user",
      "name": "terraform-1726d39b-0cbd-4abd-8a86-628217f7cb4b_example_com_3674704374",
      "provider": "provider[\"registry.terraform.io/-/genesyscloud\"]",
      "instances": [
        {
          "schema_version": 1,
          "attributes_flat": {
            "acd_auto_answer": "false",
            "addresses.#": "0",
            "certifications.#": "0",
            "department": "",
            "division_id": "4a7e4f4b-e734-40b6-838e-557c5eedd49a",
            "email": "terraform-1726d39b-0cbd-4abd-8a86-628217f7cb4b@example.com",
            "employer_info.#": "0",
            "id": "f8fc8dff-8f2c-494e-afa2-0c6306367d07",
            "locations.#": "0",
            "manager": "",
            "name": "John Data-2b61fa26-717d-4fee-999c-c8e246921a1c",
            "profile_skills.#": "0",
            "routing_languages.#": "0",
            "routing_skills.#": "0",
            "routing_utilization.#": "0",
            "state": "active",
            "title": ""
          },
          "sensitive_attributes": []
        }
      ]
    },
    {
      "mode": "managed",
      "type": "genesyscloud_user",
      "name": "terraform-215a0e4d-8d37-4e5a-90f6-5069ea449fdd_example_com_3218595920",
      "provider": "provider[\"registry.terraform.io/-/genesyscloud\"]",
      "instances": [
        {
          "schema_version": 1,
          "attributes_flat": {
            "acd_auto_answer": "false",
            "addresses.#": "0",
            "certifications.#": "0",
            "department": "",
            "division_id": "4a7e4f4b-e734-40b6-838e-557c5eedd49a",
            "email": "terraform-215a0e4d-8d37-4e5a-90f6-5069ea449fdd@example.com",
            "employer_info.#": "0",
            "id": "f8d1d7c1-5005-4c43-b532-05fc2685febc",
            "locations.#": "0",
            "manager": "",
            "name": "Role Terraform",
            "profile_skills.#": "0",
            "routing_languages.#": "0",
            "routing_skills.#": "0",
            "routing_utilization.#": "0",
            "state": "active",
            "title": ""
          },
          "sensitive_attributes": []
        }
      ]
    },
    {
      "mode": "managed",
      "type": "genesyscloud_user",
      "name": "terraform-229d24c1-c5dd-4402-a3be-231c927a9f09_example_com_3289664873",
      "provider": "provider[\"registry.terraform.io/-/genesyscloud\"]",
      "instances": [
        {
          "schema_version": 1,
          "attributes_flat": {
            "acd_auto_answer": "false",
            "addresses.#": "0",
            "certifications.#": "0",
            "department": "",
            "division_id": "4a7e4f4b-e734-40b6-838e-557c5eedd49a",
            "email": "terraform-229d24c1-c5dd-4402-a3be-231c927a9f09@example.com",
            "employer_info.#": "0",
            "id": "b6204f95-578d-48c7-aab1-f6d2f6c957bf",
            "locations.#": "0",
            "manager": "",
            "name": "Role Terraform",
            "profile_skills.#": "0",
            "routing_languages.#": "0",
            "routing_skills.#": "0",
            "routing_utilization.#": "0",
            "state": "active",
            "title": ""
          },
          "sensitive_attributes": []
        }
      ]
    },
    {
      "mode": "managed",
      "type": "genesyscloud_user",
      "name": "terraform-26917daf-9efb-443a-baac-4b835627cb34_example_com_1471170421",
      "provider": "provider[\"registry.terraform.io/-/genesyscloud\"]",
      "instances": [
        {
          "schema_version": 1,
          "attributes_flat": {
            "acd_auto_answer": "false",
            "addresses.#": "0",
            "certifications.#": "0",
            "department": "",
            "division_id": "4a7e4f4b-e734-40b6-838e-557c5eedd49a",
            "email": "terraform-26917daf-9efb-443a-baac-4b835627cb34@example.com",
            "employer_info.#": "0",
            "id": "4656f5df-f007-4592-9dce-61f10663d8a1",
            "locations.#": "0",
            "manager": "",
            "name": "Role Terraform",
            "profile_skills.#": "0",
            "routing_languages.#": "0",
            "routing_skills.#": "0",
            "routing_utilization.#": "0",
            "state": "active",
            "title": ""
          },
          "sensitive_attributes": []
        }
      ]
    },
    {
      "mode": "managed",
      "type": "genesyscloud_user",
      "name": "terraform-2733316b-9e8a-4ff5-bd5b-d1f271328bba_example_com_3959576262",
      "provider": "provider[\"registry.terraform.io/-/genesyscloud\"]",
      "instances": [
        {
          "schema_version": 1,
          "attributes_flat": {
            "acd_auto_answer": "false",
            "addresses.#": "0",
            "certifications.#": "0",
            "department": "",
            "division_id": "4a7e4f4b-e734-40b6-838e-557c5eedd49a",
            "email": "terraform-2733316b-9e8a-4ff5-bd5b-d1f271328bba@example.com",
            "employer_info.#": "0",
            "id": "d56755b3-01f5-4dad-a2d5-dc6a1035d754",
            "locations.#": "0",
            "manager": "",
            "name": "John Data-f876c0dc-4179-48ef-a5ad-c7298671db60",
            "profile_skills.#": "0",
            "routing_languages.#": "0",
            "routing_skills.#": "0",
            "routing_utilization.#": "0",
            "state": "active",
            "title": ""
          },
          "sensitive_attributes": []
        }
      ]
    },
    {
      "mode": "managed",
      "type": "genesyscloud_user",
      "name": "terraform-2c9a7a61-cdd1-4036-b264-ae7fc3334b92_example_com_1996133824",
      "provider": "provider[\"registry.terraform.io/-/genesyscloud\"]",
      "instances": [
        {
          "schema_version": 1,
          "attributes_flat": {
            "acd_auto_answer": "false",
            "addresses.#": "0",
            "certifications.#": "0",
            "department": "",
            "division_id": "4a7e4f4b-e734-40b6-838e-557c5eedd49a",
            "email": "terraform-2c9a7a61-cdd1-4036-b264-ae7fc3334b92@example.com",
            "employer_info.#": "0",
            "id": "017f2c9c-57b5-4b29-a69e-198604edcfd6",
            "locations.#": "0",
            "manager": "",
            "name": "Role Terraform",
            "profile_skills.#": "0",
            "routing_languages.#": "0",
            "routing_skills.#": "0",
            "routing_utilization.#": "0",
            "state": "active",
            "title": ""
          },
          "sensitive_attributes": []
        }
      ]
    },
    {
      "mode": "managed",
      "type": "genesyscloud_user",
      "name": "terraform-33de8ebc-4791-4aee-9606-f99fe61a5351_example_com_1081155374",
      "provider": "provider[\"registry.terraform.io/-/genesyscloud\"]",
      "instances": [
        {
          "schema_version": 1,
          "attributes_flat": {
            "acd_auto_answer": "false",
            "addresses.#": "0",
            "certifications.#": "0",
            "department": "",
            "division_id": "4a7e4f4b-e734-40b6-838e-557c5eedd49a",
            "email": "terraform-33de8ebc-4791-4aee-9606-f99fe61a5351@example.com",
            "employer_info.#": "0",
            "id": "b172c77d-993c-4b61-8522-66288e682fd7",
            "locations.#": "0",
            "manager": "",
            "name": "Role Terraform",
            "profile_skills.#": "0",
            "routing_languages.#": "0",
            "routing_skills.#": "0",
            "routing_utilization.#": "0",
            "state": "active",
            "title": ""
          },
          "sensitive_attributes": []
        }
      ]
    },
    {
      "mode": "managed",
      "type": "genesyscloud_user",
      "name": "terraform-34791081-0738-41d3-88e3-577f2b4f0860_example_com_1624605615",
      "provider": "provider[\"registry.terraform.io/-/genesyscloud\"]",
      "instances": [
        {
          "schema_version": 1,
          "attributes_flat": {
            "acd_auto_answer": "false",
            "addresses.#": "0",
            "certifications.#": "0",
            "department": "",
            "division_id": "4a7e4f4b-e734-40b6-838e-557c5eedd49a",
            "email": "terraform-34791081-0738-41d3-88e3-577f2b4f0860@example.com",
            "employer_info.#": "0",
            "id": "9eabf52c-a041-4575-b84b-151ec6135137",
            "locations.#": "0",
            "manager": "",
            "name": "Role Terraform",
            "profile_skills.#": "0",
            "routing_languages.#": "0",
            "routing_skills.#": "0",
            "routing_utilization.#": "0",
            "state": "active",
            "title": ""
          },
          "sensitive_attributes": []
        }
      ]
    },
    {
      "mode": "managed",
      "type": "genesyscloud_user",
      "name": "terraform-38cd47bc-2391-4bc0-bdfa-dba9465b21a1_example_com_1414917842",
      "provider": "provider[\"registry.terraform.io/-/genesyscloud\"]",
      "instances": [
        {
          "schema_version": 1,
          "attributes_flat": {
            "acd_auto_answer": "false",
            "addresses.#": "0",
            "certifications.#": "0",
            "department": "",
            "division_id": "4a7e4f4b-e734-40b6-838e-557c5eedd49a",
            "email": "terraform-38cd47bc-2391-4bc0-bdfa-dba9465b21a1@example.com",
            "employer_info.#": "0",
            "id": "4c5ce9fc-4ad5-4525-8e6c-122208556d75",
            "locations.#": "0",
            "manager": "",
            "name": "Role Terraform",
            "profile_skills.#": "0",
            "routing_languages.#": "0",
            "routing_skills.#": "0",
            "routing_utilization.#": "0",
            "state": "active",
            "title": ""
          },
          "sensitive_attributes": []
        }
      ]
    },
    {
      "mode": "managed",
      "type": "genesyscloud_user",
      "name": "terraform-39dee0c1-4993-456b-9eac-8d9fd47ab8bf_example_com_1025230090",
      "provider": "provider[\"registry.terraform.io/-/genesyscloud\"]",
      "instances": [
        {
          "schema_version": 1,
          "attributes_flat": {
            "acd_auto_answer": "false",
            "addresses.#": "0",
            "certifications.#": "0",
            "department": "",
            "division_id": "4a7e4f4b-e734-40b6-838e-557c5eedd49a",
            "email": "terraform-39dee0c1-4993-456b-9eac-8d9fd47ab8bf@example.com",
            "employer_info.#": "0",
            "id": "c63c1f41-6ae1-4990-afa3-a63e3d6e50b9",
            "locations.#": "0",
            "manager": "",
            "name": "Role Terraform",
            "profile_skills.#": "0",
            "routing_languages.#": "0",
            "routing_skills.#": "0",
            "routing_utilization.#": "0",
            "state": "active",
            "title": ""
          },
          "sensitive_attributes": []
        }
      ]
    },
    {
      "mode": "managed",
      "type": "genesyscloud_user",
      "name": "terraform-3dcb25eb-f1d5-404f-9da8-85caf63a6245_example_com_3590147823",
      "provider": "provider[\"registry.terraform.io/-/genesyscloud\"]",
      "instances": [
        {
          "schema_version": 1,
          "attributes_flat": {
            "acd_auto_answer": "false",
            "addresses.#": "0",
            "certifications.#": "0",
            "department": "",
            "division_id": "4a7e4f4b-e734-40b6-838e-557c5eedd49a",
            "email": "terraform-3dcb25eb-f1d5-404f-9da8-85caf63a6245@example.com",
            "employer_info.#": "0",
            "id": "f95aac98-da25-4363-91c4-3039142fe514",
            "locations.#": "0",
            "manager": "",
            "name": "Role Terraform",
            "profile_skills.#": "0",
            "routing_languages.#": "0",
            "routing_skills.#": "0",
            "routing_utilization.#": "0",
            "state": "active",
            "title": ""
          },
          "sensitive_attributes": []
        }
      ]
    },
    {
      "mode": "managed",
      "type": "genesyscloud_user",
      "name": "terraform-3de90892-71c2-4ae8-a1a9-0d91b8d0811c_example_com_2950642487",
      "provider": "provider[\"registry.terraform.io/-/genesyscloud\"]",
      "instances": [
        {
          "schema_version": 1,
          "attributes_flat": {
            "acd_auto_answer": "false",
            "addresses.#": "0",
            "certifications.#": "0",
            "department": "",
            "division_id": "4a7e4f4b-e734-40b6-838e-557c5eedd49a",
            "email": "terraform-3de90892-71c2-4ae8-a1a9-0d91b8d0811c@example.com",
            "employer_info.#": "0",
            "id": "8d010e55-7be3-4129-9477-c40aeb1b5220",
            "locations.#": "0",
            "manager": "",
            "name": "John Data-6ffd3486-4055-480b-be9a-e9372e565469",
            "profile_skills.#": "0",
            "routing_languages.#": "0",
            "routing_skills.#": "0",
            "routing_utilization.#": "0",
            "state": "active",
            "title": ""
          },
          "sensitive_attributes": []
        }
      ]
    },
    {
      "mode": "managed",
      "type": "genesyscloud_user",
      "name": "terraform-3e410a87-f364-41c4-ad0c-c7d4215a6a67_example_com_3413245084",
      "provider": "provider[\"registry.terraform.io/-/genesyscloud\"]",
      "instances": [
        {
          "schema_version": 1,
          "attributes_flat": {
            "acd_auto_answer": "false",
            "addresses.#": "0",
            "certifications.#": "0",
            "department": "",
            "division_id": "4a7e4f4b-e734-40b6-838e-557c5eedd49a",
            "email": "terraform-3e410a87-f364-41c4-ad0c-c7d4215a6a67@example.com",
            "employer_info.#": "0",
            "id": "6349528d-8059-41b0-8ac3-a6b3fdd3e81f",
            "locations.#": "0",
            "manager": "",
            "name": "John Data-82468d0a-2f0b-4fe0-bfbf-62d49e6bbfa1",
            "profile_skills.#": "0",
            "routing_languages.#": "0",
            "routing_skills.#": "0",
            "routing_utilization.#": "0",
            "state": "active",
            "title": ""
          },
          "sensitive_attributes": []
        }
      ]
    },
    {
      "mode": "managed",
      "type": "genesyscloud_user",
      "name": "terraform-3fa38ec0-c97b-4d3d-b15e-d173e9b6de08_example_com_3181699663",
      "provider": "provider[\"registry.terraform.io/-/genesyscloud\"]",
      "instances": [
        {
          "schema_version": 1,
          "attributes_flat": {
            "acd_auto_answer": "false",
            "addresses.#": "0",
            "certifications.#": "0",
            "department": "",
            "division_id": "4a7e4f4b-e734-40b6-838e-557c5eedd49a",
            "email": "terraform-3fa38ec0-c97b-4d3d-b15e-d173e9b6de08@example.com",
            "employer_info.#": "0",
            "id": "a1d5b039-6c72-4a52-8c44-91a76b783e54",
            "locations.#": "0",
            "manager": "",
            "name": "Role Terraform",
            "profile_skills.#": "0",
            "routing_languages.#": "0",
            "routing_skills.#": "0",
            "routing_utilization.#": "0",
            "state": "active",
            "title": ""
          },
          "sensitive_attributes": []
        }
      ]
    },
    {
      "mode": "managed",
      "type": "genesyscloud_user",
      "name": "terraform-4358d005-3e42-4692-a9ae-f799c6a61687_example_com_2298454208",
      "provider": "provider[\"registry.terraform.io/-/genesyscloud\"]",
      "instances": [
        {
          "schema_version": 1,
          "attributes_flat": {
            "acd_auto_answer": "false",
            "addresses.#": "0",
            "certifications.#": "0",
            "department": "",
            "division_id": "4a7e4f4b-e734-40b6-838e-557c5eedd49a",
            "email": "terraform-4358d005-3e42-4692-a9ae-f799c6a61687@example.com",
            "employer_info.#": "0",
            "id": "e5e232c3-e034-4557-a0aa-9411d12faf34",
            "locations.#": "0",
            "manager": "",
            "name": "Role Terraform",
            "profile_skills.#": "0",
            "routing_languages.#": "0",
            "routing_skills.#": "0",
            "routing_utilization.#": "0",
            "state": "active",
            "title": ""
          },
          "sensitive_attributes": []
        }
      ]
    },
    {
      "mode": "managed",
      "type": "genesyscloud_user",
      "name": "terraform-469d4698-6b0c-4873-bcff-141e6d47d66f_example_com_1876349413",
      "provider": "provider[\"registry.terraform.io/-/genesyscloud\"]",
      "instances": [
        {
          "schema_version": 1,
          "attributes_flat": {
            "acd_auto_answer": "false",
            "addresses.#": "0",
            "certifications.#": "0",
            "department": "",
            "division_id": "4a7e4f4b-e734-40b6-838e-557c5eedd49a",
            "email": "terraform-469d4698-6b0c-4873-bcff-141e6d47d66f@example.com",
            "employer_info.#": "0",
            "id": "34a6996f-de66-4cda-9d4b-acba2ede05f1",
            "locations.#": "0",
            "manager": "",
            "name": "Role Terraform",
            "profile_skills.#": "0",
            "routing_languages.#": "0",
            "routing_skills.#": "0",
            "routing_utilization.#": "0",
            "state": "active",
            "title": ""
          },
          "sensitive_attributes": []
        }
      ]
    },
    {
      "mode": "managed",
      "type": "genesyscloud_user",
      "name": "terraform-4818dc63-2b91-4276-a571-299c8569b8db_example_com_257219126",
      "provider": "provider[\"registry.terraform.io/-/genesyscloud\"]",
      "instances": [
        {
          "schema_version": 1,
          "attributes_flat": {
            "acd_auto_answer": "false",
            "addresses.#": "0",
            "certifications.#": "0",
            "department": "",
            "division_id": "4a7e4f4b-e734-40b6-838e-557c5eedd49a",
            "email": "terraform-4818dc63-2b91-4276-a571-299c8569b8db@example.com",
            "employer_info.#": "0",
            "id": "ae2ac86a-634b-41e3-a83f-754a8b7a5bae",
            "locations.#": "0",
            "manager": "",
            "name": "Role Terraform",
            "profile_skills.#": "0",
            "routing_languages.#": "0",
            "routing_skills.#": "0",
            "routing_utilization.#": "0",
            "state": "active",
            "title": ""
          },
          "sensitive_attributes": []
        }
      ]
    },
    {
      "mode": "managed",
      "type": "genesyscloud_user",
      "name": "terraform-4a0dccdb-aa9f-4db9-a552-131ed79be6ff_example_com_2865699236",
      "provider": "provider[\"registry.terraform.io/-/genesyscloud\"]",
      "instances": [
        {
          "schema_version": 1,
          "attributes_flat": {
            "acd_auto_answer": "false",
            "addresses.#": "0",
            "certifications.#": "0",
            "department": "",
            "division_id": "4a7e4f4b-e734-40b6-838e-557c5eedd49a",
            "email": "terraform-4a0dccdb-aa9f-4db9-a552-131ed79be6ff@example.com",
            "employer_info.#": "0",
            "id": "00ea72c7-1864-49e3-8cfa-0cc996462764",
            "locations.#": "1",
            "locations.1594779536.location_id": "4e155ca0-a142-4326-9e1d-7ce050897e53",
            "locations.1594779536.notes": "First floor",
            "manager": "",
            "name": "Loki Terraform",
            "profile_skills.#": "0",
            "routing_languages.#": "0",
            "routing_skills.#": "0",
            "routing_utilization.#": "0",
            "state": "active",
            "title": ""
          },
          "sensitive_attributes": []
        }
      ]
    },
    {
      "mode": "managed",
      "type": "genesyscloud_user",
      "name": "terraform-4af3f4bb-2f5e-4da5-89e9-33d622d59bc9_example_com_3311130244",
      "provider": "provider[\"registry.terraform.io/-/genesyscloud\"]",
      "instances": [
        {
          "schema_version": 1,
          "attributes_flat": {
            "acd_auto_answer": "false",
            "addresses.#": "0",
            "certifications.#": "0",
            "department": "",
            "division_id": "4a7e4f4b-e734-40b6-838e-557c5eedd49a",
            "email": "terraform-4af3f4bb-2f5e-4da5-89e9-33d622d59bc9@example.com",
            "employer_info.#": "0",
            "id": "b69cebf7-e7fd-427d-9b1b-cbc09f87f2e1",
            "locations.#": "0",
            "manager": "",
            "name": "John Data-c971e222-c6ca-418d-9207-8068dfda7854",
            "profile_skills.#": "0",
            "routing_languages.#": "0",
            "routing_skills.#": "0",
            "routing_utilization.#": "0",
            "state": "active",
            "title": ""
          },
          "sensitive_attributes": []
        }
      ]
    },
    {
      "mode": "managed",
      "type": "genesyscloud_user",
      "name": "terraform-4d10d634-ba99-4770-a75b-69dec2bb7fe6_example_com_3460894126",
      "provider": "provider[\"registry.terraform.io/-/genesyscloud\"]",
      "instances": [
        {
          "schema_version": 1,
          "attributes_flat": {
            "acd_auto_answer": "false",
            "addresses.#": "0",
            "certifications.#": "0",
            "department": "",
            "division_id": "4a7e4f4b-e734-40b6-838e-557c5eedd49a",
            "email": "terraform-4d10d634-ba99-4770-a75b-69dec2bb7fe6@example.com",
            "employer_info.#": "0",
            "id": "ae1c843a-b1eb-46af-9071-89de1e5df6d8",
            "locations.#": "0",
            "manager": "",
            "name": "Role Terraform",
            "profile_skills.#": "0",
            "routing_languages.#": "0",
            "routing_skills.#": "0",
            "routing_utilization.#": "0",
            "state": "active",
            "title": ""
          },
          "sensitive_attributes": []
        }
      ]
    },
    {
      "mode": "managed",
      "type": "genesyscloud_user",
      "name": "terraform-4e145678-537d-4c3e-aedf-164d4e8d3bfd_example_com_2631900724",
      "provider": "provider[\"registry.terraform.io/-/genesyscloud\"]",
      "instances": [
        {
          "schema_version": 1,
          "attributes_flat": {
            "acd_auto_answer": "false",
            "addresses.#": "0",
            "certifications.#": "0",
            "department": "Development",
            "division_id": "4a7e4f4b-e734-40b6-838e-557c5eedd49a",
            "email": "terraform-4e145678-537d-4c3e-aedf-164d4e8d3bfd@example.com",
            "employer_info.#": "0",
            "id": "0d63a571-f701-4b4e-abce-d509d80a6913",
            "locations.#": "0",
            "manager": "",
            "name": "John Terraform",
            "profile_skills.#": "0",
            "routing_languages.#": "0",
            "routing_skills.#": "0",
            "routing_utilization.#": "0",
            "state": "active",
            "title": "Senior Director"
          },
          "sensitive_attributes": []
        }
      ]
    },
    {
      "mode": "managed",
      "type": "genesyscloud_user",
      "name": "terraform-4e20f3ac-572f-4f98-b63f-dad4dc92b670_example_com_3257469711",
      "provider": "provider[\"registry.terraform.io/-/genesyscloud\"]",
      "instances": [
        {
          "schema_version": 1,
          "attributes_flat": {
            "acd_auto_answer": "false",
            "addresses.#": "0",
            "certifications.#": "0",
            "department": "Development",
            "division_id": "4a7e4f4b-e734-40b6-838e-557c5eedd49a",
            "email": "terraform-4e20f3ac-572f-4f98-b63f-dad4dc92b670@example.com",
            "employer_info.#": "0",
            "id": "7fac80f8-76af-41a8-ba6b-3e05dc3ec149",
            "locations.#": "0",
            "manager": "",
            "name": "John Terraform",
            "profile_skills.#": "0",
            "routing_languages.#": "0",
            "routing_skills.#": "0",
            "routing_utilization.#": "0",
            "state": "active",
            "title": "Senior Director"
          },
          "sensitive_attributes": []
        }
      ]
    },
    {
      "mode": "managed",
      "type": "genesyscloud_user",
      "name": "terraform-51a508cb-fedb-456d-bc0d-f1e5ca0a13a4_example_com_4062388336",
      "provider": "provider[\"registry.terraform.io/-/genesyscloud\"]",
      "instances": [
        {
          "schema_version": 1,
          "attributes_flat": {
            "acd_auto_answer": "false",
            "addresses.#": "0",
            "certifications.#": "0",
            "department": "",
            "division_id": "4a7e4f4b-e734-40b6-838e-557c5eedd49a",
            "email": "terraform-51a508cb-fedb-456d-bc0d-f1e5ca0a13a4@example.com",
            "employer_info.#": "0",
            "id": "ea5bf5b5-5dc9-4b79-806e-d97898d28d9b",
            "locations.#": "0",
            "manager": "",
            "name": "Role Terraform",
            "profile_skills.#": "0",
            "routing_languages.#": "0",
            "routing_skills.#": "0",
            "routing_utilization.#": "0",
            "state": "active",
            "title": ""
          },
          "sensitive_attributes": []
        }
      ]
    },
    {
      "mode": "managed",
      "type": "genesyscloud_user",
      "name": "terraform-53728301-bd4f-4ac9-8e5c-71851d2fedc5_example_com_1508051445",
      "provider": "provider[\"registry.terraform.io/-/genesyscloud\"]",
      "instances": [
        {
          "schema_version": 1,
          "attributes_flat": {
            "acd_auto_answer": "false",
            "addresses.#": "0",
            "certifications.#": "0",
            "department": "",
            "division_id": "4a7e4f4b-e734-40b6-838e-557c5eedd49a",
            "email": "terraform-53728301-bd4f-4ac9-8e5c-71851d2fedc5@example.com",
            "employer_info.#": "0",
            "id": "90d39b43-9f4b-4bc3-91c3-1f059c59e0ac",
            "locations.#": "0",
            "manager": "",
            "name": "John Data-671c9160-4335-4c37-b8b3-060cb22b3d2b",
            "profile_skills.#": "0",
            "routing_languages.#": "0",
            "routing_skills.#": "0",
            "routing_utilization.#": "0",
            "state": "active",
            "title": ""
          },
          "sensitive_attributes": []
        }
      ]
    },
    {
      "mode": "managed",
      "type": "genesyscloud_user",
      "name": "terraform-55f1d6ac-aba1-4a75-9757-ff91c6a73e06_example_com_1663664411",
      "provider": "provider[\"registry.terraform.io/-/genesyscloud\"]",
      "instances": [
        {
          "schema_version": 1,
          "attributes_flat": {
            "acd_auto_answer": "false",
            "addresses.#": "0",
            "certifications.#": "0",
            "department": "",
            "division_id": "4a7e4f4b-e734-40b6-838e-557c5eedd49a",
            "email": "terraform-55f1d6ac-aba1-4a75-9757-ff91c6a73e06@example.com",
            "employer_info.#": "0",
            "id": "953c9ee8-87cd-40af-874f-26a49b1ff286",
            "locations.#": "0",
            "manager": "",
            "name": "Role Terraform",
            "profile_skills.#": "0",
            "routing_languages.#": "0",
            "routing_skills.#": "0",
            "routing_utilization.#": "0",
            "state": "active",
            "title": ""
          },
          "sensitive_attributes": []
        }
      ]
    },
    {
      "mode": "managed",
      "type": "genesyscloud_user",
      "name": "terraform-5797caa6-6036-4100-88d2-9b5406ed90ee_example_com_1892575192",
      "provider": "provider[\"registry.terraform.io/-/genesyscloud\"]",
      "instances": [
        {
          "schema_version": 1,
          "attributes_flat": {
            "acd_auto_answer": "false",
            "addresses.#": "0",
            "certifications.#": "0",
            "department": "",
            "division_id": "4a7e4f4b-e734-40b6-838e-557c5eedd49a",
            "email": "terraform-5797caa6-6036-4100-88d2-9b5406ed90ee@example.com",
            "employer_info.#": "0",
            "id": "91314373-dfcf-42df-b327-f175d046de9c",
            "locations.#": "0",
            "manager": "",
            "name": "Role Terraform",
            "profile_skills.#": "0",
            "routing_languages.#": "0",
            "routing_skills.#": "0",
            "routing_utilization.#": "0",
            "state": "active",
            "title": ""
          },
          "sensitive_attributes": []
        }
      ]
    },
    {
      "mode": "managed",
      "type": "genesyscloud_user",
      "name": "terraform-5814a7b2-c8ba-442e-bec7-bc5b8c589afb_example_com_3088957307",
      "provider": "provider[\"registry.terraform.io/-/genesyscloud\"]",
      "instances": [
        {
          "schema_version": 1,
          "attributes_flat": {
            "acd_auto_answer": "false",
            "addresses.#": "0",
            "certifications.#": "0",
            "department": "",
            "division_id": "4a7e4f4b-e734-40b6-838e-557c5eedd49a",
            "email": "terraform-5814a7b2-c8ba-442e-bec7-bc5b8c589afb@example.com",
            "employer_info.#": "0",
            "id": "d44a2d0d-4e89-4dd3-80d1-418cf2851e85",
            "locations.#": "0",
            "manager": "",
            "name": "Role Terraform",
            "profile_skills.#": "0",
            "routing_languages.#": "0",
            "routing_skills.#": "0",
            "routing_utilization.#": "0",
            "state": "active",
            "title": ""
          },
          "sensitive_attributes": []
        }
      ]
    },
    {
      "mode": "managed",
      "type": "genesyscloud_user",
      "name": "terraform-5a19318c-e20b-4ff8-ac6d-8d6a3b17394a_example_com_1009730954",
      "provider": "provider[\"registry.terraform.io/-/genesyscloud\"]",
      "instances": [
        {
          "schema_version": 1,
          "attributes_flat": {
            "acd_auto_answer": "false",
            "addresses.#": "0",
            "certifications.#": "0",
            "department": "",
            "division_id": "4a7e4f4b-e734-40b6-838e-557c5eedd49a",
            "email": "terraform-5a19318c-e20b-4ff8-ac6d-8d6a3b17394a@example.com",
            "employer_info.#": "0",
            "id": "a359cde1-d72a-4a94-a0db-7bf4d30789d9",
            "locations.#": "0",
            "manager": "",
            "name": "Role Terraform",
            "profile_skills.#": "0",
            "routing_languages.#": "0",
            "routing_skills.#": "0",
            "routing_utilization.#": "0",
            "state": "active",
            "title": ""
          },
          "sensitive_attributes": []
        }
      ]
    },
    {
      "mode": "managed",
      "type": "genesyscloud_user",
      "name": "terraform-5f79eb46-990a-41f0-aa28-4d99dfd41309_example_com_2592543578",
      "provider": "provider[\"registry.terraform.io/-/genesyscloud\"]",
      "instances": [
        {
          "schema_version": 1,
          "attributes_flat": {
            "acd_auto_answer": "false",
            "addresses.#": "0",
            "certifications.#": "0",
            "department": "Development",
            "division_id": "4a7e4f4b-e734-40b6-838e-557c5eedd49a",
            "email": "terraform-5f79eb46-990a-41f0-aa28-4d99dfd41309@example.com",
            "employer_info.#": "0",
            "id": "90515ce5-cc55-4205-a6ad-6d1c59de516b",
            "locations.#": "0",
            "manager": "",
            "name": "John Terraform",
            "profile_skills.#": "0",
            "routing_languages.#": "0",
            "routing_skills.#": "0",
            "routing_utilization.#": "0",
            "state": "active",
            "title": "Senior Director"
          },
          "sensitive_attributes": []
        }
      ]
    },
    {
      "mode": "managed",
      "type": "genesyscloud_user",
      "name": "terraform-5fc88d25-4642-4707-9398-a08dfedbfa71_example_com_1706570744",
      "provider": "provider[\"registry.terraform.io/-/genesyscloud\"]",
      "instances": [
        {
          "schema_version": 1,
          "attributes_flat": {
            "acd_auto_answer": "false",
            "addresses.#": "0",
            "certifications.#": "0",
            "department": "",
            "division_id": "4a7e4f4b-e734-40b6-838e-557c5eedd49a",
            "email": "terraform-5fc88d25-4642-4707-9398-a08dfedbfa71@example.com",
            "employer_info.#": "0",
            "id": "3de10078-a022-432a-b61e-b0b14f541c78",
            "locations.#": "0",
            "manager": "",
            "name": "John Data-96e5b237-1e5c-4587-903f-0e6967c38d65",
            "profile_skills.#": "0",
            "routing_languages.#": "0",
            "routing_skills.#": "0",
            "routing_utilization.#": "0",
            "state": "active",
            "title": ""
          },
          "sensitive_attributes": []
        }
      ]
    },
    {
      "mode": "managed",
      "type": "genesyscloud_user",
      "name": "terraform-60af3634-297a-4c24-a0a7-4567a9730d44_example_com_1339402895",
      "provider": "provider[\"registry.terraform.io/-/genesyscloud\"]",
      "instances": [
        {
          "schema_version": 1,
          "attributes_flat": {
            "acd_auto_answer": "false",
            "addresses.#": "0",
            "certifications.#": "0",
            "department": "",
            "division_id": "4a7e4f4b-e734-40b6-838e-557c5eedd49a",
            "email": "terraform-60af3634-297a-4c24-a0a7-4567a9730d44@example.com",
            "employer_info.#": "0",
            "id": "8affb16e-a809-4165-90ec-818957ecc5c6",
            "locations.#": "0",
            "manager": "",
            "name": "Role Terraform",
            "profile_skills.#": "0",
            "routing_languages.#": "0",
            "routing_skills.#": "0",
            "routing_utilization.#": "0",
            "state": "active",
            "title": ""
          },
          "sensitive_attributes": []
        }
      ]
    },
    {
      "mode": "managed",
      "type": "genesyscloud_user",
      "name": "terraform-63205f19-f545-4546-984b-cdeeb3be1299_example_com_3828857591",
      "provider": "provider[\"registry.terraform.io/-/genesyscloud\"]",
      "instances": [
        {
          "schema_version": 1,
          "attributes_flat": {
            "acd_auto_answer": "false",
            "addresses.#": "0",
            "certifications.#": "0",
            "department": "",
            "division_id": "4a7e4f4b-e734-40b6-838e-557c5eedd49a",
            "email": "terraform-63205f19-f545-4546-984b-cdeeb3be1299@example.com",
            "employer_info.#": "0",
            "id": "fd92c085-b13f-4ca4-9675-fcc4b6f22443",
            "locations.#": "0",
            "manager": "",
            "name": "Role Terraform",
            "profile_skills.#": "0",
            "routing_languages.#": "0",
            "routing_skills.#": "0",
            "routing_utilization.#": "0",
            "state": "active",
            "title": ""
          },
          "sensitive_attributes": []
        }
      ]
    },
    {
      "mode": "managed",
      "type": "genesyscloud_user",
      "name": "terraform-66bdf457-fe65-4cd9-af6c-58ab4a56ea24_example_com_2574746799",
      "provider": "provider[\"registry.terraform.io/-/genesyscloud\"]",
      "instances": [
        {
          "schema_version": 1,
          "attributes_flat": {
            "acd_auto_answer": "false",
            "addresses.#": "0",
            "certifications.#": "0",
            "department": "Development",
            "division_id": "4a7e4f4b-e734-40b6-838e-557c5eedd49a",
            "email": "terraform-66bdf457-fe65-4cd9-af6c-58ab4a56ea24@example.com",
            "employer_info.#": "0",
            "id": "8aafa0f2-7760-48e1-9864-c42af97b14e5",
            "locations.#": "0",
            "manager": "",
            "name": "John Terraform",
            "profile_skills.#": "0",
            "routing_languages.#": "0",
            "routing_skills.#": "0",
            "routing_utilization.#": "0",
            "state": "active",
            "title": "Senior Director"
          },
          "sensitive_attributes": []
        }
      ]
    },
    {
      "mode": "managed",
      "type": "genesyscloud_user",
      "name": "terraform-6de4ffbc-4135-42f5-b444-fe128f9c0f1d_example_com_643035398",
      "provider": "provider[\"registry.terraform.io/-/genesyscloud\"]",
      "instances": [
        {
          "schema_version": 1,
          "attributes_flat": {
            "acd_auto_answer": "false",
            "addresses.#": "0",
            "certifications.#": "0",
            "department": "",
            "division_id": "4a7e4f4b-e734-40b6-838e-557c5eedd49a",
            "email": "terraform-6de4ffbc-4135-42f5-b444-fe128f9c0f1d@example.com",
            "employer_info.#": "0",
            "id": "48ded246-474d-4803-bcf8-3b7c48b73f4d",
            "locations.#": "0",
            "manager": "",
            "name": "Lang Terraform",
            "profile_skills.#": "0",
            "routing_languages.#": "1",
            "routing_languages.1457149147.language_id": "1fe617e2-16de-46c2-9aca-524786017d0b",
            "routing_languages.1457149147.proficiency": "1",
            "routing_skills.#": "0",
            "routing_utilization.#": "0",
            "state": "active",
            "title": ""
          },
          "sensitive_attributes": []
        }
      ]
    },
    {
      "mode": "managed",
      "type": "genesyscloud_user",
      "name": "terraform-6e16083e-76c0-4e7a-8155-67f322ee0d93_example_com_601810777",
      "provider": "provider[\"registry.terraform.io/-/genesyscloud\"]",
      "instances": [
        {
          "schema_version": 1,
          "attributes_flat": {
            "acd_auto_answer": "false",
            "addresses.#": "0",
            "certifications.#": "0",
            "department": "",
            "division_id": "4a7e4f4b-e734-40b6-838e-557c5eedd49a",
            "email": "terraform-6e16083e-76c0-4e7a-8155-67f322ee0d93@example.com",
            "employer_info.#": "0",
            "id": "45a81306-4320-45ac-8d5a-56eab2996b80",
            "locations.#": "0",
            "manager": "",
            "name": "Role Terraform",
            "profile_skills.#": "0",
            "routing_languages.#": "0",
            "routing_skills.#": "0",
            "routing_utilization.#": "0",
            "state": "active",
            "title": ""
          },
          "sensitive_attributes": []
        }
      ]
    },
    {
      "mode": "managed",
      "type": "genesyscloud_user",
      "name": "terraform-70ce816b-110a-42b3-bad7-3ad2deb1f0cb_example_com_320307540",
      "provider": "provider[\"registry.terraform.io/-/genesyscloud\"]",
      "instances": [
        {
          "schema_version": 1,
          "attributes_flat": {
            "acd_auto_answer": "false",
            "addresses.#": "0",
            "certifications.#": "0",
            "department": "Development",
            "division_id": "4a7e4f4b-e734-40b6-838e-557c5eedd49a",
            "email": "terraform-70ce816b-110a-42b3-bad7-3ad2deb1f0cb@example.com",
            "employer_info.#": "0",
            "id": "e12c86f2-e2f9-4f1a-8242-a9c23a17a473",
            "locations.#": "0",
            "manager": "",
            "name": "John Terraform",
            "profile_skills.#": "0",
            "routing_languages.#": "0",
            "routing_skills.#": "0",
            "routing_utilization.#": "0",
            "state": "active",
            "title": "Senior Director"
          },
          "sensitive_attributes": []
        }
      ]
    },
    {
      "mode": "managed",
      "type": "genesyscloud_user",
      "name": "terraform-70f14d82-fd1d-4c26-8db4-12fd7232b0b2_example_com_691027560",
      "provider": "provider[\"registry.terraform.io/-/genesyscloud\"]",
      "instances": [
        {
          "schema_version": 1,
          "attributes_flat": {
            "acd_auto_answer": "false",
            "addresses.#": "0",
            "certifications.#": "0",
            "department": "",
            "division_id": "4a7e4f4b-e734-40b6-838e-557c5eedd49a",
            "email": "terraform-70f14d82-fd1d-4c26-8db4-12fd7232b0b2@example.com",
            "employer_info.#": "0",
            "id": "1a859fda-cdeb-4193-b7e9-510a32044299",
            "locations.#": "0",
            "manager": "",
            "name": "Role Terraform",
            "profile_skills.#": "0",
            "routing_languages.#": "0",
            "routing_skills.#": "0",
            "routing_utilization.#": "0",
            "state": "active",
            "title": ""
          },
          "sensitive_attributes": []
        }
      ]
    },
    {
      "mode": "managed",
      "type": "genesyscloud_user",
      "name": "terraform-739fff13-e3ae-4fb7-b359-b1ff38d29c13_example_com_1935490044",
      "provider": "provider[\"registry.terraform.io/-/genesyscloud\"]",
      "instances": [
        {
          "schema_version": 1,
          "attributes_flat": {
            "acd_auto_answer": "false",
            "addresses.#": "0",
            "certifications.#": "0",
            "department": "",
            "division_id": "4a7e4f4b-e734-40b6-838e-557c5eedd49a",
            "email": "terraform-739fff13-e3ae-4fb7-b359-b1ff38d29c13@example.com",
            "employer_info.#": "0",
            "id": "3ca6b552-8b03-4a21-b979-868bfde3b8b8",
            "locations.#": "0",
            "manager": "",
            "name": "John Data-08d85d69-acaf-4d50-95ba-bf78bd7e4b0f",
            "profile_skills.#": "0",
            "routing_languages.#": "0",
            "routing_skills.#": "0",
            "routing_utilization.#": "0",
            "state": "active",
            "title": ""
          },
          "sensitive_attributes": []
        }
      ]
    },
    {
      "mode": "managed",
      "type": "genesyscloud_user",
      "name": "terraform-74108bff-baa0-428b-b3f1-d4add6e4515a_example_com_2526075643",
      "provider": "provider[\"registry.terraform.io/-/genesyscloud\"]",
      "instances": [
        {
          "schema_version": 1,
          "attributes_flat": {
            "acd_auto_answer": "false",
            "addresses.#": "0",
            "certifications.#": "0",
            "department": "",
            "division_id": "4a7e4f4b-e734-40b6-838e-557c5eedd49a",
            "email": "terraform-74108bff-baa0-428b-b3f1-d4add6e4515a@example.com",
            "employer_info.#": "0",
            "id": "4da7109c-ae7c-45af-85f9-38c8731ab8e8",
            "locations.#": "0",
            "manager": "",
            "name": "Role Terraform",
            "profile_skills.#": "0",
            "routing_languages.#": "0",
            "routing_skills.#": "0",
            "routing_utilization.#": "0",
            "state": "active",
            "title": ""
          },
          "sensitive_attributes": []
        }
      ]
    },
    {
      "mode": "managed",
      "type": "genesyscloud_user",
      "name": "terraform-766d75cc-099d-4af0-a843-36e9917200ae_example_com_4053568399",
      "provider": "provider[\"registry.terraform.io/-/genesyscloud\"]",
      "instances": [
        {
          "schema_version": 1,
          "attributes_flat": {
            "acd_auto_answer": "false",
            "addresses.#": "0",
            "certifications.#": "0",
            "department": "",
            "division_id": "4a7e4f4b-e734-40b6-838e-557c5eedd49a",
            "email": "terraform-766d75cc-099d-4af0-a843-36e9917200ae@example.com",
            "employer_info.#": "0",
            "id": "c7a7c2c2-7c4b-48b2-8533-a9fd3a9a2b9e",
            "locations.#": "0",
            "manager": "",
            "name": "Role Terraform",
            "profile_skills.#": "0",
            "routing_languages.#": "0",
            "routing_skills.#": "0",
            "routing_utilization.#": "0",
            "state": "active",
            "title": ""
          },
          "sensitive_attributes": []
        }
      ]
    },
    {
      "mode": "managed",
      "type": "genesyscloud_user",
      "name": "terraform-7cf53b5d-9c67-43ba-bf39-66d85ba37cea_example_com_231273148",
      "provider": "provider[\"registry.terraform.io/-/genesyscloud\"]",
      "instances": [
        {
          "schema_version": 1,
          "attributes_flat": {
            "acd_auto_answer": "false",
            "addresses.#": "0",
            "certifications.#": "0",
            "department": "",
            "division_id": "4a7e4f4b-e734-40b6-838e-557c5eedd49a",
            "email": "terraform-7cf53b5d-9c67-43ba-bf39-66d85ba37cea@example.com",
            "employer_info.#": "0",
            "id": "44c65679-02c3-417e-b0a4-a297006dcd72",
            "locations.#": "0",
            "manager": "",
            "name": "Role Terraform",
            "profile_skills.#": "0",
            "routing_languages.#": "0",
            "routing_skills.#": "0",
            "routing_utilization.#": "0",
            "state": "active",
            "title": ""
          },
          "sensitive_attributes": []
        }
      ]
    },
    {
      "mode": "managed",
      "type": "genesyscloud_user",
      "name": "terraform-7d55281c-3eed-4c11-bea6-fa46c0ddc410_example_com_3978699202",
      "provider": "provider[\"registry.terraform.io/-/genesyscloud\"]",
      "instances": [
        {
          "schema_version": 1,
          "attributes_flat": {
            "acd_auto_answer": "false",
            "addresses.#": "0",
            "certifications.#": "0",
            "department": "",
            "division_id": "4a7e4f4b-e734-40b6-838e-557c5eedd49a",
            "email": "terraform-7d55281c-3eed-4c11-bea6-fa46c0ddc410@example.com",
            "employer_info.#": "0",
            "id": "896c124b-a805-47c3-901a-a713f1cb1a00",
            "locations.#": "0",
            "manager": "",
            "name": "John Data-41acc18b-1f65-44d2-88f2-4f5ec69ee75c",
            "profile_skills.#": "0",
            "routing_languages.#": "0",
            "routing_skills.#": "0",
            "routing_utilization.#": "0",
            "state": "active",
            "title": ""
          },
          "sensitive_attributes": []
        }
      ]
    },
    {
      "mode": "managed",
      "type": "genesyscloud_user",
      "name": "terraform-81117afc-895e-4ae1-9a4a-0e850a1c9596_example_com_680272148",
      "provider": "provider[\"registry.terraform.io/-/genesyscloud\"]",
      "instances": [
        {
          "schema_version": 1,
          "attributes_flat": {
            "acd_auto_answer": "false",
            "addresses.#": "0",
            "certifications.#": "0",
            "department": "",
            "division_id": "4a7e4f4b-e734-40b6-838e-557c5eedd49a",
            "email": "terraform-81117afc-895e-4ae1-9a4a-0e850a1c9596@example.com",
            "employer_info.#": "0",
            "id": "0c40dd06-0343-4bb4-9d6f-ebe0d867f2b2",
            "locations.#": "0",
            "manager": "",
            "name": "Role Terraform",
            "profile_skills.#": "0",
            "routing_languages.#": "0",
            "routing_skills.#": "0",
            "routing_utilization.#": "0",
            "state": "active",
            "title": ""
          },
          "sensitive_attributes": []
        }
      ]
    },
    {
      "mode": "managed",
      "type": "genesyscloud_user",
      "name": "terraform-83c7aa2d-7a87-47da-8770-e467f053d889_example_com_1801275630",
      "provider": "provider[\"registry.terraform.io/-/genesyscloud\"]",
      "instances": [
        {
          "schema_version": 1,
          "attributes_flat": {
            "acd_auto_answer": "false",
            "addresses.#": "0",
            "certifications.#": "0",
            "department": "",
            "division_id": "4a7e4f4b-e734-40b6-838e-557c5eedd49a",
            "email": "terraform-83c7aa2d-7a87-47da-8770-e467f053d889@example.com",
            "employer_info.#": "0",
            "id": "a46375d7-508d-47ab-a98c-e666df920b7b",
            "locations.#": "0",
            "manager": "",
            "name": "Role Terraform",
            "profile_skills.#": "0",
            "routing_languages.#": "0",
            "routing_skills.#": "0",
            "routing_utilization.#": "0",
            "state": "active",
            "title": ""
          },
          "sensitive_attributes": []
        }
      ]
    },
    {
      "mode": "managed",
      "type": "genesyscloud_user",
      "name": "terraform-8696fb15-4342-4df6-87dc-0ea319058383_example_com_3909378531",
      "provider": "provider[\"registry.terraform.io/-/genesyscloud\"]",
      "instances": [
        {
          "schema_version": 1,
          "attributes_flat": {
            "acd_auto_answer": "true",
            "addresses.#": "0",
            "certifications.#": "1",
            "certifications.3216535179": "AWS Dev",
            "department": "Development",
            "division_id": "4a7e4f4b-e734-40b6-838e-557c5eedd49a",
            "email": "terraform-8696fb15-4342-4df6-87dc-0ea319058383@example.com",
            "employer_info.#": "0",
            "id": "302f6721-0145-4abf-9372-4d20b2d56f35",
            "locations.#": "0",
            "manager": "",
            "name": "John Terraform",
            "profile_skills.#": "1",
            "profile_skills.3395977395": "Java",
            "routing_languages.#": "0",
            "routing_skills.#": "0",
            "routing_utilization.#": "0",
            "state": "active",
            "title": "Senior Director"
          },
          "sensitive_attributes": []
        }
      ]
    },
    {
      "mode": "managed",
      "type": "genesyscloud_user",
      "name": "terraform-8a636eb3-b3e9-4452-a6b4-5b4a6a4d5590_example_com_1515815530",
      "provider": "provider[\"registry.terraform.io/-/genesyscloud\"]",
      "instances": [
        {
          "schema_version": 1,
          "attributes_flat": {
            "acd_auto_answer": "false",
            "addresses.#": "0",
            "certifications.#": "0",
            "department": "",
            "division_id": "4a7e4f4b-e734-40b6-838e-557c5eedd49a",
            "email": "terraform-8a636eb3-b3e9-4452-a6b4-5b4a6a4d5590@example.com",
            "employer_info.#": "0",
            "id": "006561c8-6d08-46f1-84f5-707428c7c042",
            "locations.#": "0",
            "manager": "",
            "name": "John Data-e5e41705-f467-464a-9104-d2c6f81d55d0",
            "profile_skills.#": "0",
            "routing_languages.#": "0",
            "routing_skills.#": "0",
            "routing_utilization.#": "0",
            "state": "active",
            "title": ""
          },
          "sensitive_attributes": []
        }
      ]
    },
    {
      "mode": "managed",
      "type": "genesyscloud_user",
      "name": "terraform-91f64ef9-fda8-41ad-a530-06842374c1c8_example_com_1343601536",
      "provider": "provider[\"registry.terraform.io/-/genesyscloud\"]",
      "instances": [
        {
          "schema_version": 1,
          "attributes_flat": {
            "acd_auto_answer": "false",
            "addresses.#": "0",
            "certifications.#": "0",
            "department": "",
            "division_id": "4a7e4f4b-e734-40b6-838e-557c5eedd49a",
            "email": "terraform-91f64ef9-fda8-41ad-a530-06842374c1c8@example.com",
            "employer_info.#": "0",
            "id": "ed409fdc-ab81-4a77-9468-701e5cd2ca4e",
            "locations.#": "0",
            "manager": "",
            "name": "Role Terraform",
            "profile_skills.#": "0",
            "routing_languages.#": "0",
            "routing_skills.#": "0",
            "routing_utilization.#": "0",
            "state": "active",
            "title": ""
          },
          "sensitive_attributes": []
        }
      ]
    },
    {
      "mode": "managed",
      "type": "genesyscloud_user",
      "name": "terraform-92537282-e3cf-42e6-8d4f-29d9964394d6_example_com_1210437378",
      "provider": "provider[\"registry.terraform.io/-/genesyscloud\"]",
      "instances": [
        {
          "schema_version": 1,
          "attributes_flat": {
            "acd_auto_answer": "false",
            "addresses.#": "0",
            "certifications.#": "0",
            "department": "",
            "division_id": "4a7e4f4b-e734-40b6-838e-557c5eedd49a",
            "email": "terraform-92537282-e3cf-42e6-8d4f-29d9964394d6@example.com",
            "employer_info.#": "0",
            "id": "5dcdf204-f1c3-4b4a-b592-b67235e6692c",
            "locations.#": "0",
            "manager": "",
            "name": "Role Terraform",
            "profile_skills.#": "0",
            "routing_languages.#": "0",
            "routing_skills.#": "0",
            "routing_utilization.#": "0",
            "state": "active",
            "title": ""
          },
          "sensitive_attributes": []
        }
      ]
    },
    {
      "mode": "managed",
      "type": "genesyscloud_user",
      "name": "terraform-92864fa5-5f25-49f3-ac7f-12edb36f9623_example_com_2929014952",
      "provider": "provider[\"registry.terraform.io/-/genesyscloud\"]",
      "instances": [
        {
          "schema_version": 1,
          "attributes_flat": {
            "acd_auto_answer": "false",
            "addresses.#": "0",
            "certifications.#": "0",
            "department": "",
            "division_id": "4a7e4f4b-e734-40b6-838e-557c5eedd49a",
            "email": "terraform-92864fa5-5f25-49f3-ac7f-12edb36f9623@example.com",
            "employer_info.#": "0",
            "id": "2cb6aeba-f4dc-4775-9862-6eb6e63fc6cf",
            "locations.#": "0",
            "manager": "",
            "name": "Role Terraform",
            "profile_skills.#": "0",
            "routing_languages.#": "0",
            "routing_skills.#": "0",
            "routing_utilization.#": "0",
            "state": "active",
            "title": ""
          },
          "sensitive_attributes": []
        }
      ]
    },
    {
      "mode": "managed",
      "type": "genesyscloud_user",
      "name": "terraform-93914e1c-c279-4135-8804-5d2346be1eeb_example_com_1073799956",
      "provider": "provider[\"registry.terraform.io/-/genesyscloud\"]",
      "instances": [
        {
          "schema_version": 1,
          "attributes_flat": {
            "acd_auto_answer": "false",
            "addresses.#": "0",
            "certifications.#": "0",
            "department": "",
            "division_id": "4a7e4f4b-e734-40b6-838e-557c5eedd49a",
            "email": "terraform-93914e1c-c279-4135-8804-5d2346be1eeb@example.com",
            "employer_info.#": "0",
            "id": "ee28e54b-847a-4776-9139-437032012c23",
            "locations.#": "0",
            "manager": "",
            "name": "Skill Terraform",
            "profile_skills.#": "0",
            "routing_languages.#": "0",
            "routing_skills.#": "1",
            "routing_skills.3303584462.proficiency": "1.5",
            "routing_skills.3303584462.skill_id": "89266ce6-1464-4e51-a732-af2c6cfe6d6b",
            "routing_utilization.#": "0",
            "state": "active",
            "title": ""
          },
          "sensitive_attributes": []
        }
      ]
    },
    {
      "mode": "managed",
      "type": "genesyscloud_user",
      "name": "terraform-99d21e00-c6b4-4bd8-b36f-8bcefc25329e_example_com_1787292350",
      "provider": "provider[\"registry.terraform.io/-/genesyscloud\"]",
      "instances": [
        {
          "schema_version": 1,
          "attributes_flat": {
            "acd_auto_answer": "false",
            "addresses.#": "0",
            "certifications.#": "0",
            "department": "",
            "division_id": "4a7e4f4b-e734-40b6-838e-557c5eedd49a",
            "email": "terraform-99d21e00-c6b4-4bd8-b36f-8bcefc25329e@example.com",
            "employer_info.#": "0",
            "id": "47f77f6d-01be-4a2e-8d07-9e29aecc2c0a",
            "locations.#": "0",
            "manager": "",
            "name": "Role Terraform",
            "profile_skills.#": "0",
            "routing_languages.#": "0",
            "routing_skills.#": "0",
            "routing_utilization.#": "0",
            "state": "active",
            "title": ""
          },
          "sensitive_attributes": []
        }
      ]
    },
    {
      "mode": "managed",
      "type": "genesyscloud_user",
      "name": "terraform-9da75c69-0a98-4a23-a6b7-cad6f621631e_example_com_226595615",
      "provider": "provider[\"registry.terraform.io/-/genesyscloud\"]",
      "instances": [
        {
          "schema_version": 1,
          "attributes_flat": {
            "acd_auto_answer": "false",
            "addresses.#": "0",
            "certifications.#": "0",
            "department": "",
            "division_id": "4a7e4f4b-e734-40b6-838e-557c5eedd49a",
            "email": "terraform-9da75c69-0a98-4a23-a6b7-cad6f621631e@example.com",
            "employer_info.#": "0",
            "id": "d4760abc-39d3-4daf-bf1a-2c6da6e108ab",
            "locations.#": "0",
            "manager": "",
            "name": "Role Terraform",
            "profile_skills.#": "0",
            "routing_languages.#": "0",
            "routing_skills.#": "0",
            "routing_utilization.#": "0",
            "state": "active",
            "title": ""
          },
          "sensitive_attributes": []
        }
      ]
    },
    {
      "mode": "managed",
      "type": "genesyscloud_user",
      "name": "terraform-9e0ba67b-25ec-4f69-b84f-53fc4cb36c73_example_com_3133466445",
      "provider": "provider[\"registry.terraform.io/-/genesyscloud\"]",
      "instances": [
        {
          "schema_version": 1,
          "attributes_flat": {
            "acd_auto_answer": "false",
            "addresses.#": "0",
            "certifications.#": "0",
            "department": "",
            "division_id": "4a7e4f4b-e734-40b6-838e-557c5eedd49a",
            "email": "terraform-9e0ba67b-25ec-4f69-b84f-53fc4cb36c73@example.com",
            "employer_info.#": "0",
            "id": "6b9132a6-4073-45f0-81af-1dfbd95d43af",
            "locations.#": "0",
            "manager": "",
            "name": "Role Terraform",
            "profile_skills.#": "0",
            "routing_languages.#": "0",
            "routing_skills.#": "0",
            "routing_utilization.#": "0",
            "state": "active",
            "title": ""
          },
          "sensitive_attributes": []
        }
      ]
    },
    {
      "mode": "managed",
      "type": "genesyscloud_user",
      "name": "terraform-9e6ebdc6-b429-4366-8343-f95c927d0f8d_example_com_532252682",
      "provider": "provider[\"registry.terraform.io/-/genesyscloud\"]",
      "instances": [
        {
          "schema_version": 1,
          "attributes_flat": {
            "acd_auto_answer": "false",
            "addresses.#": "0",
            "certifications.#": "0",
            "department": "",
            "division_id": "4a7e4f4b-e734-40b6-838e-557c5eedd49a",
            "email": "terraform-9e6ebdc6-b429-4366-8343-f95c927d0f8d@example.com",
            "employer_info.#": "0",
            "id": "9987b4d5-3489-45cf-a362-f3566bcb9e97",
            "locations.#": "0",
            "manager": "",
            "name": "John Data-0b8c6304-48f1-4218-b4b4-91b1099cab3e",
            "profile_skills.#": "0",
            "routing_languages.#": "0",
            "routing_skills.#": "0",
            "routing_utilization.#": "0",
            "state": "active",
            "title": ""
          },
          "sensitive_attributes": []
        }
      ]
    },
    {
      "mode": "managed",
      "type": "genesyscloud_user",
      "name": "terraform-9f1a6e46-6c71-4174-95d1-54962a0b3692_example_com_3485573798",
      "provider": "provider[\"registry.terraform.io/-/genesyscloud\"]",
      "instances": [
        {
          "schema_version": 1,
          "attributes_flat": {
            "acd_auto_answer": "false",
            "addresses.#": "0",
            "certifications.#": "0",
            "department": "Development",
            "division_id": "4a7e4f4b-e734-40b6-838e-557c5eedd49a",
            "email": "terraform-9f1a6e46-6c71-4174-95d1-54962a0b3692@example.com",
            "employer_info.#": "0",
            "id": "cdf477a3-fdae-4807-83bb-23fe52a8fa7a",
            "locations.#": "0",
            "manager": "",
            "name": "John Terraform",
            "profile_skills.#": "0",
            "routing_languages.#": "0",
            "routing_skills.#": "0",
            "routing_utilization.#": "0",
            "state": "active",
            "title": "Senior Director"
          },
          "sensitive_attributes": []
        }
      ]
    },
    {
      "mode": "managed",
      "type": "genesyscloud_user",
      "name": "terraform-a1abfeba-e16b-41a0-afe9-63e0864d13a4_example_com_3220280802",
      "provider": "provider[\"registry.terraform.io/-/genesyscloud\"]",
      "instances": [
        {
          "schema_version": 1,
          "attributes_flat": {
            "acd_auto_answer": "false",
            "addresses.#": "0",
            "certifications.#": "0",
            "department": "",
            "division_id": "4a7e4f4b-e734-40b6-838e-557c5eedd49a",
            "email": "terraform-a1abfeba-e16b-41a0-afe9-63e0864d13a4@example.com",
            "employer_info.#": "0",
            "id": "546ade2f-56f1-427f-8db7-3efce0ca64d9",
            "locations.#": "0",
            "manager": "",
            "name": "Role Terraform",
            "profile_skills.#": "0",
            "routing_languages.#": "0",
            "routing_skills.#": "0",
            "routing_utilization.#": "0",
            "state": "active",
            "title": ""
          },
          "sensitive_attributes": []
        }
      ]
    },
    {
      "mode": "managed",
      "type": "genesyscloud_user",
      "name": "terraform-a2bd827b-fe1e-428c-a85d-3c5b851bfc93_example_com_1070518005",
      "provider": "provider[\"registry.terraform.io/-/genesyscloud\"]",
      "instances": [
        {
          "schema_version": 1,
          "attributes_flat": {
            "acd_auto_answer": "false",
            "addresses.#": "0",
            "certifications.#": "0",
            "department": "",
            "division_id": "4a7e4f4b-e734-40b6-838e-557c5eedd49a",
            "email": "terraform-a2bd827b-fe1e-428c-a85d-3c5b851bfc93@example.com",
            "employer_info.#": "0",
            "id": "5c3931c5-4b4a-44f3-b937-4b9879dc25e9",
            "locations.#": "1",
            "locations.2043493059.location_id": "4f5cd6b3-2146-45b3-ba59-1840f4ea0e3a",
            "locations.2043493059.notes": "Second floor",
            "manager": "",
            "name": "Loki Terraform",
            "profile_skills.#": "0",
            "routing_languages.#": "0",
            "routing_skills.#": "0",
            "routing_utilization.#": "0",
            "state": "active",
            "title": ""
          },
          "sensitive_attributes": []
        }
      ]
    },
    {
      "mode": "managed",
      "type": "genesyscloud_user",
      "name": "terraform-a2eceb0d-7407-42c4-9afe-5630788878ed_example_com_3606802334",
      "provider": "provider[\"registry.terraform.io/-/genesyscloud\"]",
      "instances": [
        {
          "schema_version": 1,
          "attributes_flat": {
            "acd_auto_answer": "false",
            "addresses.#": "0",
            "certifications.#": "0",
            "department": "",
            "division_id": "4a7e4f4b-e734-40b6-838e-557c5eedd49a",
            "email": "terraform-a2eceb0d-7407-42c4-9afe-5630788878ed@example.com",
            "employer_info.#": "0",
            "id": "31690029-feef-409a-ba9c-77b010ec6c57",
            "locations.#": "0",
            "manager": "",
            "name": "Role Terraform",
            "profile_skills.#": "0",
            "routing_languages.#": "0",
            "routing_skills.#": "0",
            "routing_utilization.#": "0",
            "state": "active",
            "title": ""
          },
          "sensitive_attributes": []
        }
      ]
    },
    {
      "mode": "managed",
      "type": "genesyscloud_user",
      "name": "terraform-a635efcd-94ac-473e-808b-ce6d531f2bf0_example_com_1506225483",
      "provider": "provider[\"registry.terraform.io/-/genesyscloud\"]",
      "instances": [
        {
          "schema_version": 1,
          "attributes_flat": {
            "acd_auto_answer": "false",
            "addresses.#": "0",
            "certifications.#": "0",
            "department": "",
            "division_id": "4a7e4f4b-e734-40b6-838e-557c5eedd49a",
            "email": "terraform-a635efcd-94ac-473e-808b-ce6d531f2bf0@example.com",
            "employer_info.#": "0",
            "id": "8d455a24-b718-4afd-982d-30efb1942289",
            "locations.#": "0",
            "manager": "",
            "name": "John Data-5ec021a6-e048-4aff-bb67-2344deec5150",
            "profile_skills.#": "0",
            "routing_languages.#": "0",
            "routing_skills.#": "0",
            "routing_utilization.#": "0",
            "state": "active",
            "title": ""
          },
          "sensitive_attributes": []
        }
      ]
    },
    {
      "mode": "managed",
      "type": "genesyscloud_user",
      "name": "terraform-ab1e21d7-d358-40a6-a84a-1448a244015b_example_com_3279162681",
      "provider": "provider[\"registry.terraform.io/-/genesyscloud\"]",
      "instances": [
        {
          "schema_version": 1,
          "attributes_flat": {
            "acd_auto_answer": "false",
            "addresses.#": "0",
            "certifications.#": "0",
            "department": "",
            "division_id": "4a7e4f4b-e734-40b6-838e-557c5eedd49a",
            "email": "terraform-ab1e21d7-d358-40a6-a84a-1448a244015b@example.com",
            "employer_info.#": "0",
            "id": "c7ecda16-bcf3-433f-9f78-c7c1e84c2e5c",
            "locations.#": "0",
            "manager": "",
            "name": "Role Terraform",
            "profile_skills.#": "0",
            "routing_languages.#": "0",
            "routing_skills.#": "0",
            "routing_utilization.#": "0",
            "state": "active",
            "title": ""
          },
          "sensitive_attributes": []
        }
      ]
    },
    {
      "mode": "managed",
      "type": "genesyscloud_user",
      "name": "terraform-adc9d138-b681-4e50-9b52-58e8393e401e_example_com_1263043103",
      "provider": "provider[\"registry.terraform.io/-/genesyscloud\"]",
      "instances": [
        {
          "schema_version": 1,
          "attributes_flat": {
            "acd_auto_answer": "false",
            "addresses.#": "0",
            "certifications.#": "0",
            "department": "",
            "division_id": "4a7e4f4b-e734-40b6-838e-557c5eedd49a",
            "email": "terraform-adc9d138-b681-4e50-9b52-58e8393e401e@example.com",
            "employer_info.#": "0",
            "id": "f1e71028-4405-4c5e-9d9e-6dee675b4b5c",
            "locations.#": "0",
            "manager": "",
            "name": "Role Terraform",
            "profile_skills.#": "0",
            "routing_languages.#": "0",
            "routing_skills.#": "0",
            "routing_utilization.#": "0",
            "state": "active",
            "title": ""
          },
          "sensitive_attributes": []
        }
      ]
    },
    {
      "mode": "managed",
      "type": "genesyscloud_user",
      "name": "terraform-b056c38e-a361-4e68-b039-a97e710c4f1b_example_com_2005372317",
      "provider": "provider[\"registry.terraform.io/-/genesyscloud\"]",
      "instances": [
        {
          "schema_version": 1,
          "attributes_flat": {
            "acd_auto_answer": "false",
            "addresses.#": "0",
            "certifications.#": "0",
            "department": "",
            "division_id": "4a7e4f4b-e734-40b6-838e-557c5eedd49a",
            "email": "terraform-b056c38e-a361-4e68-b039-a97e710c4f1b@example.com",
            "employer_info.#": "0",
            "id": "903517b1-a683-4c25-95a4-0f24b4f11b08",
            "locations.#": "0",
            "manager": "",
            "name": "Role Terraform",
            "profile_skills.#": "0",
            "routing_languages.#": "0",
            "routing_skills.#": "0",
            "routing_utilization.#": "0",
            "state": "active",
            "title": ""
          },
          "sensitive_attributes": []
        }
      ]
    },
    {
      "mode": "managed",
      "type": "genesyscloud_user",
      "name": "terraform-b23b2944-2ef4-48c8-91ec-d1c3ecd45d25_example_com_4026044488",
      "provider": "provider[\"registry.terraform.io/-/genesyscloud\"]",
      "instances": [
        {
          "schema_version": 1,
          "attributes_flat": {
            "acd_auto_answer": "false",
            "addresses.#": "0",
            "certifications.#": "0",
            "department": "",
            "division_id": "4a7e4f4b-e734-40b6-838e-557c5eedd49a",
            "email": "terraform-b23b2944-2ef4-48c8-91ec-d1c3ecd45d25@example.com",
            "employer_info.#": "0",
            "id": "b7ac970a-c4b5-457f-b679-1f35ff5003a5",
            "locations.#": "0",
            "manager": "",
            "name": "Role Terraform",
            "profile_skills.#": "0",
            "routing_languages.#": "0",
            "routing_skills.#": "0",
            "routing_utilization.#": "0",
            "state": "active",
            "title": ""
          },
          "sensitive_attributes": []
        }
      ]
    },
    {
      "mode": "managed",
      "type": "genesyscloud_user",
      "name": "terraform-b265d375-69ec-47f3-b4bd-3923fd1be8d4_example_com_2770669673",
      "provider": "provider[\"registry.terraform.io/-/genesyscloud\"]",
      "instances": [
        {
          "schema_version": 1,
          "attributes_flat": {
            "acd_auto_answer": "false",
            "addresses.#": "0",
            "certifications.#": "0",
            "department": "",
            "division_id": "4a7e4f4b-e734-40b6-838e-557c5eedd49a",
            "email": "terraform-b265d375-69ec-47f3-b4bd-3923fd1be8d4@example.com",
            "employer_info.#": "0",
            "id": "335a0e03-b640-4a05-b533-715581a80484",
            "locations.#": "0",
            "manager": "",
            "name": "Role Terraform",
            "profile_skills.#": "0",
            "routing_languages.#": "0",
            "routing_skills.#": "0",
            "routing_utilization.#": "0",
            "state": "active",
            "title": ""
          },
          "sensitive_attributes": []
        }
      ]
    },
    {
      "mode": "managed",
      "type": "genesyscloud_user",
      "name": "terraform-b3bbea4b-6968-452c-a7b9-2392d36b5988_example_com_79220421",
      "provider": "provider[\"registry.terraform.io/-/genesyscloud\"]",
      "instances": [
        {
          "schema_version": 1,
          "attributes_flat": {
            "acd_auto_answer": "false",
            "addresses.#": "0",
            "certifications.#": "0",
            "department": "",
            "division_id": "4a7e4f4b-e734-40b6-838e-557c5eedd49a",
            "email": "terraform-b3bbea4b-6968-452c-a7b9-2392d36b5988@example.com",
            "employer_info.#": "0",
            "id": "019c946b-1712-4245-ae2f-d533b4cfe075",
            "locations.#": "0",
            "manager": "",
            "name": "Role Terraform",
            "profile_skills.#": "0",
            "routing_languages.#": "0",
            "routing_skills.#": "0",
            "routing_utilization.#": "0",
            "state": "active",
            "title": ""
          },
          "sensitive_attributes": []
        }
      ]
    },
    {
      "mode": "managed",
      "type": "genesyscloud_user",
      "name": "terraform-b492078e-22f0-4c8e-a972-b7c897e44633_example_com_3906490334",
      "provider": "provider[\"registry.terraform.io/-/genesyscloud\"]",
      "instances": [
        {
          "schema_version": 1,
          "attributes_flat": {
            "acd_auto_answer": "false",
            "addresses.#": "0",
            "certifications.#": "0",
            "department": "",
            "division_id": "4a7e4f4b-e734-40b6-838e-557c5eedd49a",
            "email": "terraform-b492078e-22f0-4c8e-a972-b7c897e44633@example.com",
            "employer_info.#": "0",
            "id": "18f9a946-d687-475a-acb5-f512caf9d372",
            "locations.#": "0",
            "manager": "",
            "name": "Role Terraform",
            "profile_skills.#": "0",
            "routing_languages.#": "0",
            "routing_skills.#": "0",
            "routing_utilization.#": "0",
            "state": "active",
            "title": ""
          },
          "sensitive_attributes": []
        }
      ]
    },
    {
      "mode": "managed",
      "type": "genesyscloud_user",
      "name": "terraform-b6273a40-e271-405b-95c9-c7ea4e0b4121_example_com_803360195",
      "provider": "provider[\"registry.terraform.io/-/genesyscloud\"]",
      "instances": [
        {
          "schema_version": 1,
          "attributes_flat": {
            "acd_auto_answer": "false",
            "addresses.#": "0",
            "certifications.#": "0",
            "department": "",
            "division_id": "4a7e4f4b-e734-40b6-838e-557c5eedd49a",
            "email": "terraform-b6273a40-e271-405b-95c9-c7ea4e0b4121@example.com",
            "employer_info.#": "0",
            "id": "28162b52-7a0f-470d-b997-6888ba6dbf4d",
            "locations.#": "0",
            "manager": "",
            "name": "John Data-3531459c-40fc-4b57-ab76-cd14907399e6",
            "profile_skills.#": "0",
            "routing_languages.#": "0",
            "routing_skills.#": "0",
            "routing_utilization.#": "0",
            "state": "active",
            "title": ""
          },
          "sensitive_attributes": []
        }
      ]
    },
    {
      "mode": "managed",
      "type": "genesyscloud_user",
      "name": "terraform-b8048329-4a15-40fe-9b9b-9186378f7430_example_com_3059887163",
      "provider": "provider[\"registry.terraform.io/-/genesyscloud\"]",
      "instances": [
        {
          "schema_version": 1,
          "attributes_flat": {
            "acd_auto_answer": "false",
            "addresses.#": "0",
            "certifications.#": "0",
            "department": "",
            "division_id": "4a7e4f4b-e734-40b6-838e-557c5eedd49a",
            "email": "terraform-b8048329-4a15-40fe-9b9b-9186378f7430@example.com",
            "employer_info.#": "0",
            "id": "38e51576-b6ef-4fa8-879e-d9407afcb457",
            "locations.#": "0",
            "manager": "",
            "name": "Role Terraform",
            "profile_skills.#": "0",
            "routing_languages.#": "0",
            "routing_skills.#": "0",
            "routing_utilization.#": "0",
            "state": "active",
            "title": ""
          },
          "sensitive_attributes": []
        }
      ]
    },
    {
      "mode": "managed",
      "type": "genesyscloud_user",
      "name": "terraform-bc072a51-74c5-4915-a0e2-114df28386c6_example_com_3329612186",
      "provider": "provider[\"registry.terraform.io/-/genesyscloud\"]",
      "instances": [
        {
          "schema_version": 1,
          "attributes_flat": {
            "acd_auto_answer": "false",
            "addresses.#": "0",
            "certifications.#": "0",
            "department": "Development",
            "division_id": "4a7e4f4b-e734-40b6-838e-557c5eedd49a",
            "email": "terraform-bc072a51-74c5-4915-a0e2-114df28386c6@example.com",
            "employer_info.#": "0",
            "id": "e1539106-86da-4144-8c3d-ed26c24dfef4",
            "locations.#": "0",
            "manager": "",
            "name": "John Terraform",
            "profile_skills.#": "0",
            "routing_languages.#": "0",
            "routing_skills.#": "0",
            "routing_utilization.#": "0",
            "state": "active",
            "title": "Senior Director"
          },
          "sensitive_attributes": []
        }
      ]
    },
    {
      "mode": "managed",
      "type": "genesyscloud_user",
      "name": "terraform-c2831985-29e4-40a3-8c43-1ec33c047195_example_com_1562371912",
      "provider": "provider[\"registry.terraform.io/-/genesyscloud\"]",
      "instances": [
        {
          "schema_version": 1,
          "attributes_flat": {
            "acd_auto_answer": "false",
            "addresses.#": "0",
            "certifications.#": "0",
            "department": "",
            "division_id": "4a7e4f4b-e734-40b6-838e-557c5eedd49a",
            "email": "terraform-c2831985-29e4-40a3-8c43-1ec33c047195@example.com",
            "employer_info.#": "0",
            "id": "0b10caa0-5bd2-4819-96fc-63f0a1a500ac",
            "locations.#": "0",
            "manager": "",
            "name": "John Data-103cd1e6-2048-4035-b6a0-148956267bb6",
            "profile_skills.#": "0",
            "routing_languages.#": "0",
            "routing_skills.#": "0",
            "routing_utilization.#": "0",
            "state": "active",
            "title": ""
          },
          "sensitive_attributes": []
        }
      ]
    },
    {
      "mode": "managed",
      "type": "genesyscloud_user",
      "name": "terraform-c7302337-c247-4dcf-956b-eb7f5b31b383_example_com_563562871",
      "provider": "provider[\"registry.terraform.io/-/genesyscloud\"]",
      "instances": [
        {
          "schema_version": 1,
          "attributes_flat": {
            "acd_auto_answer": "false",
            "addresses.#": "0",
            "certifications.#": "0",
            "department": "",
            "division_id": "4a7e4f4b-e734-40b6-838e-557c5eedd49a",
            "email": "terraform-c7302337-c247-4dcf-956b-eb7f5b31b383@example.com",
            "employer_info.#": "0",
            "id": "eaa6c0eb-abb4-419c-b725-c53ed9b9cbb7",
            "locations.#": "0",
            "manager": "",
            "name": "John Data-76b845c9-9b1c-4097-92d9-6af12d6b8d44",
            "profile_skills.#": "0",
            "routing_languages.#": "0",
            "routing_skills.#": "0",
            "routing_utilization.#": "0",
            "state": "active",
            "title": ""
          },
          "sensitive_attributes": []
        }
      ]
    },
    {
      "mode": "managed",
      "type": "genesyscloud_user",
      "name": "terraform-cd444438-be6d-442f-99c6-b91ce03fa66e_example_com_359930750",
      "provider": "provider[\"registry.terraform.io/-/genesyscloud\"]",
      "instances": [
        {
          "schema_version": 1,
          "attributes_flat": {
            "acd_auto_answer": "false",
            "addresses.#": "0",
            "certifications.#": "0",
            "department": "",
            "division_id": "4a7e4f4b-e734-40b6-838e-557c5eedd49a",
            "email": "terraform-cd444438-be6d-442f-99c6-b91ce03fa66e@example.com",
            "employer_info.#": "0",
            "id": "37300005-6c11-4892-909b-c11716740e04",
            "locations.#": "0",
            "manager": "",
            "name": "Role Terraform",
            "profile_skills.#": "0",
            "routing_languages.#": "0",
            "routing_skills.#": "0",
            "routing_utilization.#": "0",
            "state": "active",
            "title": ""
          },
          "sensitive_attributes": []
        }
      ]
    },
    {
      "mode": "managed",
      "type": "genesyscloud_user",
      "name": "terraform-d1e3c96f-e7f5-4713-91c2-4f205ee4a48c_example_com_3131761302",
      "provider": "provider[\"registry.terraform.io/-/genesyscloud\"]",
      "instances": [
        {
          "schema_version": 1,
          "attributes_flat": {
            "acd_auto_answer": "false",
            "addresses.#": "0",
            "certifications.#": "0",
            "department": "",
            "division_id": "4a7e4f4b-e734-40b6-838e-557c5eedd49a",
            "email": "terraform-d1e3c96f-e7f5-4713-91c2-4f205ee4a48c@example.com",
            "employer_info.#": "0",
            "id": "61fbda0e-75cf-4ef6-9e44-2f76d3fd14c1",
            "locations.#": "0",
            "manager": "",
            "name": "John Data-50f9f1e4-6f4f-4492-b834-cbfeec4f80ff",
            "profile_skills.#": "0",
            "routing_languages.#": "0",
            "routing_skills.#": "0",
            "routing_utilization.#": "0",
            "state": "active",
            "title": ""
          },
          "sensitive_attributes": []
        }
      ]
    },
    {
      "mode": "managed",
      "type": "genesyscloud_user",
      "name": "terraform-d29fc16b-2819-40d8-a6c2-67d1923740ca_example_com_2158881765",
      "provider": "provider[\"registry.terraform.io/-/genesyscloud\"]",
      "instances": [
        {
          "schema_version": 1,
          "attributes_flat": {
            "acd_auto_answer": "false",
            "addresses.#": "0",
            "certifications.#": "0",
            "department": "",
            "division_id": "4a7e4f4b-e734-40b6-838e-557c5eedd49a",
            "email": "terraform-d29fc16b-2819-40d8-a6c2-67d1923740ca@example.com",
            "employer_info.#": "0",
            "id": "754b4e26-eba9-45cb-a8e1-c3c205fd0399",
            "locations.#": "0",
            "manager": "",
            "name": "Role Terraform",
            "profile_skills.#": "0",
            "routing_languages.#": "0",
            "routing_skills.#": "0",
            "routing_utilization.#": "0",
            "state": "active",
            "title": ""
          },
          "sensitive_attributes": []
        }
      ]
    },
    {
      "mode": "managed",
      "type": "genesyscloud_user",
      "name": "terraform-dbf01aec-896b-43f0-a35e-c8c752b995b7_example_com_1804650055",
      "provider": "provider[\"registry.terraform.io/-/genesyscloud\"]",
      "instances": [
        {
          "schema_version": 1,
          "attributes_flat": {
            "acd_auto_answer": "false",
            "addresses.#": "0",
            "certifications.#": "0",
            "department": "",
            "division_id": "4a7e4f4b-e734-40b6-838e-557c5eedd49a",
            "email": "terraform-dbf01aec-896b-43f0-a35e-c8c752b995b7@example.com",
            "employer_info.#": "0",
            "id": "1403564e-4e95-4f9b-8970-2e2aa88aa599",
            "locations.#": "0",
            "manager": "",
            "name": "John Data-06aee5c2-3522-4472-b4f8-56c59091ddac",
            "profile_skills.#": "0",
            "routing_languages.#": "0",
            "routing_skills.#": "0",
            "routing_utilization.#": "0",
            "state": "active",
            "title": ""
          },
          "sensitive_attributes": []
        }
      ]
    },
    {
      "mode": "managed",
      "type": "genesyscloud_user",
      "name": "terraform-df6aaf67-65c7-4a6e-8062-c7736846b2a1_example_com_2151168321",
      "provider": "provider[\"registry.terraform.io/-/genesyscloud\"]",
      "instances": [
        {
          "schema_version": 1,
          "attributes_flat": {
            "acd_auto_answer": "false",
            "addresses.#": "0",
            "certifications.#": "0",
            "department": "Development",
            "division_id": "4a7e4f4b-e734-40b6-838e-557c5eedd49a",
            "email": "terraform-df6aaf67-65c7-4a6e-8062-c7736846b2a1@example.com",
            "employer_info.#": "0",
            "id": "4b596d89-4b09-4df3-9dd6-3cd81ad3f099",
            "locations.#": "0",
            "manager": "",
            "name": "John Terraform",
            "profile_skills.#": "0",
            "routing_languages.#": "0",
            "routing_skills.#": "0",
            "routing_utilization.#": "0",
            "state": "active",
            "title": "Senior Director"
          },
          "sensitive_attributes": []
        }
      ]
    },
    {
      "mode": "managed",
      "type": "genesyscloud_user",
      "name": "terraform-e38fb61f-1f9a-4906-851a-d814fa4d70e1_example_com_2252097184",
      "provider": "provider[\"registry.terraform.io/-/genesyscloud\"]",
      "instances": [
        {
          "schema_version": 1,
          "attributes_flat": {
            "acd_auto_answer": "false",
            "addresses.#": "0",
            "certifications.#": "0",
            "department": "",
            "division_id": "4a7e4f4b-e734-40b6-838e-557c5eedd49a",
            "email": "terraform-e38fb61f-1f9a-4906-851a-d814fa4d70e1@example.com",
            "employer_info.#": "0",
            "id": "28861552-e047-4805-9199-20e23d3920e1",
            "locations.#": "0",
            "manager": "",
            "name": "Role Terraform",
            "profile_skills.#": "0",
            "routing_languages.#": "0",
            "routing_skills.#": "0",
            "routing_utilization.#": "0",
            "state": "active",
            "title": ""
          },
          "sensitive_attributes": []
        }
      ]
    },
    {
      "mode": "managed",
      "type": "genesyscloud_user",
      "name": "terraform-e41114c5-ad7a-4026-984c-6c97fa64796d_example_com_3091697294",
      "provider": "provider[\"registry.terraform.io/-/genesyscloud\"]",
      "instances": [
        {
          "schema_version": 1,
          "attributes_flat": {
            "acd_auto_answer": "false",
            "addresses.#": "0",
            "certifications.#": "0",
            "department": "",
            "division_id": "4a7e4f4b-e734-40b6-838e-557c5eedd49a",
            "email": "terraform-e41114c5-ad7a-4026-984c-6c97fa64796d@example.com",
            "employer_info.#": "0",
            "id": "b33bfaf8-cc63-4788-b02b-9e90ab86bfb8",
            "locations.#": "0",
            "manager": "",
            "name": "Role Terraform",
            "profile_skills.#": "0",
            "routing_languages.#": "0",
            "routing_skills.#": "0",
            "routing_utilization.#": "0",
            "state": "active",
            "title": ""
          },
          "sensitive_attributes": []
        }
      ]
    },
    {
      "mode": "managed",
      "type": "genesyscloud_user",
      "name": "terraform-ea8201b9-a571-4686-9af6-22bf200da4fc_example_com_2505251181",
      "provider": "provider[\"registry.terraform.io/-/genesyscloud\"]",
      "instances": [
        {
          "schema_version": 1,
          "attributes_flat": {
            "acd_auto_answer": "false",
            "addresses.#": "0",
            "certifications.#": "0",
            "department": "",
            "division_id": "4a7e4f4b-e734-40b6-838e-557c5eedd49a",
            "email": "terraform-ea8201b9-a571-4686-9af6-22bf200da4fc@example.com",
            "employer_info.#": "0",
            "id": "6e186094-6924-4300-b356-50c81e40ae12",
            "locations.#": "0",
            "manager": "",
            "name": "Role Terraform",
            "profile_skills.#": "0",
            "routing_languages.#": "0",
            "routing_skills.#": "0",
            "routing_utilization.#": "0",
            "state": "active",
            "title": ""
          },
          "sensitive_attributes": []
        }
      ]
    },
    {
      "mode": "managed",
      "type": "genesyscloud_user",
      "name": "terraform-f08e2c58-9db6-4797-8f54-cbc5ac3a06a1_example_com_3860312568",
      "provider": "provider[\"registry.terraform.io/-/genesyscloud\"]",
      "instances": [
        {
          "schema_version": 1,
          "attributes_flat": {
            "acd_auto_answer": "false",
            "addresses.#": "0",
            "certifications.#": "0",
            "department": "",
            "division_id": "4a7e4f4b-e734-40b6-838e-557c5eedd49a",
            "email": "terraform-f08e2c58-9db6-4797-8f54-cbc5ac3a06a1@example.com",
            "employer_info.#": "0",
            "id": "f79a3cda-2d57-412b-ab85-9ad78c6de9cd",
            "locations.#": "0",
            "manager": "",
            "name": "John Data-4e4224e5-b8e2-4629-b7d7-587ab406480e",
            "profile_skills.#": "0",
            "routing_languages.#": "0",
            "routing_skills.#": "0",
            "routing_utilization.#": "0",
            "state": "active",
            "title": ""
          },
          "sensitive_attributes": []
        }
      ]
    },
    {
      "mode": "managed",
      "type": "genesyscloud_user",
      "name": "terraform-f20b2626-4c1c-4d61-9290-6bb70f3dc781_example_com_4162159032",
      "provider": "provider[\"registry.terraform.io/-/genesyscloud\"]",
      "instances": [
        {
          "schema_version": 1,
          "attributes_flat": {
            "acd_auto_answer": "false",
            "addresses.#": "0",
            "certifications.#": "0",
            "department": "",
            "division_id": "4a7e4f4b-e734-40b6-838e-557c5eedd49a",
            "email": "terraform-f20b2626-4c1c-4d61-9290-6bb70f3dc781@example.com",
            "employer_info.#": "0",
            "id": "a3234e09-30fa-4388-9ee7-108de8384c95",
            "locations.#": "0",
            "manager": "",
            "name": "Role Terraform",
            "profile_skills.#": "0",
            "routing_languages.#": "0",
            "routing_skills.#": "0",
            "routing_utilization.#": "0",
            "state": "active",
            "title": ""
          },
          "sensitive_attributes": []
        }
      ]
    },
    {
      "mode": "managed",
      "type": "genesyscloud_user",
      "name": "terraform-f21bd483-9f48-4b6c-9e9b-baf771a02db5_example_com_1894382704",
      "provider": "provider[\"registry.terraform.io/-/genesyscloud\"]",
      "instances": [
        {
          "schema_version": 1,
          "attributes_flat": {
            "acd_auto_answer": "false",
            "addresses.#": "0",
            "certifications.#": "0",
            "department": "",
            "division_id": "4a7e4f4b-e734-40b6-838e-557c5eedd49a",
            "email": "terraform-f21bd483-9f48-4b6c-9e9b-baf771a02db5@example.com",
            "employer_info.#": "0",
            "id": "93f51187-65fb-4118-a960-b5268ec7eba3",
            "locations.#": "0",
            "manager": "",
            "name": "Role Terraform",
            "profile_skills.#": "0",
            "routing_languages.#": "0",
            "routing_skills.#": "0",
            "routing_utilization.#": "0",
            "state": "active",
            "title": ""
          },
          "sensitive_attributes": []
        }
      ]
    },
    {
      "mode": "managed",
      "type": "genesyscloud_user",
      "name": "terraform-fabe70ea-4124-4704-bd68-df9abdc259d5_example_com_3465178400",
      "provider": "provider[\"registry.terraform.io/-/genesyscloud\"]",
      "instances": [
        {
          "schema_version": 1,
          "attributes_flat": {
            "acd_auto_answer": "false",
            "addresses.#": "0",
            "certifications.#": "0",
            "department": "",
            "division_id": "4a7e4f4b-e734-40b6-838e-557c5eedd49a",
            "email": "terraform-fabe70ea-4124-4704-bd68-df9abdc259d5@example.com",
            "employer_info.#": "0",
            "id": "1abbeefe-76c9-406c-a586-caa470fc26bc",
            "locations.#": "0",
            "manager": "",
            "name": "John Data-27975e8f-16be-457a-b03a-a3ef41592c7a",
            "profile_skills.#": "0",
            "routing_languages.#": "0",
            "routing_skills.#": "0",
            "routing_utilization.#": "0",
            "state": "active",
            "title": ""
          },
          "sensitive_attributes": []
        }
      ]
    },
    {
      "mode": "managed",
      "type": "genesyscloud_user",
      "name": "terraform-fb81e892-857b-47bf-b828-29a88618c49b_example_com_276619264",
      "provider": "provider[\"registry.terraform.io/-/genesyscloud\"]",
      "instances": [
        {
          "schema_version": 1,
          "attributes_flat": {
            "acd_auto_answer": "false",
            "addresses.#": "0",
            "certifications.#": "0",
            "department": "",
            "division_id": "4a7e4f4b-e734-40b6-838e-557c5eedd49a",
            "email": "terraform-fb81e892-857b-47bf-b828-29a88618c49b@example.com",
            "employer_info.#": "0",
            "id": "209b9941-b7ed-43ca-bfde-fae9d4e0e46f",
            "locations.#": "0",
            "manager": "",
            "name": "John Data-66075e62-c59f-41a5-afc2-debc822494fc",
            "profile_skills.#": "0",
            "routing_languages.#": "0",
            "routing_skills.#": "0",
            "routing_utilization.#": "0",
            "state": "active",
            "title": ""
          },
          "sensitive_attributes": []
        }
      ]
    },
    {
      "mode": "managed",
      "type": "genesyscloud_user",
      "name": "terraform1-28104217-9c34-4907-bc0f-bc880971f3a1_example_com_4090455674",
      "provider": "provider[\"registry.terraform.io/-/genesyscloud\"]",
      "instances": [
        {
          "schema_version": 1,
          "attributes_flat": {
            "acd_auto_answer": "false",
            "addresses.#": "0",
            "certifications.#": "0",
            "department": "",
            "division_id": "4a7e4f4b-e734-40b6-838e-557c5eedd49a",
            "email": "terraform1-28104217-9c34-4907-bc0f-bc880971f3a1@example.com",
            "employer_info.#": "0",
            "id": "59f86bd7-c877-45d4-beed-7c1df1ef9717",
            "locations.#": "0",
            "manager": "",
            "name": "Johnny Terraform",
            "profile_skills.#": "0",
            "routing_languages.#": "0",
            "routing_skills.#": "0",
            "routing_utilization.#": "0",
            "state": "active",
            "title": ""
          },
          "sensitive_attributes": []
        }
      ]
    },
    {
      "mode": "managed",
      "type": "genesyscloud_user",
      "name": "terraform1-570db902-565a-4c4c-9cd3-c64424bf10e3_example_com_2648573937",
      "provider": "provider[\"registry.terraform.io/-/genesyscloud\"]",
      "instances": [
        {
          "schema_version": 1,
          "attributes_flat": {
            "acd_auto_answer": "false",
            "addresses.#": "0",
            "certifications.#": "0",
            "department": "",
            "division_id": "4a7e4f4b-e734-40b6-838e-557c5eedd49a",
            "email": "terraform1-570db902-565a-4c4c-9cd3-c64424bf10e3@example.com",
            "employer_info.#": "0",
            "id": "006afe93-53e3-4da0-a7cf-291ff07bc591",
            "locations.#": "0",
            "manager": "",
            "name": "Henry Terraform",
            "profile_skills.#": "0",
            "routing_languages.#": "0",
            "routing_skills.#": "0",
            "routing_utilization.#": "0",
            "state": "active",
            "title": ""
          },
          "sensitive_attributes": []
        }
      ]
    },
    {
      "mode": "managed",
      "type": "genesyscloud_user",
      "name": "terraform1-61c20d19-e33d-4df4-b672-42fc2593a04e_example_com_691107690",
      "provider": "provider[\"registry.terraform.io/-/genesyscloud\"]",
      "instances": [
        {
          "schema_version": 1,
          "attributes_flat": {
            "acd_auto_answer": "false",
            "addresses.#": "0",
            "certifications.#": "0",
            "department": "",
            "division_id": "4a7e4f4b-e734-40b6-838e-557c5eedd49a",
            "email": "terraform1-61c20d19-e33d-4df4-b672-42fc2593a04e@example.com",
            "employer_info.#": "0",
            "id": "ee337d37-cf12-4d5e-bff9-863d30b89a5c",
            "locations.#": "0",
            "manager": "",
            "name": "Henry Terraform",
            "profile_skills.#": "0",
            "routing_languages.#": "0",
            "routing_skills.#": "0",
            "routing_utilization.#": "0",
            "state": "active",
            "title": ""
          },
          "sensitive_attributes": []
        }
      ]
    },
    {
      "mode": "managed",
      "type": "genesyscloud_user",
      "name": "terraform1-66cecc31-8b91-4f21-94b8-5be459378e9e_example_com_1057599983",
      "provider": "provider[\"registry.terraform.io/-/genesyscloud\"]",
      "instances": [
        {
          "schema_version": 1,
          "attributes_flat": {
            "acd_auto_answer": "false",
            "addresses.#": "0",
            "certifications.#": "0",
            "department": "",
            "division_id": "4a7e4f4b-e734-40b6-838e-557c5eedd49a",
            "email": "terraform1-66cecc31-8b91-4f21-94b8-5be459378e9e@example.com",
            "employer_info.#": "0",
            "id": "eaf67a6f-77f2-43b2-955a-9e286244f3a0",
            "locations.#": "0",
            "manager": "",
            "name": "Henry Terraform",
            "profile_skills.#": "0",
            "routing_languages.#": "0",
            "routing_skills.#": "0",
            "routing_utilization.#": "0",
            "state": "active",
            "title": ""
          },
          "sensitive_attributes": []
        }
      ]
    },
    {
      "mode": "managed",
      "type": "genesyscloud_user",
      "name": "terraform1-860dd31b-5464-4eba-bce7-2398bc8c2de4_example_com_527030897",
      "provider": "provider[\"registry.terraform.io/-/genesyscloud\"]",
      "instances": [
        {
          "schema_version": 1,
          "attributes_flat": {
            "acd_auto_answer": "false",
            "addresses.#": "0",
            "certifications.#": "0",
            "department": "",
            "division_id": "4a7e4f4b-e734-40b6-838e-557c5eedd49a",
            "email": "terraform1-860dd31b-5464-4eba-bce7-2398bc8c2de4@example.com",
            "employer_info.#": "0",
            "id": "27f75a99-c2fa-411b-8796-70a829308721",
            "locations.#": "0",
            "manager": "",
            "name": "Johnny Terraform",
            "profile_skills.#": "0",
            "routing_languages.#": "0",
            "routing_skills.#": "0",
            "routing_utilization.#": "0",
            "state": "active",
            "title": ""
          },
          "sensitive_attributes": []
        }
      ]
    },
    {
      "mode": "managed",
      "type": "genesyscloud_user",
      "name": "terraform1-b2c156c3-d791-407b-8b86-187121333ffc_example_com_3818827161",
      "provider": "provider[\"registry.terraform.io/-/genesyscloud\"]",
      "instances": [
        {
          "schema_version": 1,
          "attributes_flat": {
            "acd_auto_answer": "false",
            "addresses.#": "0",
            "certifications.#": "0",
            "department": "",
            "division_id": "4a7e4f4b-e734-40b6-838e-557c5eedd49a",
            "email": "terraform1-b2c156c3-d791-407b-8b86-187121333ffc@example.com",
            "employer_info.#": "0",
            "id": "c94e7faa-741b-40be-b8e5-c4e7855d7d41",
            "locations.#": "0",
            "manager": "",
            "name": "Henry Terraform",
            "profile_skills.#": "0",
            "routing_languages.#": "0",
            "routing_skills.#": "0",
            "routing_utilization.#": "0",
            "state": "active",
            "title": ""
          },
          "sensitive_attributes": []
        }
      ]
    },
    {
      "mode": "managed",
      "type": "genesyscloud_user",
      "name": "terraform1-bbb1dff6-b7f2-46e5-b5ce-7b628c44314d_example_com_3172363557",
      "provider": "provider[\"registry.terraform.io/-/genesyscloud\"]",
      "instances": [
        {
          "schema_version": 1,
          "attributes_flat": {
            "acd_auto_answer": "false",
            "addresses.#": "0",
            "certifications.#": "0",
            "department": "",
            "division_id": "4a7e4f4b-e734-40b6-838e-557c5eedd49a",
            "email": "terraform1-bbb1dff6-b7f2-46e5-b5ce-7b628c44314d@example.com",
            "employer_info.#": "0",
            "id": "9f2fdd31-f31b-430d-a642-a280d16bf8a3",
            "locations.#": "0",
            "manager": "",
            "name": "Henry Terraform",
            "profile_skills.#": "0",
            "routing_languages.#": "0",
            "routing_skills.#": "0",
            "routing_utilization.#": "0",
            "state": "active",
            "title": ""
          },
          "sensitive_attributes": []
        }
      ]
    },
    {
      "mode": "managed",
      "type": "genesyscloud_user",
      "name": "terraform2-7801c389-7cca-4260-a472-c0d35c0bc5d6_example_com_3661511144",
      "provider": "provider[\"registry.terraform.io/-/genesyscloud\"]",
      "instances": [
        {
          "schema_version": 1,
          "attributes_flat": {
            "acd_auto_answer": "false",
            "addresses.#": "0",
            "certifications.#": "0",
            "department": "",
            "division_id": "4a7e4f4b-e734-40b6-838e-557c5eedd49a",
            "email": "terraform2-7801c389-7cca-4260-a472-c0d35c0bc5d6@example.com",
            "employer_info.#": "0",
            "id": "6425526e-3a5c-432d-a78b-353e97d00fe8",
            "locations.#": "0",
            "manager": "",
            "name": "Amanda Terraform",
            "profile_skills.#": "0",
            "routing_languages.#": "0",
            "routing_skills.#": "0",
            "routing_utilization.#": "0",
            "state": "active",
            "title": ""
          },
          "sensitive_attributes": []
        }
      ]
    },
    {
      "mode": "managed",
      "type": "genesyscloud_user",
      "name": "terraform2-856965d3-9b02-4194-9846-aa7b3d5b50be_example_com_3531180472",
      "provider": "provider[\"registry.terraform.io/-/genesyscloud\"]",
      "instances": [
        {
          "schema_version": 1,
          "attributes_flat": {
            "acd_auto_answer": "false",
            "addresses.#": "0",
            "certifications.#": "0",
            "department": "",
            "division_id": "4a7e4f4b-e734-40b6-838e-557c5eedd49a",
            "email": "terraform2-856965d3-9b02-4194-9846-aa7b3d5b50be@example.com",
            "employer_info.#": "0",
            "id": "7e954e9b-2b5a-4682-ae60-3f67e12ccde6",
            "locations.#": "0",
            "manager": "",
            "name": "Amanda Terraform",
            "profile_skills.#": "0",
            "routing_languages.#": "0",
            "routing_skills.#": "0",
            "routing_utilization.#": "0",
            "state": "active",
            "title": ""
          },
          "sensitive_attributes": []
        }
      ]
    },
    {
      "mode": "managed",
      "type": "genesyscloud_user",
      "name": "terraform2-a963a108-d35c-4437-9c81-dce1ead4bbc6_example_com_850106358",
      "provider": "provider[\"registry.terraform.io/-/genesyscloud\"]",
      "instances": [
        {
          "schema_version": 1,
          "attributes_flat": {
            "acd_auto_answer": "false",
            "addresses.#": "0",
            "certifications.#": "0",
            "department": "",
            "division_id": "4a7e4f4b-e734-40b6-838e-557c5eedd49a",
            "email": "terraform2-a963a108-d35c-4437-9c81-dce1ead4bbc6@example.com",
            "employer_info.#": "0",
            "id": "d54bc3a1-d8ac-4307-89e1-45143492699c",
            "locations.#": "0",
            "manager": "",
            "name": "Amanda Terraform",
            "profile_skills.#": "0",
            "routing_languages.#": "0",
            "routing_skills.#": "0",
            "routing_utilization.#": "0",
            "state": "active",
            "title": ""
          },
          "sensitive_attributes": []
        }
      ]
    },
    {
      "mode": "managed",
      "type": "genesyscloud_user",
      "name": "terraform2-af8d711a-0100-4f04-b9fb-eb87459ee584_example_com_3686854695",
      "provider": "provider[\"registry.terraform.io/-/genesyscloud\"]",
      "instances": [
        {
          "schema_version": 1,
          "attributes_flat": {
            "acd_auto_answer": "false",
            "addresses.#": "0",
            "certifications.#": "0",
            "department": "",
            "division_id": "4a7e4f4b-e734-40b6-838e-557c5eedd49a",
            "email": "terraform2-af8d711a-0100-4f04-b9fb-eb87459ee584@example.com",
            "employer_info.#": "0",
            "id": "8902664c-05af-475a-948e-692f77b65765",
            "locations.#": "0",
            "manager": "",
            "name": "Ryan Terraform",
            "profile_skills.#": "0",
            "routing_languages.#": "0",
            "routing_skills.#": "0",
            "routing_utilization.#": "0",
            "state": "active",
            "title": ""
          },
          "sensitive_attributes": []
        }
      ]
    },
    {
      "mode": "managed",
      "type": "genesyscloud_user",
      "name": "terraform2-d8b8282c-65fe-4e0b-ba2f-9e8e175201b9_example_com_2212573048",
      "provider": "provider[\"registry.terraform.io/-/genesyscloud\"]",
      "instances": [
        {
          "schema_version": 1,
          "attributes_flat": {
            "acd_auto_answer": "false",
            "addresses.#": "0",
            "certifications.#": "0",
            "department": "",
            "division_id": "4a7e4f4b-e734-40b6-838e-557c5eedd49a",
            "email": "terraform2-d8b8282c-65fe-4e0b-ba2f-9e8e175201b9@example.com",
            "employer_info.#": "0",
            "id": "c8fbb863-1ce9-4cf4-ae1a-a21098d7efc2",
            "locations.#": "0",
            "manager": "",
            "name": "Ryan Terraform",
            "profile_skills.#": "0",
            "routing_languages.#": "0",
            "routing_skills.#": "0",
            "routing_utilization.#": "0",
            "state": "active",
            "title": ""
          },
          "sensitive_attributes": []
        }
      ]
    },
    {
      "mode": "managed",
      "type": "genesyscloud_user",
      "name": "terraform2-eef6d827-8f28-4efc-8424-d43898ce5e82_example_com_4087310300",
      "provider": "provider[\"registry.terraform.io/-/genesyscloud\"]",
      "instances": [
        {
          "schema_version": 1,
          "attributes_flat": {
            "acd_auto_answer": "false",
            "addresses.#": "0",
            "certifications.#": "0",
            "department": "",
            "division_id": "4a7e4f4b-e734-40b6-838e-557c5eedd49a",
            "email": "terraform2-eef6d827-8f28-4efc-8424-d43898ce5e82@example.com",
            "employer_info.#": "0",
            "id": "73c9716a-6fd8-4f05-89ea-77e75baa0354",
            "locations.#": "0",
            "manager": "",
            "name": "Amanda Terraform",
            "profile_skills.#": "0",
            "routing_languages.#": "0",
            "routing_skills.#": "0",
            "routing_utilization.#": "0",
            "state": "active",
            "title": ""
          },
          "sensitive_attributes": []
        }
      ]
    },
    {
      "mode": "managed",
      "type": "genesyscloud_user",
      "name": "terraform2-f73bf61f-b3ff-4173-b39f-7a6052638431_example_com_1397320662",
      "provider": "provider[\"registry.terraform.io/-/genesyscloud\"]",
      "instances": [
        {
          "schema_version": 1,
          "attributes_flat": {
            "acd_auto_answer": "false",
            "addresses.#": "0",
            "certifications.#": "0",
            "department": "",
            "division_id": "4a7e4f4b-e734-40b6-838e-557c5eedd49a",
            "email": "terraform2-f73bf61f-b3ff-4173-b39f-7a6052638431@example.com",
            "employer_info.#": "0",
            "id": "570663ca-2931-4d01-ab03-7d633a232908",
            "locations.#": "0",
            "manager": "",
            "name": "Amanda Terraform",
            "profile_skills.#": "0",
            "routing_languages.#": "0",
            "routing_skills.#": "0",
            "routing_utilization.#": "0",
            "state": "active",
            "title": ""
          },
          "sensitive_attributes": []
        }
      ]
    },
    {
      "mode": "managed",
      "type": "genesyscloud_user",
      "name": "test-user123_genesys_com_760228254",
      "provider": "provider[\"registry.terraform.io/-/genesyscloud\"]",
      "instances": [
        {
          "schema_version": 1,
          "attributes_flat": {
            "acd_auto_answer": "false",
            "addresses.#": "0",
            "certifications.#": "0",
            "department": "",
            "division_id": "4a7e4f4b-e734-40b6-838e-557c5eedd49a",
            "email": "test-user123@genesys.com",
            "employer_info.#": "0",
            "id": "ba6f0e32-0d1e-40de-be5f-91f631457763",
            "locations.#": "0",
            "manager": "",
            "name": "test-user123",
            "profile_skills.#": "0",
            "routing_languages.#": "0",
            "routing_skills.#": "0",
            "routing_utilization.#": "0",
            "state": "active",
            "title": ""
          },
          "sensitive_attributes": []
        }
      ]
    },
    {
      "mode": "managed",
      "type": "genesyscloud_user",
      "name": "test-user2_genesys_com_2634841776",
      "provider": "provider[\"registry.terraform.io/-/genesyscloud\"]",
      "instances": [
        {
          "schema_version": 1,
          "attributes_flat": {
            "acd_auto_answer": "false",
            "addresses.#": "0",
            "certifications.#": "0",
            "department": "",
            "division_id": "4a7e4f4b-e734-40b6-838e-557c5eedd49a",
            "email": "test-user2@genesys.com",
            "employer_info.#": "0",
            "id": "0e95bf77-35fe-4f82-97f5-aab745ab0ce6",
            "locations.#": "0",
            "manager": "",
            "name": "test-user2",
            "profile_skills.#": "0",
            "routing_languages.#": "0",
            "routing_skills.#": "0",
            "routing_utilization.#": "0",
            "state": "active",
            "title": ""
          },
          "sensitive_attributes": []
        }
      ]
    },
    {
      "mode": "managed",
      "type": "genesyscloud_user",
      "name": "test-user_genesys_com_2218216800",
      "provider": "provider[\"registry.terraform.io/-/genesyscloud\"]",
      "instances": [
        {
          "schema_version": 1,
          "attributes_flat": {
            "acd_auto_answer": "false",
            "addresses.#": "0",
            "certifications.#": "0",
            "department": "",
            "division_id": "4a7e4f4b-e734-40b6-838e-557c5eedd49a",
            "email": "test-user@genesys.com",
            "employer_info.#": "0",
            "id": "49ff1909-2132-410d-896a-7c3ba12c63ff",
            "locations.#": "0",
            "manager": "",
            "name": "test-user",
            "profile_skills.#": "0",
            "routing_languages.#": "0",
            "routing_skills.#": "0",
            "routing_utilization.#": "0",
            "state": "active",
            "title": ""
          },
          "sensitive_attributes": []
        }
      ]
    },
    {
      "mode": "managed",
      "type": "genesyscloud_user",
      "name": "test_example_com_2034274902",
      "provider": "provider[\"registry.terraform.io/-/genesyscloud\"]",
      "instances": [
        {
          "schema_version": 1,
          "attributes_flat": {
            "acd_auto_answer": "false",
            "addresses.#": "1",
            "addresses.0.other_emails.#": "1",
            "addresses.0.other_emails.885579399.address": "john@gmail.com",
            "addresses.0.other_emails.885579399.type": "HOME",
            "addresses.0.phone_numbers.#": "1",
            "addresses.0.phone_numbers.3831469372.extension": "",
            "addresses.0.phone_numbers.3831469372.media_type": "PHONE",
            "addresses.0.phone_numbers.3831469372.number": "+13174181234",
            "addresses.0.phone_numbers.3831469372.type": "MOBILE",
            "certifications.#": "0",
            "department": "",
            "division_id": "4a7e4f4b-e734-40b6-838e-557c5eedd49a",
            "email": "test@example.com",
            "employer_info.#": "1",
            "employer_info.0.date_hire": "2021-03-18",
            "employer_info.0.employee_id": "12345",
            "employer_info.0.employee_type": "Full-time",
            "employer_info.0.official_name": "Jonathon Doe",
            "id": "f489beca-69df-4159-b36e-3397a8256cab",
            "locations.#": "1",
            "locations.3314953500.location_id": "1b11e1f9-4742-4fd9-b95d-c608008f51d3",
            "locations.3314953500.notes": "Office 201",
            "manager": "",
            "name": "Test Doe",
            "profile_skills.#": "0",
            "routing_languages.#": "0",
            "routing_skills.#": "0",
            "routing_utilization.#": "1",
            "routing_utilization.0.call.#": "1",
            "routing_utilization.0.call.0.include_non_acd": "true",
            "routing_utilization.0.call.0.interruptible_media_types.#": "0",
            "routing_utilization.0.call.0.maximum_capacity": "1",
            "routing_utilization.0.callback.#": "1",
            "routing_utilization.0.callback.0.include_non_acd": "false",
            "routing_utilization.0.callback.0.interruptible_media_types.#": "2",
            "routing_utilization.0.callback.0.interruptible_media_types.2728695085": "call",
            "routing_utilization.0.callback.0.interruptible_media_types.881205744": "email",
            "routing_utilization.0.callback.0.maximum_capacity": "2",
            "routing_utilization.0.chat.#": "1",
            "routing_utilization.0.chat.0.include_non_acd": "false",
            "routing_utilization.0.chat.0.interruptible_media_types.#": "1",
            "routing_utilization.0.chat.0.interruptible_media_types.2728695085": "call",
            "routing_utilization.0.chat.0.maximum_capacity": "3",
            "routing_utilization.0.email.#": "1",
            "routing_utilization.0.email.0.include_non_acd": "false",
            "routing_utilization.0.email.0.interruptible_media_types.#": "2",
            "routing_utilization.0.email.0.interruptible_media_types.1433391533": "chat",
            "routing_utilization.0.email.0.interruptible_media_types.2728695085": "call",
            "routing_utilization.0.email.0.maximum_capacity": "2",
            "routing_utilization.0.message.#": "1",
            "routing_utilization.0.message.0.include_non_acd": "false",
            "routing_utilization.0.message.0.interruptible_media_types.#": "2",
            "routing_utilization.0.message.0.interruptible_media_types.1433391533": "chat",
            "routing_utilization.0.message.0.interruptible_media_types.2728695085": "call",
            "routing_utilization.0.message.0.maximum_capacity": "4",
            "state": "active",
            "title": ""
          },
          "sensitive_attributes": []
        }
      ]
    },
    {
      "mode": "managed",
      "type": "genesyscloud_user",
      "name": "test_webrtc_user_98c39d01-ff13-4884-942e-184faecdaaa7_test_com_1508880682",
      "provider": "provider[\"registry.terraform.io/-/genesyscloud\"]",
      "instances": [
        {
          "schema_version": 1,
          "attributes_flat": {
            "acd_auto_answer": "false",
            "addresses.#": "0",
            "certifications.#": "0",
            "department": "Development",
            "division_id": "4a7e4f4b-e734-40b6-838e-557c5eedd49a",
            "email": "test_webrtc_user_98c39d01-ff13-4884-942e-184faecdaaa7@test.com",
            "employer_info.#": "0",
            "id": "ec0942f4-5de1-487e-9327-497feebff8b7",
            "locations.#": "0",
            "manager": "",
            "name": "test_webrtc_user_98c39d01-ff13-4884-942e-184faecdaaa7",
            "profile_skills.#": "0",
            "routing_languages.#": "0",
            "routing_skills.#": "0",
            "routing_utilization.#": "0",
            "state": "active",
            "title": "Senior Director"
          },
          "sensitive_attributes": []
        }
      ]
    },
    {
      "mode": "managed",
      "type": "genesyscloud_user",
      "name": "test_webrtc_user_9cc1dc57-b3fc-4ecc-89ed-4dc6406d5576_test_com_4107991673",
      "provider": "provider[\"registry.terraform.io/-/genesyscloud\"]",
      "instances": [
        {
          "schema_version": 1,
          "attributes_flat": {
            "acd_auto_answer": "false",
            "addresses.#": "0",
            "certifications.#": "0",
            "department": "Development",
            "division_id": "4a7e4f4b-e734-40b6-838e-557c5eedd49a",
            "email": "test_webrtc_user_9cc1dc57-b3fc-4ecc-89ed-4dc6406d5576@test.com",
            "employer_info.#": "0",
            "id": "388fadda-ed12-4734-a99d-b3e66d3905f1",
            "locations.#": "0",
            "manager": "",
            "name": "test_webrtc_user_9cc1dc57-b3fc-4ecc-89ed-4dc6406d5576",
            "profile_skills.#": "0",
            "routing_languages.#": "0",
            "routing_skills.#": "0",
            "routing_utilization.#": "0",
            "state": "active",
            "title": "Senior Director"
          },
          "sensitive_attributes": []
        }
      ]
    },
    {
      "mode": "managed",
      "type": "genesyscloud_user",
      "name": "test_webrtc_user_a7f85deb-a8e8-4631-8137-97398c287681_test_com_3110094031",
      "provider": "provider[\"registry.terraform.io/-/genesyscloud\"]",
      "instances": [
        {
          "schema_version": 1,
          "attributes_flat": {
            "acd_auto_answer": "false",
            "addresses.#": "0",
            "certifications.#": "0",
            "department": "Development",
            "division_id": "4a7e4f4b-e734-40b6-838e-557c5eedd49a",
            "email": "test_webrtc_user_a7f85deb-a8e8-4631-8137-97398c287681@test.com",
            "employer_info.#": "0",
            "id": "35589029-f077-4e31-a6f2-ad3fb8d01939",
            "locations.#": "0",
            "manager": "",
            "name": "test_webrtc_user_a7f85deb-a8e8-4631-8137-97398c287681",
            "profile_skills.#": "0",
            "routing_languages.#": "0",
            "routing_skills.#": "0",
            "routing_utilization.#": "0",
            "state": "active",
            "title": "Senior Director"
          },
          "sensitive_attributes": []
        }
      ]
    },
    {
      "mode": "managed",
      "type": "genesyscloud_user",
      "name": "test_webrtc_user_ebd0bd83-1953-456e-84a4-00b8f36b15fa_test_com_182936114",
      "provider": "provider[\"registry.terraform.io/-/genesyscloud\"]",
      "instances": [
        {
          "schema_version": 1,
          "attributes_flat": {
            "acd_auto_answer": "false",
            "addresses.#": "0",
            "certifications.#": "0",
            "department": "Development",
            "division_id": "4a7e4f4b-e734-40b6-838e-557c5eedd49a",
            "email": "test_webrtc_user_ebd0bd83-1953-456e-84a4-00b8f36b15fa@test.com",
            "employer_info.#": "0",
            "id": "39c87cd2-f48c-4ec1-8150-7d53b13a0688",
            "locations.#": "0",
            "manager": "",
            "name": "test_webrtc_user_ebd0bd83-1953-456e-84a4-00b8f36b15fa",
            "profile_skills.#": "0",
            "routing_languages.#": "0",
            "routing_skills.#": "0",
            "routing_utilization.#": "0",
            "state": "active",
            "title": "Senior Director"
          },
          "sensitive_attributes": []
        }
      ]
    },
    {
      "mode": "managed",
      "type": "genesyscloud_user",
      "name": "test_webrtc_user_efb593a8-7b7c-4bf9-831a-45437919f605_test_com_1510518132",
      "provider": "provider[\"registry.terraform.io/-/genesyscloud\"]",
      "instances": [
        {
          "schema_version": 1,
          "attributes_flat": {
            "acd_auto_answer": "false",
            "addresses.#": "0",
            "certifications.#": "0",
            "department": "Development",
            "division_id": "4a7e4f4b-e734-40b6-838e-557c5eedd49a",
            "email": "test_webrtc_user_efb593a8-7b7c-4bf9-831a-45437919f605@test.com",
            "employer_info.#": "0",
            "id": "4171b1d6-9008-4f2e-84cb-8b5df8c6a6ff",
            "locations.#": "0",
            "manager": "",
            "name": "test_webrtc_user_efb593a8-7b7c-4bf9-831a-45437919f605",
            "profile_skills.#": "0",
            "routing_languages.#": "0",
            "routing_skills.#": "0",
            "routing_utilization.#": "0",
            "state": "active",
            "title": "Senior Director"
          },
          "sensitive_attributes": []
        }
      ]
    },
    {
      "mode": "managed",
      "type": "genesyscloud_user",
      "name": "testmjroddy_genesys_com_769706373",
      "provider": "provider[\"registry.terraform.io/-/genesyscloud\"]",
      "instances": [
        {
          "schema_version": 1,
          "attributes_flat": {
            "acd_auto_answer": "false",
            "addresses.#": "0",
            "certifications.#": "0",
            "department": "",
            "division_id": "4a7e4f4b-e734-40b6-838e-557c5eedd49a",
            "email": "testmjroddy@genesys.com",
            "employer_info.#": "0",
            "id": "ee1c0678-4732-4da3-9f86-f77ae0b26532",
            "locations.#": "0",
            "manager": "",
            "name": "Test MJ Roddy",
            "profile_skills.#": "0",
            "routing_languages.#": "0",
            "routing_skills.#": "0",
            "routing_utilization.#": "0",
            "state": "active",
            "title": ""
          },
          "sensitive_attributes": []
        }
      ]
    },
    {
      "mode": "managed",
      "type": "genesyscloud_user",
      "name": "testmroddy_genesys_com_803687003",
      "provider": "provider[\"registry.terraform.io/-/genesyscloud\"]",
      "instances": [
        {
          "schema_version": 1,
          "attributes_flat": {
            "acd_auto_answer": "false",
            "addresses.#": "0",
            "certifications.#": "0",
            "department": "",
            "division_id": "4a7e4f4b-e734-40b6-838e-557c5eedd49a",
            "email": "testmroddy@genesys.com",
            "employer_info.#": "0",
            "id": "df6b0448-0b17-408b-9e64-8432c63f6b75",
            "locations.#": "0",
            "manager": "",
            "name": "Test M Roddy",
            "profile_skills.#": "0",
            "routing_languages.#": "0",
            "routing_skills.#": "0",
            "routing_utilization.#": "0",
            "state": "active",
            "title": ""
          },
          "sensitive_attributes": []
        }
      ]
    },
    {
      "mode": "managed",
      "type": "genesyscloud_user",
      "name": "testroddy_genesys_com_980889322",
      "provider": "provider[\"registry.terraform.io/-/genesyscloud\"]",
      "instances": [
        {
          "schema_version": 1,
          "attributes_flat": {
            "acd_auto_answer": "false",
            "addresses.#": "0",
            "certifications.#": "0",
            "department": "",
            "division_id": "4a7e4f4b-e734-40b6-838e-557c5eedd49a",
            "email": "testroddy@genesys.com",
            "employer_info.#": "0",
            "id": "dc408946-a3b4-442b-bd1d-7992310e9c7d",
            "locations.#": "0",
            "manager": "",
            "name": "Test Roddy",
            "profile_skills.#": "0",
            "routing_languages.#": "0",
            "routing_skills.#": "0",
            "routing_utilization.#": "0",
            "state": "active",
            "title": ""
          },
          "sensitive_attributes": []
        }
      ]
    },
    {
      "mode": "managed",
      "type": "genesyscloud_user",
      "name": "tim_smith101_example_com_3549949937",
      "provider": "provider[\"registry.terraform.io/-/genesyscloud\"]",
      "instances": [
        {
          "schema_version": 1,
          "attributes_flat": {
            "acd_auto_answer": "true",
            "addresses.#": "1",
            "addresses.0.other_emails.#": "1",
            "addresses.0.other_emails.158461199.address": "tim@gmail.com",
            "addresses.0.other_emails.158461199.type": "HOME",
            "addresses.0.phone_numbers.#": "1",
            "addresses.0.phone_numbers.3012247163.extension": "",
            "addresses.0.phone_numbers.3012247163.media_type": "PHONE",
            "addresses.0.phone_numbers.3012247163.number": "+19202651560",
            "addresses.0.phone_numbers.3012247163.type": "MOBILE",
            "certifications.#": "1",
            "certifications.3699525810": "Certified Developer",
            "department": "Development",
            "division_id": "4a7e4f4b-e734-40b6-838e-557c5eedd49a",
            "email": "tim.smith101@example.com",
            "employer_info.#": "1",
            "employer_info.0.date_hire": "2021-03-18",
            "employer_info.0.employee_id": "12345",
            "employer_info.0.employee_type": "Full-time",
            "employer_info.0.official_name": "Jonathon Doe",
            "id": "c4398b6e-e06d-483b-be0d-0669e152b74e",
            "locations.#": "0",
            "manager": "8c35c7da-440c-47b9-b9e3-658e5574a086",
            "name": "Tim Smith",
            "profile_skills.#": "2",
            "profile_skills.3395977395": "Java",
            "profile_skills.3657096219": "Go",
            "routing_languages.#": "0",
            "routing_skills.#": "0",
            "routing_utilization.#": "0",
            "state": "active",
            "title": "Principle Developer Evangelist"
          },
          "sensitive_attributes": []
        }
      ]
    },
    {
      "mode": "managed",
      "type": "genesyscloud_user",
      "name": "typehinting_example_com_2190172321",
      "provider": "provider[\"registry.terraform.io/-/genesyscloud\"]",
      "instances": [
        {
          "schema_version": 1,
          "attributes_flat": {
            "acd_auto_answer": "false",
            "addresses.#": "0",
            "certifications.#": "0",
            "department": "",
            "division_id": "4a7e4f4b-e734-40b6-838e-557c5eedd49a",
            "email": "typehinting@example.com",
            "employer_info.#": "0",
            "id": "29ace512-474a-4361-b07c-78cd260a9444",
            "locations.#": "0",
            "manager": "",
            "name": "typehinting",
            "profile_skills.#": "0",
            "routing_languages.#": "0",
            "routing_skills.#": "0",
            "routing_utilization.#": "0",
            "state": "active",
            "title": ""
          },
          "sensitive_attributes": []
        }
      ]
    },
    {
      "mode": "managed",
      "type": "genesyscloud_user",
      "name": "user1_email_com_170485464",
      "provider": "provider[\"registry.terraform.io/-/genesyscloud\"]",
      "instances": [
        {
          "schema_version": 1,
          "attributes_flat": {
            "acd_auto_answer": "false",
            "addresses.#": "0",
            "certifications.#": "0",
            "department": "",
            "division_id": "4a7e4f4b-e734-40b6-838e-557c5eedd49a",
            "email": "user1@email.com",
            "employer_info.#": "0",
            "id": "ebb92780-c970-42a9-bccd-e30e11c610f0",
            "locations.#": "0",
            "manager": "",
            "name": "user1",
            "profile_skills.#": "0",
            "routing_languages.#": "0",
            "routing_skills.#": "0",
            "routing_utilization.#": "0",
            "state": "active",
            "title": ""
          },
          "sensitive_attributes": []
        }
      ]
    },
    {
      "mode": "managed",
      "type": "genesyscloud_user",
      "name": "user2_email_com_468980491",
      "provider": "provider[\"registry.terraform.io/-/genesyscloud\"]",
      "instances": [
        {
          "schema_version": 1,
          "attributes_flat": {
            "acd_auto_answer": "false",
            "addresses.#": "0",
            "certifications.#": "0",
            "department": "",
            "division_id": "4a7e4f4b-e734-40b6-838e-557c5eedd49a",
            "email": "user2@email.com",
            "employer_info.#": "0",
            "id": "e6b1ced8-8c7f-4644-9fb4-070dc6a07da2",
            "locations.#": "0",
            "manager": "",
            "name": "user2",
            "profile_skills.#": "0",
            "routing_languages.#": "0",
            "routing_skills.#": "0",
            "routing_utilization.#": "0",
            "state": "active",
            "title": ""
          },
          "sensitive_attributes": []
        }
      ]
    },
    {
      "mode": "managed",
      "type": "genesyscloud_user",
      "name": "user3_email_com_3188248214",
      "provider": "provider[\"registry.terraform.io/-/genesyscloud\"]",
      "instances": [
        {
          "schema_version": 1,
          "attributes_flat": {
            "acd_auto_answer": "false",
            "addresses.#": "0",
            "certifications.#": "0",
            "department": "",
            "division_id": "4a7e4f4b-e734-40b6-838e-557c5eedd49a",
            "email": "user3@email.com",
            "employer_info.#": "0",
            "id": "d97b8f78-58a6-472e-b4a9-be409bd68505",
            "locations.#": "0",
            "manager": "",
            "name": "user3",
            "profile_skills.#": "0",
            "routing_languages.#": "0",
            "routing_skills.#": "0",
            "routing_utilization.#": "0",
            "state": "active",
            "title": ""
          },
          "sensitive_attributes": []
        }
      ]
    },
    {
      "mode": "managed",
      "type": "genesyscloud_user",
      "name": "vivian_hood_genesys_com_3907802887",
      "provider": "provider[\"registry.terraform.io/-/genesyscloud\"]",
      "instances": [
        {
          "schema_version": 1,
          "attributes_flat": {
            "acd_auto_answer": "false",
            "addresses.#": "0",
            "certifications.#": "0",
            "department": "",
            "division_id": "4a7e4f4b-e734-40b6-838e-557c5eedd49a",
            "email": "vivian.hood@genesys.com",
            "employer_info.#": "0",
            "id": "d553bc5b-a992-4193-9b66-3ce0e0a93d54",
            "locations.#": "0",
            "manager": "",
            "name": "Vivian Hood",
            "profile_skills.#": "0",
            "routing_languages.#": "0",
            "routing_skills.#": "0",
            "routing_utilization.#": "0",
            "state": "active",
            "title": ""
          },
          "sensitive_attributes": []
        }
      ]
    },
    {
      "mode": "managed",
      "type": "genesyscloud_user",
      "name": "wadams001_waynecorp_com_460668774",
      "provider": "provider[\"registry.terraform.io/-/genesyscloud\"]",
      "instances": [
        {
          "schema_version": 1,
          "attributes_flat": {
            "acd_auto_answer": "false",
            "addresses.#": "0",
            "certifications.#": "0",
            "department": "",
            "division_id": "4a7e4f4b-e734-40b6-838e-557c5eedd49a",
            "email": "wadams001@waynecorp.com",
            "employer_info.#": "0",
            "id": "24dd2a23-fb40-408b-8166-aedc7ddc7e30",
            "locations.#": "0",
            "manager": "",
            "name": "William Adams001",
            "profile_skills.#": "0",
            "routing_languages.#": "0",
            "routing_skills.#": "0",
            "routing_utilization.#": "0",
            "state": "active",
            "title": ""
          },
          "sensitive_attributes": []
        }
      ]
    },
    {
      "mode": "managed",
      "type": "genesyscloud_user",
      "name": "z_1234_gmail_com_1300504831",
      "provider": "provider[\"registry.terraform.io/-/genesyscloud\"]",
      "instances": [
        {
          "schema_version": 1,
          "attributes_flat": {
            "acd_auto_answer": "false",
            "addresses.#": "0",
            "certifications.#": "0",
            "department": "",
            "division_id": "4a7e4f4b-e734-40b6-838e-557c5eedd49a",
            "email": "z+1234@gmail.com",
            "employer_info.#": "0",
            "id": "4729d365-ed14-4b14-88f0-a2f9810b3280",
            "locations.#": "0",
            "manager": "",
            "name": "Gon",
            "profile_skills.#": "0",
            "routing_languages.#": "0",
            "routing_skills.#": "0",
            "routing_utilization.#": "0",
            "state": "active",
            "title": ""
          },
          "sensitive_attributes": []
        }
      ]
    },
    {
      "mode": "managed",
      "type": "genesyscloud_user",
      "name": "zino_onokpise_genesys_com_3044540896",
      "provider": "provider[\"registry.terraform.io/-/genesyscloud\"]",
      "instances": [
        {
          "schema_version": 1,
          "attributes_flat": {
            "acd_auto_answer": "false",
            "addresses.#": "0",
            "certifications.#": "0",
            "department": "Hunter x Hunter",
            "division_id": "4a7e4f4b-e734-40b6-838e-557c5eedd49a",
            "email": "zino.onokpise@genesys.com",
            "employer_info.#": "0",
            "id": "ad373d0e-a737-440c-ad35-c6c608d11fe9",
            "locations.#": "0",
            "manager": "",
            "name": "Killua",
            "profile_skills.#": "0",
            "routing_languages.#": "0",
            "routing_skills.#": "0",
            "routing_utilization.#": "1",
            "routing_utilization.0.call.#": "1",
            "routing_utilization.0.call.0.include_non_acd": "false",
            "routing_utilization.0.call.0.interruptible_media_types.#": "0",
            "routing_utilization.0.call.0.maximum_capacity": "1",
            "routing_utilization.0.callback.#": "1",
            "routing_utilization.0.callback.0.include_non_acd": "false",
            "routing_utilization.0.callback.0.interruptible_media_types.#": "0",
            "routing_utilization.0.callback.0.maximum_capacity": "1",
            "routing_utilization.0.chat.#": "1",
            "routing_utilization.0.chat.0.include_non_acd": "false",
            "routing_utilization.0.chat.0.interruptible_media_types.#": "0",
            "routing_utilization.0.chat.0.maximum_capacity": "5",
            "routing_utilization.0.email.#": "1",
            "routing_utilization.0.email.0.include_non_acd": "false",
            "routing_utilization.0.email.0.interruptible_media_types.#": "3",
            "routing_utilization.0.email.0.interruptible_media_types.1433391533": "chat",
            "routing_utilization.0.email.0.interruptible_media_types.2728695085": "call",
            "routing_utilization.0.email.0.interruptible_media_types.2977790496": "callback",
            "routing_utilization.0.email.0.maximum_capacity": "1",
            "routing_utilization.0.message.#": "1",
            "routing_utilization.0.message.0.include_non_acd": "false",
            "routing_utilization.0.message.0.interruptible_media_types.#": "0",
            "routing_utilization.0.message.0.maximum_capacity": "10",
            "state": "active",
            "title": "Head Assasin"
          },
          "sensitive_attributes": []
        }
      ]
    }
  ],
  "check_results": null
}
